{
  "version": 4,
  "terraform_version": "1.15.6",
  "serial": 924,
  "lineage": "e6579306-654a-289a-9c70-9ef0463b842a",
  "outputs": {
    "ecr_repository_url": {
      "value": "254652353999.dkr.ecr.eu-north-1.amazonaws.com/portfolio-website",
      "type": "string"
    },
    "efs_dns_name": {
      "value": "fs-00d32367541f00ec6.efs.eu-north-1.amazonaws.com",
      "type": "string"
    },
    "efs_file_system_id": {
      "value": "fs-00d32367541f00ec6",
      "type": "string"
    },
    "efs_mount_target_id": {
      "value": "fsmt-082572b7f8a691eed",
      "type": "string"
    },
    "eks_cluster_endpoint": {
      "value": "https://BF8927B04450EF60CC3AA9B586E03A50.sk1.eu-north-1.eks.amazonaws.com",
      "type": "string"
    },
    "eks_cluster_name": {
      "value": "eks-prod-dr",
      "type": "string"
    },
    "instance_id": {
      "value": "i-0d383944aacf10c4e",
      "type": "string"
    },
    "instance_private_ip": {
      "value": "10.1.1.246",
      "type": "string"
    },
    "terraform_caller_arn": {
      "value": "arn:aws:iam::254652353999:user/Nagham",
      "type": "string"
    },
    "vpc_id": {
      "value": "vpc-0af2190bc77f844e3",
      "type": "string"
    }
  },
  "resources": [
    {
      "module": "module.compute",
      "mode": "data",
      "type": "aws_ami",
      "name": "ubuntu",
      "provider": "provider[\"registry.terraform.io/hashicorp/aws\"]",
      "instances": [
        {
          "schema_version": 0,
          "attributes": {
            "allow_unsafe_filter": null,
            "architecture": "x86_64",
            "arn": "arn:aws:ec2:eu-north-1::image/ami-088fd024fe7aa5070",
            "block_device_mappings": [
              {
                "device_name": "/dev/sda1",
                "ebs": {
                  "delete_on_termination": "true",
                  "encrypted": "false",
                  "iops": "0",
                  "snapshot_id": "snap-0c3de622a8dcf1afd",
                  "throughput": "0",
                  "volume_initialization_rate": "0",
                  "volume_size": "8",
                  "volume_type": "gp2"
                },
                "no_device": "",
                "virtual_name": ""
              },
              {
                "device_name": "/dev/sdb",
                "ebs": {},
                "no_device": "",
                "virtual_name": "ephemeral0"
              },
              {
                "device_name": "/dev/sdc",
                "ebs": {},
                "no_device": "",
                "virtual_name": "ephemeral1"
              }
            ],
            "boot_mode": "uefi-preferred",
            "creation_date": "2026-06-10T06:57:18.000Z",
            "deprecation_time": "2028-06-10T06:57:18.000Z",
            "description": "Canonical, Ubuntu, 22.04, amd64 jammy image",
            "ena_support": true,
            "executable_users": null,
            "filter": [
              {
                "name": "name",
                "values": [
                  "ubuntu/images/hvm-ssd/ubuntu-jammy-22.04-amd64-server-*"
                ]
              },
              {
                "name": "virtualization-type",
                "values": [
                  "hvm"
                ]
              }
            ],
            "hypervisor": "xen",
            "id": "ami-088fd024fe7aa5070",
            "image_id": "ami-088fd024fe7aa5070",
            "image_location": "amazon/ubuntu/images/hvm-ssd/ubuntu-jammy-22.04-amd64-server-20260610",
            "image_owner_alias": "amazon",
            "image_type": "machine",
            "imds_support": "",
            "include_deprecated": false,
            "kernel_id": "",
            "last_launched_time": "",
            "most_recent": true,
            "name": "ubuntu/images/hvm-ssd/ubuntu-jammy-22.04-amd64-server-20260610",
            "name_regex": null,
            "owner_id": "099720109477",
            "owners": [
              "099720109477"
            ],
            "platform": "",
            "platform_details": "Linux/UNIX",
            "product_codes": [],
            "public": true,
            "ramdisk_id": "",
            "region": "eu-north-1",
            "root_device_name": "/dev/sda1",
            "root_device_type": "ebs",
            "root_snapshot_id": "snap-0c3de622a8dcf1afd",
            "sriov_net_support": "simple",
            "state": "available",
            "state_reason": {
              "code": "UNSET",
              "message": "UNSET"
            },
            "tags": {},
            "timeouts": null,
            "tpm_support": "",
            "uefi_data": null,
            "usage_operation": "RunInstances",
            "virtualization_type": "hvm"
          },
          "sensitive_attributes": [],
          "identity_schema_version": 0
        }
      ]
    },
    {
      "module": "module.compute",
      "mode": "data",
      "type": "aws_caller_identity",
      "name": "current",
      "provider": "provider[\"registry.terraform.io/hashicorp/aws\"]",
      "instances": [
        {
          "schema_version": 0,
          "attributes": {
            "account_id": "254652353999",
            "arn": "arn:aws:iam::254652353999:user/Nagham",
            "id": "254652353999",
            "user_id": "AIDATWSTWRXH242NL7RR6"
          },
          "sensitive_attributes": [],
          "identity_schema_version": 0
        }
      ]
    },
    {
      "module": "module.compute",
      "mode": "data",
      "type": "aws_iam_session_context",
      "name": "current",
      "provider": "provider[\"registry.terraform.io/hashicorp/aws\"]",
      "instances": [
        {
          "schema_version": 0,
          "attributes": {
            "arn": "arn:aws:iam::254652353999:user/Nagham",
            "id": "arn:aws:iam::254652353999:user/Nagham",
            "issuer_arn": "arn:aws:iam::254652353999:user/Nagham",
            "issuer_id": "",
            "issuer_name": "",
            "session_name": ""
          },
          "sensitive_attributes": [],
          "identity_schema_version": 0
        }
      ]
    },
    {
      "module": "module.compute",
      "mode": "managed",
      "type": "aws_ecr_lifecycle_policy",
      "name": "portfolio",
      "provider": "provider[\"registry.terraform.io/hashicorp/aws\"]",
      "instances": [
        {
          "schema_version": 0,
          "attributes": {
            "id": "portfolio-website",
            "policy": "{\"rules\":[{\"action\":{\"type\":\"expire\"},\"description\":\"Keep last 10 images\",\"rulePriority\":1,\"selection\":{\"countNumber\":10,\"countType\":\"imageCountMoreThan\",\"tagStatus\":\"any\"}}]}",
            "region": "eu-north-1",
            "registry_id": "254652353999",
            "repository": "portfolio-website"
          },
          "sensitive_attributes": [],
          "identity_schema_version": 0,
          "identity": {
            "account_id": "254652353999",
            "region": "eu-north-1",
            "repository": "portfolio-website"
          },
          "private": "bnVsbA==",
          "dependencies": [
            "module.compute.aws_ecr_repository.portfolio"
          ]
        }
      ]
    },
    {
      "module": "module.compute",
      "mode": "managed",
      "type": "aws_ecr_repository",
      "name": "portfolio",
      "provider": "provider[\"registry.terraform.io/hashicorp/aws\"]",
      "instances": [
        {
          "schema_version": 0,
          "attributes": {
            "arn": "arn:aws:ecr:eu-north-1:254652353999:repository/portfolio-website",
            "encryption_configuration": [
              {
                "encryption_type": "AES256",
                "kms_key": ""
              }
            ],
            "force_delete": null,
            "id": "portfolio-website",
            "image_scanning_configuration": [
              {
                "scan_on_push": true
              }
            ],
            "image_tag_mutability": "MUTABLE",
            "image_tag_mutability_exclusion_filter": [],
            "name": "portfolio-website",
            "region": "eu-north-1",
            "registry_id": "254652353999",
            "repository_url": "254652353999.dkr.ecr.eu-north-1.amazonaws.com/portfolio-website",
            "tags": {
              "environment": "prod",
              "managed-by": "terraform",
              "owner": "nagham",
              "project": "devops-multicloud"
            },
            "tags_all": {
              "environment": "prod",
              "managed-by": "terraform",
              "owner": "nagham",
              "project": "devops-multicloud"
            },
            "timeouts": null
          },
          "sensitive_attributes": [],
          "identity_schema_version": 0,
          "identity": {
            "account_id": "254652353999",
            "name": "portfolio-website",
            "region": "eu-north-1"
          },
          "private": "eyJlMmJmYjczMC1lY2FhLTExZTYtOGY4OC0zNDM2M2JjN2M0YzAiOnsiZGVsZXRlIjoxMjAwMDAwMDAwMDAwfX0="
        }
      ]
    },
    {
      "module": "module.compute",
      "mode": "managed",
      "type": "aws_efs_mount_target",
      "name": "jenkins",
      "provider": "provider[\"registry.terraform.io/hashicorp/aws\"]",
      "instances": [
        {
          "schema_version": 0,
          "attributes": {
            "availability_zone_id": "eun1-az1",
            "availability_zone_name": "eu-north-1a",
            "dns_name": "fs-00d32367541f00ec6.efs.eu-north-1.amazonaws.com",
            "file_system_arn": "arn:aws:elasticfilesystem:eu-north-1:254652353999:file-system/fs-00d32367541f00ec6",
            "file_system_id": "fs-00d32367541f00ec6",
            "id": "fsmt-082572b7f8a691eed",
            "ip_address": "10.1.1.68",
            "ip_address_type": "IPV4_ONLY",
            "ipv6_address": "",
            "mount_target_dns_name": "eu-north-1a.fs-00d32367541f00ec6.efs.eu-north-1.amazonaws.com",
            "network_interface_id": "eni-06cd7cdb58834ba81",
            "owner_id": "254652353999",
            "region": "eu-north-1",
            "security_groups": [
              "sg-06aa5fe420cc94c15"
            ],
            "subnet_id": "subnet-0a239b0e23b17bcd0",
            "timeouts": null
          },
          "sensitive_attributes": [],
          "identity_schema_version": 0,
          "private": "eyJlMmJmYjczMC1lY2FhLTExZTYtOGY4OC0zNDM2M2JjN2M0YzAiOnsiY3JlYXRlIjoxODAwMDAwMDAwMDAwLCJkZWxldGUiOjYwMDAwMDAwMDAwMH19",
          "dependencies": [
            "module.compute.aws_efs_file_system.jenkins",
            "module.compute.aws_security_group.efs",
            "module.networking.aws_security_group.eks_nodes",
            "module.networking.aws_subnet.private",
            "module.networking.aws_vpc.main",
            "module.networking.data.aws_availability_zones.available"
          ]
        }
      ]
    },
    {
      "module": "module.compute",
      "mode": "managed",
      "type": "aws_eks_access_entry",
      "name": "ec2",
      "provider": "provider[\"registry.terraform.io/hashicorp/aws\"]",
      "instances": [
        {
          "schema_version": 0,
          "attributes": {
            "access_entry_arn": "arn:aws:eks:eu-north-1:254652353999:access-entry/eks-prod-dr/role/254652353999/role-ec2-prod/3ecf8039-d33b-9656-5ea1-960c3495b587",
            "cluster_name": "eks-prod-dr",
            "created_at": "2026-06-25T20:23:27Z",
            "id": "eks-prod-dr:arn:aws:iam::254652353999:role/role-ec2-prod",
            "kubernetes_groups": [],
            "modified_at": "2026-06-25T20:23:27Z",
            "principal_arn": "arn:aws:iam::254652353999:role/role-ec2-prod",
            "region": "eu-north-1",
            "tags": {
              "environment": "prod",
              "managed-by": "terraform",
              "owner": "nagham",
              "project": "devops-multicloud"
            },
            "tags_all": {
              "environment": "prod",
              "managed-by": "terraform",
              "owner": "nagham",
              "project": "devops-multicloud"
            },
            "timeouts": null,
            "type": "STANDARD",
            "user_name": "arn:aws:sts::254652353999:assumed-role/role-ec2-prod/{{SessionName}}"
          },
          "sensitive_attributes": [],
          "identity_schema_version": 0,
          "private": "eyJlMmJmYjczMC1lY2FhLTExZTYtOGY4OC0zNDM2M2JjN2M0YzAiOnsiY3JlYXRlIjo2MDAwMDAwMDAwMDAsImRlbGV0ZSI6NjAwMDAwMDAwMDAwfX0=",
          "dependencies": [
            "module.compute.aws_eks_cluster.main",
            "module.compute.aws_iam_role.ec2",
            "module.compute.aws_iam_role.eks_cluster",
            "module.compute.aws_iam_role_policy_attachment.eks_cluster_policy",
            "module.networking.aws_security_group.eks_cluster",
            "module.networking.aws_security_group.eks_nodes",
            "module.networking.aws_subnet.private",
            "module.networking.aws_vpc.main",
            "module.networking.data.aws_availability_zones.available"
          ]
        }
      ]
    },
    {
      "module": "module.compute",
      "mode": "managed",
      "type": "aws_eks_access_entry",
      "name": "terraform_user",
      "provider": "provider[\"registry.terraform.io/hashicorp/aws\"]",
      "instances": [
        {
          "schema_version": 0,
          "attributes": {
            "access_entry_arn": "arn:aws:eks:eu-north-1:254652353999:access-entry/eks-prod-dr/user/254652353999/Nagham/cccf803b-61be-3b95-0e2c-69766605346e",
            "cluster_name": "eks-prod-dr",
            "created_at": "2026-06-25T20:26:51Z",
            "id": "eks-prod-dr:arn:aws:iam::254652353999:user/Nagham",
            "kubernetes_groups": [],
            "modified_at": "2026-06-25T20:26:51Z",
            "principal_arn": "arn:aws:iam::254652353999:user/Nagham",
            "region": "eu-north-1",
            "tags": {
              "environment": "prod",
              "managed-by": "terraform",
              "owner": "nagham",
              "project": "devops-multicloud"
            },
            "tags_all": {
              "environment": "prod",
              "managed-by": "terraform",
              "owner": "nagham",
              "project": "devops-multicloud"
            },
            "timeouts": null,
            "type": "STANDARD",
            "user_name": "arn:aws:iam::254652353999:user/Nagham"
          },
          "sensitive_attributes": [],
          "identity_schema_version": 0,
          "private": "eyJlMmJmYjczMC1lY2FhLTExZTYtOGY4OC0zNDM2M2JjN2M0YzAiOnsiY3JlYXRlIjo2MDAwMDAwMDAwMDAsImRlbGV0ZSI6NjAwMDAwMDAwMDAwfX0=",
          "dependencies": [
            "module.compute.aws_eks_cluster.main",
            "module.compute.aws_iam_role.eks_cluster",
            "module.compute.aws_iam_role_policy_attachment.eks_cluster_policy",
            "module.compute.data.aws_caller_identity.current",
            "module.compute.data.aws_iam_session_context.current",
            "module.networking.aws_security_group.eks_cluster",
            "module.networking.aws_security_group.eks_nodes",
            "module.networking.aws_subnet.private",
            "module.networking.aws_vpc.main",
            "module.networking.data.aws_availability_zones.available"
          ]
        }
      ]
    },
    {
      "module": "module.compute",
      "mode": "managed",
      "type": "aws_eks_access_policy_association",
      "name": "ec2_admin",
      "provider": "provider[\"registry.terraform.io/hashicorp/aws\"]",
      "instances": [
        {
          "schema_version": 0,
          "attributes": {
            "access_scope": [
              {
                "namespaces": [],
                "type": "cluster"
              }
            ],
            "associated_at": "2026-06-25 20:23:28.039 +0000 UTC",
            "cluster_name": "eks-prod-dr",
            "id": "eks-prod-dr#arn:aws:iam::254652353999:role/role-ec2-prod#arn:aws:eks::aws:cluster-access-policy/AmazonEKSClusterAdminPolicy",
            "modified_at": "2026-06-25 20:23:28.039 +0000 UTC",
            "policy_arn": "arn:aws:eks::aws:cluster-access-policy/AmazonEKSClusterAdminPolicy",
            "principal_arn": "arn:aws:iam::254652353999:role/role-ec2-prod",
            "region": "eu-north-1",
            "timeouts": null
          },
          "sensitive_attributes": [],
          "identity_schema_version": 0,
          "private": "eyJlMmJmYjczMC1lY2FhLTExZTYtOGY4OC0zNDM2M2JjN2M0YzAiOnsiY3JlYXRlIjo2MDAwMDAwMDAwMDAsImRlbGV0ZSI6NjAwMDAwMDAwMDAwfX0=",
          "dependencies": [
            "module.compute.aws_eks_access_entry.ec2",
            "module.compute.aws_eks_cluster.main",
            "module.compute.aws_iam_role.ec2",
            "module.compute.aws_iam_role.eks_cluster",
            "module.compute.aws_iam_role_policy_attachment.eks_cluster_policy",
            "module.networking.aws_security_group.eks_cluster",
            "module.networking.aws_security_group.eks_nodes",
            "module.networking.aws_subnet.private",
            "module.networking.aws_vpc.main",
            "module.networking.data.aws_availability_zones.available"
          ]
        }
      ]
    },
    {
      "module": "module.compute",
      "mode": "managed",
      "type": "aws_eks_access_policy_association",
      "name": "terraform_user_admin",
      "provider": "provider[\"registry.terraform.io/hashicorp/aws\"]",
      "instances": [
        {
          "schema_version": 0,
          "attributes": {
            "access_scope": [
              {
                "namespaces": [],
                "type": "cluster"
              }
            ],
            "associated_at": "2026-06-25 20:26:52.087 +0000 UTC",
            "cluster_name": "eks-prod-dr",
            "id": "eks-prod-dr#arn:aws:iam::254652353999:user/Nagham#arn:aws:eks::aws:cluster-access-policy/AmazonEKSClusterAdminPolicy",
            "modified_at": "2026-06-25 20:26:52.087 +0000 UTC",
            "policy_arn": "arn:aws:eks::aws:cluster-access-policy/AmazonEKSClusterAdminPolicy",
            "principal_arn": "arn:aws:iam::254652353999:user/Nagham",
            "region": "eu-north-1",
            "timeouts": null
          },
          "sensitive_attributes": [],
          "identity_schema_version": 0,
          "private": "eyJlMmJmYjczMC1lY2FhLTExZTYtOGY4OC0zNDM2M2JjN2M0YzAiOnsiY3JlYXRlIjo2MDAwMDAwMDAwMDAsImRlbGV0ZSI6NjAwMDAwMDAwMDAwfX0=",
          "dependencies": [
            "module.compute.aws_eks_access_entry.terraform_user",
            "module.compute.aws_eks_cluster.main",
            "module.compute.aws_iam_role.eks_cluster",
            "module.compute.aws_iam_role_policy_attachment.eks_cluster_policy",
            "module.compute.data.aws_caller_identity.current",
            "module.compute.data.aws_iam_session_context.current",
            "module.networking.aws_security_group.eks_cluster",
            "module.networking.aws_security_group.eks_nodes",
            "module.networking.aws_subnet.private",
            "module.networking.aws_vpc.main",
            "module.networking.data.aws_availability_zones.available"
          ]
        }
      ]
    },
    {
      "module": "module.compute",
      "mode": "managed",
      "type": "aws_eks_addon",
      "name": "coredns",
      "provider": "provider[\"registry.terraform.io/hashicorp/aws\"]",
      "instances": [
        {
          "schema_version": 0,
          "attributes": {
            "addon_name": "coredns",
            "addon_version": "v1.11.4-eksbuild.39",
            "arn": "arn:aws:eks:eu-north-1:254652353999:addon/eks-prod-dr/coredns/14cf803a-b8d7-9d43-97ed-78a1d86dcd30",
            "cluster_name": "eks-prod-dr",
            "configuration_values": "",
            "created_at": "2026-06-25T20:25:24Z",
            "id": "eks-prod-dr:coredns",
            "modified_at": "2026-06-25T20:25:36Z",
            "pod_identity_association": [],
            "preserve": null,
            "region": "eu-north-1",
            "resolve_conflicts_on_create": "OVERWRITE",
            "resolve_conflicts_on_update": "OVERWRITE",
            "service_account_role_arn": "",
            "tags": {
              "environment": "prod",
              "managed-by": "terraform",
              "owner": "nagham",
              "project": "devops-multicloud"
            },
            "tags_all": {
              "environment": "prod",
              "managed-by": "terraform",
              "owner": "nagham",
              "project": "devops-multicloud"
            },
            "timeouts": null
          },
          "sensitive_attributes": [],
          "identity_schema_version": 0,
          "private": "eyJlMmJmYjczMC1lY2FhLTExZTYtOGY4OC0zNDM2M2JjN2M0YzAiOnsiY3JlYXRlIjoxMjAwMDAwMDAwMDAwLCJkZWxldGUiOjI0MDAwMDAwMDAwMDAsInVwZGF0ZSI6MTIwMDAwMDAwMDAwMH19",
          "dependencies": [
            "module.compute.aws_eks_addon.kube_proxy",
            "module.compute.aws_eks_addon.vpc_cni",
            "module.compute.aws_eks_cluster.main",
            "module.compute.aws_eks_node_group.main",
            "module.compute.aws_iam_role.eks_cluster",
            "module.compute.aws_iam_role.eks_nodes",
            "module.compute.aws_iam_role_policy_attachment.eks_cluster_policy",
            "module.compute.aws_iam_role_policy_attachment.eks_cni",
            "module.compute.aws_iam_role_policy_attachment.eks_ecr_read",
            "module.compute.aws_iam_role_policy_attachment.eks_ssm_nodes",
            "module.compute.aws_iam_role_policy_attachment.eks_worker_node",
            "module.networking.aws_security_group.eks_cluster",
            "module.networking.aws_security_group.eks_nodes",
            "module.networking.aws_subnet.private",
            "module.networking.aws_vpc.main",
            "module.networking.data.aws_availability_zones.available"
          ]
        }
      ]
    },
    {
      "module": "module.compute",
      "mode": "managed",
      "type": "aws_eks_addon",
      "name": "kube_proxy",
      "provider": "provider[\"registry.terraform.io/hashicorp/aws\"]",
      "instances": [
        {
          "schema_version": 0,
          "attributes": {
            "addon_name": "kube-proxy",
            "addon_version": "v1.30.14-eksbuild.36",
            "arn": "arn:aws:eks:eu-north-1:254652353999:addon/eks-prod-dr/kube-proxy/3acf8039-d343-935a-794e-d0159c187dc2",
            "cluster_name": "eks-prod-dr",
            "configuration_values": "",
            "created_at": "2026-06-25T20:23:27Z",
            "id": "eks-prod-dr:kube-proxy",
            "modified_at": "2026-06-25T20:23:33Z",
            "pod_identity_association": [],
            "preserve": null,
            "region": "eu-north-1",
            "resolve_conflicts_on_create": "OVERWRITE",
            "resolve_conflicts_on_update": "OVERWRITE",
            "service_account_role_arn": "",
            "tags": {
              "environment": "prod",
              "managed-by": "terraform",
              "owner": "nagham",
              "project": "devops-multicloud"
            },
            "tags_all": {
              "environment": "prod",
              "managed-by": "terraform",
              "owner": "nagham",
              "project": "devops-multicloud"
            },
            "timeouts": null
          },
          "sensitive_attributes": [],
          "identity_schema_version": 0,
          "private": "eyJlMmJmYjczMC1lY2FhLTExZTYtOGY4OC0zNDM2M2JjN2M0YzAiOnsiY3JlYXRlIjoxMjAwMDAwMDAwMDAwLCJkZWxldGUiOjI0MDAwMDAwMDAwMDAsInVwZGF0ZSI6MTIwMDAwMDAwMDAwMH19",
          "dependencies": [
            "module.compute.aws_eks_cluster.main",
            "module.compute.aws_iam_role.eks_cluster",
            "module.compute.aws_iam_role_policy_attachment.eks_cluster_policy",
            "module.networking.aws_security_group.eks_cluster",
            "module.networking.aws_security_group.eks_nodes",
            "module.networking.aws_subnet.private",
            "module.networking.aws_vpc.main",
            "module.networking.data.aws_availability_zones.available"
          ]
        }
      ]
    },
    {
      "module": "module.compute",
      "mode": "managed",
      "type": "aws_eks_addon",
      "name": "vpc_cni",
      "provider": "provider[\"registry.terraform.io/hashicorp/aws\"]",
      "instances": [
        {
          "schema_version": 0,
          "attributes": {
            "addon_name": "vpc-cni",
            "addon_version": "v1.21.2-eksbuild.2",
            "arn": "arn:aws:eks:eu-north-1:254652353999:addon/eks-prod-dr/vpc-cni/9ccf8039-d33d-f5b7-f7f3-8c9f962e5908",
            "cluster_name": "eks-prod-dr",
            "configuration_values": "",
            "created_at": "2026-06-25T20:23:27Z",
            "id": "eks-prod-dr:vpc-cni",
            "modified_at": "2026-06-25T20:23:33Z",
            "pod_identity_association": [],
            "preserve": null,
            "region": "eu-north-1",
            "resolve_conflicts_on_create": "OVERWRITE",
            "resolve_conflicts_on_update": "OVERWRITE",
            "service_account_role_arn": "",
            "tags": {
              "environment": "prod",
              "managed-by": "terraform",
              "owner": "nagham",
              "project": "devops-multicloud"
            },
            "tags_all": {
              "environment": "prod",
              "managed-by": "terraform",
              "owner": "nagham",
              "project": "devops-multicloud"
            },
            "timeouts": null
          },
          "sensitive_attributes": [],
          "identity_schema_version": 0,
          "private": "eyJlMmJmYjczMC1lY2FhLTExZTYtOGY4OC0zNDM2M2JjN2M0YzAiOnsiY3JlYXRlIjoxMjAwMDAwMDAwMDAwLCJkZWxldGUiOjI0MDAwMDAwMDAwMDAsInVwZGF0ZSI6MTIwMDAwMDAwMDAwMH19",
          "dependencies": [
            "module.compute.aws_eks_cluster.main",
            "module.compute.aws_iam_role.eks_cluster",
            "module.compute.aws_iam_role_policy_attachment.eks_cluster_policy",
            "module.networking.aws_security_group.eks_cluster",
            "module.networking.aws_security_group.eks_nodes",
            "module.networking.aws_subnet.private",
            "module.networking.aws_vpc.main",
            "module.networking.data.aws_availability_zones.available"
          ]
        }
      ]
    },
    {
      "module": "module.compute",
      "mode": "managed",
      "type": "aws_eks_cluster",
      "name": "main",
      "provider": "provider[\"registry.terraform.io/hashicorp/aws\"]",
      "instances": [
        {
          "schema_version": 1,
          "attributes": {
            "access_config": [
              {
                "authentication_mode": "API_AND_CONFIG_MAP",
                "bootstrap_cluster_creator_admin_permissions": true
              }
            ],
            "arn": "arn:aws:eks:eu-north-1:254652353999:cluster/eks-prod-dr",
            "bootstrap_self_managed_addons": true,
            "certificate_authority": [
              {
                "data": "LS0tLS1CRUdJTiBDRVJUSUZJQ0FURS0tLS0tCk1JSURCVENDQWUyZ0F3SUJBZ0lJV1JJNHF4dlloUzR3RFFZSktvWklodmNOQVFFTEJRQXdGVEVUTUJFR0ExVUUKQXhNS2EzVmlaWEp1WlhSbGN6QWVGdzB5TmpBMk1qVXlNREUwTkRaYUZ3MHpOakEyTWpJeU1ERTVORFphTUJVeApFekFSQmdOVkJBTVRDbXQxWW1WeWJtVjBaWE13Z2dFaU1BMEdDU3FHU0liM0RRRUJBUVVBQTRJQkR3QXdnZ0VLCkFvSUJBUURuU3ZkNkpvUlMyTlo4cjlWM3hFZnBzVDA4THY1dWl2VXdYb0JkbGcwZ0lmTWRublhOS2ptTkpxTksKZWloUjZjYlI3TlFzVXQ4L2xVNmtVTEhlWWhpVjVuY2pUMU1rNXNhL3dvaTlNcUZQeUVpUmpYMU4yK1U4eVNRSQpjVE1jakp3ZXI4Y1dMTVBsOEZyeHV1QzU0SENEeWExNXNxeGpjZmhlQlZ5aWJERGtSTy8yTmM3L29zTmZxSVpjCkZWVkFDMm1PNTNYNU1Ud0xUTXRlZFREV0VsNjFGWVZiaitSSXdEYWR6VlRraGl3K3ppQnpKM0s2VnNwQnRzaDgKdXlVODFxakhtVDdBZ1I4OUJ4aEEySno5TXBUYzhUMytjZWluTkFHUXErSCtxL0dtc1J6c1FmOFQ1RW0yRlpiNQpCSkJsL0xvN2w5dGYra1N2M3VzckVNUmVFWC83QWdNQkFBR2pXVEJYTUE0R0ExVWREd0VCL3dRRUF3SUNwREFQCkJnTlZIUk1CQWY4RUJUQURBUUgvTUIwR0ExVWREZ1FXQkJRaThxSmtTdzVtTk5rcWdxOUdJWHo5eEVBNUpEQVYKQmdOVkhSRUVEakFNZ2dwcmRXSmxjbTVsZEdWek1BMEdDU3FHU0liM0RRRUJDd1VBQTRJQkFRQXJnUlFacHl6OApKQWZYODlvUkNudkhJdjNBVG9URndqOE02WldvRExBaTZmVTlIVkoyUjZML0JtblQrdWRTamEwa0liaXdsS1lPCmVrOHRhWGxaZnV1clRqVW9WR3VYZGhkbVJBby9vb1ZrdzFXaE56L2N6YWJUTE5heU1IN05jczVMb09ZdEFOQk8KaHhXOFl3QlpHaVBvUU5oZWwyZVlxdUhXRTlvOTZiMGhRRTVDYzlLVkllZ01qemJ0ZVlTQks5MHJRdm9ud3g0dAp0RVhNaUk0THdjN0htS05sdkowcEJGQnNmdDd3SHBmN3pWNEZRbUhwYTlGTHZFYTF5czkrRUxRaGlOcThJVnRsCkNMaFp0RzFWOFBpVTU2R2tmMDk0Tm54ZHk2QWZDNU54am9Sc25UWmFORllNYWEySmFJU29TWXdVU1plYzM3dmUKUnZTRkNEOWFKMGpyCi0tLS0tRU5EIENFUlRJRklDQVRFLS0tLS0K"
              }
            ],
            "cluster_id": null,
            "compute_config": [
              {
                "enabled": false,
                "node_pools": [],
                "node_role_arn": ""
              }
            ],
            "control_plane_scaling_config": [
              {
                "tier": "standard"
              }
            ],
            "created_at": "2026-06-25T20:16:00Z",
            "deletion_protection": false,
            "enabled_cluster_log_types": [],
            "encryption_config": [],
            "endpoint": "https://BF8927B04450EF60CC3AA9B586E03A50.sk1.eu-north-1.eks.amazonaws.com",
            "force_update_version": null,
            "id": "eks-prod-dr",
            "identity": [
              {
                "oidc": [
                  {
                    "issuer": "https://oidc.eks.eu-north-1.amazonaws.com/id/BF8927B04450EF60CC3AA9B586E03A50"
                  }
                ]
              }
            ],
            "kubernetes_network_config": [
              {
                "elastic_load_balancing": [
                  {
                    "enabled": false
                  }
                ],
                "ip_family": "ipv4",
                "service_ipv4_cidr": "172.20.0.0/16",
                "service_ipv6_cidr": ""
              }
            ],
            "name": "eks-prod-dr",
            "outpost_config": [],
            "platform_version": "eks.72",
            "region": "eu-north-1",
            "remote_network_config": [],
            "role_arn": "arn:aws:iam::254652353999:role/role-eks-cluster-prod",
            "status": "ACTIVE",
            "storage_config": [
              {
                "block_storage": [
                  {
                    "enabled": false
                  }
                ]
              }
            ],
            "tags": {
              "environment": "prod",
              "managed-by": "terraform",
              "owner": "nagham",
              "project": "devops-multicloud"
            },
            "tags_all": {
              "environment": "prod",
              "managed-by": "terraform",
              "owner": "nagham",
              "project": "devops-multicloud"
            },
            "timeouts": null,
            "upgrade_policy": [
              {
                "support_type": "EXTENDED"
              }
            ],
            "version": "1.30",
            "vpc_config": [
              {
                "cluster_security_group_id": "sg-0d6c4c1cd2af153e2",
                "endpoint_private_access": true,
                "endpoint_public_access": true,
                "public_access_cidrs": [
                  "0.0.0.0/0"
                ],
                "security_group_ids": [
                  "sg-04ca10d7548a75c94",
                  "sg-08376eeda1d14cd07"
                ],
                "subnet_ids": [
                  "subnet-055aba482706691e1",
                  "subnet-0a239b0e23b17bcd0"
                ],
                "vpc_id": "vpc-0af2190bc77f844e3"
              }
            ],
            "zonal_shift_config": []
          },
          "sensitive_attributes": [],
          "identity_schema_version": 0,
          "private": "eyJlMmJmYjczMC1lY2FhLTExZTYtOGY4OC0zNDM2M2JjN2M0YzAiOnsiY3JlYXRlIjoxODAwMDAwMDAwMDAwLCJkZWxldGUiOjkwMDAwMDAwMDAwMCwidXBkYXRlIjozNjAwMDAwMDAwMDAwfSwic2NoZW1hX3ZlcnNpb24iOiIxIn0=",
          "dependencies": [
            "module.compute.aws_iam_role.eks_cluster",
            "module.compute.aws_iam_role_policy_attachment.eks_cluster_policy",
            "module.networking.aws_security_group.eks_cluster",
            "module.networking.aws_security_group.eks_nodes",
            "module.networking.aws_subnet.private",
            "module.networking.aws_vpc.main",
            "module.networking.data.aws_availability_zones.available"
          ]
        }
      ]
    },
    {
      "module": "module.compute",
      "mode": "managed",
      "type": "aws_eks_node_group",
      "name": "main",
      "provider": "provider[\"registry.terraform.io/hashicorp/aws\"]",
      "instances": [
        {
          "schema_version": 0,
          "attributes": {
            "ami_type": "AL2023_x86_64_STANDARD",
            "arn": "arn:aws:eks:eu-north-1:254652353999:nodegroup/eks-prod-dr/ng-prod/0acf8039-e378-b9b7-1ef4-816493e2d7b4",
            "capacity_type": "ON_DEMAND",
            "cluster_name": "eks-prod-dr",
            "disk_size": 20,
            "force_update_version": null,
            "id": "eks-prod-dr:ng-prod",
            "instance_types": [
              "t3.small"
            ],
            "labels": {},
            "launch_template": [],
            "node_group_name": "ng-prod",
            "node_group_name_prefix": "",
            "node_repair_config": [],
            "node_role_arn": "arn:aws:iam::254652353999:role/role-eks-nodes-prod",
            "region": "eu-north-1",
            "release_version": "1.30.14-20260618",
            "remote_access": [],
            "resources": [
              {
                "autoscaling_groups": [
                  {
                    "name": "eks-ng-prod-0acf8039-e378-b9b7-1ef4-816493e2d7b4"
                  }
                ],
                "remote_access_security_group_id": ""
              }
            ],
            "scaling_config": [
              {
                "desired_size": 2,
                "max_size": 3,
                "min_size": 1
              }
            ],
            "status": "ACTIVE",
            "subnet_ids": [
              "subnet-055aba482706691e1",
              "subnet-0a239b0e23b17bcd0"
            ],
            "tags": {
              "environment": "prod",
              "managed-by": "terraform",
              "owner": "nagham",
              "project": "devops-multicloud"
            },
            "tags_all": {
              "environment": "prod",
              "managed-by": "terraform",
              "owner": "nagham",
              "project": "devops-multicloud"
            },
            "taint": [],
            "timeouts": {
              "create": "40m",
              "delete": "40m",
              "update": null
            },
            "update_config": [
              {
                "max_unavailable": 1,
                "max_unavailable_percentage": 0,
                "update_strategy": ""
              }
            ],
            "version": "1.30"
          },
          "sensitive_attributes": [],
          "identity_schema_version": 0,
          "private": "eyJlMmJmYjczMC1lY2FhLTExZTYtOGY4OC0zNDM2M2JjN2M0YzAiOnsiY3JlYXRlIjoyNDAwMDAwMDAwMDAwLCJkZWxldGUiOjI0MDAwMDAwMDAwMDAsInVwZGF0ZSI6MzYwMDAwMDAwMDAwMH19",
          "dependencies": [
            "module.compute.aws_eks_addon.kube_proxy",
            "module.compute.aws_eks_addon.vpc_cni",
            "module.compute.aws_eks_cluster.main",
            "module.compute.aws_iam_role.eks_cluster",
            "module.compute.aws_iam_role.eks_nodes",
            "module.compute.aws_iam_role_policy_attachment.eks_cluster_policy",
            "module.compute.aws_iam_role_policy_attachment.eks_cni",
            "module.compute.aws_iam_role_policy_attachment.eks_ecr_read",
            "module.compute.aws_iam_role_policy_attachment.eks_ssm_nodes",
            "module.compute.aws_iam_role_policy_attachment.eks_worker_node",
            "module.networking.aws_security_group.eks_cluster",
            "module.networking.aws_security_group.eks_nodes",
            "module.networking.aws_subnet.private",
            "module.networking.aws_vpc.main",
            "module.networking.data.aws_availability_zones.available"
          ]
        }
      ]
    },
    {
      "module": "module.compute",
      "mode": "managed",
      "type": "aws_iam_instance_profile",
      "name": "ec2",
      "provider": "provider[\"registry.terraform.io/hashicorp/aws\"]",
      "instances": [
        {
          "schema_version": 0,
          "attributes": {
            "arn": "arn:aws:iam::254652353999:instance-profile/profile-ec2-prod",
            "create_date": "2026-06-25T20:15:42Z",
            "id": "profile-ec2-prod",
            "name": "profile-ec2-prod",
            "name_prefix": "",
            "path": "/",
            "role": "role-ec2-prod",
            "tags": {
              "environment": "prod",
              "managed-by": "terraform",
              "owner": "nagham",
              "project": "devops-multicloud"
            },
            "tags_all": {
              "environment": "prod",
              "managed-by": "terraform",
              "owner": "nagham",
              "project": "devops-multicloud"
            },
            "unique_id": "AIPATWSTWRXHWC524GWFF"
          },
          "sensitive_attributes": [],
          "identity_schema_version": 0,
          "private": "bnVsbA==",
          "dependencies": [
            "module.compute.aws_iam_role.ec2"
          ]
        }
      ]
    },
    {
      "module": "module.compute",
      "mode": "managed",
      "type": "aws_iam_policy",
      "name": "ec2_eks_describe",
      "provider": "provider[\"registry.terraform.io/hashicorp/aws\"]",
      "instances": [
        {
          "schema_version": 0,
          "attributes": {
            "arn": "arn:aws:iam::254652353999:policy/policy-ec2-eks-describe-prod",
            "attachment_count": 1,
            "delay_after_policy_creation_in_ms": null,
            "description": "Allow EC2 to describe EKS clusters and update kubeconfig",
            "id": "arn:aws:iam::254652353999:policy/policy-ec2-eks-describe-prod",
            "name": "policy-ec2-eks-describe-prod",
            "name_prefix": "",
            "path": "/",
            "policy": "{\"Statement\":[{\"Action\":[\"eks:DescribeCluster\",\"eks:ListClusters\",\"eks:AccessKubernetesApi\"],\"Effect\":\"Allow\",\"Resource\":\"*\"}],\"Version\":\"2012-10-17\"}",
            "policy_id": "ANPATWSTWRXH6ZFHV334J",
            "tags": {
              "environment": "prod",
              "managed-by": "terraform",
              "owner": "nagham",
              "project": "devops-multicloud"
            },
            "tags_all": {
              "environment": "prod",
              "managed-by": "terraform",
              "owner": "nagham",
              "project": "devops-multicloud"
            }
          },
          "sensitive_attributes": [],
          "identity_schema_version": 0,
          "identity": {
            "arn": "arn:aws:iam::254652353999:policy/policy-ec2-eks-describe-prod"
          },
          "private": "bnVsbA=="
        }
      ]
    },
    {
      "module": "module.compute",
      "mode": "managed",
      "type": "aws_iam_role",
      "name": "ec2",
      "provider": "provider[\"registry.terraform.io/hashicorp/aws\"]",
      "instances": [
        {
          "schema_version": 0,
          "attributes": {
            "arn": "arn:aws:iam::254652353999:role/role-ec2-prod",
            "assume_role_policy": "{\"Statement\":[{\"Action\":\"sts:AssumeRole\",\"Effect\":\"Allow\",\"Principal\":{\"Service\":\"ec2.amazonaws.com\"}}],\"Version\":\"2012-10-17\"}",
            "create_date": "2026-06-25T20:15:41Z",
            "description": "",
            "force_detach_policies": false,
            "id": "role-ec2-prod",
            "inline_policy": [],
            "managed_policy_arns": [
              "arn:aws:iam::254652353999:policy/policy-ec2-eks-describe-prod",
              "arn:aws:iam::aws:policy/AmazonEC2ContainerRegistryReadOnly",
              "arn:aws:iam::aws:policy/AmazonEKSClusterPolicy",
              "arn:aws:iam::aws:policy/AmazonSSMManagedInstanceCore",
              "arn:aws:iam::aws:policy/CloudWatchAgentServerPolicy"
            ],
            "max_session_duration": 3600,
            "name": "role-ec2-prod",
            "name_prefix": "",
            "path": "/",
            "permissions_boundary": "",
            "tags": {
              "environment": "prod",
              "managed-by": "terraform",
              "owner": "nagham",
              "project": "devops-multicloud"
            },
            "tags_all": {
              "environment": "prod",
              "managed-by": "terraform",
              "owner": "nagham",
              "project": "devops-multicloud"
            },
            "unique_id": "AROATWSTWRXH4PGDRSPRB"
          },
          "sensitive_attributes": [],
          "identity_schema_version": 0,
          "identity": {
            "account_id": "254652353999",
            "name": "role-ec2-prod"
          },
          "private": "bnVsbA=="
        }
      ]
    },
    {
      "module": "module.compute",
      "mode": "managed",
      "type": "aws_iam_role",
      "name": "eks_cluster",
      "provider": "provider[\"registry.terraform.io/hashicorp/aws\"]",
      "instances": [
        {
          "schema_version": 0,
          "attributes": {
            "arn": "arn:aws:iam::254652353999:role/role-eks-cluster-prod",
            "assume_role_policy": "{\"Statement\":[{\"Action\":\"sts:AssumeRole\",\"Effect\":\"Allow\",\"Principal\":{\"Service\":\"eks.amazonaws.com\"}}],\"Version\":\"2012-10-17\"}",
            "create_date": "2026-06-25T20:15:41Z",
            "description": "",
            "force_detach_policies": false,
            "id": "role-eks-cluster-prod",
            "inline_policy": [],
            "managed_policy_arns": [
              "arn:aws:iam::aws:policy/AmazonEKSClusterPolicy"
            ],
            "max_session_duration": 3600,
            "name": "role-eks-cluster-prod",
            "name_prefix": "",
            "path": "/",
            "permissions_boundary": "",
            "tags": {
              "environment": "prod",
              "managed-by": "terraform",
              "owner": "nagham",
              "project": "devops-multicloud"
            },
            "tags_all": {
              "environment": "prod",
              "managed-by": "terraform",
              "owner": "nagham",
              "project": "devops-multicloud"
            },
            "unique_id": "AROATWSTWRXHWYLPQZC6P"
          },
          "sensitive_attributes": [],
          "identity_schema_version": 0,
          "identity": {
            "account_id": "254652353999",
            "name": "role-eks-cluster-prod"
          },
          "private": "bnVsbA=="
        }
      ]
    },
    {
      "module": "module.compute",
      "mode": "managed",
      "type": "aws_iam_role",
      "name": "eks_nodes",
      "provider": "provider[\"registry.terraform.io/hashicorp/aws\"]",
      "instances": [
        {
          "schema_version": 0,
          "attributes": {
            "arn": "arn:aws:iam::254652353999:role/role-eks-nodes-prod",
            "assume_role_policy": "{\"Statement\":[{\"Action\":\"sts:AssumeRole\",\"Effect\":\"Allow\",\"Principal\":{\"Service\":\"ec2.amazonaws.com\"}}],\"Version\":\"2012-10-17\"}",
            "create_date": "2026-06-25T20:15:41Z",
            "description": "",
            "force_detach_policies": false,
            "id": "role-eks-nodes-prod",
            "inline_policy": [],
            "managed_policy_arns": [
              "arn:aws:iam::aws:policy/AmazonEC2ContainerRegistryReadOnly",
              "arn:aws:iam::aws:policy/AmazonEKSWorkerNodePolicy",
              "arn:aws:iam::aws:policy/AmazonEKS_CNI_Policy",
              "arn:aws:iam::aws:policy/AmazonSSMManagedInstanceCore"
            ],
            "max_session_duration": 3600,
            "name": "role-eks-nodes-prod",
            "name_prefix": "",
            "path": "/",
            "permissions_boundary": "",
            "tags": {
              "environment": "prod",
              "managed-by": "terraform",
              "owner": "nagham",
              "project": "devops-multicloud"
            },
            "tags_all": {
              "environment": "prod",
              "managed-by": "terraform",
              "owner": "nagham",
              "project": "devops-multicloud"
            },
            "unique_id": "AROATWSTWRXH7YDRFWJJQ"
          },
          "sensitive_attributes": [],
          "identity_schema_version": 0,
          "identity": {
            "account_id": "254652353999",
            "name": "role-eks-nodes-prod"
          },
          "private": "bnVsbA=="
        }
      ]
    },
    {
      "module": "module.compute",
      "mode": "managed",
      "type": "aws_iam_role_policy_attachment",
      "name": "cloudwatch",
      "provider": "provider[\"registry.terraform.io/hashicorp/aws\"]",
      "instances": [
        {
          "schema_version": 0,
          "attributes": {
            "id": "role-ec2-prod/arn:aws:iam::aws:policy/CloudWatchAgentServerPolicy",
            "policy_arn": "arn:aws:iam::aws:policy/CloudWatchAgentServerPolicy",
            "role": "role-ec2-prod"
          },
          "sensitive_attributes": [],
          "identity_schema_version": 0,
          "identity": {
            "account_id": "254652353999",
            "policy_arn": "arn:aws:iam::aws:policy/CloudWatchAgentServerPolicy",
            "role": "role-ec2-prod"
          },
          "private": "bnVsbA==",
          "dependencies": [
            "module.compute.aws_iam_role.ec2"
          ]
        }
      ]
    },
    {
      "module": "module.compute",
      "mode": "managed",
      "type": "aws_iam_role_policy_attachment",
      "name": "ec2_eks",
      "provider": "provider[\"registry.terraform.io/hashicorp/aws\"]",
      "instances": [
        {
          "schema_version": 0,
          "attributes": {
            "id": "role-ec2-prod/arn:aws:iam::aws:policy/AmazonEKSClusterPolicy",
            "policy_arn": "arn:aws:iam::aws:policy/AmazonEKSClusterPolicy",
            "role": "role-ec2-prod"
          },
          "sensitive_attributes": [],
          "identity_schema_version": 0,
          "identity": {
            "account_id": "254652353999",
            "policy_arn": "arn:aws:iam::aws:policy/AmazonEKSClusterPolicy",
            "role": "role-ec2-prod"
          },
          "private": "bnVsbA==",
          "dependencies": [
            "module.compute.aws_iam_role.ec2"
          ]
        }
      ]
    },
    {
      "module": "module.compute",
      "mode": "managed",
      "type": "aws_iam_role_policy_attachment",
      "name": "ec2_eks_describe",
      "provider": "provider[\"registry.terraform.io/hashicorp/aws\"]",
      "instances": [
        {
          "schema_version": 0,
          "attributes": {
            "id": "role-ec2-prod/arn:aws:iam::254652353999:policy/policy-ec2-eks-describe-prod",
            "policy_arn": "arn:aws:iam::254652353999:policy/policy-ec2-eks-describe-prod",
            "role": "role-ec2-prod"
          },
          "sensitive_attributes": [],
          "identity_schema_version": 0,
          "identity": {
            "account_id": "254652353999",
            "policy_arn": "arn:aws:iam::254652353999:policy/policy-ec2-eks-describe-prod",
            "role": "role-ec2-prod"
          },
          "private": "bnVsbA==",
          "dependencies": [
            "module.compute.aws_iam_policy.ec2_eks_describe",
            "module.compute.aws_iam_role.ec2"
          ]
        }
      ]
    },
    {
      "module": "module.compute",
      "mode": "managed",
      "type": "aws_iam_role_policy_attachment",
      "name": "ecr",
      "provider": "provider[\"registry.terraform.io/hashicorp/aws\"]",
      "instances": [
        {
          "schema_version": 0,
          "attributes": {
            "id": "role-ec2-prod/arn:aws:iam::aws:policy/AmazonEC2ContainerRegistryReadOnly",
            "policy_arn": "arn:aws:iam::aws:policy/AmazonEC2ContainerRegistryReadOnly",
            "role": "role-ec2-prod"
          },
          "sensitive_attributes": [],
          "identity_schema_version": 0,
          "identity": {
            "account_id": "254652353999",
            "policy_arn": "arn:aws:iam::aws:policy/AmazonEC2ContainerRegistryReadOnly",
            "role": "role-ec2-prod"
          },
          "private": "bnVsbA==",
          "dependencies": [
            "module.compute.aws_iam_role.ec2"
          ]
        }
      ]
    },
    {
      "module": "module.compute",
      "mode": "managed",
      "type": "aws_iam_role_policy_attachment",
      "name": "eks_cluster_policy",
      "provider": "provider[\"registry.terraform.io/hashicorp/aws\"]",
      "instances": [
        {
          "schema_version": 0,
          "attributes": {
            "id": "role-eks-cluster-prod/arn:aws:iam::aws:policy/AmazonEKSClusterPolicy",
            "policy_arn": "arn:aws:iam::aws:policy/AmazonEKSClusterPolicy",
            "role": "role-eks-cluster-prod"
          },
          "sensitive_attributes": [],
          "identity_schema_version": 0,
          "identity": {
            "account_id": "254652353999",
            "policy_arn": "arn:aws:iam::aws:policy/AmazonEKSClusterPolicy",
            "role": "role-eks-cluster-prod"
          },
          "private": "bnVsbA==",
          "dependencies": [
            "module.compute.aws_iam_role.eks_cluster"
          ]
        }
      ]
    },
    {
      "module": "module.compute",
      "mode": "managed",
      "type": "aws_iam_role_policy_attachment",
      "name": "eks_cni",
      "provider": "provider[\"registry.terraform.io/hashicorp/aws\"]",
      "instances": [
        {
          "schema_version": 0,
          "attributes": {
            "id": "role-eks-nodes-prod/arn:aws:iam::aws:policy/AmazonEKS_CNI_Policy",
            "policy_arn": "arn:aws:iam::aws:policy/AmazonEKS_CNI_Policy",
            "role": "role-eks-nodes-prod"
          },
          "sensitive_attributes": [],
          "identity_schema_version": 0,
          "identity": {
            "account_id": "254652353999",
            "policy_arn": "arn:aws:iam::aws:policy/AmazonEKS_CNI_Policy",
            "role": "role-eks-nodes-prod"
          },
          "private": "bnVsbA==",
          "dependencies": [
            "module.compute.aws_iam_role.eks_nodes"
          ]
        }
      ]
    },
    {
      "module": "module.compute",
      "mode": "managed",
      "type": "aws_iam_role_policy_attachment",
      "name": "eks_ecr_read",
      "provider": "provider[\"registry.terraform.io/hashicorp/aws\"]",
      "instances": [
        {
          "schema_version": 0,
          "attributes": {
            "id": "role-eks-nodes-prod/arn:aws:iam::aws:policy/AmazonEC2ContainerRegistryReadOnly",
            "policy_arn": "arn:aws:iam::aws:policy/AmazonEC2ContainerRegistryReadOnly",
            "role": "role-eks-nodes-prod"
          },
          "sensitive_attributes": [],
          "identity_schema_version": 0,
          "identity": {
            "account_id": "254652353999",
            "policy_arn": "arn:aws:iam::aws:policy/AmazonEC2ContainerRegistryReadOnly",
            "role": "role-eks-nodes-prod"
          },
          "private": "bnVsbA==",
          "dependencies": [
            "module.compute.aws_iam_role.eks_nodes"
          ]
        }
      ]
    },
    {
      "module": "module.compute",
      "mode": "managed",
      "type": "aws_iam_role_policy_attachment",
      "name": "eks_ssm_nodes",
      "provider": "provider[\"registry.terraform.io/hashicorp/aws\"]",
      "instances": [
        {
          "schema_version": 0,
          "attributes": {
            "id": "role-eks-nodes-prod/arn:aws:iam::aws:policy/AmazonSSMManagedInstanceCore",
            "policy_arn": "arn:aws:iam::aws:policy/AmazonSSMManagedInstanceCore",
            "role": "role-eks-nodes-prod"
          },
          "sensitive_attributes": [],
          "identity_schema_version": 0,
          "identity": {
            "account_id": "254652353999",
            "policy_arn": "arn:aws:iam::aws:policy/AmazonSSMManagedInstanceCore",
            "role": "role-eks-nodes-prod"
          },
          "private": "bnVsbA==",
          "dependencies": [
            "module.compute.aws_iam_role.eks_nodes"
          ]
        }
      ]
    },
    {
      "module": "module.compute",
      "mode": "managed",
      "type": "aws_iam_role_policy_attachment",
      "name": "eks_worker_node",
      "provider": "provider[\"registry.terraform.io/hashicorp/aws\"]",
      "instances": [
        {
          "schema_version": 0,
          "attributes": {
            "id": "role-eks-nodes-prod/arn:aws:iam::aws:policy/AmazonEKSWorkerNodePolicy",
            "policy_arn": "arn:aws:iam::aws:policy/AmazonEKSWorkerNodePolicy",
            "role": "role-eks-nodes-prod"
          },
          "sensitive_attributes": [],
          "identity_schema_version": 0,
          "identity": {
            "account_id": "254652353999",
            "policy_arn": "arn:aws:iam::aws:policy/AmazonEKSWorkerNodePolicy",
            "role": "role-eks-nodes-prod"
          },
          "private": "bnVsbA==",
          "dependencies": [
            "module.compute.aws_iam_role.eks_nodes"
          ]
        }
      ]
    },
    {
      "module": "module.compute",
      "mode": "managed",
      "type": "aws_iam_role_policy_attachment",
      "name": "ssm",
      "provider": "provider[\"registry.terraform.io/hashicorp/aws\"]",
      "instances": [
        {
          "schema_version": 0,
          "attributes": {
            "id": "role-ec2-prod/arn:aws:iam::aws:policy/AmazonSSMManagedInstanceCore",
            "policy_arn": "arn:aws:iam::aws:policy/AmazonSSMManagedInstanceCore",
            "role": "role-ec2-prod"
          },
          "sensitive_attributes": [],
          "identity_schema_version": 0,
          "identity": {
            "account_id": "254652353999",
            "policy_arn": "arn:aws:iam::aws:policy/AmazonSSMManagedInstanceCore",
            "role": "role-ec2-prod"
          },
          "private": "bnVsbA==",
          "dependencies": [
            "module.compute.aws_iam_role.ec2"
          ]
        }
      ]
    },
    {
      "module": "module.compute",
      "mode": "managed",
      "type": "aws_instance",
      "name": "main",
      "provider": "provider[\"registry.terraform.io/hashicorp/aws\"]",
      "instances": [
        {
          "schema_version": 2,
          "attributes": {
            "ami": "ami-088fd024fe7aa5070",
            "arn": "arn:aws:ec2:eu-north-1:254652353999:instance/i-0d383944aacf10c4e",
            "associate_public_ip_address": false,
            "availability_zone": "eu-north-1a",
            "capacity_reservation_specification": [
              {
                "capacity_reservation_preference": "open",
                "capacity_reservation_target": []
              }
            ],
            "cpu_options": [
              {
                "amd_sev_snp": "",
                "core_count": 1,
                "threads_per_core": 2
              }
            ],
            "credit_specification": [
              {
                "cpu_credits": "unlimited"
              }
            ],
            "disable_api_stop": false,
            "disable_api_termination": false,
            "ebs_block_device": [],
            "ebs_optimized": false,
            "enable_primary_ipv6": null,
            "enclave_options": [
              {
                "enabled": false
              }
            ],
            "ephemeral_block_device": [],
            "force_destroy": false,
            "get_password_data": false,
            "hibernation": false,
            "host_id": "",
            "host_resource_group_arn": null,
            "iam_instance_profile": "profile-ec2-prod",
            "id": "i-0d383944aacf10c4e",
            "instance_initiated_shutdown_behavior": "stop",
            "instance_lifecycle": "",
            "instance_market_options": [],
            "instance_state": "running",
            "instance_type": "t3.small",
            "ipv6_address_count": 0,
            "ipv6_addresses": [],
            "key_name": "key-ec2-prod",
            "launch_template": [],
            "maintenance_options": [
              {
                "auto_recovery": "default"
              }
            ],
            "metadata_options": [
              {
                "http_endpoint": "enabled",
                "http_protocol_ipv6": "disabled",
                "http_put_response_hop_limit": 1,
                "http_tokens": "optional",
                "instance_metadata_tags": "disabled"
              }
            ],
            "monitoring": false,
            "network_interface": [],
            "outpost_arn": "",
            "password_data": "",
            "placement_group": "",
            "placement_group_id": "",
            "placement_partition_number": 0,
            "primary_network_interface": [
              {
                "delete_on_termination": true,
                "network_interface_id": "eni-0ec10701937cfe9c3"
              }
            ],
            "primary_network_interface_id": "eni-0ec10701937cfe9c3",
            "private_dns": "ip-10-1-1-246.eu-north-1.compute.internal",
            "private_dns_name_options": [
              {
                "enable_resource_name_dns_a_record": false,
                "enable_resource_name_dns_aaaa_record": false,
                "hostname_type": "ip-name"
              }
            ],
            "private_ip": "10.1.1.246",
            "public_dns": "",
            "public_ip": "",
            "region": "eu-north-1",
            "root_block_device": [
              {
                "delete_on_termination": true,
                "device_name": "/dev/sda1",
                "encrypted": true,
                "iops": 3000,
                "kms_key_id": "arn:aws:kms:eu-north-1:254652353999:key/787eb808-9f89-4f9f-9c9a-8670f0eec14d",
                "tags": {},
                "tags_all": {},
                "throughput": 125,
                "volume_id": "vol-03f9f0e495037b057",
                "volume_size": 30,
                "volume_type": "gp3"
              }
            ],
            "secondary_network_interface": [],
            "secondary_private_ips": [],
            "security_groups": [],
            "source_dest_check": true,
            "spot_instance_request_id": "",
            "subnet_id": "subnet-0a239b0e23b17bcd0",
            "tags": {
              "Name": "ec2-app-prod",
              "environment": "prod",
              "managed-by": "terraform",
              "owner": "nagham",
              "project": "devops-multicloud"
            },
            "tags_all": {
              "Name": "ec2-app-prod",
              "environment": "prod",
              "managed-by": "terraform",
              "owner": "nagham",
              "project": "devops-multicloud"
            },
            "tenancy": "default",
            "timeouts": null,
            "user_data": null,
            "user_data_base64": null,
            "user_data_replace_on_change": false,
            "volume_tags": null,
            "vpc_security_group_ids": [
              "sg-08376eeda1d14cd07"
            ]
          },
          "sensitive_attributes": [],
          "identity_schema_version": 0,
          "identity": {
            "account_id": "254652353999",
            "id": "i-0d383944aacf10c4e",
            "region": "eu-north-1"
          },
          "private": "eyJlMmJmYjczMC1lY2FhLTExZTYtOGY4OC0zNDM2M2JjN2M0YzAiOnsiY3JlYXRlIjo2MDAwMDAwMDAwMDAsImRlbGV0ZSI6MTIwMDAwMDAwMDAwMCwicmVhZCI6OTAwMDAwMDAwMDAwLCJ1cGRhdGUiOjYwMDAwMDAwMDAwMH0sInNjaGVtYV92ZXJzaW9uIjoiMiJ9",
          "dependencies": [
            "module.compute.aws_iam_instance_profile.ec2",
            "module.compute.aws_iam_role.ec2",
            "module.compute.aws_key_pair.ec2",
            "module.compute.data.aws_ami.ubuntu",
            "module.compute.tls_private_key.ec2",
            "module.networking.aws_security_group.eks_nodes",
            "module.networking.aws_subnet.private",
            "module.networking.aws_vpc.main",
            "module.networking.data.aws_availability_zones.available"
          ]
        }
      ]
    },
    {
      "module": "module.compute",
      "mode": "managed",
      "type": "aws_key_pair",
      "name": "ec2",
      "provider": "provider[\"registry.terraform.io/hashicorp/aws\"]",
      "instances": [
        {
          "schema_version": 1,
          "attributes": {
            "arn": "arn:aws:ec2:eu-north-1:254652353999:key-pair/key-ec2-prod",
            "fingerprint": "f6:eb:cf:37:0f:5a:39:9f:82:50:4a:37:11:e0:21:39",
            "id": "key-ec2-prod",
            "key_name": "key-ec2-prod",
            "key_name_prefix": "",
            "key_pair_id": "key-07cc5afa1fcd5985b",
            "key_type": "rsa",
            "public_key": "ssh-rsa AAAAB3NzaC1yc2EAAAADAQABAAACAQDPgxsd33ey2bGpQYYD5uq0vpM+HbEEbVV63+V57p4z3zoscRXp23xvESMbzHAV1qGoUnEHpVU9VAh4gZHjx7XFjAbF7UleSutfT+XsImDH12SYLSMvWMIjXaFY1+WmRU0l2qk1qI9iCrVI/AP2i+1dm2/+TnY+AY9RcigYS1AIJhcqCNPW0jg9g0pK9Ap+dYoGxFcXCWpAX0f4pcgPa8sObNwkDeEdnzwwNPN66IGs5GTshI4ZdpXV1z/F0FS1FQtbs7p4yE3NM4uOT80kc+a/Y82qi1zQ5hNIxIPRpzgTBiZaSAO5cOndN+Ni99CIxZoVZ5QoyVoeARpOeQ2CP2bbP6VfLsIzDZeYtpTT092kQyEV7EHy425pIYLqhueCg314SjjQunpEpLaywqwq7koSHhmVWTeo2WZoWbwyg4m3J/2sV9v8c0Sbt6cUAEESwpGwJtdRCUaywEfztU6FyGCcDN+sUiYfnarqh6wV3pQCSolh4tYIpgmxZRqijIOI09O7CbZa0kJ2gcHQG8Q8NPp7er9UCYS6lvxfbqy9E95rwsbjcumQFg/S/zGJAZ1hoDXNy0cRZDcSyy+3KXo0F5ZHcFbqrhYrFWg/38Gb/uLQMRw+PXkjWKyNHZhxzI8oe6VTkBESzCl9jdJ+SxTt2jIkptV96/lO2QMqT97T45HnYw==",
            "region": "eu-north-1",
            "tags": {
              "environment": "prod",
              "managed-by": "terraform",
              "owner": "nagham",
              "project": "devops-multicloud"
            },
            "tags_all": {
              "environment": "prod",
              "managed-by": "terraform",
              "owner": "nagham",
              "project": "devops-multicloud"
            }
          },
          "sensitive_attributes": [],
          "identity_schema_version": 0,
          "private": "eyJzY2hlbWFfdmVyc2lvbiI6IjEifQ==",
          "dependencies": [
            "module.compute.tls_private_key.ec2"
          ]
        }
      ]
    },
    {
      "module": "module.compute",
      "mode": "managed",
      "type": "aws_security_group",
      "name": "efs",
      "provider": "provider[\"registry.terraform.io/hashicorp/aws\"]",
      "instances": [
        {
          "schema_version": 1,
          "attributes": {
            "arn": "arn:aws:ec2:eu-north-1:254652353999:security-group/sg-06aa5fe420cc94c15",
            "description": "Allow NFS access to Jenkins EFS from EC2",
            "egress": [
              {
                "cidr_blocks": [
                  "0.0.0.0/0"
                ],
                "description": "Allow all outbound",
                "from_port": 0,
                "ipv6_cidr_blocks": [],
                "prefix_list_ids": [],
                "protocol": "-1",
                "security_groups": [],
                "self": false,
                "to_port": 0
              }
            ],
            "id": "sg-06aa5fe420cc94c15",
            "ingress": [
              {
                "cidr_blocks": [],
                "description": "NFS from Jenkins EC2",
                "from_port": 2049,
                "ipv6_cidr_blocks": [],
                "prefix_list_ids": [],
                "protocol": "tcp",
                "security_groups": [
                  "sg-08376eeda1d14cd07"
                ],
                "self": false,
                "to_port": 2049
              }
            ],
            "name": "efs-jenkins-prod",
            "name_prefix": "",
            "owner_id": "254652353999",
            "region": "eu-north-1",
            "revoke_rules_on_delete": false,
            "tags": {
              "Name": "efs-jenkins-prod",
              "environment": "prod",
              "managed-by": "terraform",
              "owner": "nagham",
              "project": "devops-multicloud"
            },
            "tags_all": {
              "Name": "efs-jenkins-prod",
              "environment": "prod",
              "managed-by": "terraform",
              "owner": "nagham",
              "project": "devops-multicloud"
            },
            "timeouts": null,
            "vpc_id": "vpc-0af2190bc77f844e3"
          },
          "sensitive_attributes": [],
          "identity_schema_version": 0,
          "identity": {
            "account_id": "254652353999",
            "id": "sg-06aa5fe420cc94c15",
            "region": "eu-north-1"
          },
          "private": "eyJlMmJmYjczMC1lY2FhLTExZTYtOGY4OC0zNDM2M2JjN2M0YzAiOnsiY3JlYXRlIjo2MDAwMDAwMDAwMDAsImRlbGV0ZSI6OTAwMDAwMDAwMDAwfSwic2NoZW1hX3ZlcnNpb24iOiIxIn0=",
          "dependencies": [
            "module.networking.aws_security_group.eks_nodes",
            "module.networking.aws_vpc.main"
          ]
        }
      ]
    },
    {
      "module": "module.compute",
      "mode": "managed",
      "type": "local_file",
      "name": "ec2_private_key",
      "provider": "provider[\"registry.terraform.io/hashicorp/local\"]",
      "instances": [
        {
          "schema_version": 0,
          "attributes": {
            "content": "-----BEGIN RSA PRIVATE KEY-----\nMIIJKQIBAAKCAgEAz4MbHd93stmxqUGGA+bqtL6TPh2xBG1Vet/lee6eM986LHEV\n6dt8bxEjG8xwFdahqFJxB6VVPVQIeIGR48e1xYwGxe1JXkrrX0/l7CJgx9dkmC0j\nL1jCI12hWNflpkVNJdqpNaiPYgq1SPwD9ovtXZtv/k52PgGPUXIoGEtQCCYXKgjT\n1tI4PYNKSvQKfnWKBsRXFwlqQF9H+KXID2vLDmzcJA3hHZ88MDTzeuiBrORk7ISO\nGXaV1dc/xdBUtRULW7O6eMhNzTOLjk/NJHPmv2PNqotc0OYTSMSD0ac4EwYmWkgD\nuXDp3TfjYvfQiMWaFWeUKMlaHgEaTnkNgj9m2z+lXy7CMw2XmLaU09PdpEMhFexB\n8uNuaSGC6obngoN9eEo40Lp6RKS2ssKsKu5KEh4ZlVk3qNlmaFm8MoOJtyf9rFfb\n/HNEm7enFABBEsKRsCbXUQlGssBH87VOhchgnAzfrFImH52q6oesFd6UAkqJYeLW\nCKYJsWUaooyDiNPTuwm2WtJCdoHB0BvEPDT6e3q/VAmEupb8X26svRPea8LG43Lp\nkBYP0v8xiQGdYaA1zctHEWQ3Essvtyl6NBeWR3BW6q4WKxVoP9/Bm/7i0DEcPj15\nI1isjR2YccyPKHulU5AREswpfY3SfksU7doyJKbVfev5TtkDKk/e0+OR52MCAwEA\nAQKCAgAmeCovRA3HOMdQVubW01jAkDHwyoVWCkTWBirfC2cFu8Tnl0FWPMvZNUaa\ncTB4Q/VtJHdy0Oo399uoJ3EZ1pyyli5tQ/udgOsYnNHFkGv7sEkkUv3aWayH7OQr\n+b5HsEJImbxTx79pEA4ijSHY84DaISZGcVpHTXe5xB19v3yDPjh+IOvQv+EQOkYs\nFgjZ/8VKUtzIVwT9EQzhIi6v+S5IKtM21eHdYXdBgpd+uhrMJ/0zwbEsNEk7vu9C\nJ0iE13VnFy8jFBMkTwF4rP+dWeU1pvVqP/LBgV2i2FeNpt/k2veCNiaGmtGoIqPD\nZaihqmxRuoWDeCx+MnsjgBqKgmF5PwSTFnGj5AZ86jrsDxDew6E/+ezlqp6QnKUr\ntVEBIA95Z5U1NjR/XzRtQPQ/8ag2EcF4V1EOJaYroEvcBo+CKqog2EXv8+bstnpd\nj+Xo31NrvZKAjb1UhSPZITjRTeztZQpSZK0R3zPMm4jvjcv06yn/HlgIY5T9VaUP\nRBEXAWUC3hF9bfXDNihPanCbj/Er1V/t2QHz0nk9ogoiyueFchqNFntyCDckAEHd\nsxECmAyfOQ/dfOhVV74ytauR76ig0xdVHfN/2t/VGuRnQFvcGdmQaBKJWnUsuvai\naOf33HMKKBam2MkjuBHQMm+P4I9duSYfWXRpUhNwc27ffIoWNQKCAQEA0hJ1Qzh3\n36OZ+rcPVdvX1neuyG8rjiubhfsWW1w83OfDwBI1+u2/rSt5qPEl0LQ5H+0sl1EJ\njLjBJUGDIcGEyOw6uuhj9cfWl3M4IuSS0Bj4zcxLPbXuZwHIUuloSCVT/VAuiE72\nCQMQ4FU9lF3mCfXsyrl+NmOb5SFb3OH346M6MCPKG0wBph8VxHBNWFFtwEVTnozF\n6ruszSkUNC9kGIZJU0i8U1x4tVhKi3NN2l6p+dNBCIgayMxFG4NIL6YmUJHNaQYc\nM1DLNI8MK54qBvrAk9jITJcaNsfxuEuF08wqffEzqZDzvT2We0lxGX+yiiIiNQv6\nzfx3UygV1tuM1QKCAQEA/OFeZjJwL1iphNJ6YDbhKHydV0fuNVgknXaQeETaxzNI\nvXdnpz/0+ae44xVSNzb4sdKPqJ45Qn6TOwWj8TMrJqUQ2O8qgPzbbmpz189MadpI\ng/Lcvn5Vx7rqz7N0vVJQ0P8lpjMwMPHlqDES1I05IJTtKLuxwHqgjdHKkNFtUX6D\nNUlKoln1t+DE91FyV8W0Qr8hXQjQ5WqjEyIQKX+tKciZgwTEDIIQP2vdwimUJUP/\nIUcBd+7EFtY611qFZEEoWMYW+WJoMcxxrATjRU/JLgvosGF7XAPvXTQoTsp+WjRS\nNXmPmsi83W8myYKjjVTwIDkCswCc4ptacJCgf+pfVwKCAQEAj0FvHgwgEy5qDwNP\nPenR4rtzQdQuC6HJSTDVKjBYgPy8DPtePGRtVhZTvNXWR+DfI9qFkhr9PC2x6Uon\ntplVh/8wfc2EfVNuD5HPMlxVkfu1kAJFPSwYC763cXMiXjC2egR39xSBy9t/Yrw+\nZjMycJB4jja4zzZWVYbOMm8WsPHa+IEvjjXi2fpQyckbtaKyCXA9ed3eChk52h6t\nXHkE9YR99IGhi+d/mYtAKqDS8pujpm5d5weJ3G0Qo5Z/X58aec80GO7FxGjQamMy\nlXwihOfy89/dl/1jLwBi4p7+AFU2lPQrmvLyhJa/TAvlSNJAWtq0ISCuRFJqvRaU\n7hSCkQKCAQEAzmBq9wKg1bMJHdHcd5syJCWXDv0wJa7aqvtxKgYfekSbT60cFb23\nguvjksf6wf8F9bG+9kCywFamd5vB0P4OcEp0NmbxjDVQK4uLIQwX86dmWPEiQADA\npvEf4wQ0+LEuLXKdWkcaREeWQq5SDM94WOPRrNWJWml5kGQvagLQsZqLIDjBRUAf\nrcItXR3GMGW0GGj9pHymZyShE+NPx15ghuIkjm2cRgz7j5bLc0MVmVgl5hWZ2DQv\nKegKO2ivxkL614BKjZpHKKUN+/I9PHrB1+d2LkRQNacseScw4iSV+64JjYS4svyy\nThEBWaFZMuWn1tRQJKASaUmaBJWzttEinwKCAQAyxr/I2cLGEsZZlVB0HlI0mCga\nSD2YGtuGlx97rBoBkmyHgqRq2aAFBB9pafdhoeV/GSHzAhtODchH0u5kwRZ8LiRu\n7TLV9OxRjJlR40CQjTKc0WYKFrSwi4UpejKcxq9jo0+N52yIrhvixcBD0ww71QxZ\nBI6tKP9qXfLrgNs55jivpNCkJDbHoYuLseDeRuvJhCw3JJ53dWcKmgE1g5vTmhyr\nQpogwO5bd2NYjrf61arLuyvN3Mm5/xJk/C+ZBGEJ6UVdsEZc8qCeW0KTFYvRjpz3\nObD2u10lA2ft2UTq93ddjgXV7cWivJUVRICHSoDjMJN9TSpZSoxf8E/uPtUB\n-----END RSA PRIVATE KEY-----\n",
            "content_base64": null,
            "content_base64sha256": "Uu0orFHbGRZNkN6V9eq7ygaJ3M2nPogOlbiKnsAh52c=",
            "content_base64sha512": "FK6sek9cDEI7Nl5DqiI1ddYuMYP4MBZC2wovSZ4kR7gGknLSa5lPQekem9hnzq5sZ9bE8VFLjzhlr0EwZiWt+w==",
            "content_md5": "4863ce94ee13f793f85f667b423b920e",
            "content_sha1": "f859ef03dfcfb756e29c31f3557cf5063d2363a2",
            "content_sha256": "52ed28ac51db19164d90de95f5eabbca0689dccda73e880e95b88a9ec021e767",
            "content_sha512": "14aeac7a4f5c0c423b365e43aa223575d62e3183f8301642db0a2f499e2447b8069272d26b994f41e91e9bd867ceae6c67d6c4f1514b8f3865af41306625adfb",
            "directory_permission": "0777",
            "file_permission": "0400",
            "filename": "./../../ansible/aws_ec2.pem",
            "id": "f859ef03dfcfb756e29c31f3557cf5063d2363a2",
            "sensitive_content": null,
            "source": null
          },
          "sensitive_attributes": [
            [
              {
                "type": "get_attr",
                "value": "content"
              }
            ],
            [
              {
                "type": "get_attr",
                "value": "sensitive_content"
              }
            ]
          ],
          "identity_schema_version": 0,
          "dependencies": [
            "module.compute.tls_private_key.ec2"
          ]
        }
      ]
    },
    {
      "module": "module.compute",
      "mode": "managed",
      "type": "tls_private_key",
      "name": "ec2",
      "provider": "provider[\"registry.terraform.io/hashicorp/tls\"]",
      "instances": [
        {
          "schema_version": 1,
          "attributes": {
            "algorithm": "RSA",
            "ecdsa_curve": "P224",
            "id": "56916f7b31af4392ab11bec5aaaeb4423547f5f2",
            "private_key_openssh": "-----BEGIN OPENSSH PRIVATE KEY-----\nb3BlbnNzaC1rZXktdjEAAAAABG5vbmUAAAAEbm9uZQAAAAAAAAABAAACFwAAAAdz\nc2gtcnNhAAAAAwEAAQAAAgEAz4MbHd93stmxqUGGA+bqtL6TPh2xBG1Vet/lee6e\nM986LHEV6dt8bxEjG8xwFdahqFJxB6VVPVQIeIGR48e1xYwGxe1JXkrrX0/l7CJg\nx9dkmC0jL1jCI12hWNflpkVNJdqpNaiPYgq1SPwD9ovtXZtv/k52PgGPUXIoGEtQ\nCCYXKgjT1tI4PYNKSvQKfnWKBsRXFwlqQF9H+KXID2vLDmzcJA3hHZ88MDTzeuiB\nrORk7ISOGXaV1dc/xdBUtRULW7O6eMhNzTOLjk/NJHPmv2PNqotc0OYTSMSD0ac4\nEwYmWkgDuXDp3TfjYvfQiMWaFWeUKMlaHgEaTnkNgj9m2z+lXy7CMw2XmLaU09Pd\npEMhFexB8uNuaSGC6obngoN9eEo40Lp6RKS2ssKsKu5KEh4ZlVk3qNlmaFm8MoOJ\ntyf9rFfb/HNEm7enFABBEsKRsCbXUQlGssBH87VOhchgnAzfrFImH52q6oesFd6U\nAkqJYeLWCKYJsWUaooyDiNPTuwm2WtJCdoHB0BvEPDT6e3q/VAmEupb8X26svRPe\na8LG43LpkBYP0v8xiQGdYaA1zctHEWQ3Essvtyl6NBeWR3BW6q4WKxVoP9/Bm/7i\n0DEcPj15I1isjR2YccyPKHulU5AREswpfY3SfksU7doyJKbVfev5TtkDKk/e0+OR\n52MAAAc4k7r70JO6+9AAAAAHc3NoLXJzYQAAAgEAz4MbHd93stmxqUGGA+bqtL6T\nPh2xBG1Vet/lee6eM986LHEV6dt8bxEjG8xwFdahqFJxB6VVPVQIeIGR48e1xYwG\nxe1JXkrrX0/l7CJgx9dkmC0jL1jCI12hWNflpkVNJdqpNaiPYgq1SPwD9ovtXZtv\n/k52PgGPUXIoGEtQCCYXKgjT1tI4PYNKSvQKfnWKBsRXFwlqQF9H+KXID2vLDmzc\nJA3hHZ88MDTzeuiBrORk7ISOGXaV1dc/xdBUtRULW7O6eMhNzTOLjk/NJHPmv2PN\nqotc0OYTSMSD0ac4EwYmWkgDuXDp3TfjYvfQiMWaFWeUKMlaHgEaTnkNgj9m2z+l\nXy7CMw2XmLaU09PdpEMhFexB8uNuaSGC6obngoN9eEo40Lp6RKS2ssKsKu5KEh4Z\nlVk3qNlmaFm8MoOJtyf9rFfb/HNEm7enFABBEsKRsCbXUQlGssBH87VOhchgnAzf\nrFImH52q6oesFd6UAkqJYeLWCKYJsWUaooyDiNPTuwm2WtJCdoHB0BvEPDT6e3q/\nVAmEupb8X26svRPea8LG43LpkBYP0v8xiQGdYaA1zctHEWQ3Essvtyl6NBeWR3BW\n6q4WKxVoP9/Bm/7i0DEcPj15I1isjR2YccyPKHulU5AREswpfY3SfksU7doyJKbV\nfev5TtkDKk/e0+OR52MAAAADAQABAAACACZ4Ki9EDcc4x1BW5tbTWMCQMfDKhVYK\nRNYGKt8LZwW7xOeXQVY8y9k1RppxMHhD9W0kd3LQ6jf326gncRnWnLKWLm1D+52A\n6xic0cWQa/uwSSRS/dpZrIfs5Cv5vkewQkiZvFPHv2kQDiKNIdjzgNohJkZxWkdN\nd7nEHX2/fIM+OH4g69C/4RA6RiwWCNn/xUpS3MhXBP0RDOEiLq/5Lkgq0zbV4d1h\nd0GCl366Gswn/TPBsSw0STu+70InSITXdWcXLyMUEyRPAXis/51Z5TWm9Wo/8sGB\nXaLYV42m3+Ta94I2Joaa0agio8NlqKGqbFG6hYN4LH4yeyOAGoqCYXk/BJMWcaPk\nBnzqOuwPEN7DoT/57OWqnpCcpSu1UQEgD3lnlTU2NH9fNG1A9D/xqDYRwXhXUQ4l\npiugS9wGj4IqqiDYRe/z5uy2el2P5ejfU2u9koCNvVSFI9khONFN7O1lClJkrRHf\nM8ybiO+Ny/TrKf8eWAhjlP1VpQ9EERcBZQLeEX1t9cM2KE9qcJuP8SvVX+3ZAfPS\neT2iCiLK54VyGo0We3IINyQAQd2zEQKYDJ85D9186FVXvjK1q5HvqKDTF1Ud83/a\n39Ua5GdAW9wZ2ZBoEoladSy69qJo5/fccwooFqbYySO4EdAyb4/gj125Jh9ZdGlS\nE3Bzbt98ihY1AAABADLGv8jZwsYSxlmVUHQeUjSYKBpIPZga24aXH3usGgGSbIeC\npGrZoAUEH2lp92Gh5X8ZIfMCG04NyEfS7mTBFnwuJG7tMtX07FGMmVHjQJCNMpzR\nZgoWtLCLhSl6MpzGr2OjT43nbIiuG+LFwEPTDDvVDFkEjq0o/2pd8uuA2znmOK+k\n0KQkNsehi4ux4N5G68mELDcknnd1ZwqaATWDm9OaHKtCmiDA7lt3Y1iOt/rVqsu7\nK83cybn/EmT8L5kEYQnpRV2wRlzyoJ5bQpMVi9GOnPc5sPa7XSUDZ+3ZROr3d12O\nBdXtxaK8lRVEgIdKgOMwk31NKllKjF/wT+4+1QEAAAEBANISdUM4d9+jmfq3D1Xb\n19Z3rshvK44rm4X7FltcPNznw8ASNfrtv60reajxJdC0OR/tLJdRCYy4wSVBgyHB\nhMjsOrroY/XH1pdzOCLkktAY+M3MSz217mcByFLpaEglU/1QLohO9gkDEOBVPZRd\n5gn17Mq5fjZjm+UhW9zh9+OjOjAjyhtMAaYfFcRwTVhRbcBFU56Mxeq7rM0pFDQv\nZBiGSVNIvFNceLVYSotzTdpeqfnTQQiIGsjMRRuDSC+mJlCRzWkGHDNQyzSPDCue\nKgb6wJPYyEyXGjbH8bhLhdPMKn3xM6mQ8709lntJcRl/sooiIjUL+s38d1MoFdbb\njNUAAAEBAPzhXmYycC9YqYTSemA24Sh8nVdH7jVYJJ12kHhE2sczSL13Z6c/9Pmn\nuOMVUjc2+LHSj6ieOUJ+kzsFo/EzKyalENjvKoD8225qc9fPTGnaSIPy3L5+Vce6\n6s+zdL1SUND/JaYzMDDx5agxEtSNOSCU7Si7scB6oI3RypDRbVF+gzVJSqJZ9bfg\nxPdRclfFtEK/IV0I0OVqoxMiECl/rSnImYMExAyCED9r3cIplCVD/yFHAXfuxBbW\nOtdahWRBKFjGFvliaDHMcawE40VPyS4L6LBhe1wD7100KE7Kflo0UjV5j5rIvN1v\nJsmCo41U8CA5ArMAnOKbWnCQoH/qX1cAAAAAAQID\n-----END OPENSSH PRIVATE KEY-----\n",
            "private_key_pem": "-----BEGIN RSA PRIVATE KEY-----\nMIIJKQIBAAKCAgEAz4MbHd93stmxqUGGA+bqtL6TPh2xBG1Vet/lee6eM986LHEV\n6dt8bxEjG8xwFdahqFJxB6VVPVQIeIGR48e1xYwGxe1JXkrrX0/l7CJgx9dkmC0j\nL1jCI12hWNflpkVNJdqpNaiPYgq1SPwD9ovtXZtv/k52PgGPUXIoGEtQCCYXKgjT\n1tI4PYNKSvQKfnWKBsRXFwlqQF9H+KXID2vLDmzcJA3hHZ88MDTzeuiBrORk7ISO\nGXaV1dc/xdBUtRULW7O6eMhNzTOLjk/NJHPmv2PNqotc0OYTSMSD0ac4EwYmWkgD\nuXDp3TfjYvfQiMWaFWeUKMlaHgEaTnkNgj9m2z+lXy7CMw2XmLaU09PdpEMhFexB\n8uNuaSGC6obngoN9eEo40Lp6RKS2ssKsKu5KEh4ZlVk3qNlmaFm8MoOJtyf9rFfb\n/HNEm7enFABBEsKRsCbXUQlGssBH87VOhchgnAzfrFImH52q6oesFd6UAkqJYeLW\nCKYJsWUaooyDiNPTuwm2WtJCdoHB0BvEPDT6e3q/VAmEupb8X26svRPea8LG43Lp\nkBYP0v8xiQGdYaA1zctHEWQ3Essvtyl6NBeWR3BW6q4WKxVoP9/Bm/7i0DEcPj15\nI1isjR2YccyPKHulU5AREswpfY3SfksU7doyJKbVfev5TtkDKk/e0+OR52MCAwEA\nAQKCAgAmeCovRA3HOMdQVubW01jAkDHwyoVWCkTWBirfC2cFu8Tnl0FWPMvZNUaa\ncTB4Q/VtJHdy0Oo399uoJ3EZ1pyyli5tQ/udgOsYnNHFkGv7sEkkUv3aWayH7OQr\n+b5HsEJImbxTx79pEA4ijSHY84DaISZGcVpHTXe5xB19v3yDPjh+IOvQv+EQOkYs\nFgjZ/8VKUtzIVwT9EQzhIi6v+S5IKtM21eHdYXdBgpd+uhrMJ/0zwbEsNEk7vu9C\nJ0iE13VnFy8jFBMkTwF4rP+dWeU1pvVqP/LBgV2i2FeNpt/k2veCNiaGmtGoIqPD\nZaihqmxRuoWDeCx+MnsjgBqKgmF5PwSTFnGj5AZ86jrsDxDew6E/+ezlqp6QnKUr\ntVEBIA95Z5U1NjR/XzRtQPQ/8ag2EcF4V1EOJaYroEvcBo+CKqog2EXv8+bstnpd\nj+Xo31NrvZKAjb1UhSPZITjRTeztZQpSZK0R3zPMm4jvjcv06yn/HlgIY5T9VaUP\nRBEXAWUC3hF9bfXDNihPanCbj/Er1V/t2QHz0nk9ogoiyueFchqNFntyCDckAEHd\nsxECmAyfOQ/dfOhVV74ytauR76ig0xdVHfN/2t/VGuRnQFvcGdmQaBKJWnUsuvai\naOf33HMKKBam2MkjuBHQMm+P4I9duSYfWXRpUhNwc27ffIoWNQKCAQEA0hJ1Qzh3\n36OZ+rcPVdvX1neuyG8rjiubhfsWW1w83OfDwBI1+u2/rSt5qPEl0LQ5H+0sl1EJ\njLjBJUGDIcGEyOw6uuhj9cfWl3M4IuSS0Bj4zcxLPbXuZwHIUuloSCVT/VAuiE72\nCQMQ4FU9lF3mCfXsyrl+NmOb5SFb3OH346M6MCPKG0wBph8VxHBNWFFtwEVTnozF\n6ruszSkUNC9kGIZJU0i8U1x4tVhKi3NN2l6p+dNBCIgayMxFG4NIL6YmUJHNaQYc\nM1DLNI8MK54qBvrAk9jITJcaNsfxuEuF08wqffEzqZDzvT2We0lxGX+yiiIiNQv6\nzfx3UygV1tuM1QKCAQEA/OFeZjJwL1iphNJ6YDbhKHydV0fuNVgknXaQeETaxzNI\nvXdnpz/0+ae44xVSNzb4sdKPqJ45Qn6TOwWj8TMrJqUQ2O8qgPzbbmpz189MadpI\ng/Lcvn5Vx7rqz7N0vVJQ0P8lpjMwMPHlqDES1I05IJTtKLuxwHqgjdHKkNFtUX6D\nNUlKoln1t+DE91FyV8W0Qr8hXQjQ5WqjEyIQKX+tKciZgwTEDIIQP2vdwimUJUP/\nIUcBd+7EFtY611qFZEEoWMYW+WJoMcxxrATjRU/JLgvosGF7XAPvXTQoTsp+WjRS\nNXmPmsi83W8myYKjjVTwIDkCswCc4ptacJCgf+pfVwKCAQEAj0FvHgwgEy5qDwNP\nPenR4rtzQdQuC6HJSTDVKjBYgPy8DPtePGRtVhZTvNXWR+DfI9qFkhr9PC2x6Uon\ntplVh/8wfc2EfVNuD5HPMlxVkfu1kAJFPSwYC763cXMiXjC2egR39xSBy9t/Yrw+\nZjMycJB4jja4zzZWVYbOMm8WsPHa+IEvjjXi2fpQyckbtaKyCXA9ed3eChk52h6t\nXHkE9YR99IGhi+d/mYtAKqDS8pujpm5d5weJ3G0Qo5Z/X58aec80GO7FxGjQamMy\nlXwihOfy89/dl/1jLwBi4p7+AFU2lPQrmvLyhJa/TAvlSNJAWtq0ISCuRFJqvRaU\n7hSCkQKCAQEAzmBq9wKg1bMJHdHcd5syJCWXDv0wJa7aqvtxKgYfekSbT60cFb23\nguvjksf6wf8F9bG+9kCywFamd5vB0P4OcEp0NmbxjDVQK4uLIQwX86dmWPEiQADA\npvEf4wQ0+LEuLXKdWkcaREeWQq5SDM94WOPRrNWJWml5kGQvagLQsZqLIDjBRUAf\nrcItXR3GMGW0GGj9pHymZyShE+NPx15ghuIkjm2cRgz7j5bLc0MVmVgl5hWZ2DQv\nKegKO2ivxkL614BKjZpHKKUN+/I9PHrB1+d2LkRQNacseScw4iSV+64JjYS4svyy\nThEBWaFZMuWn1tRQJKASaUmaBJWzttEinwKCAQAyxr/I2cLGEsZZlVB0HlI0mCga\nSD2YGtuGlx97rBoBkmyHgqRq2aAFBB9pafdhoeV/GSHzAhtODchH0u5kwRZ8LiRu\n7TLV9OxRjJlR40CQjTKc0WYKFrSwi4UpejKcxq9jo0+N52yIrhvixcBD0ww71QxZ\nBI6tKP9qXfLrgNs55jivpNCkJDbHoYuLseDeRuvJhCw3JJ53dWcKmgE1g5vTmhyr\nQpogwO5bd2NYjrf61arLuyvN3Mm5/xJk/C+ZBGEJ6UVdsEZc8qCeW0KTFYvRjpz3\nObD2u10lA2ft2UTq93ddjgXV7cWivJUVRICHSoDjMJN9TSpZSoxf8E/uPtUB\n-----END RSA PRIVATE KEY-----\n",
            "private_key_pem_pkcs8": "-----BEGIN PRIVATE KEY-----\nMIIJQwIBADANBgkqhkiG9w0BAQEFAASCCS0wggkpAgEAAoICAQDPgxsd33ey2bGp\nQYYD5uq0vpM+HbEEbVV63+V57p4z3zoscRXp23xvESMbzHAV1qGoUnEHpVU9VAh4\ngZHjx7XFjAbF7UleSutfT+XsImDH12SYLSMvWMIjXaFY1+WmRU0l2qk1qI9iCrVI\n/AP2i+1dm2/+TnY+AY9RcigYS1AIJhcqCNPW0jg9g0pK9Ap+dYoGxFcXCWpAX0f4\npcgPa8sObNwkDeEdnzwwNPN66IGs5GTshI4ZdpXV1z/F0FS1FQtbs7p4yE3NM4uO\nT80kc+a/Y82qi1zQ5hNIxIPRpzgTBiZaSAO5cOndN+Ni99CIxZoVZ5QoyVoeARpO\neQ2CP2bbP6VfLsIzDZeYtpTT092kQyEV7EHy425pIYLqhueCg314SjjQunpEpLay\nwqwq7koSHhmVWTeo2WZoWbwyg4m3J/2sV9v8c0Sbt6cUAEESwpGwJtdRCUaywEfz\ntU6FyGCcDN+sUiYfnarqh6wV3pQCSolh4tYIpgmxZRqijIOI09O7CbZa0kJ2gcHQ\nG8Q8NPp7er9UCYS6lvxfbqy9E95rwsbjcumQFg/S/zGJAZ1hoDXNy0cRZDcSyy+3\nKXo0F5ZHcFbqrhYrFWg/38Gb/uLQMRw+PXkjWKyNHZhxzI8oe6VTkBESzCl9jdJ+\nSxTt2jIkptV96/lO2QMqT97T45HnYwIDAQABAoICACZ4Ki9EDcc4x1BW5tbTWMCQ\nMfDKhVYKRNYGKt8LZwW7xOeXQVY8y9k1RppxMHhD9W0kd3LQ6jf326gncRnWnLKW\nLm1D+52A6xic0cWQa/uwSSRS/dpZrIfs5Cv5vkewQkiZvFPHv2kQDiKNIdjzgNoh\nJkZxWkdNd7nEHX2/fIM+OH4g69C/4RA6RiwWCNn/xUpS3MhXBP0RDOEiLq/5Lkgq\n0zbV4d1hd0GCl366Gswn/TPBsSw0STu+70InSITXdWcXLyMUEyRPAXis/51Z5TWm\n9Wo/8sGBXaLYV42m3+Ta94I2Joaa0agio8NlqKGqbFG6hYN4LH4yeyOAGoqCYXk/\nBJMWcaPkBnzqOuwPEN7DoT/57OWqnpCcpSu1UQEgD3lnlTU2NH9fNG1A9D/xqDYR\nwXhXUQ4lpiugS9wGj4IqqiDYRe/z5uy2el2P5ejfU2u9koCNvVSFI9khONFN7O1l\nClJkrRHfM8ybiO+Ny/TrKf8eWAhjlP1VpQ9EERcBZQLeEX1t9cM2KE9qcJuP8SvV\nX+3ZAfPSeT2iCiLK54VyGo0We3IINyQAQd2zEQKYDJ85D9186FVXvjK1q5HvqKDT\nF1Ud83/a39Ua5GdAW9wZ2ZBoEoladSy69qJo5/fccwooFqbYySO4EdAyb4/gj125\nJh9ZdGlSE3Bzbt98ihY1AoIBAQDSEnVDOHffo5n6tw9V29fWd67IbyuOK5uF+xZb\nXDzc58PAEjX67b+tK3mo8SXQtDkf7SyXUQmMuMElQYMhwYTI7Dq66GP1x9aXczgi\n5JLQGPjNzEs9te5nAchS6WhIJVP9UC6ITvYJAxDgVT2UXeYJ9ezKuX42Y5vlIVvc\n4ffjozowI8obTAGmHxXEcE1YUW3ARVOejMXqu6zNKRQ0L2QYhklTSLxTXHi1WEqL\nc03aXqn500EIiBrIzEUbg0gvpiZQkc1pBhwzUMs0jwwrnioG+sCT2MhMlxo2x/G4\nS4XTzCp98TOpkPO9PZZ7SXEZf7KKIiI1C/rN/HdTKBXW24zVAoIBAQD84V5mMnAv\nWKmE0npgNuEofJ1XR+41WCSddpB4RNrHM0i9d2enP/T5p7jjFVI3Nvix0o+onjlC\nfpM7BaPxMysmpRDY7yqA/NtuanPXz0xp2kiD8ty+flXHuurPs3S9UlDQ/yWmMzAw\n8eWoMRLUjTkglO0ou7HAeqCN0cqQ0W1RfoM1SUqiWfW34MT3UXJXxbRCvyFdCNDl\naqMTIhApf60pyJmDBMQMghA/a93CKZQlQ/8hRwF37sQW1jrXWoVkQShYxhb5Ymgx\nzHGsBONFT8kuC+iwYXtcA+9dNChOyn5aNFI1eY+ayLzdbybJgqONVPAgOQKzAJzi\nm1pwkKB/6l9XAoIBAQCPQW8eDCATLmoPA0896dHiu3NB1C4LoclJMNUqMFiA/LwM\n+148ZG1WFlO81dZH4N8j2oWSGv08LbHpSie2mVWH/zB9zYR9U24Pkc8yXFWR+7WQ\nAkU9LBgLvrdxcyJeMLZ6BHf3FIHL239ivD5mMzJwkHiONrjPNlZVhs4ybxaw8dr4\ngS+ONeLZ+lDJyRu1orIJcD153d4KGTnaHq1ceQT1hH30gaGL53+Zi0AqoNLym6Om\nbl3nB4ncbRCjln9fnxp5zzQY7sXEaNBqYzKVfCKE5/Lz392X/WMvAGLinv4AVTaU\n9Cua8vKElr9MC+VI0kBa2rQhIK5EUmq9FpTuFIKRAoIBAQDOYGr3AqDVswkd0dx3\nmzIkJZcO/TAlrtqq+3EqBh96RJtPrRwVvbeC6+OSx/rB/wX1sb72QLLAVqZ3m8HQ\n/g5wSnQ2ZvGMNVAri4shDBfzp2ZY8SJAAMCm8R/jBDT4sS4tcp1aRxpER5ZCrlIM\nz3hY49Gs1YlaaXmQZC9qAtCxmosgOMFFQB+twi1dHcYwZbQYaP2kfKZnJKET40/H\nXmCG4iSObZxGDPuPlstzQxWZWCXmFZnYNC8p6Ao7aK/GQvrXgEqNmkcopQ378j08\nesHX53YuRFA1pyx5JzDiJJX7rgmNhLiy/LJOEQFZoVky5afW1FAkoBJpSZoElbO2\n0SKfAoIBADLGv8jZwsYSxlmVUHQeUjSYKBpIPZga24aXH3usGgGSbIeCpGrZoAUE\nH2lp92Gh5X8ZIfMCG04NyEfS7mTBFnwuJG7tMtX07FGMmVHjQJCNMpzRZgoWtLCL\nhSl6MpzGr2OjT43nbIiuG+LFwEPTDDvVDFkEjq0o/2pd8uuA2znmOK+k0KQkNseh\ni4ux4N5G68mELDcknnd1ZwqaATWDm9OaHKtCmiDA7lt3Y1iOt/rVqsu7K83cybn/\nEmT8L5kEYQnpRV2wRlzyoJ5bQpMVi9GOnPc5sPa7XSUDZ+3ZROr3d12OBdXtxaK8\nlRVEgIdKgOMwk31NKllKjF/wT+4+1QE=\n-----END PRIVATE KEY-----\n",
            "public_key_fingerprint_md5": "d2:7b:39:e6:3f:d0:df:c2:2f:96:26:78:d4:7c:2c:25",
            "public_key_fingerprint_sha256": "SHA256:5UZ7238IOJ11k1igoV5h63imygiVy9LoVVhgHJUoxqA",
            "public_key_openssh": "ssh-rsa AAAAB3NzaC1yc2EAAAADAQABAAACAQDPgxsd33ey2bGpQYYD5uq0vpM+HbEEbVV63+V57p4z3zoscRXp23xvESMbzHAV1qGoUnEHpVU9VAh4gZHjx7XFjAbF7UleSutfT+XsImDH12SYLSMvWMIjXaFY1+WmRU0l2qk1qI9iCrVI/AP2i+1dm2/+TnY+AY9RcigYS1AIJhcqCNPW0jg9g0pK9Ap+dYoGxFcXCWpAX0f4pcgPa8sObNwkDeEdnzwwNPN66IGs5GTshI4ZdpXV1z/F0FS1FQtbs7p4yE3NM4uOT80kc+a/Y82qi1zQ5hNIxIPRpzgTBiZaSAO5cOndN+Ni99CIxZoVZ5QoyVoeARpOeQ2CP2bbP6VfLsIzDZeYtpTT092kQyEV7EHy425pIYLqhueCg314SjjQunpEpLaywqwq7koSHhmVWTeo2WZoWbwyg4m3J/2sV9v8c0Sbt6cUAEESwpGwJtdRCUaywEfztU6FyGCcDN+sUiYfnarqh6wV3pQCSolh4tYIpgmxZRqijIOI09O7CbZa0kJ2gcHQG8Q8NPp7er9UCYS6lvxfbqy9E95rwsbjcumQFg/S/zGJAZ1hoDXNy0cRZDcSyy+3KXo0F5ZHcFbqrhYrFWg/38Gb/uLQMRw+PXkjWKyNHZhxzI8oe6VTkBESzCl9jdJ+SxTt2jIkptV96/lO2QMqT97T45HnYw==\n",
            "public_key_pem": "-----BEGIN PUBLIC KEY-----\nMIICIjANBgkqhkiG9w0BAQEFAAOCAg8AMIICCgKCAgEAz4MbHd93stmxqUGGA+bq\ntL6TPh2xBG1Vet/lee6eM986LHEV6dt8bxEjG8xwFdahqFJxB6VVPVQIeIGR48e1\nxYwGxe1JXkrrX0/l7CJgx9dkmC0jL1jCI12hWNflpkVNJdqpNaiPYgq1SPwD9ovt\nXZtv/k52PgGPUXIoGEtQCCYXKgjT1tI4PYNKSvQKfnWKBsRXFwlqQF9H+KXID2vL\nDmzcJA3hHZ88MDTzeuiBrORk7ISOGXaV1dc/xdBUtRULW7O6eMhNzTOLjk/NJHPm\nv2PNqotc0OYTSMSD0ac4EwYmWkgDuXDp3TfjYvfQiMWaFWeUKMlaHgEaTnkNgj9m\n2z+lXy7CMw2XmLaU09PdpEMhFexB8uNuaSGC6obngoN9eEo40Lp6RKS2ssKsKu5K\nEh4ZlVk3qNlmaFm8MoOJtyf9rFfb/HNEm7enFABBEsKRsCbXUQlGssBH87VOhchg\nnAzfrFImH52q6oesFd6UAkqJYeLWCKYJsWUaooyDiNPTuwm2WtJCdoHB0BvEPDT6\ne3q/VAmEupb8X26svRPea8LG43LpkBYP0v8xiQGdYaA1zctHEWQ3Essvtyl6NBeW\nR3BW6q4WKxVoP9/Bm/7i0DEcPj15I1isjR2YccyPKHulU5AREswpfY3SfksU7doy\nJKbVfev5TtkDKk/e0+OR52MCAwEAAQ==\n-----END PUBLIC KEY-----\n",
            "rsa_bits": 4096
          },
          "sensitive_attributes": [
            [
              {
                "type": "get_attr",
                "value": "private_key_openssh"
              }
            ],
            [
              {
                "type": "get_attr",
                "value": "private_key_pem"
              }
            ],
            [
              {
                "type": "get_attr",
                "value": "private_key_pem_pkcs8"
              }
            ]
          ],
          "identity_schema_version": 0
        }
      ]
    },
    {
      "module": "module.networking",
      "mode": "data",
      "type": "aws_availability_zones",
      "name": "available",
      "provider": "provider[\"registry.terraform.io/hashicorp/aws\"]",
      "instances": [
        {
          "schema_version": 0,
          "attributes": {
            "all_availability_zones": null,
            "exclude_names": null,
            "exclude_zone_ids": null,
            "filter": null,
            "group_names": [
              "eu-north-1-zg-1"
            ],
            "id": "eu-north-1",
            "names": [
              "eu-north-1a",
              "eu-north-1b",
              "eu-north-1c"
            ],
            "region": "eu-north-1",
            "state": "available",
            "timeouts": null,
            "zone_ids": [
              "eun1-az1",
              "eun1-az2",
              "eun1-az3"
            ]
          },
          "sensitive_attributes": [],
          "identity_schema_version": 0
        }
      ]
    },
    {
      "module": "module.networking",
      "mode": "managed",
      "type": "aws_eip",
      "name": "nat",
      "provider": "provider[\"registry.terraform.io/hashicorp/aws\"]",
      "instances": [
        {
          "schema_version": 0,
          "attributes": {
            "address": null,
            "allocation_id": "eipalloc-0c4a969e24dde8419",
            "arn": "arn:aws:ec2:eu-north-1:254652353999:elastic-ip/eipalloc-0c4a969e24dde8419",
            "associate_with_private_ip": null,
            "association_id": "eipassoc-057c4d95e811806cc",
            "carrier_ip": "",
            "customer_owned_ip": "",
            "customer_owned_ipv4_pool": "",
            "domain": "vpc",
            "id": "eipalloc-0c4a969e24dde8419",
            "instance": "",
            "ipam_pool_id": null,
            "network_border_group": "eu-north-1",
            "network_interface": "eni-08e07e8ac4bd2a008",
            "private_dns": "ip-10-1-101-246.eu-north-1.compute.internal",
            "private_ip": "10.1.101.246",
            "ptr_record": "",
            "public_dns": "ec2-51-20-234-212.eu-north-1.compute.amazonaws.com",
            "public_ip": "51.20.234.212",
            "public_ipv4_pool": "amazon",
            "region": "eu-north-1",
            "tags": {
              "Name": "eip-nat-prod",
              "environment": "prod",
              "managed-by": "terraform",
              "owner": "nagham",
              "project": "devops-multicloud"
            },
            "tags_all": {
              "Name": "eip-nat-prod",
              "environment": "prod",
              "managed-by": "terraform",
              "owner": "nagham",
              "project": "devops-multicloud"
            },
            "timeouts": null
          },
          "sensitive_attributes": [],
          "identity_schema_version": 0,
          "private": "eyJlMmJmYjczMC1lY2FhLTExZTYtOGY4OC0zNDM2M2JjN2M0YzAiOnsiZGVsZXRlIjoxODAwMDAwMDAwMDAsInJlYWQiOjkwMDAwMDAwMDAwMCwidXBkYXRlIjozMDAwMDAwMDAwMDB9fQ==",
          "dependencies": [
            "module.networking.aws_internet_gateway.main",
            "module.networking.aws_vpc.main"
          ]
        }
      ]
    },
    {
      "module": "module.networking",
      "mode": "managed",
      "type": "aws_internet_gateway",
      "name": "main",
      "provider": "provider[\"registry.terraform.io/hashicorp/aws\"]",
      "instances": [
        {
          "schema_version": 0,
          "attributes": {
            "arn": "arn:aws:ec2:eu-north-1:254652353999:internet-gateway/igw-0f88ff2e1be976eaa",
            "id": "igw-0f88ff2e1be976eaa",
            "owner_id": "254652353999",
            "region": "eu-north-1",
            "tags": {
              "Name": "igw-prod",
              "environment": "prod",
              "managed-by": "terraform",
              "owner": "nagham",
              "project": "devops-multicloud"
            },
            "tags_all": {
              "Name": "igw-prod",
              "environment": "prod",
              "managed-by": "terraform",
              "owner": "nagham",
              "project": "devops-multicloud"
            },
            "timeouts": null,
            "vpc_id": "vpc-0af2190bc77f844e3"
          },
          "sensitive_attributes": [],
          "identity_schema_version": 0,
          "private": "eyJlMmJmYjczMC1lY2FhLTExZTYtOGY4OC0zNDM2M2JjN2M0YzAiOnsiY3JlYXRlIjoxMjAwMDAwMDAwMDAwLCJkZWxldGUiOjEyMDAwMDAwMDAwMDAsInVwZGF0ZSI6MTIwMDAwMDAwMDAwMH19",
          "dependencies": [
            "module.networking.aws_vpc.main"
          ]
        }
      ]
    },
    {
      "module": "module.networking",
      "mode": "managed",
      "type": "aws_nat_gateway",
      "name": "main",
      "provider": "provider[\"registry.terraform.io/hashicorp/aws\"]",
      "instances": [
        {
          "schema_version": 0,
          "attributes": {
            "allocation_id": "eipalloc-0c4a969e24dde8419",
            "association_id": "eipassoc-057c4d95e811806cc",
            "auto_provision_zones": null,
            "auto_scaling_ips": null,
            "availability_mode": "zonal",
            "availability_zone_address": [],
            "connectivity_type": "public",
            "id": "nat-050fb4d3c6915dbdf",
            "network_interface_id": "eni-08e07e8ac4bd2a008",
            "private_ip": "10.1.101.246",
            "public_ip": "51.20.234.212",
            "region": "eu-north-1",
            "regional_nat_gateway_address": [],
            "regional_nat_gateway_auto_mode": null,
            "route_table_id": null,
            "secondary_allocation_ids": [],
            "secondary_private_ip_address_count": 0,
            "secondary_private_ip_addresses": [],
            "subnet_id": "subnet-09a373731a9ae8c54",
            "tags": {
              "Name": "nat-prod",
              "environment": "prod",
              "managed-by": "terraform",
              "owner": "nagham",
              "project": "devops-multicloud"
            },
            "tags_all": {
              "Name": "nat-prod",
              "environment": "prod",
              "managed-by": "terraform",
              "owner": "nagham",
              "project": "devops-multicloud"
            },
            "timeouts": null,
            "vpc_id": "vpc-0af2190bc77f844e3"
          },
          "sensitive_attributes": [],
          "identity_schema_version": 0,
          "private": "eyJlMmJmYjczMC1lY2FhLTExZTYtOGY4OC0zNDM2M2JjN2M0YzAiOnsiY3JlYXRlIjo2MDAwMDAwMDAwMDAsImRlbGV0ZSI6MTgwMDAwMDAwMDAwMCwidXBkYXRlIjo2MDAwMDAwMDAwMDB9fQ==",
          "dependencies": [
            "module.networking.aws_eip.nat",
            "module.networking.aws_internet_gateway.main",
            "module.networking.aws_subnet.public",
            "module.networking.aws_vpc.main",
            "module.networking.data.aws_availability_zones.available"
          ]
        }
      ]
    },
    {
      "module": "module.networking",
      "mode": "managed",
      "type": "aws_route_table",
      "name": "private",
      "provider": "provider[\"registry.terraform.io/hashicorp/aws\"]",
      "instances": [
        {
          "schema_version": 0,
          "attributes": {
            "arn": "arn:aws:ec2:eu-north-1:254652353999:route-table/rtb-02eb805375566d38e",
            "id": "rtb-02eb805375566d38e",
            "owner_id": "254652353999",
            "propagating_vgws": [],
            "region": "eu-north-1",
            "route": [
              {
                "carrier_gateway_id": "",
                "cidr_block": "0.0.0.0/0",
                "core_network_arn": "",
                "destination_prefix_list_id": "",
                "egress_only_gateway_id": "",
                "gateway_id": "",
                "ipv6_cidr_block": "",
                "local_gateway_id": "",
                "nat_gateway_id": "nat-050fb4d3c6915dbdf",
                "network_interface_id": "",
                "transit_gateway_id": "",
                "vpc_endpoint_id": "",
                "vpc_peering_connection_id": ""
              }
            ],
            "tags": {
              "Name": "rt-private-prod",
              "environment": "prod",
              "managed-by": "terraform",
              "owner": "nagham",
              "project": "devops-multicloud"
            },
            "tags_all": {
              "Name": "rt-private-prod",
              "environment": "prod",
              "managed-by": "terraform",
              "owner": "nagham",
              "project": "devops-multicloud"
            },
            "timeouts": null,
            "vpc_id": "vpc-0af2190bc77f844e3"
          },
          "sensitive_attributes": [],
          "identity_schema_version": 0,
          "identity": {
            "account_id": "254652353999",
            "id": "rtb-02eb805375566d38e",
            "region": "eu-north-1"
          },
          "private": "eyJlMmJmYjczMC1lY2FhLTExZTYtOGY4OC0zNDM2M2JjN2M0YzAiOnsiY3JlYXRlIjozMDAwMDAwMDAwMDAsImRlbGV0ZSI6MzAwMDAwMDAwMDAwLCJ1cGRhdGUiOjEyMDAwMDAwMDAwMH19",
          "dependencies": [
            "module.networking.aws_eip.nat",
            "module.networking.aws_internet_gateway.main",
            "module.networking.aws_nat_gateway.main",
            "module.networking.aws_subnet.public",
            "module.networking.aws_vpc.main",
            "module.networking.data.aws_availability_zones.available"
          ]
        }
      ]
    },
    {
      "module": "module.networking",
      "mode": "managed",
      "type": "aws_route_table",
      "name": "public",
      "provider": "provider[\"registry.terraform.io/hashicorp/aws\"]",
      "instances": [
        {
          "schema_version": 0,
          "attributes": {
            "arn": "arn:aws:ec2:eu-north-1:254652353999:route-table/rtb-06c1b1e1cc5a04c7a",
            "id": "rtb-06c1b1e1cc5a04c7a",
            "owner_id": "254652353999",
            "propagating_vgws": [],
            "region": "eu-north-1",
            "route": [
              {
                "carrier_gateway_id": "",
                "cidr_block": "0.0.0.0/0",
                "core_network_arn": "",
                "destination_prefix_list_id": "",
                "egress_only_gateway_id": "",
                "gateway_id": "igw-0f88ff2e1be976eaa",
                "ipv6_cidr_block": "",
                "local_gateway_id": "",
                "nat_gateway_id": "",
                "network_interface_id": "",
                "transit_gateway_id": "",
                "vpc_endpoint_id": "",
                "vpc_peering_connection_id": ""
              }
            ],
            "tags": {
              "Name": "rt-public-prod",
              "environment": "prod",
              "managed-by": "terraform",
              "owner": "nagham",
              "project": "devops-multicloud"
            },
            "tags_all": {
              "Name": "rt-public-prod",
              "environment": "prod",
              "managed-by": "terraform",
              "owner": "nagham",
              "project": "devops-multicloud"
            },
            "timeouts": null,
            "vpc_id": "vpc-0af2190bc77f844e3"
          },
          "sensitive_attributes": [],
          "identity_schema_version": 0,
          "identity": {
            "account_id": "254652353999",
            "id": "rtb-06c1b1e1cc5a04c7a",
            "region": "eu-north-1"
          },
          "private": "eyJlMmJmYjczMC1lY2FhLTExZTYtOGY4OC0zNDM2M2JjN2M0YzAiOnsiY3JlYXRlIjozMDAwMDAwMDAwMDAsImRlbGV0ZSI6MzAwMDAwMDAwMDAwLCJ1cGRhdGUiOjEyMDAwMDAwMDAwMH19",
          "dependencies": [
            "module.networking.aws_internet_gateway.main",
            "module.networking.aws_vpc.main"
          ]
        }
      ]
    },
    {
      "module": "module.networking",
      "mode": "managed",
      "type": "aws_route_table_association",
      "name": "private",
      "provider": "provider[\"registry.terraform.io/hashicorp/aws\"]",
      "instances": [
        {
          "index_key": 0,
          "schema_version": 0,
          "attributes": {
            "gateway_id": "",
            "id": "rtbassoc-02fbd119cfdde0010",
            "region": "eu-north-1",
            "route_table_id": "rtb-02eb805375566d38e",
            "subnet_id": "subnet-0a239b0e23b17bcd0",
            "timeouts": null
          },
          "sensitive_attributes": [],
          "identity_schema_version": 0,
          "private": "eyJlMmJmYjczMC1lY2FhLTExZTYtOGY4OC0zNDM2M2JjN2M0YzAiOnsiY3JlYXRlIjozMDAwMDAwMDAwMDAsImRlbGV0ZSI6MzAwMDAwMDAwMDAwLCJ1cGRhdGUiOjEyMDAwMDAwMDAwMH19",
          "dependencies": [
            "module.networking.aws_eip.nat",
            "module.networking.aws_internet_gateway.main",
            "module.networking.aws_nat_gateway.main",
            "module.networking.aws_route_table.private",
            "module.networking.aws_subnet.private",
            "module.networking.aws_subnet.public",
            "module.networking.aws_vpc.main",
            "module.networking.data.aws_availability_zones.available"
          ]
        },
        {
          "index_key": 1,
          "schema_version": 0,
          "attributes": {
            "gateway_id": "",
            "id": "rtbassoc-0c6a87489192da95a",
            "region": "eu-north-1",
            "route_table_id": "rtb-02eb805375566d38e",
            "subnet_id": "subnet-055aba482706691e1",
            "timeouts": null
          },
          "sensitive_attributes": [],
          "identity_schema_version": 0,
          "private": "eyJlMmJmYjczMC1lY2FhLTExZTYtOGY4OC0zNDM2M2JjN2M0YzAiOnsiY3JlYXRlIjozMDAwMDAwMDAwMDAsImRlbGV0ZSI6MzAwMDAwMDAwMDAwLCJ1cGRhdGUiOjEyMDAwMDAwMDAwMH19",
          "dependencies": [
            "module.networking.aws_eip.nat",
            "module.networking.aws_internet_gateway.main",
            "module.networking.aws_nat_gateway.main",
            "module.networking.aws_route_table.private",
            "module.networking.aws_subnet.private",
            "module.networking.aws_subnet.public",
            "module.networking.aws_vpc.main",
            "module.networking.data.aws_availability_zones.available"
          ]
        }
      ]
    },
    {
      "module": "module.networking",
      "mode": "managed",
      "type": "aws_route_table_association",
      "name": "public",
      "provider": "provider[\"registry.terraform.io/hashicorp/aws\"]",
      "instances": [
        {
          "index_key": 0,
          "schema_version": 0,
          "attributes": {
            "gateway_id": "",
            "id": "rtbassoc-0e7a3769f01e00c5c",
            "region": "eu-north-1",
            "route_table_id": "rtb-06c1b1e1cc5a04c7a",
            "subnet_id": "subnet-09a373731a9ae8c54",
            "timeouts": null
          },
          "sensitive_attributes": [],
          "identity_schema_version": 0,
          "private": "eyJlMmJmYjczMC1lY2FhLTExZTYtOGY4OC0zNDM2M2JjN2M0YzAiOnsiY3JlYXRlIjozMDAwMDAwMDAwMDAsImRlbGV0ZSI6MzAwMDAwMDAwMDAwLCJ1cGRhdGUiOjEyMDAwMDAwMDAwMH19",
          "dependencies": [
            "module.networking.aws_internet_gateway.main",
            "module.networking.aws_route_table.public",
            "module.networking.aws_subnet.public",
            "module.networking.aws_vpc.main",
            "module.networking.data.aws_availability_zones.available"
          ]
        },
        {
          "index_key": 1,
          "schema_version": 0,
          "attributes": {
            "gateway_id": "",
            "id": "rtbassoc-06fd90d524c901271",
            "region": "eu-north-1",
            "route_table_id": "rtb-06c1b1e1cc5a04c7a",
            "subnet_id": "subnet-026d2f95b57fc2674",
            "timeouts": null
          },
          "sensitive_attributes": [],
          "identity_schema_version": 0,
          "private": "eyJlMmJmYjczMC1lY2FhLTExZTYtOGY4OC0zNDM2M2JjN2M0YzAiOnsiY3JlYXRlIjozMDAwMDAwMDAwMDAsImRlbGV0ZSI6MzAwMDAwMDAwMDAwLCJ1cGRhdGUiOjEyMDAwMDAwMDAwMH19",
          "dependencies": [
            "module.networking.aws_internet_gateway.main",
            "module.networking.aws_route_table.public",
            "module.networking.aws_subnet.public",
            "module.networking.aws_vpc.main",
            "module.networking.data.aws_availability_zones.available"
          ]
        }
      ]
    },
    {
      "module": "module.networking",
      "mode": "managed",
      "type": "aws_security_group",
      "name": "eks_cluster",
      "provider": "provider[\"registry.terraform.io/hashicorp/aws\"]",
      "instances": [
        {
          "schema_version": 1,
          "attributes": {
            "arn": "arn:aws:ec2:eu-north-1:254652353999:security-group/sg-04ca10d7548a75c94",
            "description": "EKS cluster control plane security group",
            "egress": [
              {
                "cidr_blocks": [
                  "0.0.0.0/0"
                ],
                "description": "Allow all outbound",
                "from_port": 0,
                "ipv6_cidr_blocks": [],
                "prefix_list_ids": [],
                "protocol": "-1",
                "security_groups": [],
                "self": false,
                "to_port": 0
              }
            ],
            "id": "sg-04ca10d7548a75c94",
            "ingress": [
              {
                "cidr_blocks": [
                  "10.1.0.0/16"
                ],
                "description": "HTTPS from VPC - nodes to API server",
                "from_port": 443,
                "ipv6_cidr_blocks": [],
                "prefix_list_ids": [],
                "protocol": "tcp",
                "security_groups": [],
                "self": false,
                "to_port": 443
              }
            ],
            "name": "eks-cluster-prod",
            "name_prefix": "",
            "owner_id": "254652353999",
            "region": "eu-north-1",
            "revoke_rules_on_delete": false,
            "tags": {
              "Name": "eks-cluster-prod",
              "environment": "prod",
              "managed-by": "terraform",
              "owner": "nagham",
              "project": "devops-multicloud"
            },
            "tags_all": {
              "Name": "eks-cluster-prod",
              "environment": "prod",
              "managed-by": "terraform",
              "owner": "nagham",
              "project": "devops-multicloud"
            },
            "timeouts": null,
            "vpc_id": "vpc-0af2190bc77f844e3"
          },
          "sensitive_attributes": [],
          "identity_schema_version": 0,
          "identity": {
            "account_id": "254652353999",
            "id": "sg-04ca10d7548a75c94",
            "region": "eu-north-1"
          },
          "private": "eyJlMmJmYjczMC1lY2FhLTExZTYtOGY4OC0zNDM2M2JjN2M0YzAiOnsiY3JlYXRlIjo2MDAwMDAwMDAwMDAsImRlbGV0ZSI6OTAwMDAwMDAwMDAwfSwic2NoZW1hX3ZlcnNpb24iOiIxIn0=",
          "dependencies": [
            "module.networking.aws_vpc.main"
          ]
        }
      ]
    },
    {
      "module": "module.networking",
      "mode": "managed",
      "type": "aws_security_group",
      "name": "eks_nodes",
      "provider": "provider[\"registry.terraform.io/hashicorp/aws\"]",
      "instances": [
        {
          "schema_version": 1,
          "attributes": {
            "arn": "arn:aws:ec2:eu-north-1:254652353999:security-group/sg-08376eeda1d14cd07",
            "description": "EKS worker nodes security group",
            "egress": [
              {
                "cidr_blocks": [
                  "0.0.0.0/0"
                ],
                "description": "Allow all outbound",
                "from_port": 0,
                "ipv6_cidr_blocks": [],
                "prefix_list_ids": [],
                "protocol": "-1",
                "security_groups": [],
                "self": false,
                "to_port": 0
              }
            ],
            "id": "sg-08376eeda1d14cd07",
            "ingress": [
              {
                "cidr_blocks": [
                  "0.0.0.0/0"
                ],
                "description": "HTTP for ingress",
                "from_port": 80,
                "ipv6_cidr_blocks": [],
                "prefix_list_ids": [],
                "protocol": "tcp",
                "security_groups": [],
                "self": false,
                "to_port": 80
              },
              {
                "cidr_blocks": [
                  "0.0.0.0/0"
                ],
                "description": "HTTPS for ingress",
                "from_port": 443,
                "ipv6_cidr_blocks": [],
                "prefix_list_ids": [],
                "protocol": "tcp",
                "security_groups": [],
                "self": false,
                "to_port": 443
              },
              {
                "cidr_blocks": [
                  "10.1.0.0/16"
                ],
                "description": "Allow HTTPS from control plane",
                "from_port": 443,
                "ipv6_cidr_blocks": [],
                "prefix_list_ids": [],
                "protocol": "tcp",
                "security_groups": [],
                "self": false,
                "to_port": 443
              },
              {
                "cidr_blocks": [
                  "10.1.0.0/16"
                ],
                "description": "Allow control plane to reach nodes",
                "from_port": 1025,
                "ipv6_cidr_blocks": [],
                "prefix_list_ids": [],
                "protocol": "tcp",
                "security_groups": [],
                "self": false,
                "to_port": 65535
              },
              {
                "cidr_blocks": [
                  "10.1.0.0/16"
                ],
                "description": "Node.js app port from VPC",
                "from_port": 3000,
                "ipv6_cidr_blocks": [],
                "prefix_list_ids": [],
                "protocol": "tcp",
                "security_groups": [],
                "self": false,
                "to_port": 3000
              },
              {
                "cidr_blocks": [],
                "description": "Allow node to node communication",
                "from_port": 0,
                "ipv6_cidr_blocks": [],
                "prefix_list_ids": [],
                "protocol": "-1",
                "security_groups": [],
                "self": true,
                "to_port": 0
              }
            ],
            "name": "eks-nodes-prod",
            "name_prefix": "",
            "owner_id": "254652353999",
            "region": "eu-north-1",
            "revoke_rules_on_delete": false,
            "tags": {
              "Name": "eks-nodes-prod",
              "environment": "prod",
              "kubernetes.io/cluster/eks-prod-dr": "owned",
              "managed-by": "terraform",
              "owner": "nagham",
              "project": "devops-multicloud"
            },
            "tags_all": {
              "Name": "eks-nodes-prod",
              "environment": "prod",
              "kubernetes.io/cluster/eks-prod-dr": "owned",
              "managed-by": "terraform",
              "owner": "nagham",
              "project": "devops-multicloud"
            },
            "timeouts": null,
            "vpc_id": "vpc-0af2190bc77f844e3"
          },
          "sensitive_attributes": [],
          "identity_schema_version": 0,
          "identity": {
            "account_id": "254652353999",
            "id": "sg-08376eeda1d14cd07",
            "region": "eu-north-1"
          },
          "private": "eyJlMmJmYjczMC1lY2FhLTExZTYtOGY4OC0zNDM2M2JjN2M0YzAiOnsiY3JlYXRlIjo2MDAwMDAwMDAwMDAsImRlbGV0ZSI6OTAwMDAwMDAwMDAwfSwic2NoZW1hX3ZlcnNpb24iOiIxIn0=",
          "dependencies": [
            "module.networking.aws_vpc.main"
          ]
        }
      ]
    },
    {
      "module": "module.networking",
      "mode": "managed",
      "type": "aws_subnet",
      "name": "private",
      "provider": "provider[\"registry.terraform.io/hashicorp/aws\"]",
      "instances": [
        {
          "index_key": 0,
          "schema_version": 1,
          "attributes": {
            "arn": "arn:aws:ec2:eu-north-1:254652353999:subnet/subnet-0a239b0e23b17bcd0",
            "assign_ipv6_address_on_creation": false,
            "availability_zone": "eu-north-1a",
            "availability_zone_id": "eun1-az1",
            "cidr_block": "10.1.1.0/24",
            "customer_owned_ipv4_pool": "",
            "enable_dns64": false,
            "enable_lni_at_device_index": 0,
            "enable_resource_name_dns_a_record_on_launch": false,
            "enable_resource_name_dns_aaaa_record_on_launch": false,
            "id": "subnet-0a239b0e23b17bcd0",
            "ipv4_ipam_pool_id": null,
            "ipv4_netmask_length": null,
            "ipv6_cidr_block": "",
            "ipv6_cidr_block_association_id": "",
            "ipv6_ipam_pool_id": null,
            "ipv6_native": false,
            "ipv6_netmask_length": null,
            "map_customer_owned_ip_on_launch": false,
            "map_public_ip_on_launch": false,
            "outpost_arn": "",
            "owner_id": "254652353999",
            "private_dns_hostname_type_on_launch": "ip-name",
            "region": "eu-north-1",
            "tags": {
              "Name": "snet-private-prod-0",
              "environment": "prod",
              "kubernetes.io/cluster/eks-prod-dr": "shared",
              "kubernetes.io/role/internal-elb": "1",
              "managed-by": "terraform",
              "owner": "nagham",
              "project": "devops-multicloud"
            },
            "tags_all": {
              "Name": "snet-private-prod-0",
              "environment": "prod",
              "kubernetes.io/cluster/eks-prod-dr": "shared",
              "kubernetes.io/role/internal-elb": "1",
              "managed-by": "terraform",
              "owner": "nagham",
              "project": "devops-multicloud"
            },
            "timeouts": null,
            "vpc_id": "vpc-0af2190bc77f844e3"
          },
          "sensitive_attributes": [],
          "identity_schema_version": 0,
          "identity": {
            "account_id": "254652353999",
            "id": "subnet-0a239b0e23b17bcd0",
            "region": "eu-north-1"
          },
          "private": "eyJlMmJmYjczMC1lY2FhLTExZTYtOGY4OC0zNDM2M2JjN2M0YzAiOnsiY3JlYXRlIjo2MDAwMDAwMDAwMDAsImRlbGV0ZSI6MTIwMDAwMDAwMDAwMH0sInNjaGVtYV92ZXJzaW9uIjoiMSJ9",
          "dependencies": [
            "module.networking.aws_vpc.main",
            "module.networking.data.aws_availability_zones.available"
          ]
        },
        {
          "index_key": 1,
          "schema_version": 1,
          "attributes": {
            "arn": "arn:aws:ec2:eu-north-1:254652353999:subnet/subnet-055aba482706691e1",
            "assign_ipv6_address_on_creation": false,
            "availability_zone": "eu-north-1b",
            "availability_zone_id": "eun1-az2",
            "cidr_block": "10.1.2.0/24",
            "customer_owned_ipv4_pool": "",
            "enable_dns64": false,
            "enable_lni_at_device_index": 0,
            "enable_resource_name_dns_a_record_on_launch": false,
            "enable_resource_name_dns_aaaa_record_on_launch": false,
            "id": "subnet-055aba482706691e1",
            "ipv4_ipam_pool_id": null,
            "ipv4_netmask_length": null,
            "ipv6_cidr_block": "",
            "ipv6_cidr_block_association_id": "",
            "ipv6_ipam_pool_id": null,
            "ipv6_native": false,
            "ipv6_netmask_length": null,
            "map_customer_owned_ip_on_launch": false,
            "map_public_ip_on_launch": false,
            "outpost_arn": "",
            "owner_id": "254652353999",
            "private_dns_hostname_type_on_launch": "ip-name",
            "region": "eu-north-1",
            "tags": {
              "Name": "snet-private-prod-1",
              "environment": "prod",
              "kubernetes.io/cluster/eks-prod-dr": "shared",
              "kubernetes.io/role/internal-elb": "1",
              "managed-by": "terraform",
              "owner": "nagham",
              "project": "devops-multicloud"
            },
            "tags_all": {
              "Name": "snet-private-prod-1",
              "environment": "prod",
              "kubernetes.io/cluster/eks-prod-dr": "shared",
              "kubernetes.io/role/internal-elb": "1",
              "managed-by": "terraform",
              "owner": "nagham",
              "project": "devops-multicloud"
            },
            "timeouts": null,
            "vpc_id": "vpc-0af2190bc77f844e3"
          },
          "sensitive_attributes": [],
          "identity_schema_version": 0,
          "identity": {
            "account_id": "254652353999",
            "id": "subnet-055aba482706691e1",
            "region": "eu-north-1"
          },
          "private": "eyJlMmJmYjczMC1lY2FhLTExZTYtOGY4OC0zNDM2M2JjN2M0YzAiOnsiY3JlYXRlIjo2MDAwMDAwMDAwMDAsImRlbGV0ZSI6MTIwMDAwMDAwMDAwMH0sInNjaGVtYV92ZXJzaW9uIjoiMSJ9",
          "dependencies": [
            "module.networking.aws_vpc.main",
            "module.networking.data.aws_availability_zones.available"
          ]
        }
      ]
    },
    {
      "module": "module.networking",
      "mode": "managed",
      "type": "aws_subnet",
      "name": "public",
      "provider": "provider[\"registry.terraform.io/hashicorp/aws\"]",
      "instances": [
        {
          "index_key": 0,
          "schema_version": 1,
          "attributes": {
            "arn": "arn:aws:ec2:eu-north-1:254652353999:subnet/subnet-09a373731a9ae8c54",
            "assign_ipv6_address_on_creation": false,
            "availability_zone": "eu-north-1a",
            "availability_zone_id": "eun1-az1",
            "cidr_block": "10.1.101.0/24",
            "customer_owned_ipv4_pool": "",
            "enable_dns64": false,
            "enable_lni_at_device_index": 0,
            "enable_resource_name_dns_a_record_on_launch": false,
            "enable_resource_name_dns_aaaa_record_on_launch": false,
            "id": "subnet-09a373731a9ae8c54",
            "ipv4_ipam_pool_id": null,
            "ipv4_netmask_length": null,
            "ipv6_cidr_block": "",
            "ipv6_cidr_block_association_id": "",
            "ipv6_ipam_pool_id": null,
            "ipv6_native": false,
            "ipv6_netmask_length": null,
            "map_customer_owned_ip_on_launch": false,
            "map_public_ip_on_launch": true,
            "outpost_arn": "",
            "owner_id": "254652353999",
            "private_dns_hostname_type_on_launch": "ip-name",
            "region": "eu-north-1",
            "tags": {
              "Name": "snet-public-prod-0",
              "environment": "prod",
              "kubernetes.io/cluster/eks-prod-dr": "shared",
              "kubernetes.io/role/elb": "1",
              "managed-by": "terraform",
              "owner": "nagham",
              "project": "devops-multicloud"
            },
            "tags_all": {
              "Name": "snet-public-prod-0",
              "environment": "prod",
              "kubernetes.io/cluster/eks-prod-dr": "shared",
              "kubernetes.io/role/elb": "1",
              "managed-by": "terraform",
              "owner": "nagham",
              "project": "devops-multicloud"
            },
            "timeouts": null,
            "vpc_id": "vpc-0af2190bc77f844e3"
          },
          "sensitive_attributes": [],
          "identity_schema_version": 0,
          "identity": {
            "account_id": "254652353999",
            "id": "subnet-09a373731a9ae8c54",
            "region": "eu-north-1"
          },
          "private": "eyJlMmJmYjczMC1lY2FhLTExZTYtOGY4OC0zNDM2M2JjN2M0YzAiOnsiY3JlYXRlIjo2MDAwMDAwMDAwMDAsImRlbGV0ZSI6MTIwMDAwMDAwMDAwMH0sInNjaGVtYV92ZXJzaW9uIjoiMSJ9",
          "dependencies": [
            "module.networking.aws_vpc.main",
            "module.networking.data.aws_availability_zones.available"
          ]
        },
        {
          "index_key": 1,
          "schema_version": 1,
          "attributes": {
            "arn": "arn:aws:ec2:eu-north-1:254652353999:subnet/subnet-026d2f95b57fc2674",
            "assign_ipv6_address_on_creation": false,
            "availability_zone": "eu-north-1b",
            "availability_zone_id": "eun1-az2",
            "cidr_block": "10.1.102.0/24",
            "customer_owned_ipv4_pool": "",
            "enable_dns64": false,
            "enable_lni_at_device_index": 0,
            "enable_resource_name_dns_a_record_on_launch": false,
            "enable_resource_name_dns_aaaa_record_on_launch": false,
            "id": "subnet-026d2f95b57fc2674",
            "ipv4_ipam_pool_id": null,
            "ipv4_netmask_length": null,
            "ipv6_cidr_block": "",
            "ipv6_cidr_block_association_id": "",
            "ipv6_ipam_pool_id": null,
            "ipv6_native": false,
            "ipv6_netmask_length": null,
            "map_customer_owned_ip_on_launch": false,
            "map_public_ip_on_launch": true,
            "outpost_arn": "",
            "owner_id": "254652353999",
            "private_dns_hostname_type_on_launch": "ip-name",
            "region": "eu-north-1",
            "tags": {
              "Name": "snet-public-prod-1",
              "environment": "prod",
              "kubernetes.io/cluster/eks-prod-dr": "shared",
              "kubernetes.io/role/elb": "1",
              "managed-by": "terraform",
              "owner": "nagham",
              "project": "devops-multicloud"
            },
            "tags_all": {
              "Name": "snet-public-prod-1",
              "environment": "prod",
              "kubernetes.io/cluster/eks-prod-dr": "shared",
              "kubernetes.io/role/elb": "1",
              "managed-by": "terraform",
              "owner": "nagham",
              "project": "devops-multicloud"
            },
            "timeouts": null,
            "vpc_id": "vpc-0af2190bc77f844e3"
          },
          "sensitive_attributes": [],
          "identity_schema_version": 0,
          "identity": {
            "account_id": "254652353999",
            "id": "subnet-026d2f95b57fc2674",
            "region": "eu-north-1"
          },
          "private": "eyJlMmJmYjczMC1lY2FhLTExZTYtOGY4OC0zNDM2M2JjN2M0YzAiOnsiY3JlYXRlIjo2MDAwMDAwMDAwMDAsImRlbGV0ZSI6MTIwMDAwMDAwMDAwMH0sInNjaGVtYV92ZXJzaW9uIjoiMSJ9",
          "dependencies": [
            "module.networking.aws_vpc.main",
            "module.networking.data.aws_availability_zones.available"
          ]
        }
      ]
    },
    {
      "module": "module.networking",
      "mode": "managed",
      "type": "aws_vpc",
      "name": "main",
      "provider": "provider[\"registry.terraform.io/hashicorp/aws\"]",
      "instances": [
        {
          "schema_version": 1,
          "attributes": {
            "arn": "arn:aws:ec2:eu-north-1:254652353999:vpc/vpc-0af2190bc77f844e3",
            "assign_generated_ipv6_cidr_block": false,
            "cidr_block": "10.1.0.0/16",
            "default_network_acl_id": "acl-0f694a4e003f7c821",
            "default_route_table_id": "rtb-06c503d9aa87b7833",
            "default_security_group_id": "sg-0795d2e96a16059c5",
            "dhcp_options_id": "dopt-069872fdf52167c01",
            "enable_dns_hostnames": true,
            "enable_dns_support": true,
            "enable_network_address_usage_metrics": false,
            "id": "vpc-0af2190bc77f844e3",
            "instance_tenancy": "default",
            "ipv4_ipam_pool_id": null,
            "ipv4_netmask_length": null,
            "ipv6_association_id": "",
            "ipv6_cidr_block": "",
            "ipv6_cidr_block_network_border_group": "",
            "ipv6_ipam_pool_id": "",
            "ipv6_netmask_length": 0,
            "main_route_table_id": "rtb-06c503d9aa87b7833",
            "owner_id": "254652353999",
            "region": "eu-north-1",
            "tags": {
              "Name": "vpc-prod",
              "environment": "prod",
              "managed-by": "terraform",
              "owner": "nagham",
              "project": "devops-multicloud"
            },
            "tags_all": {
              "Name": "vpc-prod",
              "environment": "prod",
              "managed-by": "terraform",
              "owner": "nagham",
              "project": "devops-multicloud"
            }
          },
          "sensitive_attributes": [],
          "identity_schema_version": 0,
          "identity": {
            "account_id": "254652353999",
            "id": "vpc-0af2190bc77f844e3",
            "region": "eu-north-1"
          },
          "private": "eyJzY2hlbWFfdmVyc2lvbiI6IjEifQ=="
        }
      ]
    },
    {
      "module": "module.networking",
      "mode": "managed",
      "type": "aws_vpc_endpoint",
      "name": "ec2_messages",
      "provider": "provider[\"registry.terraform.io/hashicorp/aws\"]",
      "instances": [
        {
          "schema_version": 0,
          "attributes": {
            "arn": "arn:aws:ec2:eu-north-1:254652353999:vpc-endpoint/vpce-09bf5ae46813c8892",
            "auto_accept": null,
            "cidr_blocks": [],
            "dns_entry": [
              {
                "dns_name": "vpce-09bf5ae46813c8892-88w66i7y.ec2messages.eu-north-1.vpce.amazonaws.com",
                "hosted_zone_id": "Z3OWWK6JFDEDGC"
              },
              {
                "dns_name": "vpce-09bf5ae46813c8892-88w66i7y-eu-north-1a.ec2messages.eu-north-1.vpce.amazonaws.com",
                "hosted_zone_id": "Z3OWWK6JFDEDGC"
              },
              {
                "dns_name": "vpce-09bf5ae46813c8892-88w66i7y-eu-north-1b.ec2messages.eu-north-1.vpce.amazonaws.com",
                "hosted_zone_id": "Z3OWWK6JFDEDGC"
              },
              {
                "dns_name": "ec2messages.eu-north-1.amazonaws.com",
                "hosted_zone_id": "Z07723542E9PFGH5M3O1A"
              }
            ],
            "dns_options": [
              {
                "dns_record_ip_type": "ipv4",
                "private_dns_only_for_inbound_resolver_endpoint": false,
                "private_dns_preference": "",
                "private_dns_specified_domains": []
              }
            ],
            "id": "vpce-09bf5ae46813c8892",
            "ip_address_type": "ipv4",
            "network_interface_ids": [
              "eni-0b017f2d986abb53e",
              "eni-0d84237a7e15e7564"
            ],
            "owner_id": "254652353999",
            "policy": "{\"Statement\":[{\"Action\":\"*\",\"Effect\":\"Allow\",\"Principal\":\"*\",\"Resource\":\"*\"}]}",
            "prefix_list_id": null,
            "private_dns_enabled": true,
            "region": "eu-north-1",
            "requester_managed": false,
            "resource_configuration_arn": "",
            "route_table_ids": [],
            "security_group_ids": [
              "sg-04ca10d7548a75c94"
            ],
            "service_name": "com.amazonaws.eu-north-1.ec2messages",
            "service_network_arn": "",
            "service_region": "eu-north-1",
            "state": "available",
            "subnet_configuration": [
              {
                "ipv4": "10.1.1.133",
                "ipv6": "",
                "subnet_id": "subnet-0a239b0e23b17bcd0"
              },
              {
                "ipv4": "10.1.2.21",
                "ipv6": "",
                "subnet_id": "subnet-055aba482706691e1"
              }
            ],
            "subnet_ids": [
              "subnet-055aba482706691e1",
              "subnet-0a239b0e23b17bcd0"
            ],
            "tags": {
              "Name": "vpce-ec2messages-prod",
              "environment": "prod",
              "managed-by": "terraform",
              "owner": "nagham",
              "project": "devops-multicloud"
            },
            "tags_all": {
              "Name": "vpce-ec2messages-prod",
              "environment": "prod",
              "managed-by": "terraform",
              "owner": "nagham",
              "project": "devops-multicloud"
            },
            "timeouts": null,
            "vpc_endpoint_type": "Interface",
            "vpc_id": "vpc-0af2190bc77f844e3"
          },
          "sensitive_attributes": [],
          "identity_schema_version": 0,
          "identity": {
            "account_id": "254652353999",
            "id": "vpce-09bf5ae46813c8892",
            "region": "eu-north-1"
          },
          "private": "eyJlMmJmYjczMC1lY2FhLTExZTYtOGY4OC0zNDM2M2JjN2M0YzAiOnsiY3JlYXRlIjo2MDAwMDAwMDAwMDAsImRlbGV0ZSI6NjAwMDAwMDAwMDAwLCJ1cGRhdGUiOjYwMDAwMDAwMDAwMH19",
          "dependencies": [
            "module.networking.aws_security_group.eks_cluster",
            "module.networking.aws_subnet.private",
            "module.networking.aws_vpc.main",
            "module.networking.data.aws_availability_zones.available"
          ]
        }
      ]
    },
    {
      "module": "module.networking",
      "mode": "managed",
      "type": "aws_vpc_endpoint",
      "name": "ecr_api",
      "provider": "provider[\"registry.terraform.io/hashicorp/aws\"]",
      "instances": [
        {
          "schema_version": 0,
          "attributes": {
            "arn": "arn:aws:ec2:eu-north-1:254652353999:vpc-endpoint/vpce-0377fcbc2d0673d3b",
            "auto_accept": null,
            "cidr_blocks": [],
            "dns_entry": [
              {
                "dns_name": "vpce-0377fcbc2d0673d3b-i31j0l3y.api.ecr.eu-north-1.vpce.amazonaws.com",
                "hosted_zone_id": "Z3OWWK6JFDEDGC"
              },
              {
                "dns_name": "vpce-0377fcbc2d0673d3b-i31j0l3y-eu-north-1b.api.ecr.eu-north-1.vpce.amazonaws.com",
                "hosted_zone_id": "Z3OWWK6JFDEDGC"
              },
              {
                "dns_name": "vpce-0377fcbc2d0673d3b-i31j0l3y-eu-north-1a.api.ecr.eu-north-1.vpce.amazonaws.com",
                "hosted_zone_id": "Z3OWWK6JFDEDGC"
              },
              {
                "dns_name": "api.ecr.eu-north-1.amazonaws.com",
                "hosted_zone_id": "Z02613613GIK9RZ67CFS0"
              },
              {
                "dns_name": "ecr.eu-north-1.api.aws",
                "hosted_zone_id": "Z0261360UGGGCVDO0ZE8"
              }
            ],
            "dns_options": [
              {
                "dns_record_ip_type": "ipv4",
                "private_dns_only_for_inbound_resolver_endpoint": false,
                "private_dns_preference": "",
                "private_dns_specified_domains": []
              }
            ],
            "id": "vpce-0377fcbc2d0673d3b",
            "ip_address_type": "ipv4",
            "network_interface_ids": [
              "eni-01033d07a2b641a36",
              "eni-0e2fd3fff56cc8623"
            ],
            "owner_id": "254652353999",
            "policy": "{\"Statement\":[{\"Action\":\"*\",\"Effect\":\"Allow\",\"Principal\":\"*\",\"Resource\":\"*\"}]}",
            "prefix_list_id": null,
            "private_dns_enabled": true,
            "region": "eu-north-1",
            "requester_managed": false,
            "resource_configuration_arn": "",
            "route_table_ids": [],
            "security_group_ids": [
              "sg-04ca10d7548a75c94"
            ],
            "service_name": "com.amazonaws.eu-north-1.ecr.api",
            "service_network_arn": "",
            "service_region": "eu-north-1",
            "state": "available",
            "subnet_configuration": [
              {
                "ipv4": "10.1.1.100",
                "ipv6": "",
                "subnet_id": "subnet-0a239b0e23b17bcd0"
              },
              {
                "ipv4": "10.1.2.167",
                "ipv6": "",
                "subnet_id": "subnet-055aba482706691e1"
              }
            ],
            "subnet_ids": [
              "subnet-055aba482706691e1",
              "subnet-0a239b0e23b17bcd0"
            ],
            "tags": {
              "Name": "vpce-ecr-api-prod",
              "environment": "prod",
              "managed-by": "terraform",
              "owner": "nagham",
              "project": "devops-multicloud"
            },
            "tags_all": {
              "Name": "vpce-ecr-api-prod",
              "environment": "prod",
              "managed-by": "terraform",
              "owner": "nagham",
              "project": "devops-multicloud"
            },
            "timeouts": null,
            "vpc_endpoint_type": "Interface",
            "vpc_id": "vpc-0af2190bc77f844e3"
          },
          "sensitive_attributes": [],
          "identity_schema_version": 0,
          "identity": {
            "account_id": "254652353999",
            "id": "vpce-0377fcbc2d0673d3b",
            "region": "eu-north-1"
          },
          "private": "eyJlMmJmYjczMC1lY2FhLTExZTYtOGY4OC0zNDM2M2JjN2M0YzAiOnsiY3JlYXRlIjo2MDAwMDAwMDAwMDAsImRlbGV0ZSI6NjAwMDAwMDAwMDAwLCJ1cGRhdGUiOjYwMDAwMDAwMDAwMH19",
          "dependencies": [
            "module.networking.aws_security_group.eks_cluster",
            "module.networking.aws_subnet.private",
            "module.networking.aws_vpc.main",
            "module.networking.data.aws_availability_zones.available"
          ]
        }
      ]
    },
    {
      "module": "module.networking",
      "mode": "managed",
      "type": "aws_vpc_endpoint",
      "name": "ecr_dkr",
      "provider": "provider[\"registry.terraform.io/hashicorp/aws\"]",
      "instances": [
        {
          "schema_version": 0,
          "attributes": {
            "arn": "arn:aws:ec2:eu-north-1:254652353999:vpc-endpoint/vpce-072d074de51fce4d7",
            "auto_accept": null,
            "cidr_blocks": [],
            "dns_entry": [
              {
                "dns_name": "vpce-072d074de51fce4d7-q9a084az.dkr.ecr.eu-north-1.vpce.amazonaws.com",
                "hosted_zone_id": "Z3OWWK6JFDEDGC"
              },
              {
                "dns_name": "vpce-072d074de51fce4d7-q9a084az-eu-north-1a.dkr.ecr.eu-north-1.vpce.amazonaws.com",
                "hosted_zone_id": "Z3OWWK6JFDEDGC"
              },
              {
                "dns_name": "vpce-072d074de51fce4d7-q9a084az-eu-north-1b.dkr.ecr.eu-north-1.vpce.amazonaws.com",
                "hosted_zone_id": "Z3OWWK6JFDEDGC"
              },
              {
                "dns_name": "dkr.ecr.eu-north-1.amazonaws.com",
                "hosted_zone_id": "Z0255939J0OKDD67BQ3Y"
              },
              {
                "dns_name": "*.dkr.ecr.eu-north-1.amazonaws.com",
                "hosted_zone_id": "Z0255939J0OKDD67BQ3Y"
              },
              {
                "dns_name": "dkr-ecr.eu-north-1.on.aws",
                "hosted_zone_id": "Z0803126NQ0NSOAXLGES"
              },
              {
                "dns_name": "*.dkr-ecr.eu-north-1.on.aws",
                "hosted_zone_id": "Z0803126NQ0NSOAXLGES"
              }
            ],
            "dns_options": [
              {
                "dns_record_ip_type": "ipv4",
                "private_dns_only_for_inbound_resolver_endpoint": false,
                "private_dns_preference": "",
                "private_dns_specified_domains": []
              }
            ],
            "id": "vpce-072d074de51fce4d7",
            "ip_address_type": "ipv4",
            "network_interface_ids": [
              "eni-0069bae0d3e1a1d18",
              "eni-0ee49d2c6adfad0fa"
            ],
            "owner_id": "254652353999",
            "policy": "{\"Statement\":[{\"Action\":\"*\",\"Effect\":\"Allow\",\"Principal\":\"*\",\"Resource\":\"*\"}]}",
            "prefix_list_id": null,
            "private_dns_enabled": true,
            "region": "eu-north-1",
            "requester_managed": false,
            "resource_configuration_arn": "",
            "route_table_ids": [],
            "security_group_ids": [
              "sg-04ca10d7548a75c94"
            ],
            "service_name": "com.amazonaws.eu-north-1.ecr.dkr",
            "service_network_arn": "",
            "service_region": "eu-north-1",
            "state": "available",
            "subnet_configuration": [
              {
                "ipv4": "10.1.1.241",
                "ipv6": "",
                "subnet_id": "subnet-0a239b0e23b17bcd0"
              },
              {
                "ipv4": "10.1.2.150",
                "ipv6": "",
                "subnet_id": "subnet-055aba482706691e1"
              }
            ],
            "subnet_ids": [
              "subnet-055aba482706691e1",
              "subnet-0a239b0e23b17bcd0"
            ],
            "tags": {
              "Name": "vpce-ecr-dkr-prod",
              "environment": "prod",
              "managed-by": "terraform",
              "owner": "nagham",
              "project": "devops-multicloud"
            },
            "tags_all": {
              "Name": "vpce-ecr-dkr-prod",
              "environment": "prod",
              "managed-by": "terraform",
              "owner": "nagham",
              "project": "devops-multicloud"
            },
            "timeouts": null,
            "vpc_endpoint_type": "Interface",
            "vpc_id": "vpc-0af2190bc77f844e3"
          },
          "sensitive_attributes": [],
          "identity_schema_version": 0,
          "identity": {
            "account_id": "254652353999",
            "id": "vpce-072d074de51fce4d7",
            "region": "eu-north-1"
          },
          "private": "eyJlMmJmYjczMC1lY2FhLTExZTYtOGY4OC0zNDM2M2JjN2M0YzAiOnsiY3JlYXRlIjo2MDAwMDAwMDAwMDAsImRlbGV0ZSI6NjAwMDAwMDAwMDAwLCJ1cGRhdGUiOjYwMDAwMDAwMDAwMH19",
          "dependencies": [
            "module.networking.aws_security_group.eks_cluster",
            "module.networking.aws_subnet.private",
            "module.networking.aws_vpc.main",
            "module.networking.data.aws_availability_zones.available"
          ]
        }
      ]
    },
    {
      "module": "module.networking",
      "mode": "managed",
      "type": "aws_vpc_endpoint",
      "name": "eks",
      "provider": "provider[\"registry.terraform.io/hashicorp/aws\"]",
      "instances": [
        {
          "schema_version": 0,
          "attributes": {
            "arn": "arn:aws:ec2:eu-north-1:254652353999:vpc-endpoint/vpce-07fdc7f58796edf11",
            "auto_accept": null,
            "cidr_blocks": [],
            "dns_entry": [
              {
                "dns_name": "vpce-07fdc7f58796edf11-cw8xomo2.eks.eu-north-1.vpce.amazonaws.com",
                "hosted_zone_id": "Z3OWWK6JFDEDGC"
              },
              {
                "dns_name": "vpce-07fdc7f58796edf11-cw8xomo2-eu-north-1a.eks.eu-north-1.vpce.amazonaws.com",
                "hosted_zone_id": "Z3OWWK6JFDEDGC"
              },
              {
                "dns_name": "vpce-07fdc7f58796edf11-cw8xomo2-eu-north-1b.eks.eu-north-1.vpce.amazonaws.com",
                "hosted_zone_id": "Z3OWWK6JFDEDGC"
              },
              {
                "dns_name": "eks.eu-north-1.amazonaws.com",
                "hosted_zone_id": "Z02600521IKNAZN5GBATO"
              },
              {
                "dns_name": "eks.eu-north-1.api.aws",
                "hosted_zone_id": "Z0261872JX6HCN6SQK36"
              }
            ],
            "dns_options": [
              {
                "dns_record_ip_type": "ipv4",
                "private_dns_only_for_inbound_resolver_endpoint": false,
                "private_dns_preference": "",
                "private_dns_specified_domains": []
              }
            ],
            "id": "vpce-07fdc7f58796edf11",
            "ip_address_type": "ipv4",
            "network_interface_ids": [
              "eni-04dc63526700f934b",
              "eni-0c0735c5ae6aa0997"
            ],
            "owner_id": "254652353999",
            "policy": "{\"Statement\":[{\"Action\":\"*\",\"Effect\":\"Allow\",\"Principal\":\"*\",\"Resource\":\"*\"}]}",
            "prefix_list_id": null,
            "private_dns_enabled": true,
            "region": "eu-north-1",
            "requester_managed": false,
            "resource_configuration_arn": "",
            "route_table_ids": [],
            "security_group_ids": [
              "sg-04ca10d7548a75c94"
            ],
            "service_name": "com.amazonaws.eu-north-1.eks",
            "service_network_arn": "",
            "service_region": "eu-north-1",
            "state": "available",
            "subnet_configuration": [
              {
                "ipv4": "10.1.1.206",
                "ipv6": "",
                "subnet_id": "subnet-0a239b0e23b17bcd0"
              },
              {
                "ipv4": "10.1.2.209",
                "ipv6": "",
                "subnet_id": "subnet-055aba482706691e1"
              }
            ],
            "subnet_ids": [
              "subnet-055aba482706691e1",
              "subnet-0a239b0e23b17bcd0"
            ],
            "tags": {
              "Name": "vpce-eks-prod",
              "environment": "prod",
              "managed-by": "terraform",
              "owner": "nagham",
              "project": "devops-multicloud"
            },
            "tags_all": {
              "Name": "vpce-eks-prod",
              "environment": "prod",
              "managed-by": "terraform",
              "owner": "nagham",
              "project": "devops-multicloud"
            },
            "timeouts": null,
            "vpc_endpoint_type": "Interface",
            "vpc_id": "vpc-0af2190bc77f844e3"
          },
          "sensitive_attributes": [],
          "identity_schema_version": 0,
          "identity": {
            "account_id": "254652353999",
            "id": "vpce-07fdc7f58796edf11",
            "region": "eu-north-1"
          },
          "private": "eyJlMmJmYjczMC1lY2FhLTExZTYtOGY4OC0zNDM2M2JjN2M0YzAiOnsiY3JlYXRlIjo2MDAwMDAwMDAwMDAsImRlbGV0ZSI6NjAwMDAwMDAwMDAwLCJ1cGRhdGUiOjYwMDAwMDAwMDAwMH19",
          "dependencies": [
            "module.networking.aws_security_group.eks_cluster",
            "module.networking.aws_subnet.private",
            "module.networking.aws_vpc.main",
            "module.networking.data.aws_availability_zones.available"
          ]
        }
      ]
    },
    {
      "module": "module.networking",
      "mode": "managed",
      "type": "aws_vpc_endpoint",
      "name": "s3",
      "provider": "provider[\"registry.terraform.io/hashicorp/aws\"]",
      "instances": [
        {
          "schema_version": 0,
          "attributes": {
            "arn": "arn:aws:ec2:eu-north-1:254652353999:vpc-endpoint/vpce-0523be520b78cd809",
            "auto_accept": null,
            "cidr_blocks": [
              "52.95.170.0/23",
              "3.5.216.0/22",
              "52.95.169.0/24",
              "16.12.10.0/23",
              "16.12.9.0/24"
            ],
            "dns_entry": [],
            "dns_options": [
              {
                "dns_record_ip_type": "service-defined",
                "private_dns_only_for_inbound_resolver_endpoint": false,
                "private_dns_preference": "",
                "private_dns_specified_domains": []
              }
            ],
            "id": "vpce-0523be520b78cd809",
            "ip_address_type": "ipv4",
            "network_interface_ids": [],
            "owner_id": "254652353999",
            "policy": "{\"Statement\":[{\"Action\":\"*\",\"Effect\":\"Allow\",\"Principal\":\"*\",\"Resource\":\"*\"}],\"Version\":\"2008-10-17\"}",
            "prefix_list_id": "pl-c3aa4faa",
            "private_dns_enabled": false,
            "region": "eu-north-1",
            "requester_managed": false,
            "resource_configuration_arn": "",
            "route_table_ids": [
              "rtb-02eb805375566d38e"
            ],
            "security_group_ids": [],
            "service_name": "com.amazonaws.eu-north-1.s3",
            "service_network_arn": "",
            "service_region": "eu-north-1",
            "state": "available",
            "subnet_configuration": [],
            "subnet_ids": [],
            "tags": {
              "Name": "vpce-s3-prod",
              "environment": "prod",
              "managed-by": "terraform",
              "owner": "nagham",
              "project": "devops-multicloud"
            },
            "tags_all": {
              "Name": "vpce-s3-prod",
              "environment": "prod",
              "managed-by": "terraform",
              "owner": "nagham",
              "project": "devops-multicloud"
            },
            "timeouts": null,
            "vpc_endpoint_type": "Gateway",
            "vpc_id": "vpc-0af2190bc77f844e3"
          },
          "sensitive_attributes": [],
          "identity_schema_version": 0,
          "identity": {
            "account_id": "254652353999",
            "id": "vpce-0523be520b78cd809",
            "region": "eu-north-1"
          },
          "private": "eyJlMmJmYjczMC1lY2FhLTExZTYtOGY4OC0zNDM2M2JjN2M0YzAiOnsiY3JlYXRlIjo2MDAwMDAwMDAwMDAsImRlbGV0ZSI6NjAwMDAwMDAwMDAwLCJ1cGRhdGUiOjYwMDAwMDAwMDAwMH19",
          "dependencies": [
            "module.networking.aws_eip.nat",
            "module.networking.aws_internet_gateway.main",
            "module.networking.aws_nat_gateway.main",
            "module.networking.aws_route_table.private",
            "module.networking.aws_subnet.public",
            "module.networking.aws_vpc.main",
            "module.networking.data.aws_availability_zones.available"
          ]
        }
      ]
    },
    {
      "module": "module.networking",
      "mode": "managed",
      "type": "aws_vpc_endpoint",
      "name": "ssm",
      "provider": "provider[\"registry.terraform.io/hashicorp/aws\"]",
      "instances": [
        {
          "schema_version": 0,
          "attributes": {
            "arn": "arn:aws:ec2:eu-north-1:254652353999:vpc-endpoint/vpce-0af07fadc9e4abe35",
            "auto_accept": null,
            "cidr_blocks": [],
            "dns_entry": [
              {
                "dns_name": "vpce-0af07fadc9e4abe35-m037dx3y.ssm.eu-north-1.vpce.amazonaws.com",
                "hosted_zone_id": "Z3OWWK6JFDEDGC"
              },
              {
                "dns_name": "vpce-0af07fadc9e4abe35-m037dx3y-eu-north-1b.ssm.eu-north-1.vpce.amazonaws.com",
                "hosted_zone_id": "Z3OWWK6JFDEDGC"
              },
              {
                "dns_name": "vpce-0af07fadc9e4abe35-m037dx3y-eu-north-1a.ssm.eu-north-1.vpce.amazonaws.com",
                "hosted_zone_id": "Z3OWWK6JFDEDGC"
              },
              {
                "dns_name": "ssm.eu-north-1.amazonaws.com",
                "hosted_zone_id": "Z055277432Y1CYWA1JF2M"
              },
              {
                "dns_name": "ssm.eu-north-1.api.aws",
                "hosted_zone_id": "Z0530361317M0GWZEHEG0"
              }
            ],
            "dns_options": [
              {
                "dns_record_ip_type": "ipv4",
                "private_dns_only_for_inbound_resolver_endpoint": false,
                "private_dns_preference": "",
                "private_dns_specified_domains": []
              }
            ],
            "id": "vpce-0af07fadc9e4abe35",
            "ip_address_type": "ipv4",
            "network_interface_ids": [
              "eni-01a2907aaa831bc69",
              "eni-0286a0829c750e7c0"
            ],
            "owner_id": "254652353999",
            "policy": "{\"Statement\":[{\"Action\":\"*\",\"Effect\":\"Allow\",\"Principal\":\"*\",\"Resource\":\"*\"}]}",
            "prefix_list_id": null,
            "private_dns_enabled": true,
            "region": "eu-north-1",
            "requester_managed": false,
            "resource_configuration_arn": "",
            "route_table_ids": [],
            "security_group_ids": [
              "sg-04ca10d7548a75c94"
            ],
            "service_name": "com.amazonaws.eu-north-1.ssm",
            "service_network_arn": "",
            "service_region": "eu-north-1",
            "state": "available",
            "subnet_configuration": [
              {
                "ipv4": "10.1.1.170",
                "ipv6": "",
                "subnet_id": "subnet-0a239b0e23b17bcd0"
              },
              {
                "ipv4": "10.1.2.206",
                "ipv6": "",
                "subnet_id": "subnet-055aba482706691e1"
              }
            ],
            "subnet_ids": [
              "subnet-055aba482706691e1",
              "subnet-0a239b0e23b17bcd0"
            ],
            "tags": {
              "Name": "vpce-ssm-prod",
              "environment": "prod",
              "managed-by": "terraform",
              "owner": "nagham",
              "project": "devops-multicloud"
            },
            "tags_all": {
              "Name": "vpce-ssm-prod",
              "environment": "prod",
              "managed-by": "terraform",
              "owner": "nagham",
              "project": "devops-multicloud"
            },
            "timeouts": null,
            "vpc_endpoint_type": "Interface",
            "vpc_id": "vpc-0af2190bc77f844e3"
          },
          "sensitive_attributes": [],
          "identity_schema_version": 0,
          "identity": {
            "account_id": "254652353999",
            "id": "vpce-0af07fadc9e4abe35",
            "region": "eu-north-1"
          },
          "private": "eyJlMmJmYjczMC1lY2FhLTExZTYtOGY4OC0zNDM2M2JjN2M0YzAiOnsiY3JlYXRlIjo2MDAwMDAwMDAwMDAsImRlbGV0ZSI6NjAwMDAwMDAwMDAwLCJ1cGRhdGUiOjYwMDAwMDAwMDAwMH19",
          "dependencies": [
            "module.networking.aws_security_group.eks_cluster",
            "module.networking.aws_subnet.private",
            "module.networking.aws_vpc.main",
            "module.networking.data.aws_availability_zones.available"
          ]
        }
      ]
    },
    {
      "module": "module.networking",
      "mode": "managed",
      "type": "aws_vpc_endpoint",
      "name": "ssm_messages",
      "provider": "provider[\"registry.terraform.io/hashicorp/aws\"]",
      "instances": [
        {
          "schema_version": 0,
          "attributes": {
            "arn": "arn:aws:ec2:eu-north-1:254652353999:vpc-endpoint/vpce-0fd8b607ed66cb054",
            "auto_accept": null,
            "cidr_blocks": [],
            "dns_entry": [
              {
                "dns_name": "vpce-0fd8b607ed66cb054-q66yjihj.ssmmessages.eu-north-1.vpce.amazonaws.com",
                "hosted_zone_id": "Z3OWWK6JFDEDGC"
              },
              {
                "dns_name": "vpce-0fd8b607ed66cb054-q66yjihj-eu-north-1a.ssmmessages.eu-north-1.vpce.amazonaws.com",
                "hosted_zone_id": "Z3OWWK6JFDEDGC"
              },
              {
                "dns_name": "vpce-0fd8b607ed66cb054-q66yjihj-eu-north-1b.ssmmessages.eu-north-1.vpce.amazonaws.com",
                "hosted_zone_id": "Z3OWWK6JFDEDGC"
              },
              {
                "dns_name": "ssmmessages.eu-north-1.amazonaws.com",
                "hosted_zone_id": "Z07723793AYHZWISSRS5W"
              },
              {
                "dns_name": "ssmmessages.eu-north-1.api.aws",
                "hosted_zone_id": "Z08030771WTSCB2LQIHCE"
              }
            ],
            "dns_options": [
              {
                "dns_record_ip_type": "ipv4",
                "private_dns_only_for_inbound_resolver_endpoint": false,
                "private_dns_preference": "",
                "private_dns_specified_domains": []
              }
            ],
            "id": "vpce-0fd8b607ed66cb054",
            "ip_address_type": "ipv4",
            "network_interface_ids": [
              "eni-00eabad72fd00b578",
              "eni-0b56250af9c467929"
            ],
            "owner_id": "254652353999",
            "policy": "{\"Statement\":[{\"Action\":\"*\",\"Effect\":\"Allow\",\"Principal\":\"*\",\"Resource\":\"*\"}]}",
            "prefix_list_id": null,
            "private_dns_enabled": true,
            "region": "eu-north-1",
            "requester_managed": false,
            "resource_configuration_arn": "",
            "route_table_ids": [],
            "security_group_ids": [
              "sg-04ca10d7548a75c94"
            ],
            "service_name": "com.amazonaws.eu-north-1.ssmmessages",
            "service_network_arn": "",
            "service_region": "eu-north-1",
            "state": "available",
            "subnet_configuration": [
              {
                "ipv4": "10.1.1.116",
                "ipv6": "",
                "subnet_id": "subnet-0a239b0e23b17bcd0"
              },
              {
                "ipv4": "10.1.2.198",
                "ipv6": "",
                "subnet_id": "subnet-055aba482706691e1"
              }
            ],
            "subnet_ids": [
              "subnet-055aba482706691e1",
              "subnet-0a239b0e23b17bcd0"
            ],
            "tags": {
              "Name": "vpce-ssmmessages-prod",
              "environment": "prod",
              "managed-by": "terraform",
              "owner": "nagham",
              "project": "devops-multicloud"
            },
            "tags_all": {
              "Name": "vpce-ssmmessages-prod",
              "environment": "prod",
              "managed-by": "terraform",
              "owner": "nagham",
              "project": "devops-multicloud"
            },
            "timeouts": null,
            "vpc_endpoint_type": "Interface",
            "vpc_id": "vpc-0af2190bc77f844e3"
          },
          "sensitive_attributes": [],
          "identity_schema_version": 0,
          "identity": {
            "account_id": "254652353999",
            "id": "vpce-0fd8b607ed66cb054",
            "region": "eu-north-1"
          },
          "private": "eyJlMmJmYjczMC1lY2FhLTExZTYtOGY4OC0zNDM2M2JjN2M0YzAiOnsiY3JlYXRlIjo2MDAwMDAwMDAwMDAsImRlbGV0ZSI6NjAwMDAwMDAwMDAwLCJ1cGRhdGUiOjYwMDAwMDAwMDAwMH19",
          "dependencies": [
            "module.networking.aws_security_group.eks_cluster",
            "module.networking.aws_subnet.private",
            "module.networking.aws_vpc.main",
            "module.networking.data.aws_availability_zones.available"
          ]
        }
      ]
    }
  ],
  "check_results": null
}
