{
  "version": 4,
  "terraform_version": "1.15.7",
  "serial": 1050,
  "lineage": "e6579306-654a-289a-9c70-9ef0463b842a",
  "outputs": {
    "ecr_repository_url": {
      "value": "254652353999.dkr.ecr.eu-north-1.amazonaws.com/portfolio-website",
      "type": "string"
    },
    "efs_dns_name": {
      "value": "fs-00d32367541f00ec6.efs.eu-north-1.amazonaws.com",
      "type": "string"
    },
    "efs_file_system_id": {
      "value": "fs-00d32367541f00ec6",
      "type": "string"
    },
    "efs_mount_target_id": {
      "value": "fsmt-082572b7f8a691eed",
      "type": "string"
    },
    "eks_cluster_endpoint": {
      "value": "https://F787FCFB34E1A60DB99C1A9D3AD79256.gr7.eu-north-1.eks.amazonaws.com",
      "type": "string"
    },
    "eks_cluster_name": {
      "value": "eks-prod-dr",
      "type": "string"
    },
    "instance_id": {
      "value": "i-0ad7d81202e183326",
      "type": "string"
    },
    "instance_private_ip": {
      "value": "10.1.1.245",
      "type": "string"
    },
    "terraform_caller_arn": {
      "value": "arn:aws:iam::254652353999:user/Nagham",
      "type": "string"
    },
    "vpc_id": {
      "value": "vpc-0af2190bc77f844e3",
      "type": "string"
    }
  },
  "resources": [
    {
      "module": "module.compute",
      "mode": "data",
      "type": "aws_ami",
      "name": "ubuntu",
      "provider": "provider[\"registry.terraform.io/hashicorp/aws\"]",
      "instances": [
        {
          "schema_version": 0,
          "attributes": {
            "allow_unsafe_filter": null,
            "architecture": "x86_64",
            "arn": "arn:aws:ec2:eu-north-1::image/ami-088fd024fe7aa5070",
            "block_device_mappings": [
              {
                "device_name": "/dev/sda1",
                "ebs": {
                  "delete_on_termination": "true",
                  "encrypted": "false",
                  "iops": "0",
                  "snapshot_id": "snap-0c3de622a8dcf1afd",
                  "throughput": "0",
                  "volume_initialization_rate": "0",
                  "volume_size": "8",
                  "volume_type": "gp2"
                },
                "no_device": "",
                "virtual_name": ""
              },
              {
                "device_name": "/dev/sdb",
                "ebs": {},
                "no_device": "",
                "virtual_name": "ephemeral0"
              },
              {
                "device_name": "/dev/sdc",
                "ebs": {},
                "no_device": "",
                "virtual_name": "ephemeral1"
              }
            ],
            "boot_mode": "uefi-preferred",
            "creation_date": "2026-06-10T06:57:18.000Z",
            "deprecation_time": "2028-06-10T06:57:18.000Z",
            "description": "Canonical, Ubuntu, 22.04, amd64 jammy image",
            "ena_support": true,
            "executable_users": null,
            "filter": [
              {
                "name": "name",
                "values": [
                  "ubuntu/images/hvm-ssd/ubuntu-jammy-22.04-amd64-server-*"
                ]
              },
              {
                "name": "virtualization-type",
                "values": [
                  "hvm"
                ]
              }
            ],
            "hypervisor": "xen",
            "id": "ami-088fd024fe7aa5070",
            "image_id": "ami-088fd024fe7aa5070",
            "image_location": "amazon/ubuntu/images/hvm-ssd/ubuntu-jammy-22.04-amd64-server-20260610",
            "image_owner_alias": "amazon",
            "image_type": "machine",
            "imds_support": "",
            "include_deprecated": false,
            "kernel_id": "",
            "last_launched_time": "",
            "most_recent": true,
            "name": "ubuntu/images/hvm-ssd/ubuntu-jammy-22.04-amd64-server-20260610",
            "name_regex": null,
            "owner_id": "099720109477",
            "owners": [
              "099720109477"
            ],
            "platform": "",
            "platform_details": "Linux/UNIX",
            "product_codes": [],
            "public": true,
            "ramdisk_id": "",
            "region": "eu-north-1",
            "root_device_name": "/dev/sda1",
            "root_device_type": "ebs",
            "root_snapshot_id": "snap-0c3de622a8dcf1afd",
            "sriov_net_support": "simple",
            "state": "available",
            "state_reason": {
              "code": "UNSET",
              "message": "UNSET"
            },
            "tags": {},
            "timeouts": null,
            "tpm_support": "",
            "uefi_data": null,
            "usage_operation": "RunInstances",
            "virtualization_type": "hvm"
          },
          "sensitive_attributes": [],
          "identity_schema_version": 0
        }
      ]
    },
    {
      "module": "module.compute",
      "mode": "data",
      "type": "aws_caller_identity",
      "name": "current",
      "provider": "provider[\"registry.terraform.io/hashicorp/aws\"]",
      "instances": [
        {
          "schema_version": 0,
          "attributes": {
            "account_id": "254652353999",
            "arn": "arn:aws:iam::254652353999:user/Nagham",
            "id": "254652353999",
            "user_id": "AIDATWSTWRXH242NL7RR6"
          },
          "sensitive_attributes": [],
          "identity_schema_version": 0
        }
      ]
    },
    {
      "module": "module.compute",
      "mode": "data",
      "type": "aws_iam_session_context",
      "name": "current",
      "provider": "provider[\"registry.terraform.io/hashicorp/aws\"]",
      "instances": [
        {
          "schema_version": 0,
          "attributes": {
            "arn": "arn:aws:iam::254652353999:user/Nagham",
            "id": "arn:aws:iam::254652353999:user/Nagham",
            "issuer_arn": "arn:aws:iam::254652353999:user/Nagham",
            "issuer_id": "",
            "issuer_name": "",
            "session_name": ""
          },
          "sensitive_attributes": [],
          "identity_schema_version": 0
        }
      ]
    },
    {
      "module": "module.compute",
      "mode": "managed",
      "type": "aws_ecr_lifecycle_policy",
      "name": "portfolio",
      "provider": "provider[\"registry.terraform.io/hashicorp/aws\"]",
      "instances": [
        {
          "schema_version": 0,
          "attributes": {
            "id": "portfolio-website",
            "policy": "{\"rules\":[{\"action\":{\"type\":\"expire\"},\"description\":\"Keep last 10 images\",\"rulePriority\":1,\"selection\":{\"countNumber\":10,\"countType\":\"imageCountMoreThan\",\"tagStatus\":\"any\"}}]}",
            "region": "eu-north-1",
            "registry_id": "254652353999",
            "repository": "portfolio-website"
          },
          "sensitive_attributes": [],
          "identity_schema_version": 0,
          "identity": {
            "account_id": "254652353999",
            "region": "eu-north-1",
            "repository": "portfolio-website"
          },
          "private": "bnVsbA==",
          "dependencies": [
            "module.compute.aws_ecr_repository.portfolio"
          ]
        }
      ]
    },
    {
      "module": "module.compute",
      "mode": "managed",
      "type": "aws_ecr_repository",
      "name": "portfolio",
      "provider": "provider[\"registry.terraform.io/hashicorp/aws\"]",
      "instances": [
        {
          "schema_version": 0,
          "attributes": {
            "arn": "arn:aws:ecr:eu-north-1:254652353999:repository/portfolio-website",
            "encryption_configuration": [
              {
                "encryption_type": "AES256",
                "kms_key": ""
              }
            ],
            "force_delete": null,
            "id": "portfolio-website",
            "image_scanning_configuration": [
              {
                "scan_on_push": true
              }
            ],
            "image_tag_mutability": "MUTABLE",
            "image_tag_mutability_exclusion_filter": [],
            "name": "portfolio-website",
            "region": "eu-north-1",
            "registry_id": "254652353999",
            "repository_url": "254652353999.dkr.ecr.eu-north-1.amazonaws.com/portfolio-website",
            "tags": {
              "environment": "prod",
              "managed-by": "terraform",
              "owner": "nagham",
              "project": "devops-multicloud"
            },
            "tags_all": {
              "environment": "prod",
              "managed-by": "terraform",
              "owner": "nagham",
              "project": "devops-multicloud"
            },
            "timeouts": null
          },
          "sensitive_attributes": [],
          "identity_schema_version": 0,
          "identity": {
            "account_id": "254652353999",
            "name": "portfolio-website",
            "region": "eu-north-1"
          },
          "private": "eyJlMmJmYjczMC1lY2FhLTExZTYtOGY4OC0zNDM2M2JjN2M0YzAiOnsiZGVsZXRlIjoxMjAwMDAwMDAwMDAwfX0="
        }
      ]
    },
    {
      "module": "module.compute",
      "mode": "managed",
      "type": "aws_eks_access_entry",
      "name": "ec2",
      "provider": "provider[\"registry.terraform.io/hashicorp/aws\"]",
      "instances": [
        {
          "schema_version": 0,
          "attributes": {
            "access_entry_arn": "arn:aws:eks:eu-north-1:254652353999:access-entry/eks-prod-dr/role/254652353999/role-ec2-prod/b6cf8c88-7c26-0ef4-439f-b156e7689de2",
            "cluster_name": "eks-prod-dr",
            "created_at": "2026-06-30T15:06:10Z",
            "id": "eks-prod-dr:arn:aws:iam::254652353999:role/role-ec2-prod",
            "kubernetes_groups": [],
            "modified_at": "2026-06-30T15:06:10Z",
            "principal_arn": "arn:aws:iam::254652353999:role/role-ec2-prod",
            "region": "eu-north-1",
            "tags": {
              "environment": "prod",
              "managed-by": "terraform",
              "owner": "nagham",
              "project": "devops-multicloud"
            },
            "tags_all": {
              "environment": "prod",
              "managed-by": "terraform",
              "owner": "nagham",
              "project": "devops-multicloud"
            },
            "timeouts": null,
            "type": "STANDARD",
            "user_name": "arn:aws:sts::254652353999:assumed-role/role-ec2-prod/{{SessionName}}"
          },
          "sensitive_attributes": [],
          "identity_schema_version": 0,
          "private": "eyJlMmJmYjczMC1lY2FhLTExZTYtOGY4OC0zNDM2M2JjN2M0YzAiOnsiY3JlYXRlIjo2MDAwMDAwMDAwMDAsImRlbGV0ZSI6NjAwMDAwMDAwMDAwfX0=",
          "dependencies": [
            "module.compute.aws_eks_cluster.main",
            "module.compute.aws_iam_role.ec2",
            "module.compute.aws_iam_role.eks_cluster",
            "module.compute.aws_iam_role_policy_attachment.eks_cluster_policy",
            "module.networking.aws_security_group.eks_cluster",
            "module.networking.aws_security_group.eks_nodes",
            "module.networking.aws_subnet.private",
            "module.networking.aws_vpc.main",
            "module.networking.data.aws_availability_zones.available"
          ]
        }
      ]
    },
    {
      "module": "module.compute",
      "mode": "managed",
      "type": "aws_eks_access_entry",
      "name": "terraform_user",
      "provider": "provider[\"registry.terraform.io/hashicorp/aws\"]",
      "instances": [
        {
          "schema_version": 0,
          "attributes": {
            "access_entry_arn": "arn:aws:eks:eu-north-1:254652353999:access-entry/eks-prod-dr/user/254652353999/Nagham/38cf8c8c-f0b1-9ca5-eb62-27a151113946",
            "cluster_name": "eks-prod-dr",
            "created_at": "2026-06-30T15:15:54Z",
            "id": "eks-prod-dr:arn:aws:iam::254652353999:user/Nagham",
            "kubernetes_groups": [],
            "modified_at": "2026-06-30T15:15:54Z",
            "principal_arn": "arn:aws:iam::254652353999:user/Nagham",
            "region": "eu-north-1",
            "tags": {
              "environment": "prod",
              "managed-by": "terraform",
              "owner": "nagham",
              "project": "devops-multicloud"
            },
            "tags_all": {
              "environment": "prod",
              "managed-by": "terraform",
              "owner": "nagham",
              "project": "devops-multicloud"
            },
            "timeouts": null,
            "type": "STANDARD",
            "user_name": "arn:aws:iam::254652353999:user/Nagham"
          },
          "sensitive_attributes": [],
          "identity_schema_version": 0,
          "private": "eyJlMmJmYjczMC1lY2FhLTExZTYtOGY4OC0zNDM2M2JjN2M0YzAiOnsiY3JlYXRlIjo2MDAwMDAwMDAwMDAsImRlbGV0ZSI6NjAwMDAwMDAwMDAwfX0=",
          "dependencies": [
            "module.compute.aws_eks_cluster.main",
            "module.compute.aws_iam_role.eks_cluster",
            "module.compute.aws_iam_role_policy_attachment.eks_cluster_policy",
            "module.compute.data.aws_caller_identity.current",
            "module.compute.data.aws_iam_session_context.current",
            "module.networking.aws_security_group.eks_cluster",
            "module.networking.aws_security_group.eks_nodes",
            "module.networking.aws_subnet.private",
            "module.networking.aws_vpc.main",
            "module.networking.data.aws_availability_zones.available"
          ]
        }
      ]
    },
    {
      "module": "module.compute",
      "mode": "managed",
      "type": "aws_eks_access_policy_association",
      "name": "ec2_admin",
      "provider": "provider[\"registry.terraform.io/hashicorp/aws\"]",
      "instances": [
        {
          "schema_version": 0,
          "attributes": {
            "access_scope": [
              {
                "namespaces": [],
                "type": "cluster"
              }
            ],
            "associated_at": "2026-06-30 15:06:11.421 +0000 UTC",
            "cluster_name": "eks-prod-dr",
            "id": "eks-prod-dr#arn:aws:iam::254652353999:role/role-ec2-prod#arn:aws:eks::aws:cluster-access-policy/AmazonEKSClusterAdminPolicy",
            "modified_at": "2026-06-30 15:06:11.421 +0000 UTC",
            "policy_arn": "arn:aws:eks::aws:cluster-access-policy/AmazonEKSClusterAdminPolicy",
            "principal_arn": "arn:aws:iam::254652353999:role/role-ec2-prod",
            "region": "eu-north-1",
            "timeouts": null
          },
          "sensitive_attributes": [],
          "identity_schema_version": 0,
          "private": "eyJlMmJmYjczMC1lY2FhLTExZTYtOGY4OC0zNDM2M2JjN2M0YzAiOnsiY3JlYXRlIjo2MDAwMDAwMDAwMDAsImRlbGV0ZSI6NjAwMDAwMDAwMDAwfX0=",
          "dependencies": [
            "module.compute.aws_eks_access_entry.ec2",
            "module.compute.aws_eks_cluster.main",
            "module.compute.aws_iam_role.ec2",
            "module.compute.aws_iam_role.eks_cluster",
            "module.compute.aws_iam_role_policy_attachment.eks_cluster_policy",
            "module.networking.aws_security_group.eks_cluster",
            "module.networking.aws_security_group.eks_nodes",
            "module.networking.aws_subnet.private",
            "module.networking.aws_vpc.main",
            "module.networking.data.aws_availability_zones.available"
          ]
        }
      ]
    },
    {
      "module": "module.compute",
      "mode": "managed",
      "type": "aws_eks_access_policy_association",
      "name": "terraform_user_admin",
      "provider": "provider[\"registry.terraform.io/hashicorp/aws\"]",
      "instances": [
        {
          "schema_version": 0,
          "attributes": {
            "access_scope": [
              {
                "namespaces": null,
                "type": "cluster"
              }
            ],
            "associated_at": "2026-06-30 15:16:02.512 +0000 UTC",
            "cluster_name": "eks-prod-dr",
            "id": "eks-prod-dr#arn:aws:iam::254652353999:user/Nagham#arn:aws:eks::aws:cluster-access-policy/AmazonEKSClusterAdminPolicy",
            "modified_at": "2026-06-30 15:16:02.512 +0000 UTC",
            "policy_arn": "arn:aws:eks::aws:cluster-access-policy/AmazonEKSClusterAdminPolicy",
            "principal_arn": "arn:aws:iam::254652353999:user/Nagham",
            "region": "eu-north-1",
            "timeouts": null
          },
          "sensitive_attributes": [],
          "identity_schema_version": 0,
          "private": "eyJlMmJmYjczMC1lY2FhLTExZTYtOGY4OC0zNDM2M2JjN2M0YzAiOnsiY3JlYXRlIjo2MDAwMDAwMDAwMDAsImRlbGV0ZSI6NjAwMDAwMDAwMDAwfX0=",
          "dependencies": [
            "module.compute.aws_eks_access_entry.terraform_user",
            "module.compute.aws_eks_cluster.main",
            "module.compute.aws_iam_role.eks_cluster",
            "module.compute.aws_iam_role_policy_attachment.eks_cluster_policy",
            "module.compute.data.aws_caller_identity.current",
            "module.compute.data.aws_iam_session_context.current",
            "module.networking.aws_security_group.eks_cluster",
            "module.networking.aws_security_group.eks_nodes",
            "module.networking.aws_subnet.private",
            "module.networking.aws_vpc.main",
            "module.networking.data.aws_availability_zones.available"
          ]
        }
      ]
    },
    {
      "module": "module.compute",
      "mode": "managed",
      "type": "aws_eks_addon",
      "name": "coredns",
      "provider": "provider[\"registry.terraform.io/hashicorp/aws\"]",
      "instances": [
        {
          "schema_version": 0,
          "attributes": {
            "addon_name": "coredns",
            "addon_version": "v1.11.4-eksbuild.39",
            "arn": "arn:aws:eks:eu-north-1:254652353999:addon/eks-prod-dr/coredns/74cf8c89-9aa1-572c-5404-6ca03a131e9f",
            "cluster_name": "eks-prod-dr",
            "configuration_values": "",
            "created_at": "2026-06-30T15:08:37Z",
            "id": "eks-prod-dr:coredns",
            "modified_at": "2026-06-30T15:08:49Z",
            "pod_identity_association": [],
            "preserve": null,
            "region": "eu-north-1",
            "resolve_conflicts_on_create": "OVERWRITE",
            "resolve_conflicts_on_update": "OVERWRITE",
            "service_account_role_arn": "",
            "tags": {
              "environment": "prod",
              "managed-by": "terraform",
              "owner": "nagham",
              "project": "devops-multicloud"
            },
            "tags_all": {
              "environment": "prod",
              "managed-by": "terraform",
              "owner": "nagham",
              "project": "devops-multicloud"
            },
            "timeouts": null
          },
          "sensitive_attributes": [],
          "identity_schema_version": 0,
          "private": "eyJlMmJmYjczMC1lY2FhLTExZTYtOGY4OC0zNDM2M2JjN2M0YzAiOnsiY3JlYXRlIjoxMjAwMDAwMDAwMDAwLCJkZWxldGUiOjI0MDAwMDAwMDAwMDAsInVwZGF0ZSI6MTIwMDAwMDAwMDAwMH19",
          "dependencies": [
            "module.compute.aws_eks_addon.kube_proxy",
            "module.compute.aws_eks_addon.vpc_cni",
            "module.compute.aws_eks_cluster.main",
            "module.compute.aws_eks_node_group.main",
            "module.compute.aws_iam_role.eks_cluster",
            "module.compute.aws_iam_role.eks_nodes",
            "module.compute.aws_iam_role_policy_attachment.eks_cluster_policy",
            "module.compute.aws_iam_role_policy_attachment.eks_cni",
            "module.compute.aws_iam_role_policy_attachment.eks_ecr_read",
            "module.compute.aws_iam_role_policy_attachment.eks_ssm_nodes",
            "module.compute.aws_iam_role_policy_attachment.eks_worker_node",
            "module.networking.aws_security_group.eks_cluster",
            "module.networking.aws_security_group.eks_nodes",
            "module.networking.aws_subnet.private",
            "module.networking.aws_vpc.main",
            "module.networking.data.aws_availability_zones.available"
          ]
        }
      ]
    },
    {
      "module": "module.compute",
      "mode": "managed",
      "type": "aws_eks_addon",
      "name": "kube_proxy",
      "provider": "provider[\"registry.terraform.io/hashicorp/aws\"]",
      "instances": [
        {
          "schema_version": 0,
          "attributes": {
            "addon_name": "kube-proxy",
            "addon_version": "v1.30.14-eksbuild.36",
            "arn": "arn:aws:eks:eu-north-1:254652353999:addon/eks-prod-dr/kube-proxy/02cf8c88-7c2c-18a7-4075-a9931e5e99ea",
            "cluster_name": "eks-prod-dr",
            "configuration_values": "",
            "created_at": "2026-06-30T15:06:10Z",
            "id": "eks-prod-dr:kube-proxy",
            "modified_at": "2026-06-30T15:06:36Z",
            "pod_identity_association": [],
            "preserve": null,
            "region": "eu-north-1",
            "resolve_conflicts_on_create": "OVERWRITE",
            "resolve_conflicts_on_update": "OVERWRITE",
            "service_account_role_arn": "",
            "tags": {
              "environment": "prod",
              "managed-by": "terraform",
              "owner": "nagham",
              "project": "devops-multicloud"
            },
            "tags_all": {
              "environment": "prod",
              "managed-by": "terraform",
              "owner": "nagham",
              "project": "devops-multicloud"
            },
            "timeouts": null
          },
          "sensitive_attributes": [],
          "identity_schema_version": 0,
          "private": "eyJlMmJmYjczMC1lY2FhLTExZTYtOGY4OC0zNDM2M2JjN2M0YzAiOnsiY3JlYXRlIjoxMjAwMDAwMDAwMDAwLCJkZWxldGUiOjI0MDAwMDAwMDAwMDAsInVwZGF0ZSI6MTIwMDAwMDAwMDAwMH19",
          "dependencies": [
            "module.compute.aws_eks_cluster.main",
            "module.compute.aws_iam_role.eks_cluster",
            "module.compute.aws_iam_role_policy_attachment.eks_cluster_policy",
            "module.networking.aws_security_group.eks_cluster",
            "module.networking.aws_security_group.eks_nodes",
            "module.networking.aws_subnet.private",
            "module.networking.aws_vpc.main",
            "module.networking.data.aws_availability_zones.available"
          ]
        }
      ]
    },
    {
      "module": "module.compute",
      "mode": "managed",
      "type": "aws_eks_addon",
      "name": "vpc_cni",
      "provider": "provider[\"registry.terraform.io/hashicorp/aws\"]",
      "instances": [
        {
          "schema_version": 0,
          "attributes": {
            "addon_name": "vpc-cni",
            "addon_version": "v1.21.2-eksbuild.2",
            "arn": "arn:aws:eks:eu-north-1:254652353999:addon/eks-prod-dr/vpc-cni/3acf8c88-7c2d-8ac5-6e17-3af4e2016ba1",
            "cluster_name": "eks-prod-dr",
            "configuration_values": "",
            "created_at": "2026-06-30T15:06:10Z",
            "id": "eks-prod-dr:vpc-cni",
            "modified_at": "2026-06-30T15:06:37Z",
            "pod_identity_association": [],
            "preserve": null,
            "region": "eu-north-1",
            "resolve_conflicts_on_create": "OVERWRITE",
            "resolve_conflicts_on_update": "OVERWRITE",
            "service_account_role_arn": "",
            "tags": {
              "environment": "prod",
              "managed-by": "terraform",
              "owner": "nagham",
              "project": "devops-multicloud"
            },
            "tags_all": {
              "environment": "prod",
              "managed-by": "terraform",
              "owner": "nagham",
              "project": "devops-multicloud"
            },
            "timeouts": null
          },
          "sensitive_attributes": [],
          "identity_schema_version": 0,
          "private": "eyJlMmJmYjczMC1lY2FhLTExZTYtOGY4OC0zNDM2M2JjN2M0YzAiOnsiY3JlYXRlIjoxMjAwMDAwMDAwMDAwLCJkZWxldGUiOjI0MDAwMDAwMDAwMDAsInVwZGF0ZSI6MTIwMDAwMDAwMDAwMH19",
          "dependencies": [
            "module.compute.aws_eks_cluster.main",
            "module.compute.aws_iam_role.eks_cluster",
            "module.compute.aws_iam_role_policy_attachment.eks_cluster_policy",
            "module.networking.aws_security_group.eks_cluster",
            "module.networking.aws_security_group.eks_nodes",
            "module.networking.aws_subnet.private",
            "module.networking.aws_vpc.main",
            "module.networking.data.aws_availability_zones.available"
          ]
        }
      ]
    },
    {
      "module": "module.compute",
      "mode": "managed",
      "type": "aws_eks_cluster",
      "name": "main",
      "provider": "provider[\"registry.terraform.io/hashicorp/aws\"]",
      "instances": [
        {
          "schema_version": 1,
          "attributes": {
            "access_config": [
              {
                "authentication_mode": "API_AND_CONFIG_MAP",
                "bootstrap_cluster_creator_admin_permissions": true
              }
            ],
            "arn": "arn:aws:eks:eu-north-1:254652353999:cluster/eks-prod-dr",
            "bootstrap_self_managed_addons": true,
            "certificate_authority": [
              {
                "data": "LS0tLS1CRUdJTiBDRVJUSUZJQ0FURS0tLS0tCk1JSURCVENDQWUyZ0F3SUJBZ0lJUEtueFAzTDQ4cVF3RFFZSktvWklodmNOQVFFTEJRQXdGVEVUTUJFR0ExVUUKQXhNS2EzVmlaWEp1WlhSbGN6QWVGdzB5TmpBMk16QXhORFUyTkRoYUZ3MHpOakEyTWpjeE5UQXhORGhhTUJVeApFekFSQmdOVkJBTVRDbXQxWW1WeWJtVjBaWE13Z2dFaU1BMEdDU3FHU0liM0RRRUJBUVVBQTRJQkR3QXdnZ0VLCkFvSUJBUURnVGplK096dlgyR1ZJS0F2OU9CR2J1Tk5OTGNIbDJQL1g3Ym9xbHoyS21EM1graTR1K25FZXdLM3AKNHo5Z0twVitnYWlUMWUyQzJnQjFsTEFlWUxZQUhGMTB2WWw1RWJxcDR0d1dqVnZsZVN6dEV2K2FKcGVOMnFLWQpkMjBySktNRXpMZitCaERtL21nbHA1T3JtaXhwWkVVL1JHZVU1YzJYN2NidWppM09SeW9KQlc5NGVYVXBMUnpKCkZSNHV6QzJjYWwxZDYxQk1sOURsZkdRYmhydC8wcnBOR21xQVZEZFpHNzZ1TWZSV0s0UGZGbDFETEs1dCtxWjcKRitGeGdvOWxtZEZSTXVMTGMra1pscWc4VzRyaFZLNUlnRnNtUVlPWk9uQ3pYNWZvdGZhSldZZzNGbWFMT0VkSgozVlpFZjJ2Y2prdWdpcVV5TTNkMjl0T2piMGtsQWdNQkFBR2pXVEJYTUE0R0ExVWREd0VCL3dRRUF3SUNwREFQCkJnTlZIUk1CQWY4RUJUQURBUUgvTUIwR0ExVWREZ1FXQkJSZUNzaDlHQkxheDgyVm5mOTVZdEZPby9COWp6QVYKQmdOVkhSRUVEakFNZ2dwcmRXSmxjbTVsZEdWek1BMEdDU3FHU0liM0RRRUJDd1VBQTRJQkFRQk02WExoay9xZAo3cDJ0ZHJLdlFGdTV3MjgxbVBDek1rVW04VUpxMXVacUs0c1c2bEMzMUNNbzFOeC9kUndubFNaUHhzUFdycWpNClVuWTUrYzN0cTNkUDlQZW5CS3lMK1R0RlFSL3p2S1lOaHJkU2s1SXpTaStrM0hacmlmeFVTQ1VHVjE3RUZBbXMKeHNwbUdMa3VEcWJqVElJd1pXZ2xZWklMSUxoSmQ2eWx6aHVnbXg3NHlFMlc1SDhLTUVPdExKOWd1NXl1M0ZQRQpjdkswSGxxQXVMM0w5VTNBYWQ1YXk3RGIySDczaHlJb3dUcXh2dExoVzI5cGVTdXlCeTZZRWVpWWthZjh5VFBPClRZOE1tQlBlbmNQeXo1b3YxOFBER3Q1U3NKcXJXNDNsdkJ3dWpYbDMzbmxhT1cyVTRRT0dCeEhBcXpWMXlvOGcKQXpuVU8vdWlSSFdrCi0tLS0tRU5EIENFUlRJRklDQVRFLS0tLS0K"
              }
            ],
            "cluster_id": null,
            "compute_config": [
              {
                "enabled": false,
                "node_pools": [],
                "node_role_arn": ""
              }
            ],
            "control_plane_scaling_config": [
              {
                "tier": "standard"
              }
            ],
            "created_at": "2026-06-30T14:57:48Z",
            "deletion_protection": false,
            "enabled_cluster_log_types": [],
            "encryption_config": [],
            "endpoint": "https://F787FCFB34E1A60DB99C1A9D3AD79256.gr7.eu-north-1.eks.amazonaws.com",
            "force_update_version": null,
            "id": "eks-prod-dr",
            "identity": [
              {
                "oidc": [
                  {
                    "issuer": "https://oidc.eks.eu-north-1.amazonaws.com/id/F787FCFB34E1A60DB99C1A9D3AD79256"
                  }
                ]
              }
            ],
            "kubernetes_network_config": [
              {
                "elastic_load_balancing": [
                  {
                    "enabled": false
                  }
                ],
                "ip_family": "ipv4",
                "service_ipv4_cidr": "172.20.0.0/16",
                "service_ipv6_cidr": ""
              }
            ],
            "name": "eks-prod-dr",
            "outpost_config": [],
            "platform_version": "eks.72",
            "region": "eu-north-1",
            "remote_network_config": [],
            "role_arn": "arn:aws:iam::254652353999:role/role-eks-cluster-prod",
            "status": "ACTIVE",
            "storage_config": [
              {
                "block_storage": [
                  {
                    "enabled": false
                  }
                ]
              }
            ],
            "tags": {
              "environment": "prod",
              "managed-by": "terraform",
              "owner": "nagham",
              "project": "devops-multicloud"
            },
            "tags_all": {
              "environment": "prod",
              "managed-by": "terraform",
              "owner": "nagham",
              "project": "devops-multicloud"
            },
            "timeouts": null,
            "upgrade_policy": [
              {
                "support_type": "EXTENDED"
              }
            ],
            "version": "1.30",
            "vpc_config": [
              {
                "cluster_security_group_id": "sg-067ddc9529b85e276",
                "endpoint_private_access": true,
                "endpoint_public_access": true,
                "public_access_cidrs": [
                  "0.0.0.0/0"
                ],
                "security_group_ids": [
                  "sg-01d6e4b08bc7d30d1",
                  "sg-08376eeda1d14cd07"
                ],
                "subnet_ids": [
                  "subnet-0a239b0e23b17bcd0",
                  "subnet-0c552ea69cb6ac761"
                ],
                "vpc_id": "vpc-0af2190bc77f844e3"
              }
            ],
            "zonal_shift_config": []
          },
          "sensitive_attributes": [],
          "identity_schema_version": 0,
          "private": "eyJlMmJmYjczMC1lY2FhLTExZTYtOGY4OC0zNDM2M2JjN2M0YzAiOnsiY3JlYXRlIjoxODAwMDAwMDAwMDAwLCJkZWxldGUiOjkwMDAwMDAwMDAwMCwidXBkYXRlIjozNjAwMDAwMDAwMDAwfSwic2NoZW1hX3ZlcnNpb24iOiIxIn0=",
          "dependencies": [
            "module.compute.aws_iam_role.eks_cluster",
            "module.compute.aws_iam_role_policy_attachment.eks_cluster_policy",
            "module.networking.aws_security_group.eks_cluster",
            "module.networking.aws_security_group.eks_nodes",
            "module.networking.aws_subnet.private",
            "module.networking.aws_vpc.main",
            "module.networking.data.aws_availability_zones.available"
          ]
        }
      ]
    },
    {
      "module": "module.compute",
      "mode": "managed",
      "type": "aws_eks_node_group",
      "name": "main",
      "provider": "provider[\"registry.terraform.io/hashicorp/aws\"]",
      "instances": [
        {
          "schema_version": 0,
          "attributes": {
            "ami_type": "AL2023_x86_64_STANDARD",
            "arn": "arn:aws:eks:eu-north-1:254652353999:nodegroup/eks-prod-dr/ng-prod/80cf8c88-c2e8-2b06-5d09-634d7516c5db",
            "capacity_type": "ON_DEMAND",
            "cluster_name": "eks-prod-dr",
            "disk_size": 20,
            "force_update_version": null,
            "id": "eks-prod-dr:ng-prod",
            "instance_types": [
              "t3.small"
            ],
            "labels": {},
            "launch_template": [],
            "node_group_name": "ng-prod",
            "node_group_name_prefix": "",
            "node_repair_config": [],
            "node_role_arn": "arn:aws:iam::254652353999:role/role-eks-nodes-prod",
            "region": "eu-north-1",
            "release_version": "1.30.14-20260618",
            "remote_access": [],
            "resources": [
              {
                "autoscaling_groups": [
                  {
                    "name": "eks-ng-prod-80cf8c88-c2e8-2b06-5d09-634d7516c5db"
                  }
                ],
                "remote_access_security_group_id": ""
              }
            ],
            "scaling_config": [
              {
                "desired_size": 2,
                "max_size": 3,
                "min_size": 1
              }
            ],
            "status": "ACTIVE",
            "subnet_ids": [
              "subnet-0a239b0e23b17bcd0",
              "subnet-0c552ea69cb6ac761"
            ],
            "tags": {
              "environment": "prod",
              "managed-by": "terraform",
              "owner": "nagham",
              "project": "devops-multicloud"
            },
            "tags_all": {
              "environment": "prod",
              "managed-by": "terraform",
              "owner": "nagham",
              "project": "devops-multicloud"
            },
            "taint": [],
            "timeouts": {
              "create": "40m",
              "delete": "40m",
              "update": null
            },
            "update_config": [
              {
                "max_unavailable": 1,
                "max_unavailable_percentage": 0,
                "update_strategy": ""
              }
            ],
            "version": "1.30"
          },
          "sensitive_attributes": [],
          "identity_schema_version": 0,
          "private": "eyJlMmJmYjczMC1lY2FhLTExZTYtOGY4OC0zNDM2M2JjN2M0YzAiOnsiY3JlYXRlIjoyNDAwMDAwMDAwMDAwLCJkZWxldGUiOjI0MDAwMDAwMDAwMDAsInVwZGF0ZSI6MzYwMDAwMDAwMDAwMH19",
          "dependencies": [
            "module.compute.aws_eks_addon.kube_proxy",
            "module.compute.aws_eks_addon.vpc_cni",
            "module.compute.aws_eks_cluster.main",
            "module.compute.aws_iam_role.eks_cluster",
            "module.compute.aws_iam_role.eks_nodes",
            "module.compute.aws_iam_role_policy_attachment.eks_cluster_policy",
            "module.compute.aws_iam_role_policy_attachment.eks_cni",
            "module.compute.aws_iam_role_policy_attachment.eks_ecr_read",
            "module.compute.aws_iam_role_policy_attachment.eks_ssm_nodes",
            "module.compute.aws_iam_role_policy_attachment.eks_worker_node",
            "module.networking.aws_security_group.eks_cluster",
            "module.networking.aws_security_group.eks_nodes",
            "module.networking.aws_subnet.private",
            "module.networking.aws_vpc.main",
            "module.networking.data.aws_availability_zones.available"
          ]
        }
      ]
    },
    {
      "module": "module.compute",
      "mode": "managed",
      "type": "aws_iam_instance_profile",
      "name": "ec2",
      "provider": "provider[\"registry.terraform.io/hashicorp/aws\"]",
      "instances": [
        {
          "schema_version": 0,
          "attributes": {
            "arn": "arn:aws:iam::254652353999:instance-profile/profile-ec2-prod",
            "create_date": "2026-06-30T14:57:41Z",
            "id": "profile-ec2-prod",
            "name": "profile-ec2-prod",
            "name_prefix": "",
            "path": "/",
            "role": "role-ec2-prod",
            "tags": {
              "environment": "prod",
              "managed-by": "terraform",
              "owner": "nagham",
              "project": "devops-multicloud"
            },
            "tags_all": {
              "environment": "prod",
              "managed-by": "terraform",
              "owner": "nagham",
              "project": "devops-multicloud"
            },
            "unique_id": "AIPATWSTWRXHRCDHSYSVH"
          },
          "sensitive_attributes": [],
          "identity_schema_version": 0,
          "private": "bnVsbA==",
          "dependencies": [
            "module.compute.aws_iam_role.ec2"
          ]
        }
      ]
    },
    {
      "module": "module.compute",
      "mode": "managed",
      "type": "aws_iam_policy",
      "name": "ec2_eks_describe",
      "provider": "provider[\"registry.terraform.io/hashicorp/aws\"]",
      "instances": [
        {
          "schema_version": 0,
          "attributes": {
            "arn": "arn:aws:iam::254652353999:policy/policy-ec2-eks-describe-prod",
            "attachment_count": 1,
            "delay_after_policy_creation_in_ms": null,
            "description": "Allow EC2 to describe EKS clusters and update kubeconfig",
            "id": "arn:aws:iam::254652353999:policy/policy-ec2-eks-describe-prod",
            "name": "policy-ec2-eks-describe-prod",
            "name_prefix": "",
            "path": "/",
            "policy": "{\"Statement\":[{\"Action\":[\"eks:DescribeCluster\",\"eks:ListClusters\",\"eks:AccessKubernetesApi\"],\"Effect\":\"Allow\",\"Resource\":\"*\"}],\"Version\":\"2012-10-17\"}",
            "policy_id": "ANPATWSTWRXHXHEYSDU2G",
            "tags": {
              "environment": "prod",
              "managed-by": "terraform",
              "owner": "nagham",
              "project": "devops-multicloud"
            },
            "tags_all": {
              "environment": "prod",
              "managed-by": "terraform",
              "owner": "nagham",
              "project": "devops-multicloud"
            }
          },
          "sensitive_attributes": [],
          "identity_schema_version": 0,
          "identity": {
            "arn": "arn:aws:iam::254652353999:policy/policy-ec2-eks-describe-prod"
          },
          "private": "bnVsbA=="
        }
      ]
    },
    {
      "module": "module.compute",
      "mode": "managed",
      "type": "aws_iam_role",
      "name": "ec2",
      "provider": "provider[\"registry.terraform.io/hashicorp/aws\"]",
      "instances": [
        {
          "schema_version": 0,
          "attributes": {
            "arn": "arn:aws:iam::254652353999:role/role-ec2-prod",
            "assume_role_policy": "{\"Statement\":[{\"Action\":\"sts:AssumeRole\",\"Effect\":\"Allow\",\"Principal\":{\"Service\":\"ec2.amazonaws.com\"}}],\"Version\":\"2012-10-17\"}",
            "create_date": "2026-06-30T14:57:39Z",
            "description": "",
            "force_detach_policies": false,
            "id": "role-ec2-prod",
            "inline_policy": [],
            "managed_policy_arns": [
              "arn:aws:iam::254652353999:policy/policy-ec2-eks-describe-prod",
              "arn:aws:iam::aws:policy/AmazonEC2ContainerRegistryReadOnly",
              "arn:aws:iam::aws:policy/AmazonEKSClusterPolicy",
              "arn:aws:iam::aws:policy/AmazonSSMManagedInstanceCore",
              "arn:aws:iam::aws:policy/CloudWatchAgentServerPolicy"
            ],
            "max_session_duration": 3600,
            "name": "role-ec2-prod",
            "name_prefix": "",
            "path": "/",
            "permissions_boundary": "",
            "tags": {
              "environment": "prod",
              "managed-by": "terraform",
              "owner": "nagham",
              "project": "devops-multicloud"
            },
            "tags_all": {
              "environment": "prod",
              "managed-by": "terraform",
              "owner": "nagham",
              "project": "devops-multicloud"
            },
            "unique_id": "AROATWSTWRXHQAW7SY3DZ"
          },
          "sensitive_attributes": [],
          "identity_schema_version": 0,
          "identity": {
            "account_id": "254652353999",
            "name": "role-ec2-prod"
          },
          "private": "bnVsbA=="
        }
      ]
    },
    {
      "module": "module.compute",
      "mode": "managed",
      "type": "aws_iam_role",
      "name": "eks_cluster",
      "provider": "provider[\"registry.terraform.io/hashicorp/aws\"]",
      "instances": [
        {
          "schema_version": 0,
          "attributes": {
            "arn": "arn:aws:iam::254652353999:role/role-eks-cluster-prod",
            "assume_role_policy": "{\"Statement\":[{\"Action\":\"sts:AssumeRole\",\"Effect\":\"Allow\",\"Principal\":{\"Service\":\"eks.amazonaws.com\"}}],\"Version\":\"2012-10-17\"}",
            "create_date": "2026-06-30T14:57:39Z",
            "description": "",
            "force_detach_policies": false,
            "id": "role-eks-cluster-prod",
            "inline_policy": [],
            "managed_policy_arns": [
              "arn:aws:iam::aws:policy/AmazonEKSClusterPolicy"
            ],
            "max_session_duration": 3600,
            "name": "role-eks-cluster-prod",
            "name_prefix": "",
            "path": "/",
            "permissions_boundary": "",
            "tags": {
              "environment": "prod",
              "managed-by": "terraform",
              "owner": "nagham",
              "project": "devops-multicloud"
            },
            "tags_all": {
              "environment": "prod",
              "managed-by": "terraform",
              "owner": "nagham",
              "project": "devops-multicloud"
            },
            "unique_id": "AROATWSTWRXHRIXBFBQNC"
          },
          "sensitive_attributes": [],
          "identity_schema_version": 0,
          "identity": {
            "account_id": "254652353999",
            "name": "role-eks-cluster-prod"
          },
          "private": "bnVsbA=="
        }
      ]
    },
    {
      "module": "module.compute",
      "mode": "managed",
      "type": "aws_iam_role",
      "name": "eks_nodes",
      "provider": "provider[\"registry.terraform.io/hashicorp/aws\"]",
      "instances": [
        {
          "schema_version": 0,
          "attributes": {
            "arn": "arn:aws:iam::254652353999:role/role-eks-nodes-prod",
            "assume_role_policy": "{\"Statement\":[{\"Action\":\"sts:AssumeRole\",\"Effect\":\"Allow\",\"Principal\":{\"Service\":\"ec2.amazonaws.com\"}}],\"Version\":\"2012-10-17\"}",
            "create_date": "2026-06-30T14:57:39Z",
            "description": "",
            "force_detach_policies": false,
            "id": "role-eks-nodes-prod",
            "inline_policy": [],
            "managed_policy_arns": [
              "arn:aws:iam::aws:policy/AmazonEC2ContainerRegistryReadOnly",
              "arn:aws:iam::aws:policy/AmazonEKSWorkerNodePolicy",
              "arn:aws:iam::aws:policy/AmazonEKS_CNI_Policy",
              "arn:aws:iam::aws:policy/AmazonSSMManagedInstanceCore"
            ],
            "max_session_duration": 3600,
            "name": "role-eks-nodes-prod",
            "name_prefix": "",
            "path": "/",
            "permissions_boundary": "",
            "tags": {
              "environment": "prod",
              "managed-by": "terraform",
              "owner": "nagham",
              "project": "devops-multicloud"
            },
            "tags_all": {
              "environment": "prod",
              "managed-by": "terraform",
              "owner": "nagham",
              "project": "devops-multicloud"
            },
            "unique_id": "AROATWSTWRXHZCIJZHQKJ"
          },
          "sensitive_attributes": [],
          "identity_schema_version": 0,
          "identity": {
            "account_id": "254652353999",
            "name": "role-eks-nodes-prod"
          },
          "private": "bnVsbA=="
        }
      ]
    },
    {
      "module": "module.compute",
      "mode": "managed",
      "type": "aws_iam_role_policy_attachment",
      "name": "cloudwatch",
      "provider": "provider[\"registry.terraform.io/hashicorp/aws\"]",
      "instances": [
        {
          "schema_version": 0,
          "attributes": {
            "id": "role-ec2-prod/arn:aws:iam::aws:policy/CloudWatchAgentServerPolicy",
            "policy_arn": "arn:aws:iam::aws:policy/CloudWatchAgentServerPolicy",
            "role": "role-ec2-prod"
          },
          "sensitive_attributes": [],
          "identity_schema_version": 0,
          "identity": {
            "account_id": "254652353999",
            "policy_arn": "arn:aws:iam::aws:policy/CloudWatchAgentServerPolicy",
            "role": "role-ec2-prod"
          },
          "private": "bnVsbA==",
          "dependencies": [
            "module.compute.aws_iam_role.ec2"
          ]
        }
      ]
    },
    {
      "module": "module.compute",
      "mode": "managed",
      "type": "aws_iam_role_policy_attachment",
      "name": "ec2_eks",
      "provider": "provider[\"registry.terraform.io/hashicorp/aws\"]",
      "instances": [
        {
          "schema_version": 0,
          "attributes": {
            "id": "role-ec2-prod/arn:aws:iam::aws:policy/AmazonEKSClusterPolicy",
            "policy_arn": "arn:aws:iam::aws:policy/AmazonEKSClusterPolicy",
            "role": "role-ec2-prod"
          },
          "sensitive_attributes": [],
          "identity_schema_version": 0,
          "identity": {
            "account_id": "254652353999",
            "policy_arn": "arn:aws:iam::aws:policy/AmazonEKSClusterPolicy",
            "role": "role-ec2-prod"
          },
          "private": "bnVsbA==",
          "dependencies": [
            "module.compute.aws_iam_role.ec2"
          ]
        }
      ]
    },
    {
      "module": "module.compute",
      "mode": "managed",
      "type": "aws_iam_role_policy_attachment",
      "name": "ec2_eks_describe",
      "provider": "provider[\"registry.terraform.io/hashicorp/aws\"]",
      "instances": [
        {
          "schema_version": 0,
          "attributes": {
            "id": "role-ec2-prod/arn:aws:iam::254652353999:policy/policy-ec2-eks-describe-prod",
            "policy_arn": "arn:aws:iam::254652353999:policy/policy-ec2-eks-describe-prod",
            "role": "role-ec2-prod"
          },
          "sensitive_attributes": [],
          "identity_schema_version": 0,
          "identity": {
            "account_id": "254652353999",
            "policy_arn": "arn:aws:iam::254652353999:policy/policy-ec2-eks-describe-prod",
            "role": "role-ec2-prod"
          },
          "private": "bnVsbA==",
          "dependencies": [
            "module.compute.aws_iam_policy.ec2_eks_describe",
            "module.compute.aws_iam_role.ec2"
          ]
        }
      ]
    },
    {
      "module": "module.compute",
      "mode": "managed",
      "type": "aws_iam_role_policy_attachment",
      "name": "ecr",
      "provider": "provider[\"registry.terraform.io/hashicorp/aws\"]",
      "instances": [
        {
          "schema_version": 0,
          "attributes": {
            "id": "role-ec2-prod/arn:aws:iam::aws:policy/AmazonEC2ContainerRegistryReadOnly",
            "policy_arn": "arn:aws:iam::aws:policy/AmazonEC2ContainerRegistryReadOnly",
            "role": "role-ec2-prod"
          },
          "sensitive_attributes": [],
          "identity_schema_version": 0,
          "identity": {
            "account_id": "254652353999",
            "policy_arn": "arn:aws:iam::aws:policy/AmazonEC2ContainerRegistryReadOnly",
            "role": "role-ec2-prod"
          },
          "private": "bnVsbA==",
          "dependencies": [
            "module.compute.aws_iam_role.ec2"
          ]
        }
      ]
    },
    {
      "module": "module.compute",
      "mode": "managed",
      "type": "aws_iam_role_policy_attachment",
      "name": "eks_cluster_policy",
      "provider": "provider[\"registry.terraform.io/hashicorp/aws\"]",
      "instances": [
        {
          "schema_version": 0,
          "attributes": {
            "id": "role-eks-cluster-prod/arn:aws:iam::aws:policy/AmazonEKSClusterPolicy",
            "policy_arn": "arn:aws:iam::aws:policy/AmazonEKSClusterPolicy",
            "role": "role-eks-cluster-prod"
          },
          "sensitive_attributes": [],
          "identity_schema_version": 0,
          "identity": {
            "account_id": "254652353999",
            "policy_arn": "arn:aws:iam::aws:policy/AmazonEKSClusterPolicy",
            "role": "role-eks-cluster-prod"
          },
          "private": "bnVsbA==",
          "dependencies": [
            "module.compute.aws_iam_role.eks_cluster"
          ]
        }
      ]
    },
    {
      "module": "module.compute",
      "mode": "managed",
      "type": "aws_iam_role_policy_attachment",
      "name": "eks_cni",
      "provider": "provider[\"registry.terraform.io/hashicorp/aws\"]",
      "instances": [
        {
          "schema_version": 0,
          "attributes": {
            "id": "role-eks-nodes-prod/arn:aws:iam::aws:policy/AmazonEKS_CNI_Policy",
            "policy_arn": "arn:aws:iam::aws:policy/AmazonEKS_CNI_Policy",
            "role": "role-eks-nodes-prod"
          },
          "sensitive_attributes": [],
          "identity_schema_version": 0,
          "identity": {
            "account_id": "254652353999",
            "policy_arn": "arn:aws:iam::aws:policy/AmazonEKS_CNI_Policy",
            "role": "role-eks-nodes-prod"
          },
          "private": "bnVsbA==",
          "dependencies": [
            "module.compute.aws_iam_role.eks_nodes"
          ]
        }
      ]
    },
    {
      "module": "module.compute",
      "mode": "managed",
      "type": "aws_iam_role_policy_attachment",
      "name": "eks_ecr_read",
      "provider": "provider[\"registry.terraform.io/hashicorp/aws\"]",
      "instances": [
        {
          "schema_version": 0,
          "attributes": {
            "id": "role-eks-nodes-prod/arn:aws:iam::aws:policy/AmazonEC2ContainerRegistryReadOnly",
            "policy_arn": "arn:aws:iam::aws:policy/AmazonEC2ContainerRegistryReadOnly",
            "role": "role-eks-nodes-prod"
          },
          "sensitive_attributes": [],
          "identity_schema_version": 0,
          "identity": {
            "account_id": "254652353999",
            "policy_arn": "arn:aws:iam::aws:policy/AmazonEC2ContainerRegistryReadOnly",
            "role": "role-eks-nodes-prod"
          },
          "private": "bnVsbA==",
          "dependencies": [
            "module.compute.aws_iam_role.eks_nodes"
          ]
        }
      ]
    },
    {
      "module": "module.compute",
      "mode": "managed",
      "type": "aws_iam_role_policy_attachment",
      "name": "eks_ssm_nodes",
      "provider": "provider[\"registry.terraform.io/hashicorp/aws\"]",
      "instances": [
        {
          "schema_version": 0,
          "attributes": {
            "id": "role-eks-nodes-prod/arn:aws:iam::aws:policy/AmazonSSMManagedInstanceCore",
            "policy_arn": "arn:aws:iam::aws:policy/AmazonSSMManagedInstanceCore",
            "role": "role-eks-nodes-prod"
          },
          "sensitive_attributes": [],
          "identity_schema_version": 0,
          "identity": {
            "account_id": "254652353999",
            "policy_arn": "arn:aws:iam::aws:policy/AmazonSSMManagedInstanceCore",
            "role": "role-eks-nodes-prod"
          },
          "private": "bnVsbA==",
          "dependencies": [
            "module.compute.aws_iam_role.eks_nodes"
          ]
        }
      ]
    },
    {
      "module": "module.compute",
      "mode": "managed",
      "type": "aws_iam_role_policy_attachment",
      "name": "eks_worker_node",
      "provider": "provider[\"registry.terraform.io/hashicorp/aws\"]",
      "instances": [
        {
          "schema_version": 0,
          "attributes": {
            "id": "role-eks-nodes-prod/arn:aws:iam::aws:policy/AmazonEKSWorkerNodePolicy",
            "policy_arn": "arn:aws:iam::aws:policy/AmazonEKSWorkerNodePolicy",
            "role": "role-eks-nodes-prod"
          },
          "sensitive_attributes": [],
          "identity_schema_version": 0,
          "identity": {
            "account_id": "254652353999",
            "policy_arn": "arn:aws:iam::aws:policy/AmazonEKSWorkerNodePolicy",
            "role": "role-eks-nodes-prod"
          },
          "private": "bnVsbA==",
          "dependencies": [
            "module.compute.aws_iam_role.eks_nodes"
          ]
        }
      ]
    },
    {
      "module": "module.compute",
      "mode": "managed",
      "type": "aws_iam_role_policy_attachment",
      "name": "ssm",
      "provider": "provider[\"registry.terraform.io/hashicorp/aws\"]",
      "instances": [
        {
          "schema_version": 0,
          "attributes": {
            "id": "role-ec2-prod/arn:aws:iam::aws:policy/AmazonSSMManagedInstanceCore",
            "policy_arn": "arn:aws:iam::aws:policy/AmazonSSMManagedInstanceCore",
            "role": "role-ec2-prod"
          },
          "sensitive_attributes": [],
          "identity_schema_version": 0,
          "identity": {
            "account_id": "254652353999",
            "policy_arn": "arn:aws:iam::aws:policy/AmazonSSMManagedInstanceCore",
            "role": "role-ec2-prod"
          },
          "private": "bnVsbA==",
          "dependencies": [
            "module.compute.aws_iam_role.ec2"
          ]
        }
      ]
    },
    {
      "module": "module.compute",
      "mode": "managed",
      "type": "aws_instance",
      "name": "main",
      "provider": "provider[\"registry.terraform.io/hashicorp/aws\"]",
      "instances": [
        {
          "schema_version": 2,
          "attributes": {
            "ami": "ami-088fd024fe7aa5070",
            "arn": "arn:aws:ec2:eu-north-1:254652353999:instance/i-0ad7d81202e183326",
            "associate_public_ip_address": false,
            "availability_zone": "eu-north-1a",
            "capacity_reservation_specification": [
              {
                "capacity_reservation_preference": "open",
                "capacity_reservation_target": []
              }
            ],
            "cpu_options": [
              {
                "amd_sev_snp": "",
                "core_count": 1,
                "threads_per_core": 2
              }
            ],
            "credit_specification": [
              {
                "cpu_credits": "unlimited"
              }
            ],
            "disable_api_stop": false,
            "disable_api_termination": false,
            "ebs_block_device": [],
            "ebs_optimized": false,
            "enable_primary_ipv6": null,
            "enclave_options": [
              {
                "enabled": false
              }
            ],
            "ephemeral_block_device": [],
            "force_destroy": false,
            "get_password_data": false,
            "hibernation": false,
            "host_id": "",
            "host_resource_group_arn": null,
            "iam_instance_profile": "profile-ec2-prod",
            "id": "i-0ad7d81202e183326",
            "instance_initiated_shutdown_behavior": "stop",
            "instance_lifecycle": "",
            "instance_market_options": [],
            "instance_state": "running",
            "instance_type": "t3.small",
            "ipv6_address_count": 0,
            "ipv6_addresses": [],
            "key_name": "key-ec2-prod",
            "launch_template": [],
            "maintenance_options": [
              {
                "auto_recovery": "default"
              }
            ],
            "metadata_options": [
              {
                "http_endpoint": "enabled",
                "http_protocol_ipv6": "disabled",
                "http_put_response_hop_limit": 1,
                "http_tokens": "optional",
                "instance_metadata_tags": "disabled"
              }
            ],
            "monitoring": false,
            "network_interface": [],
            "outpost_arn": "",
            "password_data": "",
            "placement_group": "",
            "placement_group_id": "",
            "placement_partition_number": 0,
            "primary_network_interface": [
              {
                "delete_on_termination": true,
                "network_interface_id": "eni-0e60f074bde5c528a"
              }
            ],
            "primary_network_interface_id": "eni-0e60f074bde5c528a",
            "private_dns": "ip-10-1-1-245.eu-north-1.compute.internal",
            "private_dns_name_options": [
              {
                "enable_resource_name_dns_a_record": false,
                "enable_resource_name_dns_aaaa_record": false,
                "hostname_type": "ip-name"
              }
            ],
            "private_ip": "10.1.1.245",
            "public_dns": "",
            "public_ip": "",
            "region": "eu-north-1",
            "root_block_device": [
              {
                "delete_on_termination": true,
                "device_name": "/dev/sda1",
                "encrypted": true,
                "iops": 3000,
                "kms_key_id": "arn:aws:kms:eu-north-1:254652353999:key/787eb808-9f89-4f9f-9c9a-8670f0eec14d",
                "tags": {},
                "tags_all": {},
                "throughput": 125,
                "volume_id": "vol-0f993da066d663019",
                "volume_size": 30,
                "volume_type": "gp3"
              }
            ],
            "secondary_network_interface": [],
            "secondary_private_ips": [],
            "security_groups": [],
            "source_dest_check": true,
            "spot_instance_request_id": "",
            "subnet_id": "subnet-0a239b0e23b17bcd0",
            "tags": {
              "Name": "ec2-app-prod",
              "environment": "prod",
              "managed-by": "terraform",
              "owner": "nagham",
              "project": "devops-multicloud"
            },
            "tags_all": {
              "Name": "ec2-app-prod",
              "environment": "prod",
              "managed-by": "terraform",
              "owner": "nagham",
              "project": "devops-multicloud"
            },
            "tenancy": "default",
            "timeouts": null,
            "user_data": null,
            "user_data_base64": null,
            "user_data_replace_on_change": false,
            "volume_tags": null,
            "vpc_security_group_ids": [
              "sg-08376eeda1d14cd07"
            ]
          },
          "sensitive_attributes": [],
          "identity_schema_version": 0,
          "identity": {
            "account_id": "254652353999",
            "id": "i-0ad7d81202e183326",
            "region": "eu-north-1"
          },
          "private": "eyJlMmJmYjczMC1lY2FhLTExZTYtOGY4OC0zNDM2M2JjN2M0YzAiOnsiY3JlYXRlIjo2MDAwMDAwMDAwMDAsImRlbGV0ZSI6MTIwMDAwMDAwMDAwMCwicmVhZCI6OTAwMDAwMDAwMDAwLCJ1cGRhdGUiOjYwMDAwMDAwMDAwMH0sInNjaGVtYV92ZXJzaW9uIjoiMiJ9",
          "dependencies": [
            "module.compute.aws_iam_instance_profile.ec2",
            "module.compute.aws_iam_role.ec2",
            "module.compute.aws_key_pair.ec2",
            "module.compute.data.aws_ami.ubuntu",
            "module.compute.tls_private_key.ec2",
            "module.networking.aws_security_group.eks_nodes",
            "module.networking.aws_subnet.private",
            "module.networking.aws_vpc.main",
            "module.networking.data.aws_availability_zones.available"
          ]
        }
      ]
    },
    {
      "module": "module.compute",
      "mode": "managed",
      "type": "aws_key_pair",
      "name": "ec2",
      "provider": "provider[\"registry.terraform.io/hashicorp/aws\"]",
      "instances": [
        {
          "schema_version": 1,
          "attributes": {
            "arn": "arn:aws:ec2:eu-north-1:254652353999:key-pair/key-ec2-prod",
            "fingerprint": "e5:c9:cf:aa:72:b1:5c:10:17:78:64:92:29:09:2a:a7",
            "id": "key-ec2-prod",
            "key_name": "key-ec2-prod",
            "key_name_prefix": "",
            "key_pair_id": "key-0e0a21cfe9694a694",
            "key_type": "rsa",
            "public_key": "ssh-rsa AAAAB3NzaC1yc2EAAAADAQABAAACAQDC5ShzZqFZbOepEwGKPay4D4Y9ulFuBNGpr9EJeuwKlCY3LXJXvv1Lf981OLNayCoz001yb/8nZuyuOc1cykw2dWS246u+pZ3jQq77s5z8ETM6M5PoEURkoBB6g0VpPo7ZN5IM839krm5VPVBNh4DW3SNhongYBhr+QkJYdRE9krY5d/1UPzaU2Pknl/dXkNv7cxq6OoWvta+JWbZSVw0a9YJiuWQESsd34EEmIBaEWECN9CvXtJEY+uHPYhp9axWR4T36M85VhnAP6RStod5vBUB6L/weSpP+3LBUe7mlzRFEVcv6rLXPvvkfu6d40OAWa9L2NgVBe4LwkfpwUlrOvKueSFfdt0zI9YBqcX/+9fXN5x0Q9TcONuzPxu1N0J9CkSCMgzTPSKMUtduuOly2nPx1cDJYbQcK9H2z4+MeWi6U2S29LjwlN0n8x81AGAAlJWj08Kv14GtW0nvV9VNT6kRY1bE2OuGq3yEIUxawH4nRcgJOlj15Klvrm1Ye1e2ou3mxlZCMmc8TdmXxIC25VzPiovni3lLTO0q0zR4wVPIHi5rdOAdcIKOuw0QoL5Tvi8/K8yFiJdCcHOMLE7f48xKPUbyzohfSILc8GbV6s91Q+a7+IJwNUjENcMtCCso3eUtvyrtjUCR1t7b7Vx0hOyc5M2lvkV85UoRmVmaPqQ==",
            "region": "eu-north-1",
            "tags": {
              "environment": "prod",
              "managed-by": "terraform",
              "owner": "nagham",
              "project": "devops-multicloud"
            },
            "tags_all": {
              "environment": "prod",
              "managed-by": "terraform",
              "owner": "nagham",
              "project": "devops-multicloud"
            }
          },
          "sensitive_attributes": [],
          "identity_schema_version": 0,
          "private": "eyJzY2hlbWFfdmVyc2lvbiI6IjEifQ==",
          "dependencies": [
            "module.compute.tls_private_key.ec2"
          ]
        }
      ]
    },
    {
      "module": "module.compute",
      "mode": "managed",
      "type": "local_file",
      "name": "ec2_private_key",
      "provider": "provider[\"registry.terraform.io/hashicorp/local\"]",
      "instances": [
        {
          "schema_version": 0,
          "attributes": {
            "content": "-----BEGIN RSA PRIVATE KEY-----\nMIIJKQIBAAKCAgEAwuUoc2ahWWznqRMBij2suA+GPbpRbgTRqa/RCXrsCpQmNy1y\nV779S3/fNTizWsgqM9NNcm//J2bsrjnNXMpMNnVktuOrvqWd40Ku+7Oc/BEzOjOT\n6BFEZKAQeoNFaT6O2TeSDPN/ZK5uVT1QTYeA1t0jYaJ4GAYa/kJCWHURPZK2OXf9\nVD82lNj5J5f3V5Db+3MaujqFr7WviVm2UlcNGvWCYrlkBErHd+BBJiAWhFhAjfQr\n17SRGPrhz2IafWsVkeE9+jPOVYZwD+kUraHebwVAei/8HkqT/tywVHu5pc0RRFXL\n+qy1z775H7uneNDgFmvS9jYFQXuC8JH6cFJazryrnkhX3bdMyPWAanF//vX1zecd\nEPU3Djbsz8btTdCfQpEgjIM0z0ijFLXbrjpctpz8dXAyWG0HCvR9s+PjHloulNkt\nvS48JTdJ/MfNQBgAJSVo9PCr9eBrVtJ71fVTU+pEWNWxNjrhqt8hCFMWsB+J0XIC\nTpY9eSpb65tWHtXtqLt5sZWQjJnPE3Zl8SAtuVcz4qL54t5S0ztKtM0eMFTyB4ua\n3TgHXCCjrsNEKC+U74vPyvMhYiXQnBzjCxO3+PMSj1G8s6IX0iC3PBm1erPdUPmu\n/iCcDVIxDXDLQgrKN3lLb8q7Y1Akdbe2+1cdITsnOTNpb5FfOVKEZlZmj6kCAwEA\nAQKCAgAF0DW4LNKu6wIv91//jR5mm8PvzxZtty6/0Sg65ak+bt6C8n6WInLGD+mL\nBLFziZlEqXlbv/524OmPZYGm0maakJQxUQeG7MQRtXlTCwT+5HkdiSX7cURpJ03G\nhxLeHvO+LpuoejzjC8GWa6PxDr586joLcqqtYMU+WfXw/dub9WaCaVNWR3przzBY\ntNOND5uYMP3rmczyCZ5+SihCOtQqaTH7RYy3r2QAGIwo7yJszoBtG4rmk2gT5taE\ndpMpXt/VAEh2eu7H0KDtazuRgEy1DWLid3ry4QZFabTIGFatx45Ly66wFVBpAskb\nNWA7SNOzp4IH6Q2YFJnlGMhFFcJymeDTSMkSGLZluQLylrwFqIVW0o97HmEjM65l\nijzfsnNIl57iARfbys4MdQnAbp1lFN+3oDVqfRb9iOYTRv4gRIeummY79FXQtEmN\nob3SVD/I8LoWTtjLvvkbFTyCbRIqbykYqVaf1FPnSxbqKgkA9nvEjyWYd5znEwKN\n/HeRx9Yi5TXSrWXREY8MXx/+KpCC+E/HdOLzXd1Zy3UcoopjZMkOu76y8gb8lMAK\n5gASGJz16BAyllwh0SwvDkRMlOH+ih197IUojgceA2dqTtblzpm5VxQIZbKDh8nh\n7FUX1W/KaPMKHmGAhf5vAlJz6TNgNXTPE7G6J+HuobTeRU6OuQKCAQEA5mV7djGP\n+kq0D/WWdwebqyE6tTaJ6UzZGK4QrQ8ED+z/qxcACirfUidPHUBKRHYRPzgt24Ao\naQJsgeOCFSVDuX4rlHF25qwRL6xkr8qK74fXwzt3TBm5xqeqKhl0WpeuLuNkJwMb\nGHB4Co+I+3UyIcEXZUJDythjYtaPHouWQDTYo3ZMn6HWVs0jtH51RnWFJ8urYLJ1\n23/hIYIK9n9YjQV3ftBktlk68DQflYwLFOKnwi/vkPTQrrG+XcCrcPFzwhQDiYA8\nWmj7GRisEO2vjmECIfGo1ai5ADnlDWjZ+uRa5A1cvX7Xu+6uwZ3Wl5bY6UxVVFzn\nmGCaD5w8nD+RNQKCAQEA2I20bltxtutedoiWsDPu1/skANxgbrBQSzG7HG7q1ONd\nYuiTIgkZ5DbEQNwnIGArq+5WvOqVIsu5Mwem5X9JqL/j8XIr+EbCO78hO65GRYF3\nYCqEkgbzCOl98sy4Iouxx+zBHZBKjCNUGC49+rHL7z1LjgG5ZiNdE0jnML3BK7kF\nyN1Sgqs6yQFg0QaXeZhmBAykNzQTkcd85ac2qcO3TXaiD4ctZQf+9NsT5fr6BvrZ\noJ8CAidOhympgEWZYtYi3yRM4Jr2uIu3VdUI9kRFcGk3wTAZSLxifU1Mz1W5u2Ro\nkR+6HsTc1q01wvFHtyvTF1YpD2BGuDmB6KIw6CmnJQKCAQEAudyiNZ4T/SEokztW\nb52Gmg4Lc0aVCM0C0aMSNtnHOCXDtryuPoWJdJfbfchwYTwx+6MRc2K2tsfKyxnC\nxdYzBT/gXjcOaVXj42aaLyog3MzkZU3illSmhriZUK8KK07zqEWudL5PrG6GmFZk\ndh58G7jOa9SCJfBcdM6L1GNdCVzYaz2y4JBI/estY50kdHu3uHvYPACbjUBjWIm0\n2FexEsqXNIlexa/EGSSjWhwIkIesN749791fP56J6M3WQB24eZd1pwX5KiJIdl1t\n6ZYlKqHde46c2gfrfmA2BJRSTNDM9e5Fo2ThGm2ZMv5msBFz2PjIWW89MbK0deVf\nC9lIBQKCAQB795r7tfOCAHmCJ60Dz6cCEy3IJGA73UkJ0r1HiKN8HXBfZ76atFUT\nFNsCOkVXvlYhxX34Bd48Hh21/cJoDJcROFB37qEHLxKP+1k9/gUSUwwQjCZ6JepJ\nBsloDhO3CvtJ9NmUX/6c/LhuY0Jt2gxht1giQhBtTP9CQ/C9MVN9AR0zoKdUUEuF\nt/lBj6F1JW35EXeMdo5hXK6+FRww0O6FNM2PUBYHiS1F5Igelq89AatFzODsdK36\nqDn1SWKGdwldbj1oMq3cdXcNdrf7qpeJw2H8gNlojxdenbrD0lJR2SgXM+9rH81A\nQ8XMBC3GyRq9eEBnIfk6Cwm4L+kJbpbVAoIBAQCIbLTHTCpdMoO/Dhk8vz2ZYRun\nEF5r3vk7KUphHGZoZKBCbrKzgSnkqNvZ7VHhFKAjq+ecuMVvkx/J0vZc6zDr8An3\nE2DIDjhsWcg5fvCui/yjKWvy/qvpRVAtMVWWLVPtjz7rH3kHHI0I1ScH6q9+taEX\n3NlLOBQewpRvvR6VJ6ROrduCxeANTq1bqdjuUd5nNVoVp4UyEXkhYyIJqnloz6xq\nfzXx6lMiLI2ZIrjMiYzg/4PMOd4kHPGa1DA3SmyYvKmhOZaBoYaMm02Di67o02Xy\n86a+Ul3x1rn6wgcHUdBwNvcNTDlac3yWS6a/zm4ZrNrFrde70tWuE7ieQu5w\n-----END RSA PRIVATE KEY-----\n",
            "content_base64": null,
            "content_base64sha256": "OBfXB9EtbVoNYEo3twI/ZFG8M74UkiMSVKaGkrgyAIA=",
            "content_base64sha512": "zTYb7cQOhOisUrAPT+qOHqBZjRNLjpx0m94WrqzvOFQzIX3W0R/ZfPsrvZuveIQgGRdPKRfMAQ29FpsZjP5dXg==",
            "content_md5": "5718d55d191d76924191337837b8de22",
            "content_sha1": "2a233e763e851fe71c95c9660ae023177f6418b3",
            "content_sha256": "3817d707d12d6d5a0d604a37b7023f6451bc33be1492231254a68692b8320080",
            "content_sha512": "cd361bedc40e84e8ac52b00f4fea8e1ea0598d134b8e9c749bde16aeacef385433217dd6d11fd97cfb2bbd9baf78842019174f2917cc010dbd169b198cfe5d5e",
            "directory_permission": "0777",
            "file_permission": "0400",
            "filename": "./../../ansible/aws_ec2.pem",
            "id": "2a233e763e851fe71c95c9660ae023177f6418b3",
            "sensitive_content": null,
            "source": null
          },
          "sensitive_attributes": [
            [
              {
                "type": "get_attr",
                "value": "content"
              }
            ],
            [
              {
                "type": "get_attr",
                "value": "sensitive_content"
              }
            ]
          ],
          "identity_schema_version": 0,
          "dependencies": [
            "module.compute.tls_private_key.ec2"
          ]
        }
      ]
    },
    {
      "module": "module.compute",
      "mode": "managed",
      "type": "tls_private_key",
      "name": "ec2",
      "provider": "provider[\"registry.terraform.io/hashicorp/tls\"]",
      "instances": [
        {
          "schema_version": 1,
          "attributes": {
            "algorithm": "RSA",
            "ecdsa_curve": "P224",
            "id": "c8abcccc5c98361789843f0e7530a8a4309839a8",
            "private_key_openssh": "-----BEGIN OPENSSH PRIVATE KEY-----\nb3BlbnNzaC1rZXktdjEAAAAABG5vbmUAAAAEbm9uZQAAAAAAAAABAAACFwAAAAdz\nc2gtcnNhAAAAAwEAAQAAAgEAwuUoc2ahWWznqRMBij2suA+GPbpRbgTRqa/RCXrs\nCpQmNy1yV779S3/fNTizWsgqM9NNcm//J2bsrjnNXMpMNnVktuOrvqWd40Ku+7Oc\n/BEzOjOT6BFEZKAQeoNFaT6O2TeSDPN/ZK5uVT1QTYeA1t0jYaJ4GAYa/kJCWHUR\nPZK2OXf9VD82lNj5J5f3V5Db+3MaujqFr7WviVm2UlcNGvWCYrlkBErHd+BBJiAW\nhFhAjfQr17SRGPrhz2IafWsVkeE9+jPOVYZwD+kUraHebwVAei/8HkqT/tywVHu5\npc0RRFXL+qy1z775H7uneNDgFmvS9jYFQXuC8JH6cFJazryrnkhX3bdMyPWAanF/\n/vX1zecdEPU3Djbsz8btTdCfQpEgjIM0z0ijFLXbrjpctpz8dXAyWG0HCvR9s+Pj\nHloulNktvS48JTdJ/MfNQBgAJSVo9PCr9eBrVtJ71fVTU+pEWNWxNjrhqt8hCFMW\nsB+J0XICTpY9eSpb65tWHtXtqLt5sZWQjJnPE3Zl8SAtuVcz4qL54t5S0ztKtM0e\nMFTyB4ua3TgHXCCjrsNEKC+U74vPyvMhYiXQnBzjCxO3+PMSj1G8s6IX0iC3PBm1\nerPdUPmu/iCcDVIxDXDLQgrKN3lLb8q7Y1Akdbe2+1cdITsnOTNpb5FfOVKEZlZm\nj6kAAAc49vo/xPb6P8QAAAAHc3NoLXJzYQAAAgEAwuUoc2ahWWznqRMBij2suA+G\nPbpRbgTRqa/RCXrsCpQmNy1yV779S3/fNTizWsgqM9NNcm//J2bsrjnNXMpMNnVk\ntuOrvqWd40Ku+7Oc/BEzOjOT6BFEZKAQeoNFaT6O2TeSDPN/ZK5uVT1QTYeA1t0j\nYaJ4GAYa/kJCWHURPZK2OXf9VD82lNj5J5f3V5Db+3MaujqFr7WviVm2UlcNGvWC\nYrlkBErHd+BBJiAWhFhAjfQr17SRGPrhz2IafWsVkeE9+jPOVYZwD+kUraHebwVA\nei/8HkqT/tywVHu5pc0RRFXL+qy1z775H7uneNDgFmvS9jYFQXuC8JH6cFJazryr\nnkhX3bdMyPWAanF//vX1zecdEPU3Djbsz8btTdCfQpEgjIM0z0ijFLXbrjpctpz8\ndXAyWG0HCvR9s+PjHloulNktvS48JTdJ/MfNQBgAJSVo9PCr9eBrVtJ71fVTU+pE\nWNWxNjrhqt8hCFMWsB+J0XICTpY9eSpb65tWHtXtqLt5sZWQjJnPE3Zl8SAtuVcz\n4qL54t5S0ztKtM0eMFTyB4ua3TgHXCCjrsNEKC+U74vPyvMhYiXQnBzjCxO3+PMS\nj1G8s6IX0iC3PBm1erPdUPmu/iCcDVIxDXDLQgrKN3lLb8q7Y1Akdbe2+1cdITsn\nOTNpb5FfOVKEZlZmj6kAAAADAQABAAACAAXQNbgs0q7rAi/3X/+NHmabw+/PFm23\nLr/RKDrlqT5u3oLyfpYicsYP6YsEsXOJmUSpeVu//nbg6Y9lgabSZpqQlDFRB4bs\nxBG1eVMLBP7keR2JJftxRGknTcaHEt4e874um6h6POMLwZZro/EOvnzqOgtyqq1g\nxT5Z9fD925v1ZoJpU1ZHemvPMFi0040Pm5gw/euZzPIJnn5KKEI61CppMftFjLev\nZAAYjCjvImzOgG0biuaTaBPm1oR2kyle39UASHZ67sfQoO1rO5GATLUNYuJ3evLh\nBkVptMgYVq3HjkvLrrAVUGkCyRs1YDtI07OnggfpDZgUmeUYyEUVwnKZ4NNIyRIY\ntmW5AvKWvAWohVbSj3seYSMzrmWKPN+yc0iXnuIBF9vKzgx1CcBunWUU37egNWp9\nFv2I5hNG/iBEh66aZjv0VdC0SY2hvdJUP8jwuhZO2Mu++RsVPIJtEipvKRipVp/U\nU+dLFuoqCQD2e8SPJZh3nOcTAo38d5HH1iLlNdKtZdERjwxfH/4qkIL4T8d04vNd\n3VnLdRyiimNkyQ67vrLyBvyUwArmABIYnPXoEDKWXCHRLC8OREyU4f6KHX3shSiO\nBx4DZ2pO1uXOmblXFAhlsoOHyeHsVRfVb8po8woeYYCF/m8CUnPpM2A1dM8Tsbon\n4e6htN5FTo65AAABAQCIbLTHTCpdMoO/Dhk8vz2ZYRunEF5r3vk7KUphHGZoZKBC\nbrKzgSnkqNvZ7VHhFKAjq+ecuMVvkx/J0vZc6zDr8An3E2DIDjhsWcg5fvCui/yj\nKWvy/qvpRVAtMVWWLVPtjz7rH3kHHI0I1ScH6q9+taEX3NlLOBQewpRvvR6VJ6RO\nrduCxeANTq1bqdjuUd5nNVoVp4UyEXkhYyIJqnloz6xqfzXx6lMiLI2ZIrjMiYzg\n/4PMOd4kHPGa1DA3SmyYvKmhOZaBoYaMm02Di67o02Xy86a+Ul3x1rn6wgcHUdBw\nNvcNTDlac3yWS6a/zm4ZrNrFrde70tWuE7ieQu5wAAABAQDmZXt2MY/6SrQP9ZZ3\nB5urITq1NonpTNkYrhCtDwQP7P+rFwAKKt9SJ08dQEpEdhE/OC3bgChpAmyB44IV\nJUO5fiuUcXbmrBEvrGSvyorvh9fDO3dMGbnGp6oqGXRal64u42QnAxsYcHgKj4j7\ndTIhwRdlQkPK2GNi1o8ei5ZANNijdkyfodZWzSO0fnVGdYUny6tgsnXbf+Ehggr2\nf1iNBXd+0GS2WTrwNB+VjAsU4qfCL++Q9NCusb5dwKtw8XPCFAOJgDxaaPsZGKwQ\n7a+OYQIh8ajVqLkAOeUNaNn65FrkDVy9fte77q7BndaXltjpTFVUXOeYYJoPnDyc\nP5E1AAABAQDYjbRuW3G26152iJawM+7X+yQA3GBusFBLMbscburU411i6JMiCRnk\nNsRA3CcgYCur7la86pUiy7kzB6blf0mov+Pxciv4RsI7vyE7rkZFgXdgKoSSBvMI\n6X3yzLgii7HH7MEdkEqMI1QYLj36scvvPUuOAblmI10TSOcwvcEruQXI3VKCqzrJ\nAWDRBpd5mGYEDKQ3NBORx3zlpzapw7dNdqIPhy1lB/702xPl+voG+tmgnwICJ06H\nKamARZli1iLfJEzgmva4i7dV1Qj2REVwaTfBMBlIvGJ9TUzPVbm7ZGiRH7oexNzW\nrTXC8Ue3K9MXVikPYEa4OYHoojDoKaclAAAAAAEC\n-----END OPENSSH PRIVATE KEY-----\n",
            "private_key_pem": "-----BEGIN RSA PRIVATE KEY-----\nMIIJKQIBAAKCAgEAwuUoc2ahWWznqRMBij2suA+GPbpRbgTRqa/RCXrsCpQmNy1y\nV779S3/fNTizWsgqM9NNcm//J2bsrjnNXMpMNnVktuOrvqWd40Ku+7Oc/BEzOjOT\n6BFEZKAQeoNFaT6O2TeSDPN/ZK5uVT1QTYeA1t0jYaJ4GAYa/kJCWHURPZK2OXf9\nVD82lNj5J5f3V5Db+3MaujqFr7WviVm2UlcNGvWCYrlkBErHd+BBJiAWhFhAjfQr\n17SRGPrhz2IafWsVkeE9+jPOVYZwD+kUraHebwVAei/8HkqT/tywVHu5pc0RRFXL\n+qy1z775H7uneNDgFmvS9jYFQXuC8JH6cFJazryrnkhX3bdMyPWAanF//vX1zecd\nEPU3Djbsz8btTdCfQpEgjIM0z0ijFLXbrjpctpz8dXAyWG0HCvR9s+PjHloulNkt\nvS48JTdJ/MfNQBgAJSVo9PCr9eBrVtJ71fVTU+pEWNWxNjrhqt8hCFMWsB+J0XIC\nTpY9eSpb65tWHtXtqLt5sZWQjJnPE3Zl8SAtuVcz4qL54t5S0ztKtM0eMFTyB4ua\n3TgHXCCjrsNEKC+U74vPyvMhYiXQnBzjCxO3+PMSj1G8s6IX0iC3PBm1erPdUPmu\n/iCcDVIxDXDLQgrKN3lLb8q7Y1Akdbe2+1cdITsnOTNpb5FfOVKEZlZmj6kCAwEA\nAQKCAgAF0DW4LNKu6wIv91//jR5mm8PvzxZtty6/0Sg65ak+bt6C8n6WInLGD+mL\nBLFziZlEqXlbv/524OmPZYGm0maakJQxUQeG7MQRtXlTCwT+5HkdiSX7cURpJ03G\nhxLeHvO+LpuoejzjC8GWa6PxDr586joLcqqtYMU+WfXw/dub9WaCaVNWR3przzBY\ntNOND5uYMP3rmczyCZ5+SihCOtQqaTH7RYy3r2QAGIwo7yJszoBtG4rmk2gT5taE\ndpMpXt/VAEh2eu7H0KDtazuRgEy1DWLid3ry4QZFabTIGFatx45Ly66wFVBpAskb\nNWA7SNOzp4IH6Q2YFJnlGMhFFcJymeDTSMkSGLZluQLylrwFqIVW0o97HmEjM65l\nijzfsnNIl57iARfbys4MdQnAbp1lFN+3oDVqfRb9iOYTRv4gRIeummY79FXQtEmN\nob3SVD/I8LoWTtjLvvkbFTyCbRIqbykYqVaf1FPnSxbqKgkA9nvEjyWYd5znEwKN\n/HeRx9Yi5TXSrWXREY8MXx/+KpCC+E/HdOLzXd1Zy3UcoopjZMkOu76y8gb8lMAK\n5gASGJz16BAyllwh0SwvDkRMlOH+ih197IUojgceA2dqTtblzpm5VxQIZbKDh8nh\n7FUX1W/KaPMKHmGAhf5vAlJz6TNgNXTPE7G6J+HuobTeRU6OuQKCAQEA5mV7djGP\n+kq0D/WWdwebqyE6tTaJ6UzZGK4QrQ8ED+z/qxcACirfUidPHUBKRHYRPzgt24Ao\naQJsgeOCFSVDuX4rlHF25qwRL6xkr8qK74fXwzt3TBm5xqeqKhl0WpeuLuNkJwMb\nGHB4Co+I+3UyIcEXZUJDythjYtaPHouWQDTYo3ZMn6HWVs0jtH51RnWFJ8urYLJ1\n23/hIYIK9n9YjQV3ftBktlk68DQflYwLFOKnwi/vkPTQrrG+XcCrcPFzwhQDiYA8\nWmj7GRisEO2vjmECIfGo1ai5ADnlDWjZ+uRa5A1cvX7Xu+6uwZ3Wl5bY6UxVVFzn\nmGCaD5w8nD+RNQKCAQEA2I20bltxtutedoiWsDPu1/skANxgbrBQSzG7HG7q1ONd\nYuiTIgkZ5DbEQNwnIGArq+5WvOqVIsu5Mwem5X9JqL/j8XIr+EbCO78hO65GRYF3\nYCqEkgbzCOl98sy4Iouxx+zBHZBKjCNUGC49+rHL7z1LjgG5ZiNdE0jnML3BK7kF\nyN1Sgqs6yQFg0QaXeZhmBAykNzQTkcd85ac2qcO3TXaiD4ctZQf+9NsT5fr6BvrZ\noJ8CAidOhympgEWZYtYi3yRM4Jr2uIu3VdUI9kRFcGk3wTAZSLxifU1Mz1W5u2Ro\nkR+6HsTc1q01wvFHtyvTF1YpD2BGuDmB6KIw6CmnJQKCAQEAudyiNZ4T/SEokztW\nb52Gmg4Lc0aVCM0C0aMSNtnHOCXDtryuPoWJdJfbfchwYTwx+6MRc2K2tsfKyxnC\nxdYzBT/gXjcOaVXj42aaLyog3MzkZU3illSmhriZUK8KK07zqEWudL5PrG6GmFZk\ndh58G7jOa9SCJfBcdM6L1GNdCVzYaz2y4JBI/estY50kdHu3uHvYPACbjUBjWIm0\n2FexEsqXNIlexa/EGSSjWhwIkIesN749791fP56J6M3WQB24eZd1pwX5KiJIdl1t\n6ZYlKqHde46c2gfrfmA2BJRSTNDM9e5Fo2ThGm2ZMv5msBFz2PjIWW89MbK0deVf\nC9lIBQKCAQB795r7tfOCAHmCJ60Dz6cCEy3IJGA73UkJ0r1HiKN8HXBfZ76atFUT\nFNsCOkVXvlYhxX34Bd48Hh21/cJoDJcROFB37qEHLxKP+1k9/gUSUwwQjCZ6JepJ\nBsloDhO3CvtJ9NmUX/6c/LhuY0Jt2gxht1giQhBtTP9CQ/C9MVN9AR0zoKdUUEuF\nt/lBj6F1JW35EXeMdo5hXK6+FRww0O6FNM2PUBYHiS1F5Igelq89AatFzODsdK36\nqDn1SWKGdwldbj1oMq3cdXcNdrf7qpeJw2H8gNlojxdenbrD0lJR2SgXM+9rH81A\nQ8XMBC3GyRq9eEBnIfk6Cwm4L+kJbpbVAoIBAQCIbLTHTCpdMoO/Dhk8vz2ZYRun\nEF5r3vk7KUphHGZoZKBCbrKzgSnkqNvZ7VHhFKAjq+ecuMVvkx/J0vZc6zDr8An3\nE2DIDjhsWcg5fvCui/yjKWvy/qvpRVAtMVWWLVPtjz7rH3kHHI0I1ScH6q9+taEX\n3NlLOBQewpRvvR6VJ6ROrduCxeANTq1bqdjuUd5nNVoVp4UyEXkhYyIJqnloz6xq\nfzXx6lMiLI2ZIrjMiYzg/4PMOd4kHPGa1DA3SmyYvKmhOZaBoYaMm02Di67o02Xy\n86a+Ul3x1rn6wgcHUdBwNvcNTDlac3yWS6a/zm4ZrNrFrde70tWuE7ieQu5w\n-----END RSA PRIVATE KEY-----\n",
            "private_key_pem_pkcs8": "-----BEGIN PRIVATE KEY-----\nMIIJQwIBADANBgkqhkiG9w0BAQEFAASCCS0wggkpAgEAAoICAQDC5ShzZqFZbOep\nEwGKPay4D4Y9ulFuBNGpr9EJeuwKlCY3LXJXvv1Lf981OLNayCoz001yb/8nZuyu\nOc1cykw2dWS246u+pZ3jQq77s5z8ETM6M5PoEURkoBB6g0VpPo7ZN5IM839krm5V\nPVBNh4DW3SNhongYBhr+QkJYdRE9krY5d/1UPzaU2Pknl/dXkNv7cxq6OoWvta+J\nWbZSVw0a9YJiuWQESsd34EEmIBaEWECN9CvXtJEY+uHPYhp9axWR4T36M85VhnAP\n6RStod5vBUB6L/weSpP+3LBUe7mlzRFEVcv6rLXPvvkfu6d40OAWa9L2NgVBe4Lw\nkfpwUlrOvKueSFfdt0zI9YBqcX/+9fXN5x0Q9TcONuzPxu1N0J9CkSCMgzTPSKMU\ntduuOly2nPx1cDJYbQcK9H2z4+MeWi6U2S29LjwlN0n8x81AGAAlJWj08Kv14GtW\n0nvV9VNT6kRY1bE2OuGq3yEIUxawH4nRcgJOlj15Klvrm1Ye1e2ou3mxlZCMmc8T\ndmXxIC25VzPiovni3lLTO0q0zR4wVPIHi5rdOAdcIKOuw0QoL5Tvi8/K8yFiJdCc\nHOMLE7f48xKPUbyzohfSILc8GbV6s91Q+a7+IJwNUjENcMtCCso3eUtvyrtjUCR1\nt7b7Vx0hOyc5M2lvkV85UoRmVmaPqQIDAQABAoICAAXQNbgs0q7rAi/3X/+NHmab\nw+/PFm23Lr/RKDrlqT5u3oLyfpYicsYP6YsEsXOJmUSpeVu//nbg6Y9lgabSZpqQ\nlDFRB4bsxBG1eVMLBP7keR2JJftxRGknTcaHEt4e874um6h6POMLwZZro/EOvnzq\nOgtyqq1gxT5Z9fD925v1ZoJpU1ZHemvPMFi0040Pm5gw/euZzPIJnn5KKEI61Cpp\nMftFjLevZAAYjCjvImzOgG0biuaTaBPm1oR2kyle39UASHZ67sfQoO1rO5GATLUN\nYuJ3evLhBkVptMgYVq3HjkvLrrAVUGkCyRs1YDtI07OnggfpDZgUmeUYyEUVwnKZ\n4NNIyRIYtmW5AvKWvAWohVbSj3seYSMzrmWKPN+yc0iXnuIBF9vKzgx1CcBunWUU\n37egNWp9Fv2I5hNG/iBEh66aZjv0VdC0SY2hvdJUP8jwuhZO2Mu++RsVPIJtEipv\nKRipVp/UU+dLFuoqCQD2e8SPJZh3nOcTAo38d5HH1iLlNdKtZdERjwxfH/4qkIL4\nT8d04vNd3VnLdRyiimNkyQ67vrLyBvyUwArmABIYnPXoEDKWXCHRLC8OREyU4f6K\nHX3shSiOBx4DZ2pO1uXOmblXFAhlsoOHyeHsVRfVb8po8woeYYCF/m8CUnPpM2A1\ndM8Tsbon4e6htN5FTo65AoIBAQDmZXt2MY/6SrQP9ZZ3B5urITq1NonpTNkYrhCt\nDwQP7P+rFwAKKt9SJ08dQEpEdhE/OC3bgChpAmyB44IVJUO5fiuUcXbmrBEvrGSv\nyorvh9fDO3dMGbnGp6oqGXRal64u42QnAxsYcHgKj4j7dTIhwRdlQkPK2GNi1o8e\ni5ZANNijdkyfodZWzSO0fnVGdYUny6tgsnXbf+Ehggr2f1iNBXd+0GS2WTrwNB+V\njAsU4qfCL++Q9NCusb5dwKtw8XPCFAOJgDxaaPsZGKwQ7a+OYQIh8ajVqLkAOeUN\naNn65FrkDVy9fte77q7BndaXltjpTFVUXOeYYJoPnDycP5E1AoIBAQDYjbRuW3G2\n6152iJawM+7X+yQA3GBusFBLMbscburU411i6JMiCRnkNsRA3CcgYCur7la86pUi\ny7kzB6blf0mov+Pxciv4RsI7vyE7rkZFgXdgKoSSBvMI6X3yzLgii7HH7MEdkEqM\nI1QYLj36scvvPUuOAblmI10TSOcwvcEruQXI3VKCqzrJAWDRBpd5mGYEDKQ3NBOR\nx3zlpzapw7dNdqIPhy1lB/702xPl+voG+tmgnwICJ06HKamARZli1iLfJEzgmva4\ni7dV1Qj2REVwaTfBMBlIvGJ9TUzPVbm7ZGiRH7oexNzWrTXC8Ue3K9MXVikPYEa4\nOYHoojDoKaclAoIBAQC53KI1nhP9ISiTO1ZvnYaaDgtzRpUIzQLRoxI22cc4JcO2\nvK4+hYl0l9t9yHBhPDH7oxFzYra2x8rLGcLF1jMFP+BeNw5pVePjZpovKiDczORl\nTeKWVKaGuJlQrworTvOoRa50vk+sboaYVmR2HnwbuM5r1IIl8Fx0zovUY10JXNhr\nPbLgkEj96y1jnSR0e7e4e9g8AJuNQGNYibTYV7ESypc0iV7Fr8QZJKNaHAiQh6w3\nvj3v3V8/nonozdZAHbh5l3WnBfkqIkh2XW3pliUqod17jpzaB+t+YDYElFJM0Mz1\n7kWjZOEabZky/mawEXPY+MhZbz0xsrR15V8L2UgFAoIBAHv3mvu184IAeYInrQPP\npwITLcgkYDvdSQnSvUeIo3wdcF9nvpq0VRMU2wI6RVe+ViHFffgF3jweHbX9wmgM\nlxE4UHfuoQcvEo/7WT3+BRJTDBCMJnol6kkGyWgOE7cK+0n02ZRf/pz8uG5jQm3a\nDGG3WCJCEG1M/0JD8L0xU30BHTOgp1RQS4W3+UGPoXUlbfkRd4x2jmFcrr4VHDDQ\n7oU0zY9QFgeJLUXkiB6Wrz0Bq0XM4Ox0rfqoOfVJYoZ3CV1uPWgyrdx1dw12t/uq\nl4nDYfyA2WiPF16dusPSUlHZKBcz72sfzUBDxcwELcbJGr14QGch+ToLCbgv6Qlu\nltUCggEBAIhstMdMKl0yg78OGTy/PZlhG6cQXmve+TspSmEcZmhkoEJusrOBKeSo\n29ntUeEUoCOr55y4xW+TH8nS9lzrMOvwCfcTYMgOOGxZyDl+8K6L/KMpa/L+q+lF\nUC0xVZYtU+2PPusfeQccjQjVJwfqr361oRfc2Us4FB7ClG+9HpUnpE6t24LF4A1O\nrVup2O5R3mc1WhWnhTIReSFjIgmqeWjPrGp/NfHqUyIsjZkiuMyJjOD/g8w53iQc\n8ZrUMDdKbJi8qaE5loGhhoybTYOLrujTZfLzpr5SXfHWufrCBwdR0HA29w1MOVpz\nfJZLpr/Obhms2sWt17vS1a4TuJ5C7nA=\n-----END PRIVATE KEY-----\n",
            "public_key_fingerprint_md5": "72:39:8c:4f:c2:24:0e:07:cf:97:43:4f:92:18:fb:db",
            "public_key_fingerprint_sha256": "SHA256:C4IeON/Si6ye3Hb9Hhdp0HijEghveC5T5+ZHO0M66JE",
            "public_key_openssh": "ssh-rsa AAAAB3NzaC1yc2EAAAADAQABAAACAQDC5ShzZqFZbOepEwGKPay4D4Y9ulFuBNGpr9EJeuwKlCY3LXJXvv1Lf981OLNayCoz001yb/8nZuyuOc1cykw2dWS246u+pZ3jQq77s5z8ETM6M5PoEURkoBB6g0VpPo7ZN5IM839krm5VPVBNh4DW3SNhongYBhr+QkJYdRE9krY5d/1UPzaU2Pknl/dXkNv7cxq6OoWvta+JWbZSVw0a9YJiuWQESsd34EEmIBaEWECN9CvXtJEY+uHPYhp9axWR4T36M85VhnAP6RStod5vBUB6L/weSpP+3LBUe7mlzRFEVcv6rLXPvvkfu6d40OAWa9L2NgVBe4LwkfpwUlrOvKueSFfdt0zI9YBqcX/+9fXN5x0Q9TcONuzPxu1N0J9CkSCMgzTPSKMUtduuOly2nPx1cDJYbQcK9H2z4+MeWi6U2S29LjwlN0n8x81AGAAlJWj08Kv14GtW0nvV9VNT6kRY1bE2OuGq3yEIUxawH4nRcgJOlj15Klvrm1Ye1e2ou3mxlZCMmc8TdmXxIC25VzPiovni3lLTO0q0zR4wVPIHi5rdOAdcIKOuw0QoL5Tvi8/K8yFiJdCcHOMLE7f48xKPUbyzohfSILc8GbV6s91Q+a7+IJwNUjENcMtCCso3eUtvyrtjUCR1t7b7Vx0hOyc5M2lvkV85UoRmVmaPqQ==\n",
            "public_key_pem": "-----BEGIN PUBLIC KEY-----\nMIICIjANBgkqhkiG9w0BAQEFAAOCAg8AMIICCgKCAgEAwuUoc2ahWWznqRMBij2s\nuA+GPbpRbgTRqa/RCXrsCpQmNy1yV779S3/fNTizWsgqM9NNcm//J2bsrjnNXMpM\nNnVktuOrvqWd40Ku+7Oc/BEzOjOT6BFEZKAQeoNFaT6O2TeSDPN/ZK5uVT1QTYeA\n1t0jYaJ4GAYa/kJCWHURPZK2OXf9VD82lNj5J5f3V5Db+3MaujqFr7WviVm2UlcN\nGvWCYrlkBErHd+BBJiAWhFhAjfQr17SRGPrhz2IafWsVkeE9+jPOVYZwD+kUraHe\nbwVAei/8HkqT/tywVHu5pc0RRFXL+qy1z775H7uneNDgFmvS9jYFQXuC8JH6cFJa\nzryrnkhX3bdMyPWAanF//vX1zecdEPU3Djbsz8btTdCfQpEgjIM0z0ijFLXbrjpc\ntpz8dXAyWG0HCvR9s+PjHloulNktvS48JTdJ/MfNQBgAJSVo9PCr9eBrVtJ71fVT\nU+pEWNWxNjrhqt8hCFMWsB+J0XICTpY9eSpb65tWHtXtqLt5sZWQjJnPE3Zl8SAt\nuVcz4qL54t5S0ztKtM0eMFTyB4ua3TgHXCCjrsNEKC+U74vPyvMhYiXQnBzjCxO3\n+PMSj1G8s6IX0iC3PBm1erPdUPmu/iCcDVIxDXDLQgrKN3lLb8q7Y1Akdbe2+1cd\nITsnOTNpb5FfOVKEZlZmj6kCAwEAAQ==\n-----END PUBLIC KEY-----\n",
            "rsa_bits": 4096
          },
          "sensitive_attributes": [
            [
              {
                "type": "get_attr",
                "value": "private_key_openssh"
              }
            ],
            [
              {
                "type": "get_attr",
                "value": "private_key_pem"
              }
            ],
            [
              {
                "type": "get_attr",
                "value": "private_key_pem_pkcs8"
              }
            ]
          ],
          "identity_schema_version": 0
        }
      ]
    },
    {
      "module": "module.networking",
      "mode": "data",
      "type": "aws_availability_zones",
      "name": "available",
      "provider": "provider[\"registry.terraform.io/hashicorp/aws\"]",
      "instances": [
        {
          "schema_version": 0,
          "attributes": {
            "all_availability_zones": null,
            "exclude_names": null,
            "exclude_zone_ids": null,
            "filter": null,
            "group_names": [
              "eu-north-1-zg-1"
            ],
            "id": "eu-north-1",
            "names": [
              "eu-north-1a",
              "eu-north-1b",
              "eu-north-1c"
            ],
            "region": "eu-north-1",
            "state": "available",
            "timeouts": null,
            "zone_ids": [
              "eun1-az1",
              "eun1-az2",
              "eun1-az3"
            ]
          },
          "sensitive_attributes": [],
          "identity_schema_version": 0
        }
      ]
    },
    {
      "module": "module.networking",
      "mode": "managed",
      "type": "aws_eip",
      "name": "nat",
      "provider": "provider[\"registry.terraform.io/hashicorp/aws\"]",
      "instances": [
        {
          "schema_version": 0,
          "attributes": {
            "address": null,
            "allocation_id": "eipalloc-056503afad7bfc591",
            "arn": "arn:aws:ec2:eu-north-1:254652353999:elastic-ip/eipalloc-056503afad7bfc591",
            "associate_with_private_ip": null,
            "association_id": "eipassoc-01b2c09c34cda98b8",
            "carrier_ip": "",
            "customer_owned_ip": "",
            "customer_owned_ipv4_pool": "",
            "domain": "vpc",
            "id": "eipalloc-056503afad7bfc591",
            "instance": "",
            "ipam_pool_id": null,
            "network_border_group": "eu-north-1",
            "network_interface": "eni-00cf3cff0f7e58bc8",
            "private_dns": "ip-10-1-101-52.eu-north-1.compute.internal",
            "private_ip": "10.1.101.52",
            "ptr_record": "",
            "public_dns": "ec2-51-21-48-12.eu-north-1.compute.amazonaws.com",
            "public_ip": "51.21.48.12",
            "public_ipv4_pool": "amazon",
            "region": "eu-north-1",
            "tags": {
              "Name": "eip-nat-prod",
              "environment": "prod",
              "managed-by": "terraform",
              "owner": "nagham",
              "project": "devops-multicloud"
            },
            "tags_all": {
              "Name": "eip-nat-prod",
              "environment": "prod",
              "managed-by": "terraform",
              "owner": "nagham",
              "project": "devops-multicloud"
            },
            "timeouts": null
          },
          "sensitive_attributes": [],
          "identity_schema_version": 0,
          "private": "eyJlMmJmYjczMC1lY2FhLTExZTYtOGY4OC0zNDM2M2JjN2M0YzAiOnsiZGVsZXRlIjoxODAwMDAwMDAwMDAsInJlYWQiOjkwMDAwMDAwMDAwMCwidXBkYXRlIjozMDAwMDAwMDAwMDB9fQ==",
          "dependencies": [
            "module.networking.aws_internet_gateway.main",
            "module.networking.aws_vpc.main"
          ]
        }
      ]
    },
    {
      "module": "module.networking",
      "mode": "managed",
      "type": "aws_internet_gateway",
      "name": "main",
      "provider": "provider[\"registry.terraform.io/hashicorp/aws\"]",
      "instances": [
        {
          "schema_version": 0,
          "attributes": {
            "arn": "arn:aws:ec2:eu-north-1:254652353999:internet-gateway/igw-057f0a85980c68985",
            "id": "igw-057f0a85980c68985",
            "owner_id": "254652353999",
            "region": "eu-north-1",
            "tags": {
              "Name": "igw-prod",
              "environment": "prod",
              "managed-by": "terraform",
              "owner": "nagham",
              "project": "devops-multicloud"
            },
            "tags_all": {
              "Name": "igw-prod",
              "environment": "prod",
              "managed-by": "terraform",
              "owner": "nagham",
              "project": "devops-multicloud"
            },
            "timeouts": null,
            "vpc_id": "vpc-0af2190bc77f844e3"
          },
          "sensitive_attributes": [],
          "identity_schema_version": 0,
          "private": "eyJlMmJmYjczMC1lY2FhLTExZTYtOGY4OC0zNDM2M2JjN2M0YzAiOnsiY3JlYXRlIjoxMjAwMDAwMDAwMDAwLCJkZWxldGUiOjEyMDAwMDAwMDAwMDAsInVwZGF0ZSI6MTIwMDAwMDAwMDAwMH19",
          "dependencies": [
            "module.networking.aws_vpc.main"
          ]
        }
      ]
    },
    {
      "module": "module.networking",
      "mode": "managed",
      "type": "aws_nat_gateway",
      "name": "main",
      "provider": "provider[\"registry.terraform.io/hashicorp/aws\"]",
      "instances": [
        {
          "schema_version": 0,
          "attributes": {
            "allocation_id": "eipalloc-056503afad7bfc591",
            "association_id": "eipassoc-01b2c09c34cda98b8",
            "auto_provision_zones": null,
            "auto_scaling_ips": null,
            "availability_mode": "zonal",
            "availability_zone_address": [],
            "connectivity_type": "public",
            "id": "nat-0b7100d0683550221",
            "network_interface_id": "eni-00cf3cff0f7e58bc8",
            "private_ip": "10.1.101.52",
            "public_ip": "51.21.48.12",
            "region": "eu-north-1",
            "regional_nat_gateway_address": [],
            "regional_nat_gateway_auto_mode": null,
            "route_table_id": null,
            "secondary_allocation_ids": [],
            "secondary_private_ip_address_count": 0,
            "secondary_private_ip_addresses": [],
            "subnet_id": "subnet-0f63fd23123a05351",
            "tags": {
              "Name": "nat-prod",
              "environment": "prod",
              "managed-by": "terraform",
              "owner": "nagham",
              "project": "devops-multicloud"
            },
            "tags_all": {
              "Name": "nat-prod",
              "environment": "prod",
              "managed-by": "terraform",
              "owner": "nagham",
              "project": "devops-multicloud"
            },
            "timeouts": null,
            "vpc_id": "vpc-0af2190bc77f844e3"
          },
          "sensitive_attributes": [],
          "identity_schema_version": 0,
          "private": "eyJlMmJmYjczMC1lY2FhLTExZTYtOGY4OC0zNDM2M2JjN2M0YzAiOnsiY3JlYXRlIjo2MDAwMDAwMDAwMDAsImRlbGV0ZSI6MTgwMDAwMDAwMDAwMCwidXBkYXRlIjo2MDAwMDAwMDAwMDB9fQ==",
          "dependencies": [
            "module.networking.aws_eip.nat",
            "module.networking.aws_internet_gateway.main",
            "module.networking.aws_subnet.public",
            "module.networking.aws_vpc.main",
            "module.networking.data.aws_availability_zones.available"
          ]
        }
      ]
    },
    {
      "module": "module.networking",
      "mode": "managed",
      "type": "aws_route_table",
      "name": "private",
      "provider": "provider[\"registry.terraform.io/hashicorp/aws\"]",
      "instances": [
        {
          "schema_version": 0,
          "attributes": {
            "arn": "arn:aws:ec2:eu-north-1:254652353999:route-table/rtb-09bc688c78d98f2ba",
            "id": "rtb-09bc688c78d98f2ba",
            "owner_id": "254652353999",
            "propagating_vgws": [],
            "region": "eu-north-1",
            "route": [
              {
                "carrier_gateway_id": "",
                "cidr_block": "0.0.0.0/0",
                "core_network_arn": "",
                "destination_prefix_list_id": "",
                "egress_only_gateway_id": "",
                "gateway_id": "",
                "ipv6_cidr_block": "",
                "local_gateway_id": "",
                "nat_gateway_id": "nat-0b7100d0683550221",
                "network_interface_id": "",
                "transit_gateway_id": "",
                "vpc_endpoint_id": "",
                "vpc_peering_connection_id": ""
              }
            ],
            "tags": {
              "Name": "rt-private-prod",
              "environment": "prod",
              "managed-by": "terraform",
              "owner": "nagham",
              "project": "devops-multicloud"
            },
            "tags_all": {
              "Name": "rt-private-prod",
              "environment": "prod",
              "managed-by": "terraform",
              "owner": "nagham",
              "project": "devops-multicloud"
            },
            "timeouts": null,
            "vpc_id": "vpc-0af2190bc77f844e3"
          },
          "sensitive_attributes": [],
          "identity_schema_version": 0,
          "identity": {
            "account_id": "254652353999",
            "id": "rtb-09bc688c78d98f2ba",
            "region": "eu-north-1"
          },
          "private": "eyJlMmJmYjczMC1lY2FhLTExZTYtOGY4OC0zNDM2M2JjN2M0YzAiOnsiY3JlYXRlIjozMDAwMDAwMDAwMDAsImRlbGV0ZSI6MzAwMDAwMDAwMDAwLCJ1cGRhdGUiOjEyMDAwMDAwMDAwMH19",
          "dependencies": [
            "module.networking.aws_eip.nat",
            "module.networking.aws_internet_gateway.main",
            "module.networking.aws_nat_gateway.main",
            "module.networking.aws_subnet.public",
            "module.networking.aws_vpc.main",
            "module.networking.data.aws_availability_zones.available"
          ]
        }
      ]
    },
    {
      "module": "module.networking",
      "mode": "managed",
      "type": "aws_route_table",
      "name": "public",
      "provider": "provider[\"registry.terraform.io/hashicorp/aws\"]",
      "instances": [
        {
          "schema_version": 0,
          "attributes": {
            "arn": "arn:aws:ec2:eu-north-1:254652353999:route-table/rtb-0ee8cd145087fc757",
            "id": "rtb-0ee8cd145087fc757",
            "owner_id": "254652353999",
            "propagating_vgws": [],
            "region": "eu-north-1",
            "route": [
              {
                "carrier_gateway_id": "",
                "cidr_block": "0.0.0.0/0",
                "core_network_arn": "",
                "destination_prefix_list_id": "",
                "egress_only_gateway_id": "",
                "gateway_id": "igw-057f0a85980c68985",
                "ipv6_cidr_block": "",
                "local_gateway_id": "",
                "nat_gateway_id": "",
                "network_interface_id": "",
                "transit_gateway_id": "",
                "vpc_endpoint_id": "",
                "vpc_peering_connection_id": ""
              }
            ],
            "tags": {
              "Name": "rt-public-prod",
              "environment": "prod",
              "managed-by": "terraform",
              "owner": "nagham",
              "project": "devops-multicloud"
            },
            "tags_all": {
              "Name": "rt-public-prod",
              "environment": "prod",
              "managed-by": "terraform",
              "owner": "nagham",
              "project": "devops-multicloud"
            },
            "timeouts": null,
            "vpc_id": "vpc-0af2190bc77f844e3"
          },
          "sensitive_attributes": [],
          "identity_schema_version": 0,
          "identity": {
            "account_id": "254652353999",
            "id": "rtb-0ee8cd145087fc757",
            "region": "eu-north-1"
          },
          "private": "eyJlMmJmYjczMC1lY2FhLTExZTYtOGY4OC0zNDM2M2JjN2M0YzAiOnsiY3JlYXRlIjozMDAwMDAwMDAwMDAsImRlbGV0ZSI6MzAwMDAwMDAwMDAwLCJ1cGRhdGUiOjEyMDAwMDAwMDAwMH19",
          "dependencies": [
            "module.networking.aws_internet_gateway.main",
            "module.networking.aws_vpc.main"
          ]
        }
      ]
    },
    {
      "module": "module.networking",
      "mode": "managed",
      "type": "aws_route_table_association",
      "name": "private",
      "provider": "provider[\"registry.terraform.io/hashicorp/aws\"]",
      "instances": [
        {
          "index_key": 0,
          "schema_version": 0,
          "attributes": {
            "gateway_id": "",
            "id": "rtbassoc-0584ffe81745d32bb",
            "region": "eu-north-1",
            "route_table_id": "rtb-09bc688c78d98f2ba",
            "subnet_id": "subnet-0a239b0e23b17bcd0",
            "timeouts": null
          },
          "sensitive_attributes": [],
          "identity_schema_version": 0,
          "private": "eyJlMmJmYjczMC1lY2FhLTExZTYtOGY4OC0zNDM2M2JjN2M0YzAiOnsiY3JlYXRlIjozMDAwMDAwMDAwMDAsImRlbGV0ZSI6MzAwMDAwMDAwMDAwLCJ1cGRhdGUiOjEyMDAwMDAwMDAwMH19",
          "dependencies": [
            "module.networking.aws_eip.nat",
            "module.networking.aws_internet_gateway.main",
            "module.networking.aws_nat_gateway.main",
            "module.networking.aws_route_table.private",
            "module.networking.aws_subnet.private",
            "module.networking.aws_subnet.public",
            "module.networking.aws_vpc.main",
            "module.networking.data.aws_availability_zones.available"
          ]
        },
        {
          "index_key": 1,
          "schema_version": 0,
          "attributes": {
            "gateway_id": "",
            "id": "rtbassoc-07db860adfef4dee9",
            "region": "eu-north-1",
            "route_table_id": "rtb-09bc688c78d98f2ba",
            "subnet_id": "subnet-0c552ea69cb6ac761",
            "timeouts": null
          },
          "sensitive_attributes": [],
          "identity_schema_version": 0,
          "private": "eyJlMmJmYjczMC1lY2FhLTExZTYtOGY4OC0zNDM2M2JjN2M0YzAiOnsiY3JlYXRlIjozMDAwMDAwMDAwMDAsImRlbGV0ZSI6MzAwMDAwMDAwMDAwLCJ1cGRhdGUiOjEyMDAwMDAwMDAwMH19",
          "dependencies": [
            "module.networking.aws_eip.nat",
            "module.networking.aws_internet_gateway.main",
            "module.networking.aws_nat_gateway.main",
            "module.networking.aws_route_table.private",
            "module.networking.aws_subnet.private",
            "module.networking.aws_subnet.public",
            "module.networking.aws_vpc.main",
            "module.networking.data.aws_availability_zones.available"
          ]
        }
      ]
    },
    {
      "module": "module.networking",
      "mode": "managed",
      "type": "aws_route_table_association",
      "name": "public",
      "provider": "provider[\"registry.terraform.io/hashicorp/aws\"]",
      "instances": [
        {
          "index_key": 0,
          "schema_version": 0,
          "attributes": {
            "gateway_id": "",
            "id": "rtbassoc-0191a31cc7dbaf0da",
            "region": "eu-north-1",
            "route_table_id": "rtb-0ee8cd145087fc757",
            "subnet_id": "subnet-0f63fd23123a05351",
            "timeouts": null
          },
          "sensitive_attributes": [],
          "identity_schema_version": 0,
          "private": "eyJlMmJmYjczMC1lY2FhLTExZTYtOGY4OC0zNDM2M2JjN2M0YzAiOnsiY3JlYXRlIjozMDAwMDAwMDAwMDAsImRlbGV0ZSI6MzAwMDAwMDAwMDAwLCJ1cGRhdGUiOjEyMDAwMDAwMDAwMH19",
          "dependencies": [
            "module.networking.aws_internet_gateway.main",
            "module.networking.aws_route_table.public",
            "module.networking.aws_subnet.public",
            "module.networking.aws_vpc.main",
            "module.networking.data.aws_availability_zones.available"
          ]
        },
        {
          "index_key": 1,
          "schema_version": 0,
          "attributes": {
            "gateway_id": "",
            "id": "rtbassoc-0ced10f3725498b35",
            "region": "eu-north-1",
            "route_table_id": "rtb-0ee8cd145087fc757",
            "subnet_id": "subnet-0b0f4abc0a11aee53",
            "timeouts": null
          },
          "sensitive_attributes": [],
          "identity_schema_version": 0,
          "private": "eyJlMmJmYjczMC1lY2FhLTExZTYtOGY4OC0zNDM2M2JjN2M0YzAiOnsiY3JlYXRlIjozMDAwMDAwMDAwMDAsImRlbGV0ZSI6MzAwMDAwMDAwMDAwLCJ1cGRhdGUiOjEyMDAwMDAwMDAwMH19",
          "dependencies": [
            "module.networking.aws_internet_gateway.main",
            "module.networking.aws_route_table.public",
            "module.networking.aws_subnet.public",
            "module.networking.aws_vpc.main",
            "module.networking.data.aws_availability_zones.available"
          ]
        }
      ]
    },
    {
      "module": "module.networking",
      "mode": "managed",
      "type": "aws_security_group",
      "name": "eks_cluster",
      "provider": "provider[\"registry.terraform.io/hashicorp/aws\"]",
      "instances": [
        {
          "schema_version": 1,
          "attributes": {
            "arn": "arn:aws:ec2:eu-north-1:254652353999:security-group/sg-01d6e4b08bc7d30d1",
            "description": "EKS cluster control plane security group",
            "egress": [
              {
                "cidr_blocks": [
                  "0.0.0.0/0"
                ],
                "description": "Allow all outbound",
                "from_port": 0,
                "ipv6_cidr_blocks": [],
                "prefix_list_ids": [],
                "protocol": "-1",
                "security_groups": [],
                "self": false,
                "to_port": 0
              }
            ],
            "id": "sg-01d6e4b08bc7d30d1",
            "ingress": [
              {
                "cidr_blocks": [
                  "10.1.0.0/16"
                ],
                "description": "HTTPS from VPC - nodes to API server",
                "from_port": 443,
                "ipv6_cidr_blocks": [],
                "prefix_list_ids": [],
                "protocol": "tcp",
                "security_groups": [],
                "self": false,
                "to_port": 443
              }
            ],
            "name": "eks-cluster-prod",
            "name_prefix": "",
            "owner_id": "254652353999",
            "region": "eu-north-1",
            "revoke_rules_on_delete": false,
            "tags": {
              "Name": "eks-cluster-prod",
              "environment": "prod",
              "managed-by": "terraform",
              "owner": "nagham",
              "project": "devops-multicloud"
            },
            "tags_all": {
              "Name": "eks-cluster-prod",
              "environment": "prod",
              "managed-by": "terraform",
              "owner": "nagham",
              "project": "devops-multicloud"
            },
            "timeouts": null,
            "vpc_id": "vpc-0af2190bc77f844e3"
          },
          "sensitive_attributes": [],
          "identity_schema_version": 0,
          "identity": {
            "account_id": "254652353999",
            "id": "sg-01d6e4b08bc7d30d1",
            "region": "eu-north-1"
          },
          "private": "eyJlMmJmYjczMC1lY2FhLTExZTYtOGY4OC0zNDM2M2JjN2M0YzAiOnsiY3JlYXRlIjo2MDAwMDAwMDAwMDAsImRlbGV0ZSI6OTAwMDAwMDAwMDAwfSwic2NoZW1hX3ZlcnNpb24iOiIxIn0=",
          "dependencies": [
            "module.networking.aws_vpc.main"
          ]
        }
      ]
    },
    {
      "module": "module.networking",
      "mode": "managed",
      "type": "aws_security_group",
      "name": "eks_nodes",
      "provider": "provider[\"registry.terraform.io/hashicorp/aws\"]",
      "instances": [
        {
          "schema_version": 1,
          "attributes": {
            "arn": "arn:aws:ec2:eu-north-1:254652353999:security-group/sg-08376eeda1d14cd07",
            "description": "EKS worker nodes security group",
            "egress": [
              {
                "cidr_blocks": [
                  "0.0.0.0/0"
                ],
                "description": "Allow all outbound",
                "from_port": 0,
                "ipv6_cidr_blocks": [],
                "prefix_list_ids": [],
                "protocol": "-1",
                "security_groups": [],
                "self": false,
                "to_port": 0
              }
            ],
            "id": "sg-08376eeda1d14cd07",
            "ingress": [
              {
                "cidr_blocks": [
                  "0.0.0.0/0"
                ],
                "description": "HTTP for ingress",
                "from_port": 80,
                "ipv6_cidr_blocks": [],
                "prefix_list_ids": [],
                "protocol": "tcp",
                "security_groups": [],
                "self": false,
                "to_port": 80
              },
              {
                "cidr_blocks": [
                  "0.0.0.0/0"
                ],
                "description": "HTTPS for ingress",
                "from_port": 443,
                "ipv6_cidr_blocks": [],
                "prefix_list_ids": [],
                "protocol": "tcp",
                "security_groups": [],
                "self": false,
                "to_port": 443
              },
              {
                "cidr_blocks": [
                  "10.1.0.0/16"
                ],
                "description": "Allow HTTPS from control plane",
                "from_port": 443,
                "ipv6_cidr_blocks": [],
                "prefix_list_ids": [],
                "protocol": "tcp",
                "security_groups": [],
                "self": false,
                "to_port": 443
              },
              {
                "cidr_blocks": [
                  "10.1.0.0/16"
                ],
                "description": "Allow control plane to reach nodes",
                "from_port": 1025,
                "ipv6_cidr_blocks": [],
                "prefix_list_ids": [],
                "protocol": "tcp",
                "security_groups": [],
                "self": false,
                "to_port": 65535
              },
              {
                "cidr_blocks": [
                  "10.1.0.0/16"
                ],
                "description": "Node.js app port from VPC",
                "from_port": 3000,
                "ipv6_cidr_blocks": [],
                "prefix_list_ids": [],
                "protocol": "tcp",
                "security_groups": [],
                "self": false,
                "to_port": 3000
              },
              {
                "cidr_blocks": [],
                "description": "Allow node to node communication",
                "from_port": 0,
                "ipv6_cidr_blocks": [],
                "prefix_list_ids": [],
                "protocol": "-1",
                "security_groups": [],
                "self": true,
                "to_port": 0
              }
            ],
            "name": "eks-nodes-prod",
            "name_prefix": "",
            "owner_id": "254652353999",
            "region": "eu-north-1",
            "revoke_rules_on_delete": null,
            "tags": {
              "Name": "eks-nodes-prod",
              "environment": "prod",
              "kubernetes.io/cluster/eks-prod-dr": "owned",
              "managed-by": "terraform",
              "owner": "nagham",
              "project": "devops-multicloud"
            },
            "tags_all": {
              "Name": "eks-nodes-prod",
              "environment": "prod",
              "kubernetes.io/cluster/eks-prod-dr": "owned",
              "managed-by": "terraform",
              "owner": "nagham",
              "project": "devops-multicloud"
            },
            "timeouts": null,
            "vpc_id": "vpc-0af2190bc77f844e3"
          },
          "sensitive_attributes": [],
          "identity_schema_version": 0,
          "identity": {
            "account_id": "254652353999",
            "id": "sg-08376eeda1d14cd07",
            "region": "eu-north-1"
          },
          "private": "eyJlMmJmYjczMC1lY2FhLTExZTYtOGY4OC0zNDM2M2JjN2M0YzAiOnsiY3JlYXRlIjo2MDAwMDAwMDAwMDAsImRlbGV0ZSI6OTAwMDAwMDAwMDAwfSwic2NoZW1hX3ZlcnNpb24iOiIxIn0=",
          "dependencies": [
            "module.networking.aws_vpc.main"
          ]
        }
      ]
    },
    {
      "module": "module.networking",
      "mode": "managed",
      "type": "aws_subnet",
      "name": "private",
      "provider": "provider[\"registry.terraform.io/hashicorp/aws\"]",
      "instances": [
        {
          "index_key": 0,
          "schema_version": 1,
          "attributes": {
            "arn": "arn:aws:ec2:eu-north-1:254652353999:subnet/subnet-0a239b0e23b17bcd0",
            "assign_ipv6_address_on_creation": false,
            "availability_zone": "eu-north-1a",
            "availability_zone_id": "eun1-az1",
            "cidr_block": "10.1.1.0/24",
            "customer_owned_ipv4_pool": "",
            "enable_dns64": false,
            "enable_lni_at_device_index": 0,
            "enable_resource_name_dns_a_record_on_launch": false,
            "enable_resource_name_dns_aaaa_record_on_launch": false,
            "id": "subnet-0a239b0e23b17bcd0",
            "ipv4_ipam_pool_id": null,
            "ipv4_netmask_length": null,
            "ipv6_cidr_block": "",
            "ipv6_cidr_block_association_id": "",
            "ipv6_ipam_pool_id": null,
            "ipv6_native": false,
            "ipv6_netmask_length": null,
            "map_customer_owned_ip_on_launch": false,
            "map_public_ip_on_launch": false,
            "outpost_arn": "",
            "owner_id": "254652353999",
            "private_dns_hostname_type_on_launch": "ip-name",
            "region": "eu-north-1",
            "tags": {
              "Name": "snet-private-prod-0",
              "environment": "prod",
              "kubernetes.io/cluster/eks-prod-dr": "shared",
              "kubernetes.io/role/internal-elb": "1",
              "managed-by": "terraform",
              "owner": "nagham",
              "project": "devops-multicloud"
            },
            "tags_all": {
              "Name": "snet-private-prod-0",
              "environment": "prod",
              "kubernetes.io/cluster/eks-prod-dr": "shared",
              "kubernetes.io/role/internal-elb": "1",
              "managed-by": "terraform",
              "owner": "nagham",
              "project": "devops-multicloud"
            },
            "timeouts": null,
            "vpc_id": "vpc-0af2190bc77f844e3"
          },
          "sensitive_attributes": [],
          "identity_schema_version": 0,
          "identity": {
            "account_id": "254652353999",
            "id": "subnet-0a239b0e23b17bcd0",
            "region": "eu-north-1"
          },
          "private": "eyJlMmJmYjczMC1lY2FhLTExZTYtOGY4OC0zNDM2M2JjN2M0YzAiOnsiY3JlYXRlIjo2MDAwMDAwMDAwMDAsImRlbGV0ZSI6MTIwMDAwMDAwMDAwMH0sInNjaGVtYV92ZXJzaW9uIjoiMSJ9",
          "dependencies": [
            "module.networking.aws_vpc.main",
            "module.networking.data.aws_availability_zones.available"
          ]
        },
        {
          "index_key": 1,
          "schema_version": 1,
          "attributes": {
            "arn": "arn:aws:ec2:eu-north-1:254652353999:subnet/subnet-0c552ea69cb6ac761",
            "assign_ipv6_address_on_creation": false,
            "availability_zone": "eu-north-1b",
            "availability_zone_id": "eun1-az2",
            "cidr_block": "10.1.2.0/24",
            "customer_owned_ipv4_pool": "",
            "enable_dns64": false,
            "enable_lni_at_device_index": 0,
            "enable_resource_name_dns_a_record_on_launch": false,
            "enable_resource_name_dns_aaaa_record_on_launch": false,
            "id": "subnet-0c552ea69cb6ac761",
            "ipv4_ipam_pool_id": null,
            "ipv4_netmask_length": null,
            "ipv6_cidr_block": "",
            "ipv6_cidr_block_association_id": "",
            "ipv6_ipam_pool_id": null,
            "ipv6_native": false,
            "ipv6_netmask_length": null,
            "map_customer_owned_ip_on_launch": false,
            "map_public_ip_on_launch": false,
            "outpost_arn": "",
            "owner_id": "254652353999",
            "private_dns_hostname_type_on_launch": "ip-name",
            "region": "eu-north-1",
            "tags": {
              "Name": "snet-private-prod-1",
              "environment": "prod",
              "kubernetes.io/cluster/eks-prod-dr": "shared",
              "kubernetes.io/role/internal-elb": "1",
              "managed-by": "terraform",
              "owner": "nagham",
              "project": "devops-multicloud"
            },
            "tags_all": {
              "Name": "snet-private-prod-1",
              "environment": "prod",
              "kubernetes.io/cluster/eks-prod-dr": "shared",
              "kubernetes.io/role/internal-elb": "1",
              "managed-by": "terraform",
              "owner": "nagham",
              "project": "devops-multicloud"
            },
            "timeouts": null,
            "vpc_id": "vpc-0af2190bc77f844e3"
          },
          "sensitive_attributes": [],
          "identity_schema_version": 0,
          "identity": {
            "account_id": "254652353999",
            "id": "subnet-0c552ea69cb6ac761",
            "region": "eu-north-1"
          },
          "private": "eyJlMmJmYjczMC1lY2FhLTExZTYtOGY4OC0zNDM2M2JjN2M0YzAiOnsiY3JlYXRlIjo2MDAwMDAwMDAwMDAsImRlbGV0ZSI6MTIwMDAwMDAwMDAwMH0sInNjaGVtYV92ZXJzaW9uIjoiMSJ9",
          "dependencies": [
            "module.networking.aws_vpc.main",
            "module.networking.data.aws_availability_zones.available"
          ]
        }
      ]
    },
    {
      "module": "module.networking",
      "mode": "managed",
      "type": "aws_subnet",
      "name": "public",
      "provider": "provider[\"registry.terraform.io/hashicorp/aws\"]",
      "instances": [
        {
          "index_key": 0,
          "schema_version": 1,
          "attributes": {
            "arn": "arn:aws:ec2:eu-north-1:254652353999:subnet/subnet-0f63fd23123a05351",
            "assign_ipv6_address_on_creation": false,
            "availability_zone": "eu-north-1a",
            "availability_zone_id": "eun1-az1",
            "cidr_block": "10.1.101.0/24",
            "customer_owned_ipv4_pool": "",
            "enable_dns64": false,
            "enable_lni_at_device_index": 0,
            "enable_resource_name_dns_a_record_on_launch": false,
            "enable_resource_name_dns_aaaa_record_on_launch": false,
            "id": "subnet-0f63fd23123a05351",
            "ipv4_ipam_pool_id": null,
            "ipv4_netmask_length": null,
            "ipv6_cidr_block": "",
            "ipv6_cidr_block_association_id": "",
            "ipv6_ipam_pool_id": null,
            "ipv6_native": false,
            "ipv6_netmask_length": null,
            "map_customer_owned_ip_on_launch": false,
            "map_public_ip_on_launch": true,
            "outpost_arn": "",
            "owner_id": "254652353999",
            "private_dns_hostname_type_on_launch": "ip-name",
            "region": "eu-north-1",
            "tags": {
              "Name": "snet-public-prod-0",
              "environment": "prod",
              "kubernetes.io/cluster/eks-prod-dr": "shared",
              "kubernetes.io/role/elb": "1",
              "managed-by": "terraform",
              "owner": "nagham",
              "project": "devops-multicloud"
            },
            "tags_all": {
              "Name": "snet-public-prod-0",
              "environment": "prod",
              "kubernetes.io/cluster/eks-prod-dr": "shared",
              "kubernetes.io/role/elb": "1",
              "managed-by": "terraform",
              "owner": "nagham",
              "project": "devops-multicloud"
            },
            "timeouts": null,
            "vpc_id": "vpc-0af2190bc77f844e3"
          },
          "sensitive_attributes": [],
          "identity_schema_version": 0,
          "identity": {
            "account_id": "254652353999",
            "id": "subnet-0f63fd23123a05351",
            "region": "eu-north-1"
          },
          "private": "eyJlMmJmYjczMC1lY2FhLTExZTYtOGY4OC0zNDM2M2JjN2M0YzAiOnsiY3JlYXRlIjo2MDAwMDAwMDAwMDAsImRlbGV0ZSI6MTIwMDAwMDAwMDAwMH0sInNjaGVtYV92ZXJzaW9uIjoiMSJ9",
          "dependencies": [
            "module.networking.aws_vpc.main",
            "module.networking.data.aws_availability_zones.available"
          ]
        },
        {
          "index_key": 1,
          "schema_version": 1,
          "attributes": {
            "arn": "arn:aws:ec2:eu-north-1:254652353999:subnet/subnet-0b0f4abc0a11aee53",
            "assign_ipv6_address_on_creation": false,
            "availability_zone": "eu-north-1b",
            "availability_zone_id": "eun1-az2",
            "cidr_block": "10.1.102.0/24",
            "customer_owned_ipv4_pool": "",
            "enable_dns64": false,
            "enable_lni_at_device_index": 0,
            "enable_resource_name_dns_a_record_on_launch": false,
            "enable_resource_name_dns_aaaa_record_on_launch": false,
            "id": "subnet-0b0f4abc0a11aee53",
            "ipv4_ipam_pool_id": null,
            "ipv4_netmask_length": null,
            "ipv6_cidr_block": "",
            "ipv6_cidr_block_association_id": "",
            "ipv6_ipam_pool_id": null,
            "ipv6_native": false,
            "ipv6_netmask_length": null,
            "map_customer_owned_ip_on_launch": false,
            "map_public_ip_on_launch": true,
            "outpost_arn": "",
            "owner_id": "254652353999",
            "private_dns_hostname_type_on_launch": "ip-name",
            "region": "eu-north-1",
            "tags": {
              "Name": "snet-public-prod-1",
              "environment": "prod",
              "kubernetes.io/cluster/eks-prod-dr": "shared",
              "kubernetes.io/role/elb": "1",
              "managed-by": "terraform",
              "owner": "nagham",
              "project": "devops-multicloud"
            },
            "tags_all": {
              "Name": "snet-public-prod-1",
              "environment": "prod",
              "kubernetes.io/cluster/eks-prod-dr": "shared",
              "kubernetes.io/role/elb": "1",
              "managed-by": "terraform",
              "owner": "nagham",
              "project": "devops-multicloud"
            },
            "timeouts": null,
            "vpc_id": "vpc-0af2190bc77f844e3"
          },
          "sensitive_attributes": [],
          "identity_schema_version": 0,
          "identity": {
            "account_id": "254652353999",
            "id": "subnet-0b0f4abc0a11aee53",
            "region": "eu-north-1"
          },
          "private": "eyJlMmJmYjczMC1lY2FhLTExZTYtOGY4OC0zNDM2M2JjN2M0YzAiOnsiY3JlYXRlIjo2MDAwMDAwMDAwMDAsImRlbGV0ZSI6MTIwMDAwMDAwMDAwMH0sInNjaGVtYV92ZXJzaW9uIjoiMSJ9",
          "dependencies": [
            "module.networking.aws_vpc.main",
            "module.networking.data.aws_availability_zones.available"
          ]
        }
      ]
    },
    {
      "module": "module.networking",
      "mode": "managed",
      "type": "aws_vpc_endpoint",
      "name": "ec2_messages",
      "provider": "provider[\"registry.terraform.io/hashicorp/aws\"]",
      "instances": [
        {
          "schema_version": 0,
          "attributes": {
            "arn": "arn:aws:ec2:eu-north-1:254652353999:vpc-endpoint/vpce-02492be463bc680b6",
            "auto_accept": null,
            "cidr_blocks": [],
            "dns_entry": [
              {
                "dns_name": "vpce-02492be463bc680b6-jzodd8qd.ec2messages.eu-north-1.vpce.amazonaws.com",
                "hosted_zone_id": "Z3OWWK6JFDEDGC"
              },
              {
                "dns_name": "vpce-02492be463bc680b6-jzodd8qd-eu-north-1a.ec2messages.eu-north-1.vpce.amazonaws.com",
                "hosted_zone_id": "Z3OWWK6JFDEDGC"
              },
              {
                "dns_name": "vpce-02492be463bc680b6-jzodd8qd-eu-north-1b.ec2messages.eu-north-1.vpce.amazonaws.com",
                "hosted_zone_id": "Z3OWWK6JFDEDGC"
              },
              {
                "dns_name": "ec2messages.eu-north-1.amazonaws.com",
                "hosted_zone_id": "Z0454188DN0ZRP1FQJZN"
              }
            ],
            "dns_options": [
              {
                "dns_record_ip_type": "ipv4",
                "private_dns_only_for_inbound_resolver_endpoint": false,
                "private_dns_preference": "",
                "private_dns_specified_domains": []
              }
            ],
            "id": "vpce-02492be463bc680b6",
            "ip_address_type": "ipv4",
            "network_interface_ids": [
              "eni-094eca9efafb8adcc",
              "eni-0a9409403c31a8cfb"
            ],
            "owner_id": "254652353999",
            "policy": "{\"Statement\":[{\"Action\":\"*\",\"Effect\":\"Allow\",\"Principal\":\"*\",\"Resource\":\"*\"}]}",
            "prefix_list_id": null,
            "private_dns_enabled": true,
            "region": "eu-north-1",
            "requester_managed": false,
            "resource_configuration_arn": "",
            "route_table_ids": [],
            "security_group_ids": [
              "sg-01d6e4b08bc7d30d1"
            ],
            "service_name": "com.amazonaws.eu-north-1.ec2messages",
            "service_network_arn": "",
            "service_region": "eu-north-1",
            "state": "available",
            "subnet_configuration": [
              {
                "ipv4": "10.1.1.82",
                "ipv6": "",
                "subnet_id": "subnet-0a239b0e23b17bcd0"
              },
              {
                "ipv4": "10.1.2.166",
                "ipv6": "",
                "subnet_id": "subnet-0c552ea69cb6ac761"
              }
            ],
            "subnet_ids": [
              "subnet-0a239b0e23b17bcd0",
              "subnet-0c552ea69cb6ac761"
            ],
            "tags": {
              "Name": "vpce-ec2messages-prod",
              "environment": "prod",
              "managed-by": "terraform",
              "owner": "nagham",
              "project": "devops-multicloud"
            },
            "tags_all": {
              "Name": "vpce-ec2messages-prod",
              "environment": "prod",
              "managed-by": "terraform",
              "owner": "nagham",
              "project": "devops-multicloud"
            },
            "timeouts": null,
            "vpc_endpoint_type": "Interface",
            "vpc_id": "vpc-0af2190bc77f844e3"
          },
          "sensitive_attributes": [],
          "identity_schema_version": 0,
          "identity": {
            "account_id": "254652353999",
            "id": "vpce-02492be463bc680b6",
            "region": "eu-north-1"
          },
          "private": "eyJlMmJmYjczMC1lY2FhLTExZTYtOGY4OC0zNDM2M2JjN2M0YzAiOnsiY3JlYXRlIjo2MDAwMDAwMDAwMDAsImRlbGV0ZSI6NjAwMDAwMDAwMDAwLCJ1cGRhdGUiOjYwMDAwMDAwMDAwMH19",
          "dependencies": [
            "module.networking.aws_security_group.eks_cluster",
            "module.networking.aws_subnet.private",
            "module.networking.aws_vpc.main",
            "module.networking.data.aws_availability_zones.available"
          ]
        }
      ]
    },
    {
      "module": "module.networking",
      "mode": "managed",
      "type": "aws_vpc_endpoint",
      "name": "ecr_api",
      "provider": "provider[\"registry.terraform.io/hashicorp/aws\"]",
      "instances": [
        {
          "schema_version": 0,
          "attributes": {
            "arn": "arn:aws:ec2:eu-north-1:254652353999:vpc-endpoint/vpce-0b45164ea5dc66bc6",
            "auto_accept": null,
            "cidr_blocks": [],
            "dns_entry": [
              {
                "dns_name": "vpce-0b45164ea5dc66bc6-7f8r07g3.api.ecr.eu-north-1.vpce.amazonaws.com",
                "hosted_zone_id": "Z3OWWK6JFDEDGC"
              },
              {
                "dns_name": "vpce-0b45164ea5dc66bc6-7f8r07g3-eu-north-1b.api.ecr.eu-north-1.vpce.amazonaws.com",
                "hosted_zone_id": "Z3OWWK6JFDEDGC"
              },
              {
                "dns_name": "vpce-0b45164ea5dc66bc6-7f8r07g3-eu-north-1a.api.ecr.eu-north-1.vpce.amazonaws.com",
                "hosted_zone_id": "Z3OWWK6JFDEDGC"
              },
              {
                "dns_name": "api.ecr.eu-north-1.amazonaws.com",
                "hosted_zone_id": "Z1024868GQZSX5J2PW7X"
              },
              {
                "dns_name": "ecr.eu-north-1.api.aws",
                "hosted_zone_id": "Z04305421ITQS8NLHW7QE"
              }
            ],
            "dns_options": [
              {
                "dns_record_ip_type": "ipv4",
                "private_dns_only_for_inbound_resolver_endpoint": false,
                "private_dns_preference": "",
                "private_dns_specified_domains": []
              }
            ],
            "id": "vpce-0b45164ea5dc66bc6",
            "ip_address_type": "ipv4",
            "network_interface_ids": [
              "eni-0722906238400f2b2",
              "eni-0da1aeb4eacc80480"
            ],
            "owner_id": "254652353999",
            "policy": "{\"Statement\":[{\"Action\":\"*\",\"Effect\":\"Allow\",\"Principal\":\"*\",\"Resource\":\"*\"}]}",
            "prefix_list_id": null,
            "private_dns_enabled": true,
            "region": "eu-north-1",
            "requester_managed": false,
            "resource_configuration_arn": "",
            "route_table_ids": [],
            "security_group_ids": [
              "sg-01d6e4b08bc7d30d1"
            ],
            "service_name": "com.amazonaws.eu-north-1.ecr.api",
            "service_network_arn": "",
            "service_region": "eu-north-1",
            "state": "available",
            "subnet_configuration": [
              {
                "ipv4": "10.1.1.34",
                "ipv6": "",
                "subnet_id": "subnet-0a239b0e23b17bcd0"
              },
              {
                "ipv4": "10.1.2.254",
                "ipv6": "",
                "subnet_id": "subnet-0c552ea69cb6ac761"
              }
            ],
            "subnet_ids": [
              "subnet-0a239b0e23b17bcd0",
              "subnet-0c552ea69cb6ac761"
            ],
            "tags": {
              "Name": "vpce-ecr-api-prod",
              "environment": "prod",
              "managed-by": "terraform",
              "owner": "nagham",
              "project": "devops-multicloud"
            },
            "tags_all": {
              "Name": "vpce-ecr-api-prod",
              "environment": "prod",
              "managed-by": "terraform",
              "owner": "nagham",
              "project": "devops-multicloud"
            },
            "timeouts": null,
            "vpc_endpoint_type": "Interface",
            "vpc_id": "vpc-0af2190bc77f844e3"
          },
          "sensitive_attributes": [],
          "identity_schema_version": 0,
          "identity": {
            "account_id": "254652353999",
            "id": "vpce-0b45164ea5dc66bc6",
            "region": "eu-north-1"
          },
          "private": "eyJlMmJmYjczMC1lY2FhLTExZTYtOGY4OC0zNDM2M2JjN2M0YzAiOnsiY3JlYXRlIjo2MDAwMDAwMDAwMDAsImRlbGV0ZSI6NjAwMDAwMDAwMDAwLCJ1cGRhdGUiOjYwMDAwMDAwMDAwMH19",
          "dependencies": [
            "module.networking.aws_security_group.eks_cluster",
            "module.networking.aws_subnet.private",
            "module.networking.aws_vpc.main",
            "module.networking.data.aws_availability_zones.available"
          ]
        }
      ]
    },
    {
      "module": "module.networking",
      "mode": "managed",
      "type": "aws_vpc_endpoint",
      "name": "ecr_dkr",
      "provider": "provider[\"registry.terraform.io/hashicorp/aws\"]",
      "instances": [
        {
          "schema_version": 0,
          "attributes": {
            "arn": "arn:aws:ec2:eu-north-1:254652353999:vpc-endpoint/vpce-0abc20161bd541287",
            "auto_accept": null,
            "cidr_blocks": [],
            "dns_entry": [
              {
                "dns_name": "vpce-0abc20161bd541287-gyy7n81l.dkr.ecr.eu-north-1.vpce.amazonaws.com",
                "hosted_zone_id": "Z3OWWK6JFDEDGC"
              },
              {
                "dns_name": "vpce-0abc20161bd541287-gyy7n81l-eu-north-1a.dkr.ecr.eu-north-1.vpce.amazonaws.com",
                "hosted_zone_id": "Z3OWWK6JFDEDGC"
              },
              {
                "dns_name": "vpce-0abc20161bd541287-gyy7n81l-eu-north-1b.dkr.ecr.eu-north-1.vpce.amazonaws.com",
                "hosted_zone_id": "Z3OWWK6JFDEDGC"
              },
              {
                "dns_name": "dkr.ecr.eu-north-1.amazonaws.com",
                "hosted_zone_id": "Z04538232CQ74HJ34BFA7"
              },
              {
                "dns_name": "*.dkr.ecr.eu-north-1.amazonaws.com",
                "hosted_zone_id": "Z04538232CQ74HJ34BFA7"
              },
              {
                "dns_name": "dkr-ecr.eu-north-1.on.aws",
                "hosted_zone_id": "Z045381735FAVYNFEKMOX"
              },
              {
                "dns_name": "*.dkr-ecr.eu-north-1.on.aws",
                "hosted_zone_id": "Z045381735FAVYNFEKMOX"
              }
            ],
            "dns_options": [
              {
                "dns_record_ip_type": "ipv4",
                "private_dns_only_for_inbound_resolver_endpoint": false,
                "private_dns_preference": "",
                "private_dns_specified_domains": []
              }
            ],
            "id": "vpce-0abc20161bd541287",
            "ip_address_type": "ipv4",
            "network_interface_ids": [
              "eni-0245f3662491ee028",
              "eni-0712cf42eb68586e6"
            ],
            "owner_id": "254652353999",
            "policy": "{\"Statement\":[{\"Action\":\"*\",\"Effect\":\"Allow\",\"Principal\":\"*\",\"Resource\":\"*\"}]}",
            "prefix_list_id": null,
            "private_dns_enabled": true,
            "region": "eu-north-1",
            "requester_managed": false,
            "resource_configuration_arn": "",
            "route_table_ids": [],
            "security_group_ids": [
              "sg-01d6e4b08bc7d30d1"
            ],
            "service_name": "com.amazonaws.eu-north-1.ecr.dkr",
            "service_network_arn": "",
            "service_region": "eu-north-1",
            "state": "available",
            "subnet_configuration": [
              {
                "ipv4": "10.1.1.151",
                "ipv6": "",
                "subnet_id": "subnet-0a239b0e23b17bcd0"
              },
              {
                "ipv4": "10.1.2.148",
                "ipv6": "",
                "subnet_id": "subnet-0c552ea69cb6ac761"
              }
            ],
            "subnet_ids": [
              "subnet-0a239b0e23b17bcd0",
              "subnet-0c552ea69cb6ac761"
            ],
            "tags": {
              "Name": "vpce-ecr-dkr-prod",
              "environment": "prod",
              "managed-by": "terraform",
              "owner": "nagham",
              "project": "devops-multicloud"
            },
            "tags_all": {
              "Name": "vpce-ecr-dkr-prod",
              "environment": "prod",
              "managed-by": "terraform",
              "owner": "nagham",
              "project": "devops-multicloud"
            },
            "timeouts": null,
            "vpc_endpoint_type": "Interface",
            "vpc_id": "vpc-0af2190bc77f844e3"
          },
          "sensitive_attributes": [],
          "identity_schema_version": 0,
          "identity": {
            "account_id": "254652353999",
            "id": "vpce-0abc20161bd541287",
            "region": "eu-north-1"
          },
          "private": "eyJlMmJmYjczMC1lY2FhLTExZTYtOGY4OC0zNDM2M2JjN2M0YzAiOnsiY3JlYXRlIjo2MDAwMDAwMDAwMDAsImRlbGV0ZSI6NjAwMDAwMDAwMDAwLCJ1cGRhdGUiOjYwMDAwMDAwMDAwMH19",
          "dependencies": [
            "module.networking.aws_security_group.eks_cluster",
            "module.networking.aws_subnet.private",
            "module.networking.aws_vpc.main",
            "module.networking.data.aws_availability_zones.available"
          ]
        }
      ]
    },
    {
      "module": "module.networking",
      "mode": "managed",
      "type": "aws_vpc_endpoint",
      "name": "eks",
      "provider": "provider[\"registry.terraform.io/hashicorp/aws\"]",
      "instances": [
        {
          "schema_version": 0,
          "attributes": {
            "arn": "arn:aws:ec2:eu-north-1:254652353999:vpc-endpoint/vpce-08654401607078d51",
            "auto_accept": null,
            "cidr_blocks": [],
            "dns_entry": [
              {
                "dns_name": "vpce-08654401607078d51-wvuscbv1.eks.eu-north-1.vpce.amazonaws.com",
                "hosted_zone_id": "Z3OWWK6JFDEDGC"
              },
              {
                "dns_name": "vpce-08654401607078d51-wvuscbv1-eu-north-1a.eks.eu-north-1.vpce.amazonaws.com",
                "hosted_zone_id": "Z3OWWK6JFDEDGC"
              },
              {
                "dns_name": "vpce-08654401607078d51-wvuscbv1-eu-north-1b.eks.eu-north-1.vpce.amazonaws.com",
                "hosted_zone_id": "Z3OWWK6JFDEDGC"
              },
              {
                "dns_name": "eks.eu-north-1.amazonaws.com",
                "hosted_zone_id": "Z102607618ZU7ZTTDZQUZ"
              },
              {
                "dns_name": "eks.eu-north-1.api.aws",
                "hosted_zone_id": "Z10260712EGDO3I5ZJQ1Q"
              }
            ],
            "dns_options": [
              {
                "dns_record_ip_type": "ipv4",
                "private_dns_only_for_inbound_resolver_endpoint": false,
                "private_dns_preference": "",
                "private_dns_specified_domains": []
              }
            ],
            "id": "vpce-08654401607078d51",
            "ip_address_type": "ipv4",
            "network_interface_ids": [
              "eni-024569cdfe39e36d4",
              "eni-0848b37856d184835"
            ],
            "owner_id": "254652353999",
            "policy": "{\"Statement\":[{\"Action\":\"*\",\"Effect\":\"Allow\",\"Principal\":\"*\",\"Resource\":\"*\"}]}",
            "prefix_list_id": null,
            "private_dns_enabled": true,
            "region": "eu-north-1",
            "requester_managed": false,
            "resource_configuration_arn": "",
            "route_table_ids": [],
            "security_group_ids": [
              "sg-01d6e4b08bc7d30d1"
            ],
            "service_name": "com.amazonaws.eu-north-1.eks",
            "service_network_arn": "",
            "service_region": "eu-north-1",
            "state": "available",
            "subnet_configuration": [
              {
                "ipv4": "10.1.1.251",
                "ipv6": "",
                "subnet_id": "subnet-0a239b0e23b17bcd0"
              },
              {
                "ipv4": "10.1.2.239",
                "ipv6": "",
                "subnet_id": "subnet-0c552ea69cb6ac761"
              }
            ],
            "subnet_ids": [
              "subnet-0a239b0e23b17bcd0",
              "subnet-0c552ea69cb6ac761"
            ],
            "tags": {
              "Name": "vpce-eks-prod",
              "environment": "prod",
              "managed-by": "terraform",
              "owner": "nagham",
              "project": "devops-multicloud"
            },
            "tags_all": {
              "Name": "vpce-eks-prod",
              "environment": "prod",
              "managed-by": "terraform",
              "owner": "nagham",
              "project": "devops-multicloud"
            },
            "timeouts": null,
            "vpc_endpoint_type": "Interface",
            "vpc_id": "vpc-0af2190bc77f844e3"
          },
          "sensitive_attributes": [],
          "identity_schema_version": 0,
          "identity": {
            "account_id": "254652353999",
            "id": "vpce-08654401607078d51",
            "region": "eu-north-1"
          },
          "private": "eyJlMmJmYjczMC1lY2FhLTExZTYtOGY4OC0zNDM2M2JjN2M0YzAiOnsiY3JlYXRlIjo2MDAwMDAwMDAwMDAsImRlbGV0ZSI6NjAwMDAwMDAwMDAwLCJ1cGRhdGUiOjYwMDAwMDAwMDAwMH19",
          "dependencies": [
            "module.networking.aws_security_group.eks_cluster",
            "module.networking.aws_subnet.private",
            "module.networking.aws_vpc.main",
            "module.networking.data.aws_availability_zones.available"
          ]
        }
      ]
    },
    {
      "module": "module.networking",
      "mode": "managed",
      "type": "aws_vpc_endpoint",
      "name": "s3",
      "provider": "provider[\"registry.terraform.io/hashicorp/aws\"]",
      "instances": [
        {
          "schema_version": 0,
          "attributes": {
            "arn": "arn:aws:ec2:eu-north-1:254652353999:vpc-endpoint/vpce-009e7481585e3dc46",
            "auto_accept": null,
            "cidr_blocks": [
              "52.95.170.0/23",
              "3.5.216.0/22",
              "52.95.169.0/24",
              "16.12.10.0/23",
              "16.12.9.0/24"
            ],
            "dns_entry": [],
            "dns_options": [
              {
                "dns_record_ip_type": "service-defined",
                "private_dns_only_for_inbound_resolver_endpoint": false,
                "private_dns_preference": "",
                "private_dns_specified_domains": []
              }
            ],
            "id": "vpce-009e7481585e3dc46",
            "ip_address_type": "ipv4",
            "network_interface_ids": [],
            "owner_id": "254652353999",
            "policy": "{\"Statement\":[{\"Action\":\"*\",\"Effect\":\"Allow\",\"Principal\":\"*\",\"Resource\":\"*\"}],\"Version\":\"2008-10-17\"}",
            "prefix_list_id": "pl-c3aa4faa",
            "private_dns_enabled": false,
            "region": "eu-north-1",
            "requester_managed": false,
            "resource_configuration_arn": "",
            "route_table_ids": [
              "rtb-09bc688c78d98f2ba"
            ],
            "security_group_ids": [],
            "service_name": "com.amazonaws.eu-north-1.s3",
            "service_network_arn": "",
            "service_region": "eu-north-1",
            "state": "available",
            "subnet_configuration": [],
            "subnet_ids": [],
            "tags": {
              "Name": "vpce-s3-prod",
              "environment": "prod",
              "managed-by": "terraform",
              "owner": "nagham",
              "project": "devops-multicloud"
            },
            "tags_all": {
              "Name": "vpce-s3-prod",
              "environment": "prod",
              "managed-by": "terraform",
              "owner": "nagham",
              "project": "devops-multicloud"
            },
            "timeouts": null,
            "vpc_endpoint_type": "Gateway",
            "vpc_id": "vpc-0af2190bc77f844e3"
          },
          "sensitive_attributes": [],
          "identity_schema_version": 0,
          "identity": {
            "account_id": "254652353999",
            "id": "vpce-009e7481585e3dc46",
            "region": "eu-north-1"
          },
          "private": "eyJlMmJmYjczMC1lY2FhLTExZTYtOGY4OC0zNDM2M2JjN2M0YzAiOnsiY3JlYXRlIjo2MDAwMDAwMDAwMDAsImRlbGV0ZSI6NjAwMDAwMDAwMDAwLCJ1cGRhdGUiOjYwMDAwMDAwMDAwMH19",
          "dependencies": [
            "module.networking.aws_eip.nat",
            "module.networking.aws_internet_gateway.main",
            "module.networking.aws_nat_gateway.main",
            "module.networking.aws_route_table.private",
            "module.networking.aws_subnet.public",
            "module.networking.aws_vpc.main",
            "module.networking.data.aws_availability_zones.available"
          ]
        }
      ]
    },
    {
      "module": "module.networking",
      "mode": "managed",
      "type": "aws_vpc_endpoint",
      "name": "ssm",
      "provider": "provider[\"registry.terraform.io/hashicorp/aws\"]",
      "instances": [
        {
          "schema_version": 0,
          "attributes": {
            "arn": "arn:aws:ec2:eu-north-1:254652353999:vpc-endpoint/vpce-03043ec7c4e136575",
            "auto_accept": null,
            "cidr_blocks": [],
            "dns_entry": [
              {
                "dns_name": "vpce-03043ec7c4e136575-27cfrt2g.ssm.eu-north-1.vpce.amazonaws.com",
                "hosted_zone_id": "Z3OWWK6JFDEDGC"
              },
              {
                "dns_name": "vpce-03043ec7c4e136575-27cfrt2g-eu-north-1b.ssm.eu-north-1.vpce.amazonaws.com",
                "hosted_zone_id": "Z3OWWK6JFDEDGC"
              },
              {
                "dns_name": "vpce-03043ec7c4e136575-27cfrt2g-eu-north-1a.ssm.eu-north-1.vpce.amazonaws.com",
                "hosted_zone_id": "Z3OWWK6JFDEDGC"
              },
              {
                "dns_name": "ssm.eu-north-1.amazonaws.com",
                "hosted_zone_id": "Z07548512VPV62IWFQX27"
              },
              {
                "dns_name": "ssm.eu-north-1.api.aws",
                "hosted_zone_id": "Z04529013SAGY4XK45N1Q"
              }
            ],
            "dns_options": [
              {
                "dns_record_ip_type": "ipv4",
                "private_dns_only_for_inbound_resolver_endpoint": false,
                "private_dns_preference": "",
                "private_dns_specified_domains": []
              }
            ],
            "id": "vpce-03043ec7c4e136575",
            "ip_address_type": "ipv4",
            "network_interface_ids": [
              "eni-03c17752e6c70064a",
              "eni-06f0e820caea648d7"
            ],
            "owner_id": "254652353999",
            "policy": "{\"Statement\":[{\"Action\":\"*\",\"Effect\":\"Allow\",\"Principal\":\"*\",\"Resource\":\"*\"}]}",
            "prefix_list_id": null,
            "private_dns_enabled": true,
            "region": "eu-north-1",
            "requester_managed": false,
            "resource_configuration_arn": "",
            "route_table_ids": [],
            "security_group_ids": [
              "sg-01d6e4b08bc7d30d1"
            ],
            "service_name": "com.amazonaws.eu-north-1.ssm",
            "service_network_arn": "",
            "service_region": "eu-north-1",
            "state": "available",
            "subnet_configuration": [
              {
                "ipv4": "10.1.1.250",
                "ipv6": "",
                "subnet_id": "subnet-0a239b0e23b17bcd0"
              },
              {
                "ipv4": "10.1.2.193",
                "ipv6": "",
                "subnet_id": "subnet-0c552ea69cb6ac761"
              }
            ],
            "subnet_ids": [
              "subnet-0a239b0e23b17bcd0",
              "subnet-0c552ea69cb6ac761"
            ],
            "tags": {
              "Name": "vpce-ssm-prod",
              "environment": "prod",
              "managed-by": "terraform",
              "owner": "nagham",
              "project": "devops-multicloud"
            },
            "tags_all": {
              "Name": "vpce-ssm-prod",
              "environment": "prod",
              "managed-by": "terraform",
              "owner": "nagham",
              "project": "devops-multicloud"
            },
            "timeouts": null,
            "vpc_endpoint_type": "Interface",
            "vpc_id": "vpc-0af2190bc77f844e3"
          },
          "sensitive_attributes": [],
          "identity_schema_version": 0,
          "identity": {
            "account_id": "254652353999",
            "id": "vpce-03043ec7c4e136575",
            "region": "eu-north-1"
          },
          "private": "eyJlMmJmYjczMC1lY2FhLTExZTYtOGY4OC0zNDM2M2JjN2M0YzAiOnsiY3JlYXRlIjo2MDAwMDAwMDAwMDAsImRlbGV0ZSI6NjAwMDAwMDAwMDAwLCJ1cGRhdGUiOjYwMDAwMDAwMDAwMH19",
          "dependencies": [
            "module.networking.aws_security_group.eks_cluster",
            "module.networking.aws_subnet.private",
            "module.networking.aws_vpc.main",
            "module.networking.data.aws_availability_zones.available"
          ]
        }
      ]
    },
    {
      "module": "module.networking",
      "mode": "managed",
      "type": "aws_vpc_endpoint",
      "name": "ssm_messages",
      "provider": "provider[\"registry.terraform.io/hashicorp/aws\"]",
      "instances": [
        {
          "schema_version": 0,
          "attributes": {
            "arn": "arn:aws:ec2:eu-north-1:254652353999:vpc-endpoint/vpce-04f054bdf7ae0e79a",
            "auto_accept": null,
            "cidr_blocks": [],
            "dns_entry": [
              {
                "dns_name": "vpce-04f054bdf7ae0e79a-d817gore.ssmmessages.eu-north-1.vpce.amazonaws.com",
                "hosted_zone_id": "Z3OWWK6JFDEDGC"
              },
              {
                "dns_name": "vpce-04f054bdf7ae0e79a-d817gore-eu-north-1b.ssmmessages.eu-north-1.vpce.amazonaws.com",
                "hosted_zone_id": "Z3OWWK6JFDEDGC"
              },
              {
                "dns_name": "vpce-04f054bdf7ae0e79a-d817gore-eu-north-1a.ssmmessages.eu-north-1.vpce.amazonaws.com",
                "hosted_zone_id": "Z3OWWK6JFDEDGC"
              },
              {
                "dns_name": "ssmmessages.eu-north-1.amazonaws.com",
                "hosted_zone_id": "Z04537991DLWNDV47FM25"
              },
              {
                "dns_name": "ssmmessages.eu-north-1.api.aws",
                "hosted_zone_id": "Z0755183LVPDY5N40AWJ"
              }
            ],
            "dns_options": [
              {
                "dns_record_ip_type": "ipv4",
                "private_dns_only_for_inbound_resolver_endpoint": false,
                "private_dns_preference": "",
                "private_dns_specified_domains": []
              }
            ],
            "id": "vpce-04f054bdf7ae0e79a",
            "ip_address_type": "ipv4",
            "network_interface_ids": [
              "eni-0a252843bac1018ba",
              "eni-0fc368789b4bf8754"
            ],
            "owner_id": "254652353999",
            "policy": "{\"Statement\":[{\"Action\":\"*\",\"Effect\":\"Allow\",\"Principal\":\"*\",\"Resource\":\"*\"}]}",
            "prefix_list_id": null,
            "private_dns_enabled": true,
            "region": "eu-north-1",
            "requester_managed": false,
            "resource_configuration_arn": "",
            "route_table_ids": [],
            "security_group_ids": [
              "sg-01d6e4b08bc7d30d1"
            ],
            "service_name": "com.amazonaws.eu-north-1.ssmmessages",
            "service_network_arn": "",
            "service_region": "eu-north-1",
            "state": "available",
            "subnet_configuration": [
              {
                "ipv4": "10.1.1.209",
                "ipv6": "",
                "subnet_id": "subnet-0a239b0e23b17bcd0"
              },
              {
                "ipv4": "10.1.2.90",
                "ipv6": "",
                "subnet_id": "subnet-0c552ea69cb6ac761"
              }
            ],
            "subnet_ids": [
              "subnet-0a239b0e23b17bcd0",
              "subnet-0c552ea69cb6ac761"
            ],
            "tags": {
              "Name": "vpce-ssmmessages-prod",
              "environment": "prod",
              "managed-by": "terraform",
              "owner": "nagham",
              "project": "devops-multicloud"
            },
            "tags_all": {
              "Name": "vpce-ssmmessages-prod",
              "environment": "prod",
              "managed-by": "terraform",
              "owner": "nagham",
              "project": "devops-multicloud"
            },
            "timeouts": null,
            "vpc_endpoint_type": "Interface",
            "vpc_id": "vpc-0af2190bc77f844e3"
          },
          "sensitive_attributes": [],
          "identity_schema_version": 0,
          "identity": {
            "account_id": "254652353999",
            "id": "vpce-04f054bdf7ae0e79a",
            "region": "eu-north-1"
          },
          "private": "eyJlMmJmYjczMC1lY2FhLTExZTYtOGY4OC0zNDM2M2JjN2M0YzAiOnsiY3JlYXRlIjo2MDAwMDAwMDAwMDAsImRlbGV0ZSI6NjAwMDAwMDAwMDAwLCJ1cGRhdGUiOjYwMDAwMDAwMDAwMH19",
          "dependencies": [
            "module.networking.aws_security_group.eks_cluster",
            "module.networking.aws_subnet.private",
            "module.networking.aws_vpc.main",
            "module.networking.data.aws_availability_zones.available"
          ]
        }
      ]
    },
    {
      "module": "module.preserved_efs",
      "mode": "managed",
      "type": "aws_efs_file_system",
      "name": "jenkins",
      "provider": "provider[\"registry.terraform.io/hashicorp/aws\"]",
      "instances": [
        {
          "schema_version": 0,
          "attributes": {
            "arn": "arn:aws:elasticfilesystem:eu-north-1:254652353999:file-system/fs-00d32367541f00ec6",
            "availability_zone_id": "",
            "availability_zone_name": "",
            "creation_token": "jenkins-home-prod",
            "dns_name": "fs-00d32367541f00ec6.efs.eu-north-1.amazonaws.com",
            "encrypted": true,
            "id": "fs-00d32367541f00ec6",
            "kms_key_id": "arn:aws:kms:eu-north-1:254652353999:key/78eee2e2-abdd-4735-82e0-1a17cc0f5d3e",
            "lifecycle_policy": [],
            "name": "jenkins-home-prod",
            "number_of_mount_targets": 1,
            "owner_id": "254652353999",
            "performance_mode": "generalPurpose",
            "protection": [
              {
                "replication_overwrite": "ENABLED"
              }
            ],
            "provisioned_throughput_in_mibps": 0,
            "region": "eu-north-1",
            "size_in_bytes": [
              {
                "value": 31578112,
                "value_in_ia": 0,
                "value_in_standard": 31578112
              }
            ],
            "tags": {
              "Name": "jenkins-home-prod",
              "environment": "prod",
              "managed-by": "terraform",
              "owner": "nagham",
              "project": "devops-multicloud"
            },
            "tags_all": {
              "Name": "jenkins-home-prod",
              "environment": "prod",
              "managed-by": "terraform",
              "owner": "nagham",
              "project": "devops-multicloud"
            },
            "throughput_mode": "bursting"
          },
          "sensitive_attributes": [],
          "identity_schema_version": 0,
          "private": "eyJzY2hlbWFfdmVyc2lvbiI6IjAifQ=="
        }
      ]
    },
    {
      "module": "module.preserved_efs",
      "mode": "managed",
      "type": "aws_efs_mount_target",
      "name": "jenkins",
      "provider": "provider[\"registry.terraform.io/hashicorp/aws\"]",
      "instances": [
        {
          "schema_version": 0,
          "attributes": {
            "availability_zone_id": "eun1-az1",
            "availability_zone_name": "eu-north-1a",
            "dns_name": "fs-00d32367541f00ec6.efs.eu-north-1.amazonaws.com",
            "file_system_arn": "arn:aws:elasticfilesystem:eu-north-1:254652353999:file-system/fs-00d32367541f00ec6",
            "file_system_id": "fs-00d32367541f00ec6",
            "id": "fsmt-082572b7f8a691eed",
            "ip_address": "10.1.1.68",
            "ip_address_type": "IPV4_ONLY",
            "ipv6_address": "",
            "mount_target_dns_name": "eu-north-1a.fs-00d32367541f00ec6.efs.eu-north-1.amazonaws.com",
            "network_interface_id": "eni-06cd7cdb58834ba81",
            "owner_id": "254652353999",
            "region": "eu-north-1",
            "security_groups": [
              "sg-06aa5fe420cc94c15"
            ],
            "subnet_id": "subnet-0a239b0e23b17bcd0",
            "timeouts": null
          },
          "sensitive_attributes": [],
          "identity_schema_version": 0,
          "private": "eyJlMmJmYjczMC1lY2FhLTExZTYtOGY4OC0zNDM2M2JjN2M0YzAiOnsiY3JlYXRlIjoxODAwMDAwMDAwMDAwLCJkZWxldGUiOjYwMDAwMDAwMDAwMH0sInNjaGVtYV92ZXJzaW9uIjoiMCJ9",
          "dependencies": [
            "module.networking.aws_security_group.eks_nodes",
            "module.networking.aws_subnet.private",
            "module.networking.aws_vpc.main",
            "module.networking.data.aws_availability_zones.available",
            "module.preserved_efs.aws_efs_file_system.jenkins",
            "module.preserved_efs.aws_security_group.efs"
          ]
        }
      ]
    },
    {
      "module": "module.preserved_efs",
      "mode": "managed",
      "type": "aws_security_group",
      "name": "efs",
      "provider": "provider[\"registry.terraform.io/hashicorp/aws\"]",
      "instances": [
        {
          "schema_version": 1,
          "attributes": {
            "arn": "arn:aws:ec2:eu-north-1:254652353999:security-group/sg-06aa5fe420cc94c15",
            "description": "Allow NFS access to Jenkins EFS from EC2",
            "egress": [
              {
                "cidr_blocks": [
                  "0.0.0.0/0"
                ],
                "description": "Allow all outbound",
                "from_port": 0,
                "ipv6_cidr_blocks": [],
                "prefix_list_ids": [],
                "protocol": "-1",
                "security_groups": [],
                "self": false,
                "to_port": 0
              }
            ],
            "id": "sg-06aa5fe420cc94c15",
            "ingress": [
              {
                "cidr_blocks": [],
                "description": "NFS from Jenkins EC2",
                "from_port": 2049,
                "ipv6_cidr_blocks": [],
                "prefix_list_ids": [],
                "protocol": "tcp",
                "security_groups": [
                  "sg-08376eeda1d14cd07"
                ],
                "self": false,
                "to_port": 2049
              }
            ],
            "name": "efs-jenkins-prod",
            "name_prefix": "",
            "owner_id": "254652353999",
            "region": "eu-north-1",
            "revoke_rules_on_delete": null,
            "tags": {
              "Name": "efs-jenkins-prod",
              "environment": "prod",
              "managed-by": "terraform",
              "owner": "nagham",
              "project": "devops-multicloud"
            },
            "tags_all": {
              "Name": "efs-jenkins-prod",
              "environment": "prod",
              "managed-by": "terraform",
              "owner": "nagham",
              "project": "devops-multicloud"
            },
            "timeouts": null,
            "vpc_id": "vpc-0af2190bc77f844e3"
          },
          "sensitive_attributes": [],
          "identity_schema_version": 0,
          "identity": {
            "account_id": "254652353999",
            "id": "sg-06aa5fe420cc94c15",
            "region": "eu-north-1"
          },
          "private": "eyJlMmJmYjczMC1lY2FhLTExZTYtOGY4OC0zNDM2M2JjN2M0YzAiOnsiY3JlYXRlIjo2MDAwMDAwMDAwMDAsImRlbGV0ZSI6OTAwMDAwMDAwMDAwfSwic2NoZW1hX3ZlcnNpb24iOiIxIn0=",
          "dependencies": [
            "module.networking.aws_security_group.eks_nodes",
            "module.networking.aws_vpc.main"
          ]
        }
      ]
    }
  ],
  "check_results": null
}
