{
  "version": 4,
  "terraform_version": "1.15.7",
  "serial": 1191,
  "lineage": "e6579306-654a-289a-9c70-9ef0463b842a",
  "outputs": {
    "ecr_repository_url": {
      "value": "254652353999.dkr.ecr.eu-north-1.amazonaws.com/portfolio-website",
      "type": "string"
    },
    "efs_dns_name": {
      "value": "fs-00d32367541f00ec6.efs.eu-north-1.amazonaws.com",
      "type": "string"
    },
    "efs_file_system_id": {
      "value": "fs-00d32367541f00ec6",
      "type": "string"
    },
    "efs_mount_target_id": {
      "value": "fsmt-082572b7f8a691eed",
      "type": "string"
    },
    "eks_cluster_endpoint": {
      "value": "https://0433CBD1D2388436276B5F4421A37689.gr7.eu-north-1.eks.amazonaws.com",
      "type": "string"
    },
    "eks_cluster_name": {
      "value": "eks-prod-dr",
      "type": "string"
    },
    "instance_id": {
      "value": "i-0124fb2272478845d",
      "type": "string"
    },
    "instance_private_ip": {
      "value": "10.1.1.117",
      "type": "string"
    },
    "terraform_caller_arn": {
      "value": "arn:aws:iam::254652353999:user/Nagham",
      "type": "string"
    },
    "vpc_id": {
      "value": "vpc-0af2190bc77f844e3",
      "type": "string"
    }
  },
  "resources": [
    {
      "module": "module.compute",
      "mode": "data",
      "type": "aws_ami",
      "name": "ubuntu",
      "provider": "provider[\"registry.terraform.io/hashicorp/aws\"]",
      "instances": [
        {
          "schema_version": 0,
          "attributes": {
            "allow_unsafe_filter": null,
            "architecture": "x86_64",
            "arn": "arn:aws:ec2:eu-north-1::image/ami-088fd024fe7aa5070",
            "block_device_mappings": [
              {
                "device_name": "/dev/sda1",
                "ebs": {
                  "delete_on_termination": "true",
                  "encrypted": "false",
                  "iops": "0",
                  "snapshot_id": "snap-0c3de622a8dcf1afd",
                  "throughput": "0",
                  "volume_initialization_rate": "0",
                  "volume_size": "8",
                  "volume_type": "gp2"
                },
                "no_device": "",
                "virtual_name": ""
              },
              {
                "device_name": "/dev/sdb",
                "ebs": {},
                "no_device": "",
                "virtual_name": "ephemeral0"
              },
              {
                "device_name": "/dev/sdc",
                "ebs": {},
                "no_device": "",
                "virtual_name": "ephemeral1"
              }
            ],
            "boot_mode": "uefi-preferred",
            "creation_date": "2026-06-10T06:57:18.000Z",
            "deprecation_time": "2028-06-10T06:57:18.000Z",
            "description": "Canonical, Ubuntu, 22.04, amd64 jammy image",
            "ena_support": true,
            "executable_users": null,
            "filter": [
              {
                "name": "name",
                "values": [
                  "ubuntu/images/hvm-ssd/ubuntu-jammy-22.04-amd64-server-*"
                ]
              },
              {
                "name": "virtualization-type",
                "values": [
                  "hvm"
                ]
              }
            ],
            "hypervisor": "xen",
            "id": "ami-088fd024fe7aa5070",
            "image_id": "ami-088fd024fe7aa5070",
            "image_location": "amazon/ubuntu/images/hvm-ssd/ubuntu-jammy-22.04-amd64-server-20260610",
            "image_owner_alias": "amazon",
            "image_type": "machine",
            "imds_support": "",
            "include_deprecated": false,
            "kernel_id": "",
            "last_launched_time": "",
            "most_recent": true,
            "name": "ubuntu/images/hvm-ssd/ubuntu-jammy-22.04-amd64-server-20260610",
            "name_regex": null,
            "owner_id": "099720109477",
            "owners": [
              "099720109477"
            ],
            "platform": "",
            "platform_details": "Linux/UNIX",
            "product_codes": [],
            "public": true,
            "ramdisk_id": "",
            "region": "eu-north-1",
            "root_device_name": "/dev/sda1",
            "root_device_type": "ebs",
            "root_snapshot_id": "snap-0c3de622a8dcf1afd",
            "sriov_net_support": "simple",
            "state": "available",
            "state_reason": {
              "code": "UNSET",
              "message": "UNSET"
            },
            "tags": {},
            "timeouts": null,
            "tpm_support": "",
            "uefi_data": null,
            "usage_operation": "RunInstances",
            "virtualization_type": "hvm"
          },
          "sensitive_attributes": [],
          "identity_schema_version": 0
        }
      ]
    },
    {
      "module": "module.compute",
      "mode": "data",
      "type": "aws_caller_identity",
      "name": "current",
      "provider": "provider[\"registry.terraform.io/hashicorp/aws\"]",
      "instances": [
        {
          "schema_version": 0,
          "attributes": {
            "account_id": "254652353999",
            "arn": "arn:aws:iam::254652353999:user/Nagham",
            "id": "254652353999",
            "user_id": "AIDATWSTWRXH242NL7RR6"
          },
          "sensitive_attributes": [],
          "identity_schema_version": 0
        }
      ]
    },
    {
      "module": "module.compute",
      "mode": "data",
      "type": "aws_iam_session_context",
      "name": "current",
      "provider": "provider[\"registry.terraform.io/hashicorp/aws\"]",
      "instances": [
        {
          "schema_version": 0,
          "attributes": {
            "arn": "arn:aws:iam::254652353999:user/Nagham",
            "id": "arn:aws:iam::254652353999:user/Nagham",
            "issuer_arn": "arn:aws:iam::254652353999:user/Nagham",
            "issuer_id": "",
            "issuer_name": "",
            "session_name": ""
          },
          "sensitive_attributes": [],
          "identity_schema_version": 0
        }
      ]
    },
    {
      "module": "module.compute",
      "mode": "managed",
      "type": "aws_ecr_lifecycle_policy",
      "name": "portfolio",
      "provider": "provider[\"registry.terraform.io/hashicorp/aws\"]",
      "instances": [
        {
          "schema_version": 0,
          "attributes": {
            "id": "portfolio-website",
            "policy": "{\"rules\":[{\"action\":{\"type\":\"expire\"},\"description\":\"Keep last 10 images\",\"rulePriority\":1,\"selection\":{\"countNumber\":10,\"countType\":\"imageCountMoreThan\",\"tagStatus\":\"any\"}}]}",
            "region": "eu-north-1",
            "registry_id": "254652353999",
            "repository": "portfolio-website"
          },
          "sensitive_attributes": [],
          "identity_schema_version": 0,
          "identity": {
            "account_id": "254652353999",
            "region": "eu-north-1",
            "repository": "portfolio-website"
          },
          "private": "bnVsbA==",
          "dependencies": [
            "module.compute.aws_ecr_repository.portfolio"
          ]
        }
      ]
    },
    {
      "module": "module.compute",
      "mode": "managed",
      "type": "aws_ecr_repository",
      "name": "portfolio",
      "provider": "provider[\"registry.terraform.io/hashicorp/aws\"]",
      "instances": [
        {
          "schema_version": 0,
          "attributes": {
            "arn": "arn:aws:ecr:eu-north-1:254652353999:repository/portfolio-website",
            "encryption_configuration": [
              {
                "encryption_type": "AES256",
                "kms_key": ""
              }
            ],
            "force_delete": true,
            "id": "portfolio-website",
            "image_scanning_configuration": [
              {
                "scan_on_push": true
              }
            ],
            "image_tag_mutability": "MUTABLE",
            "image_tag_mutability_exclusion_filter": [],
            "name": "portfolio-website",
            "region": "eu-north-1",
            "registry_id": "254652353999",
            "repository_url": "254652353999.dkr.ecr.eu-north-1.amazonaws.com/portfolio-website",
            "tags": {
              "environment": "prod",
              "managed-by": "terraform",
              "owner": "nagham",
              "project": "devops-multicloud"
            },
            "tags_all": {
              "environment": "prod",
              "managed-by": "terraform",
              "owner": "nagham",
              "project": "devops-multicloud"
            },
            "timeouts": null
          },
          "sensitive_attributes": [],
          "identity_schema_version": 0,
          "identity": {
            "account_id": "254652353999",
            "name": "portfolio-website",
            "region": "eu-north-1"
          },
          "private": "eyJlMmJmYjczMC1lY2FhLTExZTYtOGY4OC0zNDM2M2JjN2M0YzAiOnsiZGVsZXRlIjoxMjAwMDAwMDAwMDAwfX0="
        }
      ]
    },
    {
      "module": "module.compute",
      "mode": "managed",
      "type": "aws_eks_access_entry",
      "name": "ec2",
      "provider": "provider[\"registry.terraform.io/hashicorp/aws\"]",
      "instances": [
        {
          "schema_version": 0,
          "attributes": {
            "access_entry_arn": "arn:aws:eks:eu-north-1:254652353999:access-entry/eks-prod-dr/role/254652353999/role-ec2-prod/a2cf8f0a-2978-4640-32e0-9ebe7ed578a6",
            "cluster_name": "eks-prod-dr",
            "created_at": "2026-07-01T14:27:56Z",
            "id": "eks-prod-dr:arn:aws:iam::254652353999:role/role-ec2-prod",
            "kubernetes_groups": [],
            "modified_at": "2026-07-01T14:27:56Z",
            "principal_arn": "arn:aws:iam::254652353999:role/role-ec2-prod",
            "region": "eu-north-1",
            "tags": {
              "environment": "prod",
              "managed-by": "terraform",
              "owner": "nagham",
              "project": "devops-multicloud"
            },
            "tags_all": {
              "environment": "prod",
              "managed-by": "terraform",
              "owner": "nagham",
              "project": "devops-multicloud"
            },
            "timeouts": null,
            "type": "STANDARD",
            "user_name": "arn:aws:sts::254652353999:assumed-role/role-ec2-prod/{{SessionName}}"
          },
          "sensitive_attributes": [],
          "identity_schema_version": 0,
          "private": "eyJlMmJmYjczMC1lY2FhLTExZTYtOGY4OC0zNDM2M2JjN2M0YzAiOnsiY3JlYXRlIjo2MDAwMDAwMDAwMDAsImRlbGV0ZSI6NjAwMDAwMDAwMDAwfX0=",
          "dependencies": [
            "module.compute.aws_eks_cluster.main",
            "module.compute.aws_iam_role.ec2",
            "module.compute.aws_iam_role.eks_cluster",
            "module.compute.aws_iam_role_policy_attachment.eks_cluster_policy",
            "module.networking.aws_security_group.eks_cluster",
            "module.networking.aws_security_group.eks_nodes",
            "module.networking.aws_subnet.private",
            "module.networking.aws_vpc.main",
            "module.networking.data.aws_availability_zones.available"
          ]
        }
      ]
    },
    {
      "module": "module.compute",
      "mode": "managed",
      "type": "aws_eks_access_entry",
      "name": "terraform_user",
      "provider": "provider[\"registry.terraform.io/hashicorp/aws\"]",
      "instances": [
        {
          "schema_version": 0,
          "attributes": {
            "access_entry_arn": "arn:aws:eks:eu-north-1:254652353999:access-entry/eks-prod-dr/user/254652353999/Nagham/68cf8f0b-eac1-c7f7-0019-e4e909afba2e",
            "cluster_name": "eks-prod-dr",
            "created_at": "2026-07-01T14:31:46Z",
            "id": "eks-prod-dr:arn:aws:iam::254652353999:user/Nagham",
            "kubernetes_groups": [],
            "modified_at": "2026-07-01T14:31:46Z",
            "principal_arn": "arn:aws:iam::254652353999:user/Nagham",
            "region": "eu-north-1",
            "tags": {
              "environment": "prod",
              "managed-by": "terraform",
              "owner": "nagham",
              "project": "devops-multicloud"
            },
            "tags_all": {
              "environment": "prod",
              "managed-by": "terraform",
              "owner": "nagham",
              "project": "devops-multicloud"
            },
            "timeouts": null,
            "type": "STANDARD",
            "user_name": "arn:aws:iam::254652353999:user/Nagham"
          },
          "sensitive_attributes": [],
          "identity_schema_version": 0,
          "private": "eyJlMmJmYjczMC1lY2FhLTExZTYtOGY4OC0zNDM2M2JjN2M0YzAiOnsiY3JlYXRlIjo2MDAwMDAwMDAwMDAsImRlbGV0ZSI6NjAwMDAwMDAwMDAwfX0=",
          "dependencies": [
            "module.compute.aws_eks_cluster.main",
            "module.compute.aws_iam_role.eks_cluster",
            "module.compute.aws_iam_role_policy_attachment.eks_cluster_policy",
            "module.compute.data.aws_caller_identity.current",
            "module.compute.data.aws_iam_session_context.current",
            "module.networking.aws_security_group.eks_cluster",
            "module.networking.aws_security_group.eks_nodes",
            "module.networking.aws_subnet.private",
            "module.networking.aws_vpc.main",
            "module.networking.data.aws_availability_zones.available"
          ]
        }
      ]
    },
    {
      "module": "module.compute",
      "mode": "managed",
      "type": "aws_eks_access_policy_association",
      "name": "ec2_admin",
      "provider": "provider[\"registry.terraform.io/hashicorp/aws\"]",
      "instances": [
        {
          "schema_version": 0,
          "attributes": {
            "access_scope": [
              {
                "namespaces": [],
                "type": "cluster"
              }
            ],
            "associated_at": "2026-07-01 14:27:57.215 +0000 UTC",
            "cluster_name": "eks-prod-dr",
            "id": "eks-prod-dr#arn:aws:iam::254652353999:role/role-ec2-prod#arn:aws:eks::aws:cluster-access-policy/AmazonEKSClusterAdminPolicy",
            "modified_at": "2026-07-01 14:27:57.215 +0000 UTC",
            "policy_arn": "arn:aws:eks::aws:cluster-access-policy/AmazonEKSClusterAdminPolicy",
            "principal_arn": "arn:aws:iam::254652353999:role/role-ec2-prod",
            "region": "eu-north-1",
            "timeouts": null
          },
          "sensitive_attributes": [],
          "identity_schema_version": 0,
          "private": "eyJlMmJmYjczMC1lY2FhLTExZTYtOGY4OC0zNDM2M2JjN2M0YzAiOnsiY3JlYXRlIjo2MDAwMDAwMDAwMDAsImRlbGV0ZSI6NjAwMDAwMDAwMDAwfX0=",
          "dependencies": [
            "module.compute.aws_eks_access_entry.ec2",
            "module.compute.aws_eks_cluster.main",
            "module.compute.aws_iam_role.ec2",
            "module.compute.aws_iam_role.eks_cluster",
            "module.compute.aws_iam_role_policy_attachment.eks_cluster_policy",
            "module.networking.aws_security_group.eks_cluster",
            "module.networking.aws_security_group.eks_nodes",
            "module.networking.aws_subnet.private",
            "module.networking.aws_vpc.main",
            "module.networking.data.aws_availability_zones.available"
          ]
        }
      ]
    },
    {
      "module": "module.compute",
      "mode": "managed",
      "type": "aws_eks_access_policy_association",
      "name": "terraform_user_admin",
      "provider": "provider[\"registry.terraform.io/hashicorp/aws\"]",
      "instances": [
        {
          "schema_version": 0,
          "attributes": {
            "access_scope": [
              {
                "namespaces": [],
                "type": "cluster"
              }
            ],
            "associated_at": "2026-07-01 14:31:47.336 +0000 UTC",
            "cluster_name": "eks-prod-dr",
            "id": "eks-prod-dr#arn:aws:iam::254652353999:user/Nagham#arn:aws:eks::aws:cluster-access-policy/AmazonEKSClusterAdminPolicy",
            "modified_at": "2026-07-01 14:31:47.336 +0000 UTC",
            "policy_arn": "arn:aws:eks::aws:cluster-access-policy/AmazonEKSClusterAdminPolicy",
            "principal_arn": "arn:aws:iam::254652353999:user/Nagham",
            "region": "eu-north-1",
            "timeouts": null
          },
          "sensitive_attributes": [],
          "identity_schema_version": 0,
          "private": "eyJlMmJmYjczMC1lY2FhLTExZTYtOGY4OC0zNDM2M2JjN2M0YzAiOnsiY3JlYXRlIjo2MDAwMDAwMDAwMDAsImRlbGV0ZSI6NjAwMDAwMDAwMDAwfX0=",
          "dependencies": [
            "module.compute.aws_eks_access_entry.terraform_user",
            "module.compute.aws_eks_cluster.main",
            "module.compute.aws_iam_role.eks_cluster",
            "module.compute.aws_iam_role_policy_attachment.eks_cluster_policy",
            "module.compute.data.aws_caller_identity.current",
            "module.compute.data.aws_iam_session_context.current",
            "module.networking.aws_security_group.eks_cluster",
            "module.networking.aws_security_group.eks_nodes",
            "module.networking.aws_subnet.private",
            "module.networking.aws_vpc.main",
            "module.networking.data.aws_availability_zones.available"
          ]
        }
      ]
    },
    {
      "module": "module.compute",
      "mode": "managed",
      "type": "aws_eks_addon",
      "name": "coredns",
      "provider": "provider[\"registry.terraform.io/hashicorp/aws\"]",
      "instances": [
        {
          "schema_version": 0,
          "attributes": {
            "addon_name": "coredns",
            "addon_version": "v1.11.4-eksbuild.39",
            "arn": "arn:aws:eks:eu-north-1:254652353999:addon/eks-prod-dr/coredns/f2cf8f0b-3177-d890-a049-1720cba39e8b",
            "cluster_name": "eks-prod-dr",
            "configuration_values": "",
            "created_at": "2026-07-01T14:30:11Z",
            "id": "eks-prod-dr:coredns",
            "modified_at": "2026-07-01T14:30:23Z",
            "pod_identity_association": [],
            "preserve": null,
            "region": "eu-north-1",
            "resolve_conflicts_on_create": "OVERWRITE",
            "resolve_conflicts_on_update": "OVERWRITE",
            "service_account_role_arn": "",
            "tags": {
              "environment": "prod",
              "managed-by": "terraform",
              "owner": "nagham",
              "project": "devops-multicloud"
            },
            "tags_all": {
              "environment": "prod",
              "managed-by": "terraform",
              "owner": "nagham",
              "project": "devops-multicloud"
            },
            "timeouts": null
          },
          "sensitive_attributes": [],
          "identity_schema_version": 0,
          "private": "eyJlMmJmYjczMC1lY2FhLTExZTYtOGY4OC0zNDM2M2JjN2M0YzAiOnsiY3JlYXRlIjoxMjAwMDAwMDAwMDAwLCJkZWxldGUiOjI0MDAwMDAwMDAwMDAsInVwZGF0ZSI6MTIwMDAwMDAwMDAwMH19",
          "dependencies": [
            "module.compute.aws_eks_addon.kube_proxy",
            "module.compute.aws_eks_addon.vpc_cni",
            "module.compute.aws_eks_cluster.main",
            "module.compute.aws_eks_node_group.main",
            "module.compute.aws_iam_role.eks_cluster",
            "module.compute.aws_iam_role.eks_nodes",
            "module.compute.aws_iam_role_policy_attachment.eks_cluster_policy",
            "module.compute.aws_iam_role_policy_attachment.eks_cni",
            "module.compute.aws_iam_role_policy_attachment.eks_ecr_read",
            "module.compute.aws_iam_role_policy_attachment.eks_ssm_nodes",
            "module.compute.aws_iam_role_policy_attachment.eks_worker_node",
            "module.networking.aws_security_group.eks_cluster",
            "module.networking.aws_security_group.eks_nodes",
            "module.networking.aws_subnet.private",
            "module.networking.aws_vpc.main",
            "module.networking.data.aws_availability_zones.available"
          ]
        }
      ]
    },
    {
      "module": "module.compute",
      "mode": "managed",
      "type": "aws_eks_addon",
      "name": "kube_proxy",
      "provider": "provider[\"registry.terraform.io/hashicorp/aws\"]",
      "instances": [
        {
          "schema_version": 0,
          "attributes": {
            "addon_name": "kube-proxy",
            "addon_version": "v1.30.14-eksbuild.36",
            "arn": "arn:aws:eks:eu-north-1:254652353999:addon/eks-prod-dr/kube-proxy/64cf8f0a-2952-3d34-f0a5-4d2cae8bd268",
            "cluster_name": "eks-prod-dr",
            "configuration_values": "",
            "created_at": "2026-07-01T14:27:56Z",
            "id": "eks-prod-dr:kube-proxy",
            "modified_at": "2026-07-01T14:28:12Z",
            "pod_identity_association": [],
            "preserve": null,
            "region": "eu-north-1",
            "resolve_conflicts_on_create": "OVERWRITE",
            "resolve_conflicts_on_update": "OVERWRITE",
            "service_account_role_arn": "",
            "tags": {
              "environment": "prod",
              "managed-by": "terraform",
              "owner": "nagham",
              "project": "devops-multicloud"
            },
            "tags_all": {
              "environment": "prod",
              "managed-by": "terraform",
              "owner": "nagham",
              "project": "devops-multicloud"
            },
            "timeouts": null
          },
          "sensitive_attributes": [],
          "identity_schema_version": 0,
          "private": "eyJlMmJmYjczMC1lY2FhLTExZTYtOGY4OC0zNDM2M2JjN2M0YzAiOnsiY3JlYXRlIjoxMjAwMDAwMDAwMDAwLCJkZWxldGUiOjI0MDAwMDAwMDAwMDAsInVwZGF0ZSI6MTIwMDAwMDAwMDAwMH19",
          "dependencies": [
            "module.compute.aws_eks_cluster.main",
            "module.compute.aws_iam_role.eks_cluster",
            "module.compute.aws_iam_role_policy_attachment.eks_cluster_policy",
            "module.networking.aws_security_group.eks_cluster",
            "module.networking.aws_security_group.eks_nodes",
            "module.networking.aws_subnet.private",
            "module.networking.aws_vpc.main",
            "module.networking.data.aws_availability_zones.available"
          ]
        }
      ]
    },
    {
      "module": "module.compute",
      "mode": "managed",
      "type": "aws_eks_addon",
      "name": "vpc_cni",
      "provider": "provider[\"registry.terraform.io/hashicorp/aws\"]",
      "instances": [
        {
          "schema_version": 0,
          "attributes": {
            "addon_name": "vpc-cni",
            "addon_version": "v1.21.2-eksbuild.2",
            "arn": "arn:aws:eks:eu-north-1:254652353999:addon/eks-prod-dr/vpc-cni/06cf8f0a-2954-2fb0-1f0f-32a1c5be58e1",
            "cluster_name": "eks-prod-dr",
            "configuration_values": "",
            "created_at": "2026-07-01T14:27:56Z",
            "id": "eks-prod-dr:vpc-cni",
            "modified_at": "2026-07-01T14:28:12Z",
            "pod_identity_association": [],
            "preserve": null,
            "region": "eu-north-1",
            "resolve_conflicts_on_create": "OVERWRITE",
            "resolve_conflicts_on_update": "OVERWRITE",
            "service_account_role_arn": "",
            "tags": {
              "environment": "prod",
              "managed-by": "terraform",
              "owner": "nagham",
              "project": "devops-multicloud"
            },
            "tags_all": {
              "environment": "prod",
              "managed-by": "terraform",
              "owner": "nagham",
              "project": "devops-multicloud"
            },
            "timeouts": null
          },
          "sensitive_attributes": [],
          "identity_schema_version": 0,
          "private": "eyJlMmJmYjczMC1lY2FhLTExZTYtOGY4OC0zNDM2M2JjN2M0YzAiOnsiY3JlYXRlIjoxMjAwMDAwMDAwMDAwLCJkZWxldGUiOjI0MDAwMDAwMDAwMDAsInVwZGF0ZSI6MTIwMDAwMDAwMDAwMH19",
          "dependencies": [
            "module.compute.aws_eks_cluster.main",
            "module.compute.aws_iam_role.eks_cluster",
            "module.compute.aws_iam_role_policy_attachment.eks_cluster_policy",
            "module.networking.aws_security_group.eks_cluster",
            "module.networking.aws_security_group.eks_nodes",
            "module.networking.aws_subnet.private",
            "module.networking.aws_vpc.main",
            "module.networking.data.aws_availability_zones.available"
          ]
        }
      ]
    },
    {
      "module": "module.compute",
      "mode": "managed",
      "type": "aws_eks_cluster",
      "name": "main",
      "provider": "provider[\"registry.terraform.io/hashicorp/aws\"]",
      "instances": [
        {
          "schema_version": 1,
          "attributes": {
            "access_config": [
              {
                "authentication_mode": "API_AND_CONFIG_MAP",
                "bootstrap_cluster_creator_admin_permissions": true
              }
            ],
            "arn": "arn:aws:eks:eu-north-1:254652353999:cluster/eks-prod-dr",
            "bootstrap_self_managed_addons": true,
            "certificate_authority": [
              {
                "data": "LS0tLS1CRUdJTiBDRVJUSUZJQ0FURS0tLS0tCk1JSURCVENDQWUyZ0F3SUJBZ0lJWUxVL2tQYlFpSDR3RFFZSktvWklodmNOQVFFTEJRQXdGVEVUTUJFR0ExVUUKQXhNS2EzVmlaWEp1WlhSbGN6QWVGdzB5TmpBM01ERXhOREU0TURkYUZ3MHpOakEyTWpneE5ESXpNRGRhTUJVeApFekFSQmdOVkJBTVRDbXQxWW1WeWJtVjBaWE13Z2dFaU1BMEdDU3FHU0liM0RRRUJBUVVBQTRJQkR3QXdnZ0VLCkFvSUJBUUNnOGc1NXRJUWN1RW5FYXovdlJqUjkrZHlTanNzRmlrcVp5amZENFZIVzM3VlhHbFFxSVZRd1BRK1QKb1dEdGkyNXNCbjJBWEI3cUhIaEhpMkwzU0xjQXMxSjFpUEJVbWNWM0ovWisvSThjWXAycGlYRzRBU1VHQ3BEZwpOVXpRNHZWbmZadWVoL25vNDJkZWR6dFVucEpockdxSFRya2hudXF0cWVDc2EyTHF2cThsUHA0OEpRN0h6Zzk0Ckt0Z3h2LzBLcFhkWm1tTVJ5SEJCSUtNdGpVZU4vYjJEeUg4THpXNk1VZm1DOE5hWlhDUFdZZUpUdkU1bXYvN0MKR0ZGTmFWOE5qNEQ3MytUSFhrbjc4UVJCcjQ2dlAxbG5BV2hNcGhWM0xycmhVTjFFVzRzMkJ4TGhRaUFBNzFoUwpCR01pOTI1STRySDlyc3N0bEphd1FiSE12VkE5QWdNQkFBR2pXVEJYTUE0R0ExVWREd0VCL3dRRUF3SUNwREFQCkJnTlZIUk1CQWY4RUJUQURBUUgvTUIwR0ExVWREZ1FXQkJURVgzQk9vd2F3K3pjQ3Fyalh4VWlwbmdoMTd6QVYKQmdOVkhSRUVEakFNZ2dwcmRXSmxjbTVsZEdWek1BMEdDU3FHU0liM0RRRUJDd1VBQTRJQkFRQ0RSY2VQdXUyRgptTW12ams0YnFRWWw0ckhPVDNDU2hueVdHb01BTUZaT1FCWUV5cldUVVAySGhPTmdTVFl2bGE4RzNXQnBnaU1YCkM4b29XL3hrMnNtZ2dCOFFvZTFoTFA1eFJwd3dYeHdpUmtieUFzZEo4MzRPYmVkRVFjYm1DUjIxRkh1Si9DV2cKV2lnditjS0lQdjNYNk1NRVp6NEdmTVB1M21CdEtYRTNFMU1tSHFqcWhwQ0R4Z0h3ZjlEc0JqTEEwZ2t3RldoRQpiWUtrTUsxNnUzTy9HNHhHc1pxa0kzZnRYVkIwNzNwTVcwRXR5cGhYRzJ2dWc5Z0RocjZTdWZBWlV6TEZzY0pFCllEN2ZFbkc4N0Naa0RDeUl4QkNDRW01bDB5NERpRk9vankxZXgySGp6b003VjRrcUlZejlGMUlBM2U5L3AvOGsKallSNjNLUWlzc0kxCi0tLS0tRU5EIENFUlRJRklDQVRFLS0tLS0K"
              }
            ],
            "cluster_id": null,
            "compute_config": [
              {
                "enabled": false,
                "node_pools": [],
                "node_role_arn": ""
              }
            ],
            "control_plane_scaling_config": [
              {
                "tier": "standard"
              }
            ],
            "created_at": "2026-07-01T14:18:48Z",
            "deletion_protection": false,
            "enabled_cluster_log_types": [],
            "encryption_config": [],
            "endpoint": "https://0433CBD1D2388436276B5F4421A37689.gr7.eu-north-1.eks.amazonaws.com",
            "force_update_version": null,
            "id": "eks-prod-dr",
            "identity": [
              {
                "oidc": [
                  {
                    "issuer": "https://oidc.eks.eu-north-1.amazonaws.com/id/0433CBD1D2388436276B5F4421A37689"
                  }
                ]
              }
            ],
            "kubernetes_network_config": [
              {
                "elastic_load_balancing": [
                  {
                    "enabled": false
                  }
                ],
                "ip_family": "ipv4",
                "service_ipv4_cidr": "172.20.0.0/16",
                "service_ipv6_cidr": ""
              }
            ],
            "name": "eks-prod-dr",
            "outpost_config": [],
            "platform_version": "eks.72",
            "region": "eu-north-1",
            "remote_network_config": [],
            "role_arn": "arn:aws:iam::254652353999:role/role-eks-cluster-prod",
            "status": "ACTIVE",
            "storage_config": [
              {
                "block_storage": [
                  {
                    "enabled": false
                  }
                ]
              }
            ],
            "tags": {
              "environment": "prod",
              "managed-by": "terraform",
              "owner": "nagham",
              "project": "devops-multicloud"
            },
            "tags_all": {
              "environment": "prod",
              "managed-by": "terraform",
              "owner": "nagham",
              "project": "devops-multicloud"
            },
            "timeouts": null,
            "upgrade_policy": [
              {
                "support_type": "EXTENDED"
              }
            ],
            "version": "1.30",
            "vpc_config": [
              {
                "cluster_security_group_id": "sg-079c2d0dda2f1c836",
                "endpoint_private_access": true,
                "endpoint_public_access": true,
                "public_access_cidrs": [
                  "0.0.0.0/0"
                ],
                "security_group_ids": [
                  "sg-07baeb0d1ed4fc68a",
                  "sg-08376eeda1d14cd07"
                ],
                "subnet_ids": [
                  "subnet-07de6716ab12faa1f",
                  "subnet-0a239b0e23b17bcd0"
                ],
                "vpc_id": "vpc-0af2190bc77f844e3"
              }
            ],
            "zonal_shift_config": []
          },
          "sensitive_attributes": [],
          "identity_schema_version": 0,
          "private": "eyJlMmJmYjczMC1lY2FhLTExZTYtOGY4OC0zNDM2M2JjN2M0YzAiOnsiY3JlYXRlIjoxODAwMDAwMDAwMDAwLCJkZWxldGUiOjkwMDAwMDAwMDAwMCwidXBkYXRlIjozNjAwMDAwMDAwMDAwfSwic2NoZW1hX3ZlcnNpb24iOiIxIn0=",
          "dependencies": [
            "module.compute.aws_iam_role.eks_cluster",
            "module.compute.aws_iam_role_policy_attachment.eks_cluster_policy",
            "module.networking.aws_security_group.eks_cluster",
            "module.networking.aws_security_group.eks_nodes",
            "module.networking.aws_subnet.private",
            "module.networking.aws_vpc.main",
            "module.networking.data.aws_availability_zones.available"
          ]
        }
      ]
    },
    {
      "module": "module.compute",
      "mode": "managed",
      "type": "aws_eks_node_group",
      "name": "main",
      "provider": "provider[\"registry.terraform.io/hashicorp/aws\"]",
      "instances": [
        {
          "schema_version": 0,
          "attributes": {
            "ami_type": "AL2023_x86_64_STANDARD",
            "arn": "arn:aws:eks:eu-north-1:254652353999:nodegroup/eks-prod-dr/ng-prod/7acf8f0a-5b54-a9eb-810a-59b405faa6b3",
            "capacity_type": "ON_DEMAND",
            "cluster_name": "eks-prod-dr",
            "disk_size": 20,
            "force_update_version": null,
            "id": "eks-prod-dr:ng-prod",
            "instance_types": [
              "t3.small"
            ],
            "labels": {},
            "launch_template": [],
            "node_group_name": "ng-prod",
            "node_group_name_prefix": "",
            "node_repair_config": [],
            "node_role_arn": "arn:aws:iam::254652353999:role/role-eks-nodes-prod",
            "region": "eu-north-1",
            "release_version": "1.30.14-20260625",
            "remote_access": [],
            "resources": [
              {
                "autoscaling_groups": [
                  {
                    "name": "eks-ng-prod-7acf8f0a-5b54-a9eb-810a-59b405faa6b3"
                  }
                ],
                "remote_access_security_group_id": ""
              }
            ],
            "scaling_config": [
              {
                "desired_size": 3,
                "max_size": 4,
                "min_size": 1
              }
            ],
            "status": "ACTIVE",
            "subnet_ids": [
              "subnet-07de6716ab12faa1f",
              "subnet-0a239b0e23b17bcd0"
            ],
            "tags": {
              "environment": "prod",
              "managed-by": "terraform",
              "owner": "nagham",
              "project": "devops-multicloud"
            },
            "tags_all": {
              "environment": "prod",
              "managed-by": "terraform",
              "owner": "nagham",
              "project": "devops-multicloud"
            },
            "taint": [],
            "timeouts": {
              "create": "40m",
              "delete": "40m",
              "update": null
            },
            "update_config": [
              {
                "max_unavailable": 1,
                "max_unavailable_percentage": 0,
                "update_strategy": ""
              }
            ],
            "version": "1.30"
          },
          "sensitive_attributes": [],
          "identity_schema_version": 0,
          "private": "eyJlMmJmYjczMC1lY2FhLTExZTYtOGY4OC0zNDM2M2JjN2M0YzAiOnsiY3JlYXRlIjoyNDAwMDAwMDAwMDAwLCJkZWxldGUiOjI0MDAwMDAwMDAwMDAsInVwZGF0ZSI6MzYwMDAwMDAwMDAwMH19",
          "dependencies": [
            "module.compute.aws_eks_addon.kube_proxy",
            "module.compute.aws_eks_addon.vpc_cni",
            "module.compute.aws_eks_cluster.main",
            "module.compute.aws_iam_role.eks_cluster",
            "module.compute.aws_iam_role.eks_nodes",
            "module.compute.aws_iam_role_policy_attachment.eks_cluster_policy",
            "module.compute.aws_iam_role_policy_attachment.eks_cni",
            "module.compute.aws_iam_role_policy_attachment.eks_ecr_read",
            "module.compute.aws_iam_role_policy_attachment.eks_ssm_nodes",
            "module.compute.aws_iam_role_policy_attachment.eks_worker_node",
            "module.networking.aws_security_group.eks_cluster",
            "module.networking.aws_security_group.eks_nodes",
            "module.networking.aws_subnet.private",
            "module.networking.aws_vpc.main",
            "module.networking.data.aws_availability_zones.available"
          ]
        }
      ]
    },
    {
      "module": "module.compute",
      "mode": "managed",
      "type": "aws_iam_instance_profile",
      "name": "ec2",
      "provider": "provider[\"registry.terraform.io/hashicorp/aws\"]",
      "instances": [
        {
          "schema_version": 0,
          "attributes": {
            "arn": "arn:aws:iam::254652353999:instance-profile/profile-ec2-prod",
            "create_date": "2026-07-01T14:18:43Z",
            "id": "profile-ec2-prod",
            "name": "profile-ec2-prod",
            "name_prefix": "",
            "path": "/",
            "role": "role-ec2-prod",
            "tags": {
              "environment": "prod",
              "managed-by": "terraform",
              "owner": "nagham",
              "project": "devops-multicloud"
            },
            "tags_all": {
              "environment": "prod",
              "managed-by": "terraform",
              "owner": "nagham",
              "project": "devops-multicloud"
            },
            "unique_id": "AIPATWSTWRXHRTJKQEBHS"
          },
          "sensitive_attributes": [],
          "identity_schema_version": 0,
          "private": "bnVsbA==",
          "dependencies": [
            "module.compute.aws_iam_role.ec2"
          ]
        }
      ]
    },
    {
      "module": "module.compute",
      "mode": "managed",
      "type": "aws_iam_policy",
      "name": "ec2_eks_describe",
      "provider": "provider[\"registry.terraform.io/hashicorp/aws\"]",
      "instances": [
        {
          "schema_version": 0,
          "attributes": {
            "arn": "arn:aws:iam::254652353999:policy/policy-ec2-eks-describe-prod",
            "attachment_count": 1,
            "delay_after_policy_creation_in_ms": null,
            "description": "Allow EC2 to describe EKS clusters and update kubeconfig",
            "id": "arn:aws:iam::254652353999:policy/policy-ec2-eks-describe-prod",
            "name": "policy-ec2-eks-describe-prod",
            "name_prefix": "",
            "path": "/",
            "policy": "{\"Statement\":[{\"Action\":[\"eks:DescribeCluster\",\"eks:ListClusters\",\"eks:AccessKubernetesApi\"],\"Effect\":\"Allow\",\"Resource\":\"*\"}],\"Version\":\"2012-10-17\"}",
            "policy_id": "ANPATWSTWRXHSTC6UEJVN",
            "tags": {
              "environment": "prod",
              "managed-by": "terraform",
              "owner": "nagham",
              "project": "devops-multicloud"
            },
            "tags_all": {
              "environment": "prod",
              "managed-by": "terraform",
              "owner": "nagham",
              "project": "devops-multicloud"
            }
          },
          "sensitive_attributes": [],
          "identity_schema_version": 0,
          "identity": {
            "arn": "arn:aws:iam::254652353999:policy/policy-ec2-eks-describe-prod"
          },
          "private": "bnVsbA=="
        }
      ]
    },
    {
      "module": "module.compute",
      "mode": "managed",
      "type": "aws_iam_role",
      "name": "ec2",
      "provider": "provider[\"registry.terraform.io/hashicorp/aws\"]",
      "instances": [
        {
          "schema_version": 0,
          "attributes": {
            "arn": "arn:aws:iam::254652353999:role/role-ec2-prod",
            "assume_role_policy": "{\"Statement\":[{\"Action\":\"sts:AssumeRole\",\"Effect\":\"Allow\",\"Principal\":{\"Service\":\"ec2.amazonaws.com\"}}],\"Version\":\"2012-10-17\"}",
            "create_date": "2026-07-01T14:18:42Z",
            "description": "",
            "force_detach_policies": false,
            "id": "role-ec2-prod",
            "inline_policy": [],
            "managed_policy_arns": [
              "arn:aws:iam::254652353999:policy/policy-ec2-eks-describe-prod",
              "arn:aws:iam::aws:policy/AmazonEC2ContainerRegistryReadOnly",
              "arn:aws:iam::aws:policy/AmazonEKSClusterPolicy",
              "arn:aws:iam::aws:policy/AmazonSSMManagedInstanceCore",
              "arn:aws:iam::aws:policy/CloudWatchAgentServerPolicy"
            ],
            "max_session_duration": 3600,
            "name": "role-ec2-prod",
            "name_prefix": "",
            "path": "/",
            "permissions_boundary": "",
            "tags": {
              "environment": "prod",
              "managed-by": "terraform",
              "owner": "nagham",
              "project": "devops-multicloud"
            },
            "tags_all": {
              "environment": "prod",
              "managed-by": "terraform",
              "owner": "nagham",
              "project": "devops-multicloud"
            },
            "unique_id": "AROATWSTWRXHZ57FOSOPP"
          },
          "sensitive_attributes": [],
          "identity_schema_version": 0,
          "identity": {
            "account_id": "254652353999",
            "name": "role-ec2-prod"
          },
          "private": "bnVsbA=="
        }
      ]
    },
    {
      "module": "module.compute",
      "mode": "managed",
      "type": "aws_iam_role",
      "name": "eks_cluster",
      "provider": "provider[\"registry.terraform.io/hashicorp/aws\"]",
      "instances": [
        {
          "schema_version": 0,
          "attributes": {
            "arn": "arn:aws:iam::254652353999:role/role-eks-cluster-prod",
            "assume_role_policy": "{\"Statement\":[{\"Action\":\"sts:AssumeRole\",\"Effect\":\"Allow\",\"Principal\":{\"Service\":\"eks.amazonaws.com\"}}],\"Version\":\"2012-10-17\"}",
            "create_date": "2026-07-01T14:18:42Z",
            "description": "",
            "force_detach_policies": false,
            "id": "role-eks-cluster-prod",
            "inline_policy": [],
            "managed_policy_arns": [
              "arn:aws:iam::aws:policy/AmazonEKSClusterPolicy"
            ],
            "max_session_duration": 3600,
            "name": "role-eks-cluster-prod",
            "name_prefix": "",
            "path": "/",
            "permissions_boundary": "",
            "tags": {
              "environment": "prod",
              "managed-by": "terraform",
              "owner": "nagham",
              "project": "devops-multicloud"
            },
            "tags_all": {
              "environment": "prod",
              "managed-by": "terraform",
              "owner": "nagham",
              "project": "devops-multicloud"
            },
            "unique_id": "AROATWSTWRXHZRF2A7UOQ"
          },
          "sensitive_attributes": [],
          "identity_schema_version": 0,
          "identity": {
            "account_id": "254652353999",
            "name": "role-eks-cluster-prod"
          },
          "private": "bnVsbA=="
        }
      ]
    },
    {
      "module": "module.compute",
      "mode": "managed",
      "type": "aws_iam_role",
      "name": "eks_nodes",
      "provider": "provider[\"registry.terraform.io/hashicorp/aws\"]",
      "instances": [
        {
          "schema_version": 0,
          "attributes": {
            "arn": "arn:aws:iam::254652353999:role/role-eks-nodes-prod",
            "assume_role_policy": "{\"Statement\":[{\"Action\":\"sts:AssumeRole\",\"Effect\":\"Allow\",\"Principal\":{\"Service\":\"ec2.amazonaws.com\"}}],\"Version\":\"2012-10-17\"}",
            "create_date": "2026-07-01T14:18:42Z",
            "description": "",
            "force_detach_policies": false,
            "id": "role-eks-nodes-prod",
            "inline_policy": [],
            "managed_policy_arns": [
              "arn:aws:iam::aws:policy/AmazonEC2ContainerRegistryReadOnly",
              "arn:aws:iam::aws:policy/AmazonEKSWorkerNodePolicy",
              "arn:aws:iam::aws:policy/AmazonEKS_CNI_Policy",
              "arn:aws:iam::aws:policy/AmazonSSMManagedInstanceCore"
            ],
            "max_session_duration": 3600,
            "name": "role-eks-nodes-prod",
            "name_prefix": "",
            "path": "/",
            "permissions_boundary": "",
            "tags": {
              "environment": "prod",
              "managed-by": "terraform",
              "owner": "nagham",
              "project": "devops-multicloud"
            },
            "tags_all": {
              "environment": "prod",
              "managed-by": "terraform",
              "owner": "nagham",
              "project": "devops-multicloud"
            },
            "unique_id": "AROATWSTWRXHZJDUA35J7"
          },
          "sensitive_attributes": [],
          "identity_schema_version": 0,
          "identity": {
            "account_id": "254652353999",
            "name": "role-eks-nodes-prod"
          },
          "private": "bnVsbA=="
        }
      ]
    },
    {
      "module": "module.compute",
      "mode": "managed",
      "type": "aws_iam_role_policy_attachment",
      "name": "cloudwatch",
      "provider": "provider[\"registry.terraform.io/hashicorp/aws\"]",
      "instances": [
        {
          "schema_version": 0,
          "attributes": {
            "id": "role-ec2-prod/arn:aws:iam::aws:policy/CloudWatchAgentServerPolicy",
            "policy_arn": "arn:aws:iam::aws:policy/CloudWatchAgentServerPolicy",
            "role": "role-ec2-prod"
          },
          "sensitive_attributes": [],
          "identity_schema_version": 0,
          "identity": {
            "account_id": "254652353999",
            "policy_arn": "arn:aws:iam::aws:policy/CloudWatchAgentServerPolicy",
            "role": "role-ec2-prod"
          },
          "private": "bnVsbA==",
          "dependencies": [
            "module.compute.aws_iam_role.ec2"
          ]
        }
      ]
    },
    {
      "module": "module.compute",
      "mode": "managed",
      "type": "aws_iam_role_policy_attachment",
      "name": "ec2_eks",
      "provider": "provider[\"registry.terraform.io/hashicorp/aws\"]",
      "instances": [
        {
          "schema_version": 0,
          "attributes": {
            "id": "role-ec2-prod/arn:aws:iam::aws:policy/AmazonEKSClusterPolicy",
            "policy_arn": "arn:aws:iam::aws:policy/AmazonEKSClusterPolicy",
            "role": "role-ec2-prod"
          },
          "sensitive_attributes": [],
          "identity_schema_version": 0,
          "identity": {
            "account_id": "254652353999",
            "policy_arn": "arn:aws:iam::aws:policy/AmazonEKSClusterPolicy",
            "role": "role-ec2-prod"
          },
          "private": "bnVsbA==",
          "dependencies": [
            "module.compute.aws_iam_role.ec2"
          ]
        }
      ]
    },
    {
      "module": "module.compute",
      "mode": "managed",
      "type": "aws_iam_role_policy_attachment",
      "name": "ec2_eks_describe",
      "provider": "provider[\"registry.terraform.io/hashicorp/aws\"]",
      "instances": [
        {
          "schema_version": 0,
          "attributes": {
            "id": "role-ec2-prod/arn:aws:iam::254652353999:policy/policy-ec2-eks-describe-prod",
            "policy_arn": "arn:aws:iam::254652353999:policy/policy-ec2-eks-describe-prod",
            "role": "role-ec2-prod"
          },
          "sensitive_attributes": [],
          "identity_schema_version": 0,
          "identity": {
            "account_id": "254652353999",
            "policy_arn": "arn:aws:iam::254652353999:policy/policy-ec2-eks-describe-prod",
            "role": "role-ec2-prod"
          },
          "private": "bnVsbA==",
          "dependencies": [
            "module.compute.aws_iam_policy.ec2_eks_describe",
            "module.compute.aws_iam_role.ec2"
          ]
        }
      ]
    },
    {
      "module": "module.compute",
      "mode": "managed",
      "type": "aws_iam_role_policy_attachment",
      "name": "ecr",
      "provider": "provider[\"registry.terraform.io/hashicorp/aws\"]",
      "instances": [
        {
          "schema_version": 0,
          "attributes": {
            "id": "role-ec2-prod/arn:aws:iam::aws:policy/AmazonEC2ContainerRegistryReadOnly",
            "policy_arn": "arn:aws:iam::aws:policy/AmazonEC2ContainerRegistryReadOnly",
            "role": "role-ec2-prod"
          },
          "sensitive_attributes": [],
          "identity_schema_version": 0,
          "identity": {
            "account_id": "254652353999",
            "policy_arn": "arn:aws:iam::aws:policy/AmazonEC2ContainerRegistryReadOnly",
            "role": "role-ec2-prod"
          },
          "private": "bnVsbA==",
          "dependencies": [
            "module.compute.aws_iam_role.ec2"
          ]
        }
      ]
    },
    {
      "module": "module.compute",
      "mode": "managed",
      "type": "aws_iam_role_policy_attachment",
      "name": "eks_cluster_policy",
      "provider": "provider[\"registry.terraform.io/hashicorp/aws\"]",
      "instances": [
        {
          "schema_version": 0,
          "attributes": {
            "id": "role-eks-cluster-prod/arn:aws:iam::aws:policy/AmazonEKSClusterPolicy",
            "policy_arn": "arn:aws:iam::aws:policy/AmazonEKSClusterPolicy",
            "role": "role-eks-cluster-prod"
          },
          "sensitive_attributes": [],
          "identity_schema_version": 0,
          "identity": {
            "account_id": "254652353999",
            "policy_arn": "arn:aws:iam::aws:policy/AmazonEKSClusterPolicy",
            "role": "role-eks-cluster-prod"
          },
          "private": "bnVsbA==",
          "dependencies": [
            "module.compute.aws_iam_role.eks_cluster"
          ]
        }
      ]
    },
    {
      "module": "module.compute",
      "mode": "managed",
      "type": "aws_iam_role_policy_attachment",
      "name": "eks_cni",
      "provider": "provider[\"registry.terraform.io/hashicorp/aws\"]",
      "instances": [
        {
          "schema_version": 0,
          "attributes": {
            "id": "role-eks-nodes-prod/arn:aws:iam::aws:policy/AmazonEKS_CNI_Policy",
            "policy_arn": "arn:aws:iam::aws:policy/AmazonEKS_CNI_Policy",
            "role": "role-eks-nodes-prod"
          },
          "sensitive_attributes": [],
          "identity_schema_version": 0,
          "identity": {
            "account_id": "254652353999",
            "policy_arn": "arn:aws:iam::aws:policy/AmazonEKS_CNI_Policy",
            "role": "role-eks-nodes-prod"
          },
          "private": "bnVsbA==",
          "dependencies": [
            "module.compute.aws_iam_role.eks_nodes"
          ]
        }
      ]
    },
    {
      "module": "module.compute",
      "mode": "managed",
      "type": "aws_iam_role_policy_attachment",
      "name": "eks_ecr_read",
      "provider": "provider[\"registry.terraform.io/hashicorp/aws\"]",
      "instances": [
        {
          "schema_version": 0,
          "attributes": {
            "id": "role-eks-nodes-prod/arn:aws:iam::aws:policy/AmazonEC2ContainerRegistryReadOnly",
            "policy_arn": "arn:aws:iam::aws:policy/AmazonEC2ContainerRegistryReadOnly",
            "role": "role-eks-nodes-prod"
          },
          "sensitive_attributes": [],
          "identity_schema_version": 0,
          "identity": {
            "account_id": "254652353999",
            "policy_arn": "arn:aws:iam::aws:policy/AmazonEC2ContainerRegistryReadOnly",
            "role": "role-eks-nodes-prod"
          },
          "private": "bnVsbA==",
          "dependencies": [
            "module.compute.aws_iam_role.eks_nodes"
          ]
        }
      ]
    },
    {
      "module": "module.compute",
      "mode": "managed",
      "type": "aws_iam_role_policy_attachment",
      "name": "eks_ssm_nodes",
      "provider": "provider[\"registry.terraform.io/hashicorp/aws\"]",
      "instances": [
        {
          "schema_version": 0,
          "attributes": {
            "id": "role-eks-nodes-prod/arn:aws:iam::aws:policy/AmazonSSMManagedInstanceCore",
            "policy_arn": "arn:aws:iam::aws:policy/AmazonSSMManagedInstanceCore",
            "role": "role-eks-nodes-prod"
          },
          "sensitive_attributes": [],
          "identity_schema_version": 0,
          "identity": {
            "account_id": "254652353999",
            "policy_arn": "arn:aws:iam::aws:policy/AmazonSSMManagedInstanceCore",
            "role": "role-eks-nodes-prod"
          },
          "private": "bnVsbA==",
          "dependencies": [
            "module.compute.aws_iam_role.eks_nodes"
          ]
        }
      ]
    },
    {
      "module": "module.compute",
      "mode": "managed",
      "type": "aws_iam_role_policy_attachment",
      "name": "eks_worker_node",
      "provider": "provider[\"registry.terraform.io/hashicorp/aws\"]",
      "instances": [
        {
          "schema_version": 0,
          "attributes": {
            "id": "role-eks-nodes-prod/arn:aws:iam::aws:policy/AmazonEKSWorkerNodePolicy",
            "policy_arn": "arn:aws:iam::aws:policy/AmazonEKSWorkerNodePolicy",
            "role": "role-eks-nodes-prod"
          },
          "sensitive_attributes": [],
          "identity_schema_version": 0,
          "identity": {
            "account_id": "254652353999",
            "policy_arn": "arn:aws:iam::aws:policy/AmazonEKSWorkerNodePolicy",
            "role": "role-eks-nodes-prod"
          },
          "private": "bnVsbA==",
          "dependencies": [
            "module.compute.aws_iam_role.eks_nodes"
          ]
        }
      ]
    },
    {
      "module": "module.compute",
      "mode": "managed",
      "type": "aws_iam_role_policy_attachment",
      "name": "ssm",
      "provider": "provider[\"registry.terraform.io/hashicorp/aws\"]",
      "instances": [
        {
          "schema_version": 0,
          "attributes": {
            "id": "role-ec2-prod/arn:aws:iam::aws:policy/AmazonSSMManagedInstanceCore",
            "policy_arn": "arn:aws:iam::aws:policy/AmazonSSMManagedInstanceCore",
            "role": "role-ec2-prod"
          },
          "sensitive_attributes": [],
          "identity_schema_version": 0,
          "identity": {
            "account_id": "254652353999",
            "policy_arn": "arn:aws:iam::aws:policy/AmazonSSMManagedInstanceCore",
            "role": "role-ec2-prod"
          },
          "private": "bnVsbA==",
          "dependencies": [
            "module.compute.aws_iam_role.ec2"
          ]
        }
      ]
    },
    {
      "module": "module.compute",
      "mode": "managed",
      "type": "aws_instance",
      "name": "main",
      "provider": "provider[\"registry.terraform.io/hashicorp/aws\"]",
      "instances": [
        {
          "schema_version": 2,
          "attributes": {
            "ami": "ami-088fd024fe7aa5070",
            "arn": "arn:aws:ec2:eu-north-1:254652353999:instance/i-0124fb2272478845d",
            "associate_public_ip_address": false,
            "availability_zone": "eu-north-1a",
            "capacity_reservation_specification": [
              {
                "capacity_reservation_preference": "open",
                "capacity_reservation_target": []
              }
            ],
            "cpu_options": [
              {
                "amd_sev_snp": "",
                "core_count": 1,
                "threads_per_core": 2
              }
            ],
            "credit_specification": [
              {
                "cpu_credits": "unlimited"
              }
            ],
            "disable_api_stop": false,
            "disable_api_termination": false,
            "ebs_block_device": [],
            "ebs_optimized": false,
            "enable_primary_ipv6": null,
            "enclave_options": [
              {
                "enabled": false
              }
            ],
            "ephemeral_block_device": [],
            "force_destroy": false,
            "get_password_data": false,
            "hibernation": false,
            "host_id": "",
            "host_resource_group_arn": null,
            "iam_instance_profile": "profile-ec2-prod",
            "id": "i-0124fb2272478845d",
            "instance_initiated_shutdown_behavior": "stop",
            "instance_lifecycle": "",
            "instance_market_options": [],
            "instance_state": "running",
            "instance_type": "t3.small",
            "ipv6_address_count": 0,
            "ipv6_addresses": [],
            "key_name": "key-ec2-prod",
            "launch_template": [],
            "maintenance_options": [
              {
                "auto_recovery": "default"
              }
            ],
            "metadata_options": [
              {
                "http_endpoint": "enabled",
                "http_protocol_ipv6": "disabled",
                "http_put_response_hop_limit": 1,
                "http_tokens": "optional",
                "instance_metadata_tags": "disabled"
              }
            ],
            "monitoring": false,
            "network_interface": [],
            "outpost_arn": "",
            "password_data": "",
            "placement_group": "",
            "placement_group_id": "",
            "placement_partition_number": 0,
            "primary_network_interface": [
              {
                "delete_on_termination": true,
                "network_interface_id": "eni-078bbd05297766906"
              }
            ],
            "primary_network_interface_id": "eni-078bbd05297766906",
            "private_dns": "ip-10-1-1-117.eu-north-1.compute.internal",
            "private_dns_name_options": [
              {
                "enable_resource_name_dns_a_record": false,
                "enable_resource_name_dns_aaaa_record": false,
                "hostname_type": "ip-name"
              }
            ],
            "private_ip": "10.1.1.117",
            "public_dns": "",
            "public_ip": "",
            "region": "eu-north-1",
            "root_block_device": [
              {
                "delete_on_termination": true,
                "device_name": "/dev/sda1",
                "encrypted": true,
                "iops": 3000,
                "kms_key_id": "arn:aws:kms:eu-north-1:254652353999:key/787eb808-9f89-4f9f-9c9a-8670f0eec14d",
                "tags": {},
                "tags_all": {},
                "throughput": 125,
                "volume_id": "vol-0f2cb94f23ed0cfb0",
                "volume_size": 30,
                "volume_type": "gp3"
              }
            ],
            "secondary_network_interface": [],
            "secondary_private_ips": [],
            "security_groups": [],
            "source_dest_check": true,
            "spot_instance_request_id": "",
            "subnet_id": "subnet-0a239b0e23b17bcd0",
            "tags": {
              "Name": "ec2-app-prod",
              "environment": "prod",
              "managed-by": "terraform",
              "owner": "nagham",
              "project": "devops-multicloud"
            },
            "tags_all": {
              "Name": "ec2-app-prod",
              "environment": "prod",
              "managed-by": "terraform",
              "owner": "nagham",
              "project": "devops-multicloud"
            },
            "tenancy": "default",
            "timeouts": null,
            "user_data": null,
            "user_data_base64": null,
            "user_data_replace_on_change": false,
            "volume_tags": null,
            "vpc_security_group_ids": [
              "sg-08376eeda1d14cd07"
            ]
          },
          "sensitive_attributes": [],
          "identity_schema_version": 0,
          "identity": {
            "account_id": "254652353999",
            "id": "i-0124fb2272478845d",
            "region": "eu-north-1"
          },
          "private": "eyJlMmJmYjczMC1lY2FhLTExZTYtOGY4OC0zNDM2M2JjN2M0YzAiOnsiY3JlYXRlIjo2MDAwMDAwMDAwMDAsImRlbGV0ZSI6MTIwMDAwMDAwMDAwMCwicmVhZCI6OTAwMDAwMDAwMDAwLCJ1cGRhdGUiOjYwMDAwMDAwMDAwMH0sInNjaGVtYV92ZXJzaW9uIjoiMiJ9",
          "dependencies": [
            "module.compute.aws_iam_instance_profile.ec2",
            "module.compute.aws_iam_role.ec2",
            "module.compute.aws_key_pair.ec2",
            "module.compute.data.aws_ami.ubuntu",
            "module.compute.tls_private_key.ec2",
            "module.networking.aws_security_group.eks_nodes",
            "module.networking.aws_subnet.private",
            "module.networking.aws_vpc.main",
            "module.networking.data.aws_availability_zones.available"
          ]
        }
      ]
    },
    {
      "module": "module.compute",
      "mode": "managed",
      "type": "aws_key_pair",
      "name": "ec2",
      "provider": "provider[\"registry.terraform.io/hashicorp/aws\"]",
      "instances": [
        {
          "schema_version": 1,
          "attributes": {
            "arn": "arn:aws:ec2:eu-north-1:254652353999:key-pair/key-ec2-prod",
            "fingerprint": "db:66:71:b0:e9:d8:46:f7:4c:08:e2:24:12:8f:fc:f0",
            "id": "key-ec2-prod",
            "key_name": "key-ec2-prod",
            "key_name_prefix": "",
            "key_pair_id": "key-0ac0814993be7b8c1",
            "key_type": "rsa",
            "public_key": "ssh-rsa AAAAB3NzaC1yc2EAAAADAQABAAACAQC5j3gjxP3hgVIRfDu+17sRisaVG2h/RU6N2hhoM5X4ibtTV9MHuc/nYTEWbL+kosB0a0NGzrR65eaL4Atd9x04JoJrJvnVJrkCh9Tgzvbd1VwvNclrltPspy1b3mHUfX0NA29Jpi3lrmQMOpeMWBOfSQHVkLnjPHZq3YdNiYZP70nULWG/1l5GSJNXLiu1eJR/Jl7hBtxscC6nzL7OnGujTkDsZBywRuH6xA3gUSlic+Da+b50jwy/Dzu+tmDrjHp0s+2f5IMOT2Nga3177B43XdzhigdyHFv3cCaU35bQqbeifXIRsz4mbPhxFg88Sx27HSWLFehLGOCTnExtMiAuSHATuOBg+UEgXXVQdFdQK7w+EK8h51a4RqSnBp8VybxPJ8VU+v+Dz3SuSjOwzvkt0hNGsP9rm4TKRibXXJlbM0HrM3IJazV5wczDyn8EX4lYsb2GgIMMu/O6Cn6qbt7jf/S22nWHH+LEYwGqVPG93xam4PPJVxkOaKkhaZmPf4YI7WlGx0fYMGshIlotNE0WrPIDqyCAfYydRqNshtfTgGDR/nE39NmZLxZrVZnzWeNZs6oLb3U99lDqWDiM6NeiKo9r8rjtknAoCkGts388d/il8j96zi9Rbcei6OdUMfrBD6KhBtMWxMUxSV8NO3trc1yJtIIINjfiEO964TIN7w==",
            "region": "eu-north-1",
            "tags": {
              "environment": "prod",
              "managed-by": "terraform",
              "owner": "nagham",
              "project": "devops-multicloud"
            },
            "tags_all": {
              "environment": "prod",
              "managed-by": "terraform",
              "owner": "nagham",
              "project": "devops-multicloud"
            }
          },
          "sensitive_attributes": [],
          "identity_schema_version": 0,
          "private": "eyJzY2hlbWFfdmVyc2lvbiI6IjEifQ==",
          "dependencies": [
            "module.compute.tls_private_key.ec2"
          ]
        }
      ]
    },
    {
      "module": "module.compute",
      "mode": "managed",
      "type": "local_file",
      "name": "ec2_private_key",
      "provider": "provider[\"registry.terraform.io/hashicorp/local\"]",
      "instances": [
        {
          "schema_version": 0,
          "attributes": {
            "content": "-----BEGIN RSA PRIVATE KEY-----\nMIIJKAIBAAKCAgEAuY94I8T94YFSEXw7vte7EYrGlRtof0VOjdoYaDOV+Im7U1fT\nB7nP52ExFmy/pKLAdGtDRs60euXmi+ALXfcdOCaCayb51Sa5AofU4M723dVcLzXJ\na5bT7KctW95h1H19DQNvSaYt5a5kDDqXjFgTn0kB1ZC54zx2at2HTYmGT+9J1C1h\nv9ZeRkiTVy4rtXiUfyZe4QbcbHAup8y+zpxro05A7GQcsEbh+sQN4FEpYnPg2vm+\ndI8Mvw87vrZg64x6dLPtn+SDDk9jYGt9e+weN13c4YoHchxb93AmlN+W0Km3on1y\nEbM+Jmz4cRYPPEsdux0lixXoSxjgk5xMbTIgLkhwE7jgYPlBIF11UHRXUCu8PhCv\nIedWuEakpwafFcm8TyfFVPr/g890rkozsM75LdITRrD/a5uEykYm11yZWzNB6zNy\nCWs1ecHMw8p/BF+JWLG9hoCDDLvzugp+qm7e43/0ttp1hx/ixGMBqlTxvd8WpuDz\nyVcZDmipIWmZj3+GCO1pRsdH2DBrISJaLTRNFqzyA6sggH2MnUajbIbX04Bg0f5x\nN/TZmS8Wa1WZ81njWbOqC291PfZQ6lg4jOjXoiqPa/K47ZJwKApBrbN/PHf4pfI/\nes4vUW3HoujnVDH6wQ+ioQbTFsTFMUlfDTt7a3NcibSCCDY34hDveuEyDe8CAwEA\nAQKCAgA8K3R2jNMSQ3/cIZ+x83w6ZPidswSAeHXPc5AEge24aNjwXoMUd0EeMxra\nvaqq9QdY+MsY87/8Nf47DwxAjPfRlFMn8byDTIojcu4pc5MDPcMln9hPZdoUW+VO\na97nK0XYaWu1wwgQ+SqB+KHZpVm/hcnteX99Wsa/QlQ0ZUrDMsGK5qhSr21kdvYo\nB9Wug4oLbOLJLxNcqkfGq5KXposUqjRNMu1Gj8WJLfed7FNyFEcuWltSqmwkrAjg\nf30QBD5VB18fQNbqVf3QbyqCe38Uzv/ntn1RmDaOFrS8A4CA6veb3feWG7wkc6Nf\n8BpCn8zlNr9MyW7Ioyl3U/BIXD+olGENxWmA7DvatLkX6ZqfeJ7bsrIjzO5CeQR6\nYxRUk6LYpNh1iBE9IdnXlP70Bad9Ovg3AUFnswkh85ydGcoA58fcufYrsElO4eOR\ntiStF2/nm1yj9AqRTH0G293u6Pv2Xl9ukf/ctZwl2VGwfbGqc2r6UnBfvilhgoHW\nD3ta3NTeYv96nFFVP4ExfYn+j0MmfmVrV5nhB64IFcTJCdh3SSWpRXmeeaW9Gn1e\n+tagL6qIpza735CyeRKiCmcpnABdb59MVlaGfTsaCGepFpsOq5d2CZ6o69WfKOIw\nA+JQ2KJj5kTvnhkHDEuWHF736x9HeckAKnGnEB7eqor4teD/4QKCAQEA77uxe4xC\nmGIrgUc3fhly1TsPx2a5940FTNKyH3VjesZ9VKb45Zltns6qYuhIOINk+bdLPmt+\nNiv4wXMELa3NE/i3lWEjPLuenT6uZ4JYk/GSh5YUgiCjp0xiD5MdjxtRw3HcJNYQ\nvrkE9EORqEy27H1oCuwm5ZqdfnjMayHw8r/EQLTv1yDlkI+R4tbqVRsLZk4FN35J\nl6IgaJUZDtwJrRS2ZMf3PSkqCp8Jq7StFXDRKFCWRrHKkzBd9ZiyIQDTiMPcBLN0\nQjCmkPyNBPWyrm7PWIeOGsSIkqTMnz54lJ9Jd9Zs1BhYWOZspTr3GDl8nsgzFKe+\nDfltUdeszo1pnwKCAQEAxibDbNADRubAVJZQ6+Y5uDKcGGyZh/6dUBwZEmaxKhfG\newiNDuun4RTsDasRzCg+H9BQxGeb3COxjNChrezPykz9e43WaD0tAiURKWyXmp+5\nZ3rTyntayvkyBd91Uv18DHQ+HKa99EChbmMAyysmqkEXpM+/qWNdUQaJMAiYP1Gb\nfswA7bgsZsCA0dLW0uMwzmTAxf4rdZHUEwm6A0uPBOGcndSe6vsHbnM+b+urvlZR\nD6ztP0JrmI1Tq4DVse1EwpOt1WNRcUjTmcBF4+Ow27cKi0EXbH4t9MRPOLr0d5nK\nDigMNyehXIDWNJn+ejHX+jgQFjxao7iogVjXRzSZsQKCAQEAlGaS2pEb1GrI1ZE5\nV9T3EeoqvVvo+MYSJtkyrGileSYQBWwLHU4Z3rm+HdX+hwVHZ5HAgVZXXb9gkJfb\nWU+CaL+JHW5xOrJF4L8hhS/aF1LuSwJrlZYQ2IpfFZcTMDhQJ/V+ukrNONMdrvt4\n2j8K6WBEHKbM+Ur5/YVXvWXYWty85vValshlc1R8kXhKvP4t01muvwhtE/GnsDXD\nukAZuUveEIr8kJ6/yK1kdic1EdWxlAw2ynJanTzOnS617douGDZuJ3bTG/oz0gKU\nZSKXRoWP0xSusgFBLc3YYSdxy0bDWuygl7auUfHqBWp39UX4z+3MORgRfWMO+h/R\neFdvrwKCAQAwW6Fx2soR8ZqaihyxlXwcoe1KYKaPc+n8dP8BaKJv/WFpAUs7ivNr\nkOmS5F7xjhirNvGfHRIChYt9LCVpBtQnMObj0lezFMr5LQalL2VITRa4VFd/oN8l\nje9RU5mUaVxuxaeq4l6VT3iWMf8tlhhXkI8un6zMr/1EGu48FLzjJw1lwm+vlDTx\n1qUZj/TxfpSYqioJp9//T1mMU+FbkIMU0+Ke+hbWjfDgWauxMLi3OOWLh85Wk+Ui\nU8tJnaWJSLhxLA1OeHCVzwolCbGEzjqJRICEP5xx09FvXMFgvO+QiK2xCsEAbOGK\na77bE4HxXFyzKh9y7cPJFPW6q23OaN3hAoIBAFARVuW+FYhl0omHpcUDL6eCcOBR\nHQEnk2dDs8tSUXrE2FQLlGP4b9VaQUeNKVyb5G7pMEvt1KdFkJBqpI4cGnzKYMai\n+vAajcszCccB5Gpt9erIQZeGb7pg5QxqqINgFBjURT3GQH2QNfHtqlGOSQnRrg7m\nCX3K4avVRqNe9iMXgyK29M0KLdTKlmT5jUwsZhlylK3lvugd4ijzvJNUBFxcv30k\nReCMh8dPmkvwenFWrCAS2doIjvGGjdlzleoywYIIHoxhRLSYLwBe8RTzmFEjrXBN\nbs53Km5g4D59bJ6KfB1TRJGKuP5vp4SVqlR+gx8z3ntjdHEL6Jm/TWgcriY=\n-----END RSA PRIVATE KEY-----\n",
            "content_base64": null,
            "content_base64sha256": "oBDHke0uoS1dAnujIBz/RisN//6W3vqMCFDaooNEM/E=",
            "content_base64sha512": "Z1Qhxouvm7SjaL+AqWL/WrjLFrGgxgTKi/Z7zFCa+M8e91SYZqfAeTrKoV/t+MQV9mKPq+nRerpiTitOyDvDGQ==",
            "content_md5": "fd97bd0179a72627e7684d09fbb69fc8",
            "content_sha1": "1410912b6f6ef42df3314ff14190c933f0f3b582",
            "content_sha256": "a010c791ed2ea12d5d027ba3201cff462b0dfffe96defa8c0850daa2834433f1",
            "content_sha512": "675421c68baf9bb4a368bf80a962ff5ab8cb16b1a0c604ca8bf67bcc509af8cf1ef7549866a7c0793acaa15fedf8c415f6628fabe9d17aba624e2b4ec83bc319",
            "directory_permission": "0777",
            "file_permission": "0400",
            "filename": "./../../ansible/aws_ec2.pem",
            "id": "1410912b6f6ef42df3314ff14190c933f0f3b582",
            "sensitive_content": null,
            "source": null
          },
          "sensitive_attributes": [
            [
              {
                "type": "get_attr",
                "value": "content"
              }
            ],
            [
              {
                "type": "get_attr",
                "value": "sensitive_content"
              }
            ]
          ],
          "identity_schema_version": 0,
          "dependencies": [
            "module.compute.tls_private_key.ec2"
          ]
        }
      ]
    },
    {
      "module": "module.compute",
      "mode": "managed",
      "type": "tls_private_key",
      "name": "ec2",
      "provider": "provider[\"registry.terraform.io/hashicorp/tls\"]",
      "instances": [
        {
          "schema_version": 1,
          "attributes": {
            "algorithm": "RSA",
            "ecdsa_curve": "P224",
            "id": "b5418b466a05a3ba63195864606c95a1610ae393",
            "private_key_openssh": "-----BEGIN OPENSSH PRIVATE KEY-----\nb3BlbnNzaC1rZXktdjEAAAAABG5vbmUAAAAEbm9uZQAAAAAAAAABAAACFwAAAAdz\nc2gtcnNhAAAAAwEAAQAAAgEAuY94I8T94YFSEXw7vte7EYrGlRtof0VOjdoYaDOV\n+Im7U1fTB7nP52ExFmy/pKLAdGtDRs60euXmi+ALXfcdOCaCayb51Sa5AofU4M72\n3dVcLzXJa5bT7KctW95h1H19DQNvSaYt5a5kDDqXjFgTn0kB1ZC54zx2at2HTYmG\nT+9J1C1hv9ZeRkiTVy4rtXiUfyZe4QbcbHAup8y+zpxro05A7GQcsEbh+sQN4FEp\nYnPg2vm+dI8Mvw87vrZg64x6dLPtn+SDDk9jYGt9e+weN13c4YoHchxb93AmlN+W\n0Km3on1yEbM+Jmz4cRYPPEsdux0lixXoSxjgk5xMbTIgLkhwE7jgYPlBIF11UHRX\nUCu8PhCvIedWuEakpwafFcm8TyfFVPr/g890rkozsM75LdITRrD/a5uEykYm11yZ\nWzNB6zNyCWs1ecHMw8p/BF+JWLG9hoCDDLvzugp+qm7e43/0ttp1hx/ixGMBqlTx\nvd8WpuDzyVcZDmipIWmZj3+GCO1pRsdH2DBrISJaLTRNFqzyA6sggH2MnUajbIbX\n04Bg0f5xN/TZmS8Wa1WZ81njWbOqC291PfZQ6lg4jOjXoiqPa/K47ZJwKApBrbN/\nPHf4pfI/es4vUW3HoujnVDH6wQ+ioQbTFsTFMUlfDTt7a3NcibSCCDY34hDveuEy\nDe8AAAc4QJlYDkCZWA4AAAAHc3NoLXJzYQAAAgEAuY94I8T94YFSEXw7vte7EYrG\nlRtof0VOjdoYaDOV+Im7U1fTB7nP52ExFmy/pKLAdGtDRs60euXmi+ALXfcdOCaC\nayb51Sa5AofU4M723dVcLzXJa5bT7KctW95h1H19DQNvSaYt5a5kDDqXjFgTn0kB\n1ZC54zx2at2HTYmGT+9J1C1hv9ZeRkiTVy4rtXiUfyZe4QbcbHAup8y+zpxro05A\n7GQcsEbh+sQN4FEpYnPg2vm+dI8Mvw87vrZg64x6dLPtn+SDDk9jYGt9e+weN13c\n4YoHchxb93AmlN+W0Km3on1yEbM+Jmz4cRYPPEsdux0lixXoSxjgk5xMbTIgLkhw\nE7jgYPlBIF11UHRXUCu8PhCvIedWuEakpwafFcm8TyfFVPr/g890rkozsM75LdIT\nRrD/a5uEykYm11yZWzNB6zNyCWs1ecHMw8p/BF+JWLG9hoCDDLvzugp+qm7e43/0\nttp1hx/ixGMBqlTxvd8WpuDzyVcZDmipIWmZj3+GCO1pRsdH2DBrISJaLTRNFqzy\nA6sggH2MnUajbIbX04Bg0f5xN/TZmS8Wa1WZ81njWbOqC291PfZQ6lg4jOjXoiqP\na/K47ZJwKApBrbN/PHf4pfI/es4vUW3HoujnVDH6wQ+ioQbTFsTFMUlfDTt7a3Nc\nibSCCDY34hDveuEyDe8AAAADAQABAAACADwrdHaM0xJDf9whn7HzfDpk+J2zBIB4\ndc9zkASB7bho2PBegxR3QR4zGtq9qqr1B1j4yxjzv/w1/jsPDECM99GUUyfxvINM\niiNy7ilzkwM9wyWf2E9l2hRb5U5r3ucrRdhpa7XDCBD5KoH4odmlWb+Fye15f31a\nxr9CVDRlSsMywYrmqFKvbWR29igH1a6Digts4skvE1yqR8arkpemixSqNE0y7UaP\nxYkt953sU3IURy5aW1KqbCSsCOB/fRAEPlUHXx9A1upV/dBvKoJ7fxTO/+e2fVGY\nNo4WtLwDgIDq95vd95YbvCRzo1/wGkKfzOU2v0zJbsijKXdT8EhcP6iUYQ3FaYDs\nO9q0uRfpmp94ntuysiPM7kJ5BHpjFFSTotik2HWIET0h2deU/vQFp306+DcBQWez\nCSHznJ0ZygDnx9y59iuwSU7h45G2JK0Xb+ebXKP0CpFMfQbb3e7o+/ZeX26R/9y1\nnCXZUbB9sapzavpScF++KWGCgdYPe1rc1N5i/3qcUVU/gTF9if6PQyZ+ZWtXmeEH\nrggVxMkJ2HdJJalFeZ55pb0afV761qAvqoinNrvfkLJ5EqIKZymcAF1vn0xWVoZ9\nOxoIZ6kWmw6rl3YJnqjr1Z8o4jAD4lDYomPmRO+eGQcMS5YcXvfrH0d5yQAqcacQ\nHt6qivi14P/hAAABAFARVuW+FYhl0omHpcUDL6eCcOBRHQEnk2dDs8tSUXrE2FQL\nlGP4b9VaQUeNKVyb5G7pMEvt1KdFkJBqpI4cGnzKYMai+vAajcszCccB5Gpt9erI\nQZeGb7pg5QxqqINgFBjURT3GQH2QNfHtqlGOSQnRrg7mCX3K4avVRqNe9iMXgyK2\n9M0KLdTKlmT5jUwsZhlylK3lvugd4ijzvJNUBFxcv30kReCMh8dPmkvwenFWrCAS\n2doIjvGGjdlzleoywYIIHoxhRLSYLwBe8RTzmFEjrXBNbs53Km5g4D59bJ6KfB1T\nRJGKuP5vp4SVqlR+gx8z3ntjdHEL6Jm/TWgcriYAAAEBAO+7sXuMQphiK4FHN34Z\nctU7D8dmufeNBUzSsh91Y3rGfVSm+OWZbZ7OqmLoSDiDZPm3Sz5rfjYr+MFzBC2t\nzRP4t5VhIzy7np0+rmeCWJPxkoeWFIIgo6dMYg+THY8bUcNx3CTWEL65BPRDkahM\ntux9aArsJuWanX54zGsh8PK/xEC079cg5ZCPkeLW6lUbC2ZOBTd+SZeiIGiVGQ7c\nCa0UtmTH9z0pKgqfCau0rRVw0ShQlkaxypMwXfWYsiEA04jD3ASzdEIwppD8jQT1\nsq5uz1iHjhrEiJKkzJ8+eJSfSXfWbNQYWFjmbKU69xg5fJ7IMxSnvg35bVHXrM6N\naZ8AAAEBAMYmw2zQA0bmwFSWUOvmObgynBhsmYf+nVAcGRJmsSoXxnsIjQ7rp+EU\n7A2rEcwoPh/QUMRnm9wjsYzQoa3sz8pM/XuN1mg9LQIlESlsl5qfuWd608p7Wsr5\nMgXfdVL9fAx0PhymvfRAoW5jAMsrJqpBF6TPv6ljXVEGiTAImD9Rm37MAO24LGbA\ngNHS1tLjMM5kwMX+K3WR1BMJugNLjwThnJ3Unur7B25zPm/rq75WUQ+s7T9Ca5iN\nU6uA1bHtRMKTrdVjUXFI05nARePjsNu3CotBF2x+LfTETzi69HeZyg4oDDcnoVyA\n1jSZ/nox1/o4EBY8WqO4qIFY10c0mbEAAAAAAQID\n-----END OPENSSH PRIVATE KEY-----\n",
            "private_key_pem": "-----BEGIN RSA PRIVATE KEY-----\nMIIJKAIBAAKCAgEAuY94I8T94YFSEXw7vte7EYrGlRtof0VOjdoYaDOV+Im7U1fT\nB7nP52ExFmy/pKLAdGtDRs60euXmi+ALXfcdOCaCayb51Sa5AofU4M723dVcLzXJ\na5bT7KctW95h1H19DQNvSaYt5a5kDDqXjFgTn0kB1ZC54zx2at2HTYmGT+9J1C1h\nv9ZeRkiTVy4rtXiUfyZe4QbcbHAup8y+zpxro05A7GQcsEbh+sQN4FEpYnPg2vm+\ndI8Mvw87vrZg64x6dLPtn+SDDk9jYGt9e+weN13c4YoHchxb93AmlN+W0Km3on1y\nEbM+Jmz4cRYPPEsdux0lixXoSxjgk5xMbTIgLkhwE7jgYPlBIF11UHRXUCu8PhCv\nIedWuEakpwafFcm8TyfFVPr/g890rkozsM75LdITRrD/a5uEykYm11yZWzNB6zNy\nCWs1ecHMw8p/BF+JWLG9hoCDDLvzugp+qm7e43/0ttp1hx/ixGMBqlTxvd8WpuDz\nyVcZDmipIWmZj3+GCO1pRsdH2DBrISJaLTRNFqzyA6sggH2MnUajbIbX04Bg0f5x\nN/TZmS8Wa1WZ81njWbOqC291PfZQ6lg4jOjXoiqPa/K47ZJwKApBrbN/PHf4pfI/\nes4vUW3HoujnVDH6wQ+ioQbTFsTFMUlfDTt7a3NcibSCCDY34hDveuEyDe8CAwEA\nAQKCAgA8K3R2jNMSQ3/cIZ+x83w6ZPidswSAeHXPc5AEge24aNjwXoMUd0EeMxra\nvaqq9QdY+MsY87/8Nf47DwxAjPfRlFMn8byDTIojcu4pc5MDPcMln9hPZdoUW+VO\na97nK0XYaWu1wwgQ+SqB+KHZpVm/hcnteX99Wsa/QlQ0ZUrDMsGK5qhSr21kdvYo\nB9Wug4oLbOLJLxNcqkfGq5KXposUqjRNMu1Gj8WJLfed7FNyFEcuWltSqmwkrAjg\nf30QBD5VB18fQNbqVf3QbyqCe38Uzv/ntn1RmDaOFrS8A4CA6veb3feWG7wkc6Nf\n8BpCn8zlNr9MyW7Ioyl3U/BIXD+olGENxWmA7DvatLkX6ZqfeJ7bsrIjzO5CeQR6\nYxRUk6LYpNh1iBE9IdnXlP70Bad9Ovg3AUFnswkh85ydGcoA58fcufYrsElO4eOR\ntiStF2/nm1yj9AqRTH0G293u6Pv2Xl9ukf/ctZwl2VGwfbGqc2r6UnBfvilhgoHW\nD3ta3NTeYv96nFFVP4ExfYn+j0MmfmVrV5nhB64IFcTJCdh3SSWpRXmeeaW9Gn1e\n+tagL6qIpza735CyeRKiCmcpnABdb59MVlaGfTsaCGepFpsOq5d2CZ6o69WfKOIw\nA+JQ2KJj5kTvnhkHDEuWHF736x9HeckAKnGnEB7eqor4teD/4QKCAQEA77uxe4xC\nmGIrgUc3fhly1TsPx2a5940FTNKyH3VjesZ9VKb45Zltns6qYuhIOINk+bdLPmt+\nNiv4wXMELa3NE/i3lWEjPLuenT6uZ4JYk/GSh5YUgiCjp0xiD5MdjxtRw3HcJNYQ\nvrkE9EORqEy27H1oCuwm5ZqdfnjMayHw8r/EQLTv1yDlkI+R4tbqVRsLZk4FN35J\nl6IgaJUZDtwJrRS2ZMf3PSkqCp8Jq7StFXDRKFCWRrHKkzBd9ZiyIQDTiMPcBLN0\nQjCmkPyNBPWyrm7PWIeOGsSIkqTMnz54lJ9Jd9Zs1BhYWOZspTr3GDl8nsgzFKe+\nDfltUdeszo1pnwKCAQEAxibDbNADRubAVJZQ6+Y5uDKcGGyZh/6dUBwZEmaxKhfG\newiNDuun4RTsDasRzCg+H9BQxGeb3COxjNChrezPykz9e43WaD0tAiURKWyXmp+5\nZ3rTyntayvkyBd91Uv18DHQ+HKa99EChbmMAyysmqkEXpM+/qWNdUQaJMAiYP1Gb\nfswA7bgsZsCA0dLW0uMwzmTAxf4rdZHUEwm6A0uPBOGcndSe6vsHbnM+b+urvlZR\nD6ztP0JrmI1Tq4DVse1EwpOt1WNRcUjTmcBF4+Ow27cKi0EXbH4t9MRPOLr0d5nK\nDigMNyehXIDWNJn+ejHX+jgQFjxao7iogVjXRzSZsQKCAQEAlGaS2pEb1GrI1ZE5\nV9T3EeoqvVvo+MYSJtkyrGileSYQBWwLHU4Z3rm+HdX+hwVHZ5HAgVZXXb9gkJfb\nWU+CaL+JHW5xOrJF4L8hhS/aF1LuSwJrlZYQ2IpfFZcTMDhQJ/V+ukrNONMdrvt4\n2j8K6WBEHKbM+Ur5/YVXvWXYWty85vValshlc1R8kXhKvP4t01muvwhtE/GnsDXD\nukAZuUveEIr8kJ6/yK1kdic1EdWxlAw2ynJanTzOnS617douGDZuJ3bTG/oz0gKU\nZSKXRoWP0xSusgFBLc3YYSdxy0bDWuygl7auUfHqBWp39UX4z+3MORgRfWMO+h/R\neFdvrwKCAQAwW6Fx2soR8ZqaihyxlXwcoe1KYKaPc+n8dP8BaKJv/WFpAUs7ivNr\nkOmS5F7xjhirNvGfHRIChYt9LCVpBtQnMObj0lezFMr5LQalL2VITRa4VFd/oN8l\nje9RU5mUaVxuxaeq4l6VT3iWMf8tlhhXkI8un6zMr/1EGu48FLzjJw1lwm+vlDTx\n1qUZj/TxfpSYqioJp9//T1mMU+FbkIMU0+Ke+hbWjfDgWauxMLi3OOWLh85Wk+Ui\nU8tJnaWJSLhxLA1OeHCVzwolCbGEzjqJRICEP5xx09FvXMFgvO+QiK2xCsEAbOGK\na77bE4HxXFyzKh9y7cPJFPW6q23OaN3hAoIBAFARVuW+FYhl0omHpcUDL6eCcOBR\nHQEnk2dDs8tSUXrE2FQLlGP4b9VaQUeNKVyb5G7pMEvt1KdFkJBqpI4cGnzKYMai\n+vAajcszCccB5Gpt9erIQZeGb7pg5QxqqINgFBjURT3GQH2QNfHtqlGOSQnRrg7m\nCX3K4avVRqNe9iMXgyK29M0KLdTKlmT5jUwsZhlylK3lvugd4ijzvJNUBFxcv30k\nReCMh8dPmkvwenFWrCAS2doIjvGGjdlzleoywYIIHoxhRLSYLwBe8RTzmFEjrXBN\nbs53Km5g4D59bJ6KfB1TRJGKuP5vp4SVqlR+gx8z3ntjdHEL6Jm/TWgcriY=\n-----END RSA PRIVATE KEY-----\n",
            "private_key_pem_pkcs8": "-----BEGIN PRIVATE KEY-----\nMIIJQgIBADANBgkqhkiG9w0BAQEFAASCCSwwggkoAgEAAoICAQC5j3gjxP3hgVIR\nfDu+17sRisaVG2h/RU6N2hhoM5X4ibtTV9MHuc/nYTEWbL+kosB0a0NGzrR65eaL\n4Atd9x04JoJrJvnVJrkCh9Tgzvbd1VwvNclrltPspy1b3mHUfX0NA29Jpi3lrmQM\nOpeMWBOfSQHVkLnjPHZq3YdNiYZP70nULWG/1l5GSJNXLiu1eJR/Jl7hBtxscC6n\nzL7OnGujTkDsZBywRuH6xA3gUSlic+Da+b50jwy/Dzu+tmDrjHp0s+2f5IMOT2Ng\na3177B43XdzhigdyHFv3cCaU35bQqbeifXIRsz4mbPhxFg88Sx27HSWLFehLGOCT\nnExtMiAuSHATuOBg+UEgXXVQdFdQK7w+EK8h51a4RqSnBp8VybxPJ8VU+v+Dz3Su\nSjOwzvkt0hNGsP9rm4TKRibXXJlbM0HrM3IJazV5wczDyn8EX4lYsb2GgIMMu/O6\nCn6qbt7jf/S22nWHH+LEYwGqVPG93xam4PPJVxkOaKkhaZmPf4YI7WlGx0fYMGsh\nIlotNE0WrPIDqyCAfYydRqNshtfTgGDR/nE39NmZLxZrVZnzWeNZs6oLb3U99lDq\nWDiM6NeiKo9r8rjtknAoCkGts388d/il8j96zi9Rbcei6OdUMfrBD6KhBtMWxMUx\nSV8NO3trc1yJtIIINjfiEO964TIN7wIDAQABAoICADwrdHaM0xJDf9whn7HzfDpk\n+J2zBIB4dc9zkASB7bho2PBegxR3QR4zGtq9qqr1B1j4yxjzv/w1/jsPDECM99GU\nUyfxvINMiiNy7ilzkwM9wyWf2E9l2hRb5U5r3ucrRdhpa7XDCBD5KoH4odmlWb+F\nye15f31axr9CVDRlSsMywYrmqFKvbWR29igH1a6Digts4skvE1yqR8arkpemixSq\nNE0y7UaPxYkt953sU3IURy5aW1KqbCSsCOB/fRAEPlUHXx9A1upV/dBvKoJ7fxTO\n/+e2fVGYNo4WtLwDgIDq95vd95YbvCRzo1/wGkKfzOU2v0zJbsijKXdT8EhcP6iU\nYQ3FaYDsO9q0uRfpmp94ntuysiPM7kJ5BHpjFFSTotik2HWIET0h2deU/vQFp306\n+DcBQWezCSHznJ0ZygDnx9y59iuwSU7h45G2JK0Xb+ebXKP0CpFMfQbb3e7o+/Ze\nX26R/9y1nCXZUbB9sapzavpScF++KWGCgdYPe1rc1N5i/3qcUVU/gTF9if6PQyZ+\nZWtXmeEHrggVxMkJ2HdJJalFeZ55pb0afV761qAvqoinNrvfkLJ5EqIKZymcAF1v\nn0xWVoZ9OxoIZ6kWmw6rl3YJnqjr1Z8o4jAD4lDYomPmRO+eGQcMS5YcXvfrH0d5\nyQAqcacQHt6qivi14P/hAoIBAQDvu7F7jEKYYiuBRzd+GXLVOw/HZrn3jQVM0rIf\ndWN6xn1UpvjlmW2ezqpi6Eg4g2T5t0s+a342K/jBcwQtrc0T+LeVYSM8u56dPq5n\ngliT8ZKHlhSCIKOnTGIPkx2PG1HDcdwk1hC+uQT0Q5GoTLbsfWgK7Cblmp1+eMxr\nIfDyv8RAtO/XIOWQj5Hi1upVGwtmTgU3fkmXoiBolRkO3AmtFLZkx/c9KSoKnwmr\ntK0VcNEoUJZGscqTMF31mLIhANOIw9wEs3RCMKaQ/I0E9bKubs9Yh44axIiSpMyf\nPniUn0l31mzUGFhY5mylOvcYOXyeyDMUp74N+W1R16zOjWmfAoIBAQDGJsNs0ANG\n5sBUllDr5jm4MpwYbJmH/p1QHBkSZrEqF8Z7CI0O66fhFOwNqxHMKD4f0FDEZ5vc\nI7GM0KGt7M/KTP17jdZoPS0CJREpbJean7lnetPKe1rK+TIF33VS/XwMdD4cpr30\nQKFuYwDLKyaqQRekz7+pY11RBokwCJg/UZt+zADtuCxmwIDR0tbS4zDOZMDF/it1\nkdQTCboDS48E4Zyd1J7q+wducz5v66u+VlEPrO0/QmuYjVOrgNWx7UTCk63VY1Fx\nSNOZwEXj47DbtwqLQRdsfi30xE84uvR3mcoOKAw3J6FcgNY0mf56Mdf6OBAWPFqj\nuKiBWNdHNJmxAoIBAQCUZpLakRvUasjVkTlX1PcR6iq9W+j4xhIm2TKsaKV5JhAF\nbAsdThneub4d1f6HBUdnkcCBVlddv2CQl9tZT4Jov4kdbnE6skXgvyGFL9oXUu5L\nAmuVlhDYil8VlxMwOFAn9X66Ss040x2u+3jaPwrpYEQcpsz5Svn9hVe9Zdha3Lzm\n9VqWyGVzVHyReEq8/i3TWa6/CG0T8aewNcO6QBm5S94QivyQnr/IrWR2JzUR1bGU\nDDbKclqdPM6dLrXt2i4YNm4ndtMb+jPSApRlIpdGhY/TFK6yAUEtzdhhJ3HLRsNa\n7KCXtq5R8eoFanf1RfjP7cw5GBF9Yw76H9F4V2+vAoIBADBboXHayhHxmpqKHLGV\nfByh7Upgpo9z6fx0/wFoom/9YWkBSzuK82uQ6ZLkXvGOGKs28Z8dEgKFi30sJWkG\n1Ccw5uPSV7MUyvktBqUvZUhNFrhUV3+g3yWN71FTmZRpXG7Fp6riXpVPeJYx/y2W\nGFeQjy6frMyv/UQa7jwUvOMnDWXCb6+UNPHWpRmP9PF+lJiqKgmn3/9PWYxT4VuQ\ngxTT4p76FtaN8OBZq7EwuLc45YuHzlaT5SJTy0mdpYlIuHEsDU54cJXPCiUJsYTO\nOolEgIQ/nHHT0W9cwWC875CIrbEKwQBs4YprvtsTgfFcXLMqH3Ltw8kU9bqrbc5o\n3eECggEAUBFW5b4ViGXSiYelxQMvp4Jw4FEdASeTZ0Ozy1JResTYVAuUY/hv1VpB\nR40pXJvkbukwS+3Up0WQkGqkjhwafMpgxqL68BqNyzMJxwHkam316shBl4ZvumDl\nDGqog2AUGNRFPcZAfZA18e2qUY5JCdGuDuYJfcrhq9VGo172IxeDIrb0zQot1MqW\nZPmNTCxmGXKUreW+6B3iKPO8k1QEXFy/fSRF4IyHx0+aS/B6cVasIBLZ2giO8YaN\n2XOV6jLBgggejGFEtJgvAF7xFPOYUSOtcE1uzncqbmDgPn1snop8HVNEkYq4/m+n\nhJWqVH6DHzPee2N0cQvomb9NaByuJg==\n-----END PRIVATE KEY-----\n",
            "public_key_fingerprint_md5": "20:da:df:7f:47:35:6b:3e:bc:ef:2c:f4:fb:81:c6:05",
            "public_key_fingerprint_sha256": "SHA256:8UMhLZjVRMfwq/nT/mzGRQL7/MacVsHiuDFDFCaQDHc",
            "public_key_openssh": "ssh-rsa AAAAB3NzaC1yc2EAAAADAQABAAACAQC5j3gjxP3hgVIRfDu+17sRisaVG2h/RU6N2hhoM5X4ibtTV9MHuc/nYTEWbL+kosB0a0NGzrR65eaL4Atd9x04JoJrJvnVJrkCh9Tgzvbd1VwvNclrltPspy1b3mHUfX0NA29Jpi3lrmQMOpeMWBOfSQHVkLnjPHZq3YdNiYZP70nULWG/1l5GSJNXLiu1eJR/Jl7hBtxscC6nzL7OnGujTkDsZBywRuH6xA3gUSlic+Da+b50jwy/Dzu+tmDrjHp0s+2f5IMOT2Nga3177B43XdzhigdyHFv3cCaU35bQqbeifXIRsz4mbPhxFg88Sx27HSWLFehLGOCTnExtMiAuSHATuOBg+UEgXXVQdFdQK7w+EK8h51a4RqSnBp8VybxPJ8VU+v+Dz3SuSjOwzvkt0hNGsP9rm4TKRibXXJlbM0HrM3IJazV5wczDyn8EX4lYsb2GgIMMu/O6Cn6qbt7jf/S22nWHH+LEYwGqVPG93xam4PPJVxkOaKkhaZmPf4YI7WlGx0fYMGshIlotNE0WrPIDqyCAfYydRqNshtfTgGDR/nE39NmZLxZrVZnzWeNZs6oLb3U99lDqWDiM6NeiKo9r8rjtknAoCkGts388d/il8j96zi9Rbcei6OdUMfrBD6KhBtMWxMUxSV8NO3trc1yJtIIINjfiEO964TIN7w==\n",
            "public_key_pem": "-----BEGIN PUBLIC KEY-----\nMIICIjANBgkqhkiG9w0BAQEFAAOCAg8AMIICCgKCAgEAuY94I8T94YFSEXw7vte7\nEYrGlRtof0VOjdoYaDOV+Im7U1fTB7nP52ExFmy/pKLAdGtDRs60euXmi+ALXfcd\nOCaCayb51Sa5AofU4M723dVcLzXJa5bT7KctW95h1H19DQNvSaYt5a5kDDqXjFgT\nn0kB1ZC54zx2at2HTYmGT+9J1C1hv9ZeRkiTVy4rtXiUfyZe4QbcbHAup8y+zpxr\no05A7GQcsEbh+sQN4FEpYnPg2vm+dI8Mvw87vrZg64x6dLPtn+SDDk9jYGt9e+we\nN13c4YoHchxb93AmlN+W0Km3on1yEbM+Jmz4cRYPPEsdux0lixXoSxjgk5xMbTIg\nLkhwE7jgYPlBIF11UHRXUCu8PhCvIedWuEakpwafFcm8TyfFVPr/g890rkozsM75\nLdITRrD/a5uEykYm11yZWzNB6zNyCWs1ecHMw8p/BF+JWLG9hoCDDLvzugp+qm7e\n43/0ttp1hx/ixGMBqlTxvd8WpuDzyVcZDmipIWmZj3+GCO1pRsdH2DBrISJaLTRN\nFqzyA6sggH2MnUajbIbX04Bg0f5xN/TZmS8Wa1WZ81njWbOqC291PfZQ6lg4jOjX\noiqPa/K47ZJwKApBrbN/PHf4pfI/es4vUW3HoujnVDH6wQ+ioQbTFsTFMUlfDTt7\na3NcibSCCDY34hDveuEyDe8CAwEAAQ==\n-----END PUBLIC KEY-----\n",
            "rsa_bits": 4096
          },
          "sensitive_attributes": [
            [
              {
                "type": "get_attr",
                "value": "private_key_openssh"
              }
            ],
            [
              {
                "type": "get_attr",
                "value": "private_key_pem"
              }
            ],
            [
              {
                "type": "get_attr",
                "value": "private_key_pem_pkcs8"
              }
            ]
          ],
          "identity_schema_version": 0
        }
      ]
    },
    {
      "module": "module.networking",
      "mode": "data",
      "type": "aws_availability_zones",
      "name": "available",
      "provider": "provider[\"registry.terraform.io/hashicorp/aws\"]",
      "instances": [
        {
          "schema_version": 0,
          "attributes": {
            "all_availability_zones": null,
            "exclude_names": null,
            "exclude_zone_ids": null,
            "filter": null,
            "group_names": [
              "eu-north-1-zg-1"
            ],
            "id": "eu-north-1",
            "names": [
              "eu-north-1a",
              "eu-north-1b",
              "eu-north-1c"
            ],
            "region": "eu-north-1",
            "state": "available",
            "timeouts": null,
            "zone_ids": [
              "eun1-az1",
              "eun1-az2",
              "eun1-az3"
            ]
          },
          "sensitive_attributes": [],
          "identity_schema_version": 0
        }
      ]
    },
    {
      "module": "module.networking",
      "mode": "managed",
      "type": "aws_eip",
      "name": "nat",
      "provider": "provider[\"registry.terraform.io/hashicorp/aws\"]",
      "instances": [
        {
          "schema_version": 0,
          "attributes": {
            "address": null,
            "allocation_id": "eipalloc-024e80aa51520be21",
            "arn": "arn:aws:ec2:eu-north-1:254652353999:elastic-ip/eipalloc-024e80aa51520be21",
            "associate_with_private_ip": null,
            "association_id": "eipassoc-00fbd178f8d4ef1e0",
            "carrier_ip": "",
            "customer_owned_ip": "",
            "customer_owned_ipv4_pool": "",
            "domain": "vpc",
            "id": "eipalloc-024e80aa51520be21",
            "instance": "",
            "ipam_pool_id": null,
            "network_border_group": "eu-north-1",
            "network_interface": "eni-0c92659ccfe314b56",
            "private_dns": "ip-10-1-101-161.eu-north-1.compute.internal",
            "private_ip": "10.1.101.161",
            "ptr_record": "",
            "public_dns": "ec2-16-192-47-42.eu-north-1.compute.amazonaws.com",
            "public_ip": "16.192.47.42",
            "public_ipv4_pool": "amazon",
            "region": "eu-north-1",
            "tags": {
              "Name": "eip-nat-prod",
              "environment": "prod",
              "managed-by": "terraform",
              "owner": "nagham",
              "project": "devops-multicloud"
            },
            "tags_all": {
              "Name": "eip-nat-prod",
              "environment": "prod",
              "managed-by": "terraform",
              "owner": "nagham",
              "project": "devops-multicloud"
            },
            "timeouts": null
          },
          "sensitive_attributes": [],
          "identity_schema_version": 0,
          "private": "eyJlMmJmYjczMC1lY2FhLTExZTYtOGY4OC0zNDM2M2JjN2M0YzAiOnsiZGVsZXRlIjoxODAwMDAwMDAwMDAsInJlYWQiOjkwMDAwMDAwMDAwMCwidXBkYXRlIjozMDAwMDAwMDAwMDB9fQ==",
          "dependencies": [
            "module.networking.aws_internet_gateway.main",
            "module.networking.aws_vpc.main"
          ]
        }
      ]
    },
    {
      "module": "module.networking",
      "mode": "managed",
      "type": "aws_internet_gateway",
      "name": "main",
      "provider": "provider[\"registry.terraform.io/hashicorp/aws\"]",
      "instances": [
        {
          "schema_version": 0,
          "attributes": {
            "arn": "arn:aws:ec2:eu-north-1:254652353999:internet-gateway/igw-08766e955bd722c8e",
            "id": "igw-08766e955bd722c8e",
            "owner_id": "254652353999",
            "region": "eu-north-1",
            "tags": {
              "Name": "igw-prod",
              "environment": "prod",
              "managed-by": "terraform",
              "owner": "nagham",
              "project": "devops-multicloud"
            },
            "tags_all": {
              "Name": "igw-prod",
              "environment": "prod",
              "managed-by": "terraform",
              "owner": "nagham",
              "project": "devops-multicloud"
            },
            "timeouts": null,
            "vpc_id": "vpc-0af2190bc77f844e3"
          },
          "sensitive_attributes": [],
          "identity_schema_version": 0,
          "private": "eyJlMmJmYjczMC1lY2FhLTExZTYtOGY4OC0zNDM2M2JjN2M0YzAiOnsiY3JlYXRlIjoxMjAwMDAwMDAwMDAwLCJkZWxldGUiOjEyMDAwMDAwMDAwMDAsInVwZGF0ZSI6MTIwMDAwMDAwMDAwMH19",
          "dependencies": [
            "module.networking.aws_vpc.main"
          ]
        }
      ]
    },
    {
      "module": "module.networking",
      "mode": "managed",
      "type": "aws_nat_gateway",
      "name": "main",
      "provider": "provider[\"registry.terraform.io/hashicorp/aws\"]",
      "instances": [
        {
          "schema_version": 0,
          "attributes": {
            "allocation_id": "eipalloc-024e80aa51520be21",
            "association_id": "eipassoc-00fbd178f8d4ef1e0",
            "auto_provision_zones": null,
            "auto_scaling_ips": null,
            "availability_mode": "zonal",
            "availability_zone_address": [],
            "connectivity_type": "public",
            "id": "nat-0e4773cdcc7906e5d",
            "network_interface_id": "eni-0c92659ccfe314b56",
            "private_ip": "10.1.101.161",
            "public_ip": "16.192.47.42",
            "region": "eu-north-1",
            "regional_nat_gateway_address": [],
            "regional_nat_gateway_auto_mode": null,
            "route_table_id": null,
            "secondary_allocation_ids": [],
            "secondary_private_ip_address_count": 0,
            "secondary_private_ip_addresses": [],
            "subnet_id": "subnet-01ec81d56460bcddd",
            "tags": {
              "Name": "nat-prod",
              "environment": "prod",
              "managed-by": "terraform",
              "owner": "nagham",
              "project": "devops-multicloud"
            },
            "tags_all": {
              "Name": "nat-prod",
              "environment": "prod",
              "managed-by": "terraform",
              "owner": "nagham",
              "project": "devops-multicloud"
            },
            "timeouts": null,
            "vpc_id": "vpc-0af2190bc77f844e3"
          },
          "sensitive_attributes": [],
          "identity_schema_version": 0,
          "private": "eyJlMmJmYjczMC1lY2FhLTExZTYtOGY4OC0zNDM2M2JjN2M0YzAiOnsiY3JlYXRlIjo2MDAwMDAwMDAwMDAsImRlbGV0ZSI6MTgwMDAwMDAwMDAwMCwidXBkYXRlIjo2MDAwMDAwMDAwMDB9fQ==",
          "dependencies": [
            "module.networking.aws_eip.nat",
            "module.networking.aws_internet_gateway.main",
            "module.networking.aws_subnet.public",
            "module.networking.aws_vpc.main",
            "module.networking.data.aws_availability_zones.available"
          ]
        }
      ]
    },
    {
      "module": "module.networking",
      "mode": "managed",
      "type": "aws_route_table",
      "name": "private",
      "provider": "provider[\"registry.terraform.io/hashicorp/aws\"]",
      "instances": [
        {
          "schema_version": 0,
          "attributes": {
            "arn": "arn:aws:ec2:eu-north-1:254652353999:route-table/rtb-03de053086d6be9cd",
            "id": "rtb-03de053086d6be9cd",
            "owner_id": "254652353999",
            "propagating_vgws": [],
            "region": "eu-north-1",
            "route": [
              {
                "carrier_gateway_id": "",
                "cidr_block": "0.0.0.0/0",
                "core_network_arn": "",
                "destination_prefix_list_id": "",
                "egress_only_gateway_id": "",
                "gateway_id": "",
                "ipv6_cidr_block": "",
                "local_gateway_id": "",
                "nat_gateway_id": "nat-0e4773cdcc7906e5d",
                "network_interface_id": "",
                "transit_gateway_id": "",
                "vpc_endpoint_id": "",
                "vpc_peering_connection_id": ""
              }
            ],
            "tags": {
              "Name": "rt-private-prod",
              "environment": "prod",
              "managed-by": "terraform",
              "owner": "nagham",
              "project": "devops-multicloud"
            },
            "tags_all": {
              "Name": "rt-private-prod",
              "environment": "prod",
              "managed-by": "terraform",
              "owner": "nagham",
              "project": "devops-multicloud"
            },
            "timeouts": null,
            "vpc_id": "vpc-0af2190bc77f844e3"
          },
          "sensitive_attributes": [],
          "identity_schema_version": 0,
          "identity": {
            "account_id": "254652353999",
            "id": "rtb-03de053086d6be9cd",
            "region": "eu-north-1"
          },
          "private": "eyJlMmJmYjczMC1lY2FhLTExZTYtOGY4OC0zNDM2M2JjN2M0YzAiOnsiY3JlYXRlIjozMDAwMDAwMDAwMDAsImRlbGV0ZSI6MzAwMDAwMDAwMDAwLCJ1cGRhdGUiOjEyMDAwMDAwMDAwMH19",
          "dependencies": [
            "module.networking.aws_eip.nat",
            "module.networking.aws_internet_gateway.main",
            "module.networking.aws_nat_gateway.main",
            "module.networking.aws_subnet.public",
            "module.networking.aws_vpc.main",
            "module.networking.data.aws_availability_zones.available"
          ]
        }
      ]
    },
    {
      "module": "module.networking",
      "mode": "managed",
      "type": "aws_route_table",
      "name": "public",
      "provider": "provider[\"registry.terraform.io/hashicorp/aws\"]",
      "instances": [
        {
          "schema_version": 0,
          "attributes": {
            "arn": "arn:aws:ec2:eu-north-1:254652353999:route-table/rtb-01fb4a624ad24b250",
            "id": "rtb-01fb4a624ad24b250",
            "owner_id": "254652353999",
            "propagating_vgws": [],
            "region": "eu-north-1",
            "route": [
              {
                "carrier_gateway_id": "",
                "cidr_block": "0.0.0.0/0",
                "core_network_arn": "",
                "destination_prefix_list_id": "",
                "egress_only_gateway_id": "",
                "gateway_id": "igw-08766e955bd722c8e",
                "ipv6_cidr_block": "",
                "local_gateway_id": "",
                "nat_gateway_id": "",
                "network_interface_id": "",
                "transit_gateway_id": "",
                "vpc_endpoint_id": "",
                "vpc_peering_connection_id": ""
              }
            ],
            "tags": {
              "Name": "rt-public-prod",
              "environment": "prod",
              "managed-by": "terraform",
              "owner": "nagham",
              "project": "devops-multicloud"
            },
            "tags_all": {
              "Name": "rt-public-prod",
              "environment": "prod",
              "managed-by": "terraform",
              "owner": "nagham",
              "project": "devops-multicloud"
            },
            "timeouts": null,
            "vpc_id": "vpc-0af2190bc77f844e3"
          },
          "sensitive_attributes": [],
          "identity_schema_version": 0,
          "identity": {
            "account_id": "254652353999",
            "id": "rtb-01fb4a624ad24b250",
            "region": "eu-north-1"
          },
          "private": "eyJlMmJmYjczMC1lY2FhLTExZTYtOGY4OC0zNDM2M2JjN2M0YzAiOnsiY3JlYXRlIjozMDAwMDAwMDAwMDAsImRlbGV0ZSI6MzAwMDAwMDAwMDAwLCJ1cGRhdGUiOjEyMDAwMDAwMDAwMH19",
          "dependencies": [
            "module.networking.aws_internet_gateway.main",
            "module.networking.aws_vpc.main"
          ]
        }
      ]
    },
    {
      "module": "module.networking",
      "mode": "managed",
      "type": "aws_route_table_association",
      "name": "private",
      "provider": "provider[\"registry.terraform.io/hashicorp/aws\"]",
      "instances": [
        {
          "index_key": 0,
          "schema_version": 0,
          "attributes": {
            "gateway_id": "",
            "id": "rtbassoc-0bbb146af470f611e",
            "region": "eu-north-1",
            "route_table_id": "rtb-03de053086d6be9cd",
            "subnet_id": "subnet-0a239b0e23b17bcd0",
            "timeouts": null
          },
          "sensitive_attributes": [],
          "identity_schema_version": 0,
          "private": "eyJlMmJmYjczMC1lY2FhLTExZTYtOGY4OC0zNDM2M2JjN2M0YzAiOnsiY3JlYXRlIjozMDAwMDAwMDAwMDAsImRlbGV0ZSI6MzAwMDAwMDAwMDAwLCJ1cGRhdGUiOjEyMDAwMDAwMDAwMH19",
          "dependencies": [
            "module.networking.aws_eip.nat",
            "module.networking.aws_internet_gateway.main",
            "module.networking.aws_nat_gateway.main",
            "module.networking.aws_route_table.private",
            "module.networking.aws_subnet.private",
            "module.networking.aws_subnet.public",
            "module.networking.aws_vpc.main",
            "module.networking.data.aws_availability_zones.available"
          ]
        },
        {
          "index_key": 1,
          "schema_version": 0,
          "attributes": {
            "gateway_id": "",
            "id": "rtbassoc-0f18d7517ae1101af",
            "region": "eu-north-1",
            "route_table_id": "rtb-03de053086d6be9cd",
            "subnet_id": "subnet-07de6716ab12faa1f",
            "timeouts": null
          },
          "sensitive_attributes": [],
          "identity_schema_version": 0,
          "private": "eyJlMmJmYjczMC1lY2FhLTExZTYtOGY4OC0zNDM2M2JjN2M0YzAiOnsiY3JlYXRlIjozMDAwMDAwMDAwMDAsImRlbGV0ZSI6MzAwMDAwMDAwMDAwLCJ1cGRhdGUiOjEyMDAwMDAwMDAwMH19",
          "dependencies": [
            "module.networking.aws_eip.nat",
            "module.networking.aws_internet_gateway.main",
            "module.networking.aws_nat_gateway.main",
            "module.networking.aws_route_table.private",
            "module.networking.aws_subnet.private",
            "module.networking.aws_subnet.public",
            "module.networking.aws_vpc.main",
            "module.networking.data.aws_availability_zones.available"
          ]
        }
      ]
    },
    {
      "module": "module.networking",
      "mode": "managed",
      "type": "aws_route_table_association",
      "name": "public",
      "provider": "provider[\"registry.terraform.io/hashicorp/aws\"]",
      "instances": [
        {
          "index_key": 0,
          "schema_version": 0,
          "attributes": {
            "gateway_id": "",
            "id": "rtbassoc-032a686839afe23a0",
            "region": "eu-north-1",
            "route_table_id": "rtb-01fb4a624ad24b250",
            "subnet_id": "subnet-01ec81d56460bcddd",
            "timeouts": null
          },
          "sensitive_attributes": [],
          "identity_schema_version": 0,
          "private": "eyJlMmJmYjczMC1lY2FhLTExZTYtOGY4OC0zNDM2M2JjN2M0YzAiOnsiY3JlYXRlIjozMDAwMDAwMDAwMDAsImRlbGV0ZSI6MzAwMDAwMDAwMDAwLCJ1cGRhdGUiOjEyMDAwMDAwMDAwMH19",
          "dependencies": [
            "module.networking.aws_internet_gateway.main",
            "module.networking.aws_route_table.public",
            "module.networking.aws_subnet.public",
            "module.networking.aws_vpc.main",
            "module.networking.data.aws_availability_zones.available"
          ]
        },
        {
          "index_key": 1,
          "schema_version": 0,
          "attributes": {
            "gateway_id": "",
            "id": "rtbassoc-018fca453cd08ae5d",
            "region": "eu-north-1",
            "route_table_id": "rtb-01fb4a624ad24b250",
            "subnet_id": "subnet-0944f6ea0192ca897",
            "timeouts": null
          },
          "sensitive_attributes": [],
          "identity_schema_version": 0,
          "private": "eyJlMmJmYjczMC1lY2FhLTExZTYtOGY4OC0zNDM2M2JjN2M0YzAiOnsiY3JlYXRlIjozMDAwMDAwMDAwMDAsImRlbGV0ZSI6MzAwMDAwMDAwMDAwLCJ1cGRhdGUiOjEyMDAwMDAwMDAwMH19",
          "dependencies": [
            "module.networking.aws_internet_gateway.main",
            "module.networking.aws_route_table.public",
            "module.networking.aws_subnet.public",
            "module.networking.aws_vpc.main",
            "module.networking.data.aws_availability_zones.available"
          ]
        }
      ]
    },
    {
      "module": "module.networking",
      "mode": "managed",
      "type": "aws_security_group",
      "name": "eks_cluster",
      "provider": "provider[\"registry.terraform.io/hashicorp/aws\"]",
      "instances": [
        {
          "schema_version": 1,
          "attributes": {
            "arn": "arn:aws:ec2:eu-north-1:254652353999:security-group/sg-07baeb0d1ed4fc68a",
            "description": "EKS cluster control plane security group",
            "egress": [
              {
                "cidr_blocks": [
                  "0.0.0.0/0"
                ],
                "description": "Allow all outbound",
                "from_port": 0,
                "ipv6_cidr_blocks": [],
                "prefix_list_ids": [],
                "protocol": "-1",
                "security_groups": [],
                "self": false,
                "to_port": 0
              }
            ],
            "id": "sg-07baeb0d1ed4fc68a",
            "ingress": [
              {
                "cidr_blocks": [
                  "10.1.0.0/16"
                ],
                "description": "HTTPS from VPC - nodes to API server",
                "from_port": 443,
                "ipv6_cidr_blocks": [],
                "prefix_list_ids": [],
                "protocol": "tcp",
                "security_groups": [],
                "self": false,
                "to_port": 443
              }
            ],
            "name": "eks-cluster-prod",
            "name_prefix": "",
            "owner_id": "254652353999",
            "region": "eu-north-1",
            "revoke_rules_on_delete": false,
            "tags": {
              "Name": "eks-cluster-prod",
              "environment": "prod",
              "managed-by": "terraform",
              "owner": "nagham",
              "project": "devops-multicloud"
            },
            "tags_all": {
              "Name": "eks-cluster-prod",
              "environment": "prod",
              "managed-by": "terraform",
              "owner": "nagham",
              "project": "devops-multicloud"
            },
            "timeouts": null,
            "vpc_id": "vpc-0af2190bc77f844e3"
          },
          "sensitive_attributes": [],
          "identity_schema_version": 0,
          "identity": {
            "account_id": "254652353999",
            "id": "sg-07baeb0d1ed4fc68a",
            "region": "eu-north-1"
          },
          "private": "eyJlMmJmYjczMC1lY2FhLTExZTYtOGY4OC0zNDM2M2JjN2M0YzAiOnsiY3JlYXRlIjo2MDAwMDAwMDAwMDAsImRlbGV0ZSI6OTAwMDAwMDAwMDAwfSwic2NoZW1hX3ZlcnNpb24iOiIxIn0=",
          "dependencies": [
            "module.networking.aws_vpc.main"
          ]
        }
      ]
    },
    {
      "module": "module.networking",
      "mode": "managed",
      "type": "aws_security_group",
      "name": "eks_nodes",
      "provider": "provider[\"registry.terraform.io/hashicorp/aws\"]",
      "instances": [
        {
          "schema_version": 1,
          "attributes": {
            "arn": "arn:aws:ec2:eu-north-1:254652353999:security-group/sg-08376eeda1d14cd07",
            "description": "EKS worker nodes security group",
            "egress": [
              {
                "cidr_blocks": [
                  "0.0.0.0/0"
                ],
                "description": "Allow all outbound",
                "from_port": 0,
                "ipv6_cidr_blocks": [],
                "prefix_list_ids": [],
                "protocol": "-1",
                "security_groups": [],
                "self": false,
                "to_port": 0
              }
            ],
            "id": "sg-08376eeda1d14cd07",
            "ingress": [
              {
                "cidr_blocks": [
                  "0.0.0.0/0"
                ],
                "description": "HTTP for ingress",
                "from_port": 80,
                "ipv6_cidr_blocks": [],
                "prefix_list_ids": [],
                "protocol": "tcp",
                "security_groups": [],
                "self": false,
                "to_port": 80
              },
              {
                "cidr_blocks": [
                  "0.0.0.0/0"
                ],
                "description": "HTTPS for ingress",
                "from_port": 443,
                "ipv6_cidr_blocks": [],
                "prefix_list_ids": [],
                "protocol": "tcp",
                "security_groups": [],
                "self": false,
                "to_port": 443
              },
              {
                "cidr_blocks": [
                  "10.1.0.0/16"
                ],
                "description": "Allow HTTPS from control plane",
                "from_port": 443,
                "ipv6_cidr_blocks": [],
                "prefix_list_ids": [],
                "protocol": "tcp",
                "security_groups": [],
                "self": false,
                "to_port": 443
              },
              {
                "cidr_blocks": [
                  "10.1.0.0/16"
                ],
                "description": "Allow control plane to reach nodes",
                "from_port": 1025,
                "ipv6_cidr_blocks": [],
                "prefix_list_ids": [],
                "protocol": "tcp",
                "security_groups": [],
                "self": false,
                "to_port": 65535
              },
              {
                "cidr_blocks": [
                  "10.1.0.0/16"
                ],
                "description": "Node.js app port from VPC",
                "from_port": 3000,
                "ipv6_cidr_blocks": [],
                "prefix_list_ids": [],
                "protocol": "tcp",
                "security_groups": [],
                "self": false,
                "to_port": 3000
              },
              {
                "cidr_blocks": [],
                "description": "Allow node to node communication",
                "from_port": 0,
                "ipv6_cidr_blocks": [],
                "prefix_list_ids": [],
                "protocol": "-1",
                "security_groups": [],
                "self": true,
                "to_port": 0
              }
            ],
            "name": "eks-nodes-prod",
            "name_prefix": "",
            "owner_id": "254652353999",
            "region": "eu-north-1",
            "revoke_rules_on_delete": null,
            "tags": {
              "Name": "eks-nodes-prod",
              "environment": "prod",
              "kubernetes.io/cluster/eks-prod-dr": "owned",
              "managed-by": "terraform",
              "owner": "nagham",
              "project": "devops-multicloud"
            },
            "tags_all": {
              "Name": "eks-nodes-prod",
              "environment": "prod",
              "kubernetes.io/cluster/eks-prod-dr": "owned",
              "managed-by": "terraform",
              "owner": "nagham",
              "project": "devops-multicloud"
            },
            "timeouts": null,
            "vpc_id": "vpc-0af2190bc77f844e3"
          },
          "sensitive_attributes": [],
          "identity_schema_version": 0,
          "identity": {
            "account_id": "254652353999",
            "id": "sg-08376eeda1d14cd07",
            "region": "eu-north-1"
          },
          "private": "eyJlMmJmYjczMC1lY2FhLTExZTYtOGY4OC0zNDM2M2JjN2M0YzAiOnsiY3JlYXRlIjo2MDAwMDAwMDAwMDAsImRlbGV0ZSI6OTAwMDAwMDAwMDAwfSwic2NoZW1hX3ZlcnNpb24iOiIxIn0=",
          "dependencies": [
            "module.networking.aws_vpc.main"
          ]
        }
      ]
    },
    {
      "module": "module.networking",
      "mode": "managed",
      "type": "aws_subnet",
      "name": "private",
      "provider": "provider[\"registry.terraform.io/hashicorp/aws\"]",
      "instances": [
        {
          "index_key": 0,
          "schema_version": 1,
          "attributes": {
            "arn": "arn:aws:ec2:eu-north-1:254652353999:subnet/subnet-0a239b0e23b17bcd0",
            "assign_ipv6_address_on_creation": false,
            "availability_zone": "eu-north-1a",
            "availability_zone_id": "eun1-az1",
            "cidr_block": "10.1.1.0/24",
            "customer_owned_ipv4_pool": "",
            "enable_dns64": false,
            "enable_lni_at_device_index": 0,
            "enable_resource_name_dns_a_record_on_launch": false,
            "enable_resource_name_dns_aaaa_record_on_launch": false,
            "id": "subnet-0a239b0e23b17bcd0",
            "ipv4_ipam_pool_id": null,
            "ipv4_netmask_length": null,
            "ipv6_cidr_block": "",
            "ipv6_cidr_block_association_id": "",
            "ipv6_ipam_pool_id": null,
            "ipv6_native": false,
            "ipv6_netmask_length": null,
            "map_customer_owned_ip_on_launch": false,
            "map_public_ip_on_launch": false,
            "outpost_arn": "",
            "owner_id": "254652353999",
            "private_dns_hostname_type_on_launch": "ip-name",
            "region": "eu-north-1",
            "tags": {
              "Name": "snet-private-prod-0",
              "environment": "prod",
              "kubernetes.io/cluster/eks-prod-dr": "shared",
              "kubernetes.io/role/internal-elb": "1",
              "managed-by": "terraform",
              "owner": "nagham",
              "project": "devops-multicloud"
            },
            "tags_all": {
              "Name": "snet-private-prod-0",
              "environment": "prod",
              "kubernetes.io/cluster/eks-prod-dr": "shared",
              "kubernetes.io/role/internal-elb": "1",
              "managed-by": "terraform",
              "owner": "nagham",
              "project": "devops-multicloud"
            },
            "timeouts": null,
            "vpc_id": "vpc-0af2190bc77f844e3"
          },
          "sensitive_attributes": [],
          "identity_schema_version": 0,
          "identity": {
            "account_id": "254652353999",
            "id": "subnet-0a239b0e23b17bcd0",
            "region": "eu-north-1"
          },
          "private": "eyJlMmJmYjczMC1lY2FhLTExZTYtOGY4OC0zNDM2M2JjN2M0YzAiOnsiY3JlYXRlIjo2MDAwMDAwMDAwMDAsImRlbGV0ZSI6MTIwMDAwMDAwMDAwMH0sInNjaGVtYV92ZXJzaW9uIjoiMSJ9",
          "dependencies": [
            "module.networking.aws_vpc.main",
            "module.networking.data.aws_availability_zones.available"
          ]
        },
        {
          "index_key": 1,
          "schema_version": 1,
          "attributes": {
            "arn": "arn:aws:ec2:eu-north-1:254652353999:subnet/subnet-07de6716ab12faa1f",
            "assign_ipv6_address_on_creation": false,
            "availability_zone": "eu-north-1b",
            "availability_zone_id": "eun1-az2",
            "cidr_block": "10.1.2.0/24",
            "customer_owned_ipv4_pool": "",
            "enable_dns64": false,
            "enable_lni_at_device_index": 0,
            "enable_resource_name_dns_a_record_on_launch": false,
            "enable_resource_name_dns_aaaa_record_on_launch": false,
            "id": "subnet-07de6716ab12faa1f",
            "ipv4_ipam_pool_id": null,
            "ipv4_netmask_length": null,
            "ipv6_cidr_block": "",
            "ipv6_cidr_block_association_id": "",
            "ipv6_ipam_pool_id": null,
            "ipv6_native": false,
            "ipv6_netmask_length": null,
            "map_customer_owned_ip_on_launch": false,
            "map_public_ip_on_launch": false,
            "outpost_arn": "",
            "owner_id": "254652353999",
            "private_dns_hostname_type_on_launch": "ip-name",
            "region": "eu-north-1",
            "tags": {
              "Name": "snet-private-prod-1",
              "environment": "prod",
              "kubernetes.io/cluster/eks-prod-dr": "shared",
              "kubernetes.io/role/internal-elb": "1",
              "managed-by": "terraform",
              "owner": "nagham",
              "project": "devops-multicloud"
            },
            "tags_all": {
              "Name": "snet-private-prod-1",
              "environment": "prod",
              "kubernetes.io/cluster/eks-prod-dr": "shared",
              "kubernetes.io/role/internal-elb": "1",
              "managed-by": "terraform",
              "owner": "nagham",
              "project": "devops-multicloud"
            },
            "timeouts": null,
            "vpc_id": "vpc-0af2190bc77f844e3"
          },
          "sensitive_attributes": [],
          "identity_schema_version": 0,
          "identity": {
            "account_id": "254652353999",
            "id": "subnet-07de6716ab12faa1f",
            "region": "eu-north-1"
          },
          "private": "eyJlMmJmYjczMC1lY2FhLTExZTYtOGY4OC0zNDM2M2JjN2M0YzAiOnsiY3JlYXRlIjo2MDAwMDAwMDAwMDAsImRlbGV0ZSI6MTIwMDAwMDAwMDAwMH0sInNjaGVtYV92ZXJzaW9uIjoiMSJ9",
          "dependencies": [
            "module.networking.aws_vpc.main",
            "module.networking.data.aws_availability_zones.available"
          ]
        }
      ]
    },
    {
      "module": "module.networking",
      "mode": "managed",
      "type": "aws_subnet",
      "name": "public",
      "provider": "provider[\"registry.terraform.io/hashicorp/aws\"]",
      "instances": [
        {
          "index_key": 0,
          "schema_version": 1,
          "attributes": {
            "arn": "arn:aws:ec2:eu-north-1:254652353999:subnet/subnet-01ec81d56460bcddd",
            "assign_ipv6_address_on_creation": false,
            "availability_zone": "eu-north-1a",
            "availability_zone_id": "eun1-az1",
            "cidr_block": "10.1.101.0/24",
            "customer_owned_ipv4_pool": "",
            "enable_dns64": false,
            "enable_lni_at_device_index": 0,
            "enable_resource_name_dns_a_record_on_launch": false,
            "enable_resource_name_dns_aaaa_record_on_launch": false,
            "id": "subnet-01ec81d56460bcddd",
            "ipv4_ipam_pool_id": null,
            "ipv4_netmask_length": null,
            "ipv6_cidr_block": "",
            "ipv6_cidr_block_association_id": "",
            "ipv6_ipam_pool_id": null,
            "ipv6_native": false,
            "ipv6_netmask_length": null,
            "map_customer_owned_ip_on_launch": false,
            "map_public_ip_on_launch": true,
            "outpost_arn": "",
            "owner_id": "254652353999",
            "private_dns_hostname_type_on_launch": "ip-name",
            "region": "eu-north-1",
            "tags": {
              "Name": "snet-public-prod-0",
              "environment": "prod",
              "kubernetes.io/cluster/eks-prod-dr": "shared",
              "kubernetes.io/role/elb": "1",
              "managed-by": "terraform",
              "owner": "nagham",
              "project": "devops-multicloud"
            },
            "tags_all": {
              "Name": "snet-public-prod-0",
              "environment": "prod",
              "kubernetes.io/cluster/eks-prod-dr": "shared",
              "kubernetes.io/role/elb": "1",
              "managed-by": "terraform",
              "owner": "nagham",
              "project": "devops-multicloud"
            },
            "timeouts": null,
            "vpc_id": "vpc-0af2190bc77f844e3"
          },
          "sensitive_attributes": [],
          "identity_schema_version": 0,
          "identity": {
            "account_id": "254652353999",
            "id": "subnet-01ec81d56460bcddd",
            "region": "eu-north-1"
          },
          "private": "eyJlMmJmYjczMC1lY2FhLTExZTYtOGY4OC0zNDM2M2JjN2M0YzAiOnsiY3JlYXRlIjo2MDAwMDAwMDAwMDAsImRlbGV0ZSI6MTIwMDAwMDAwMDAwMH0sInNjaGVtYV92ZXJzaW9uIjoiMSJ9",
          "dependencies": [
            "module.networking.aws_vpc.main",
            "module.networking.data.aws_availability_zones.available"
          ]
        },
        {
          "index_key": 1,
          "schema_version": 1,
          "attributes": {
            "arn": "arn:aws:ec2:eu-north-1:254652353999:subnet/subnet-0944f6ea0192ca897",
            "assign_ipv6_address_on_creation": false,
            "availability_zone": "eu-north-1b",
            "availability_zone_id": "eun1-az2",
            "cidr_block": "10.1.102.0/24",
            "customer_owned_ipv4_pool": "",
            "enable_dns64": false,
            "enable_lni_at_device_index": 0,
            "enable_resource_name_dns_a_record_on_launch": false,
            "enable_resource_name_dns_aaaa_record_on_launch": false,
            "id": "subnet-0944f6ea0192ca897",
            "ipv4_ipam_pool_id": null,
            "ipv4_netmask_length": null,
            "ipv6_cidr_block": "",
            "ipv6_cidr_block_association_id": "",
            "ipv6_ipam_pool_id": null,
            "ipv6_native": false,
            "ipv6_netmask_length": null,
            "map_customer_owned_ip_on_launch": false,
            "map_public_ip_on_launch": true,
            "outpost_arn": "",
            "owner_id": "254652353999",
            "private_dns_hostname_type_on_launch": "ip-name",
            "region": "eu-north-1",
            "tags": {
              "Name": "snet-public-prod-1",
              "environment": "prod",
              "kubernetes.io/cluster/eks-prod-dr": "shared",
              "kubernetes.io/role/elb": "1",
              "managed-by": "terraform",
              "owner": "nagham",
              "project": "devops-multicloud"
            },
            "tags_all": {
              "Name": "snet-public-prod-1",
              "environment": "prod",
              "kubernetes.io/cluster/eks-prod-dr": "shared",
              "kubernetes.io/role/elb": "1",
              "managed-by": "terraform",
              "owner": "nagham",
              "project": "devops-multicloud"
            },
            "timeouts": null,
            "vpc_id": "vpc-0af2190bc77f844e3"
          },
          "sensitive_attributes": [],
          "identity_schema_version": 0,
          "identity": {
            "account_id": "254652353999",
            "id": "subnet-0944f6ea0192ca897",
            "region": "eu-north-1"
          },
          "private": "eyJlMmJmYjczMC1lY2FhLTExZTYtOGY4OC0zNDM2M2JjN2M0YzAiOnsiY3JlYXRlIjo2MDAwMDAwMDAwMDAsImRlbGV0ZSI6MTIwMDAwMDAwMDAwMH0sInNjaGVtYV92ZXJzaW9uIjoiMSJ9",
          "dependencies": [
            "module.networking.aws_vpc.main",
            "module.networking.data.aws_availability_zones.available"
          ]
        }
      ]
    },
    {
      "module": "module.networking",
      "mode": "managed",
      "type": "aws_vpc",
      "name": "main",
      "provider": "provider[\"registry.terraform.io/hashicorp/aws\"]",
      "instances": [
        {
          "schema_version": 1,
          "attributes": {
            "arn": "arn:aws:ec2:eu-north-1:254652353999:vpc/vpc-0af2190bc77f844e3",
            "assign_generated_ipv6_cidr_block": false,
            "cidr_block": "10.1.0.0/16",
            "default_network_acl_id": "acl-0f694a4e003f7c821",
            "default_route_table_id": "rtb-06c503d9aa87b7833",
            "default_security_group_id": "sg-0795d2e96a16059c5",
            "dhcp_options_id": "dopt-069872fdf52167c01",
            "enable_dns_hostnames": true,
            "enable_dns_support": true,
            "enable_network_address_usage_metrics": false,
            "id": "vpc-0af2190bc77f844e3",
            "instance_tenancy": "default",
            "ipv4_ipam_pool_id": null,
            "ipv4_netmask_length": null,
            "ipv6_association_id": "",
            "ipv6_cidr_block": "",
            "ipv6_cidr_block_network_border_group": "",
            "ipv6_ipam_pool_id": "",
            "ipv6_netmask_length": 0,
            "main_route_table_id": "rtb-06c503d9aa87b7833",
            "owner_id": "254652353999",
            "region": "eu-north-1",
            "tags": {
              "Name": "vpc-prod",
              "environment": "prod",
              "managed-by": "terraform",
              "owner": "nagham",
              "project": "devops-multicloud"
            },
            "tags_all": {
              "Name": "vpc-prod",
              "environment": "prod",
              "managed-by": "terraform",
              "owner": "nagham",
              "project": "devops-multicloud"
            }
          },
          "sensitive_attributes": [],
          "identity_schema_version": 0,
          "identity": {
            "account_id": "254652353999",
            "id": "vpc-0af2190bc77f844e3",
            "region": "eu-north-1"
          },
          "private": "eyJzY2hlbWFfdmVyc2lvbiI6IjEifQ=="
        }
      ]
    },
    {
      "module": "module.networking",
      "mode": "managed",
      "type": "aws_vpc_endpoint",
      "name": "ec2_messages",
      "provider": "provider[\"registry.terraform.io/hashicorp/aws\"]",
      "instances": [
        {
          "schema_version": 0,
          "attributes": {
            "arn": "arn:aws:ec2:eu-north-1:254652353999:vpc-endpoint/vpce-0bcb466bad7c4601e",
            "auto_accept": null,
            "cidr_blocks": [],
            "dns_entry": [
              {
                "dns_name": "vpce-0bcb466bad7c4601e-1n14rp74.ec2messages.eu-north-1.vpce.amazonaws.com",
                "hosted_zone_id": "Z3OWWK6JFDEDGC"
              },
              {
                "dns_name": "vpce-0bcb466bad7c4601e-1n14rp74-eu-north-1a.ec2messages.eu-north-1.vpce.amazonaws.com",
                "hosted_zone_id": "Z3OWWK6JFDEDGC"
              },
              {
                "dns_name": "vpce-0bcb466bad7c4601e-1n14rp74-eu-north-1b.ec2messages.eu-north-1.vpce.amazonaws.com",
                "hosted_zone_id": "Z3OWWK6JFDEDGC"
              },
              {
                "dns_name": "ec2messages.eu-north-1.amazonaws.com",
                "hosted_zone_id": "Z0038400CFC61SOF79VL"
              }
            ],
            "dns_options": [
              {
                "dns_record_ip_type": "ipv4",
                "private_dns_only_for_inbound_resolver_endpoint": false,
                "private_dns_preference": "",
                "private_dns_specified_domains": []
              }
            ],
            "id": "vpce-0bcb466bad7c4601e",
            "ip_address_type": "ipv4",
            "network_interface_ids": [
              "eni-06f0165d065d46162",
              "eni-09e570d6572755fe7"
            ],
            "owner_id": "254652353999",
            "policy": "{\"Statement\":[{\"Action\":\"*\",\"Effect\":\"Allow\",\"Principal\":\"*\",\"Resource\":\"*\"}]}",
            "prefix_list_id": null,
            "private_dns_enabled": true,
            "region": "eu-north-1",
            "requester_managed": false,
            "resource_configuration_arn": "",
            "route_table_ids": [],
            "security_group_ids": [
              "sg-07baeb0d1ed4fc68a"
            ],
            "service_name": "com.amazonaws.eu-north-1.ec2messages",
            "service_network_arn": "",
            "service_region": "eu-north-1",
            "state": "available",
            "subnet_configuration": [
              {
                "ipv4": "10.1.1.216",
                "ipv6": "",
                "subnet_id": "subnet-0a239b0e23b17bcd0"
              },
              {
                "ipv4": "10.1.2.125",
                "ipv6": "",
                "subnet_id": "subnet-07de6716ab12faa1f"
              }
            ],
            "subnet_ids": [
              "subnet-07de6716ab12faa1f",
              "subnet-0a239b0e23b17bcd0"
            ],
            "tags": {
              "Name": "vpce-ec2messages-prod",
              "environment": "prod",
              "managed-by": "terraform",
              "owner": "nagham",
              "project": "devops-multicloud"
            },
            "tags_all": {
              "Name": "vpce-ec2messages-prod",
              "environment": "prod",
              "managed-by": "terraform",
              "owner": "nagham",
              "project": "devops-multicloud"
            },
            "timeouts": null,
            "vpc_endpoint_type": "Interface",
            "vpc_id": "vpc-0af2190bc77f844e3"
          },
          "sensitive_attributes": [],
          "identity_schema_version": 0,
          "identity": {
            "account_id": "254652353999",
            "id": "vpce-0bcb466bad7c4601e",
            "region": "eu-north-1"
          },
          "private": "eyJlMmJmYjczMC1lY2FhLTExZTYtOGY4OC0zNDM2M2JjN2M0YzAiOnsiY3JlYXRlIjo2MDAwMDAwMDAwMDAsImRlbGV0ZSI6NjAwMDAwMDAwMDAwLCJ1cGRhdGUiOjYwMDAwMDAwMDAwMH19",
          "dependencies": [
            "module.networking.aws_security_group.eks_cluster",
            "module.networking.aws_subnet.private",
            "module.networking.aws_vpc.main",
            "module.networking.data.aws_availability_zones.available"
          ]
        }
      ]
    },
    {
      "module": "module.networking",
      "mode": "managed",
      "type": "aws_vpc_endpoint",
      "name": "ecr_api",
      "provider": "provider[\"registry.terraform.io/hashicorp/aws\"]",
      "instances": [
        {
          "schema_version": 0,
          "attributes": {
            "arn": "arn:aws:ec2:eu-north-1:254652353999:vpc-endpoint/vpce-0e5c672d252a53aca",
            "auto_accept": null,
            "cidr_blocks": [],
            "dns_entry": [
              {
                "dns_name": "vpce-0e5c672d252a53aca-n962vfh8.api.ecr.eu-north-1.vpce.amazonaws.com",
                "hosted_zone_id": "Z3OWWK6JFDEDGC"
              },
              {
                "dns_name": "vpce-0e5c672d252a53aca-n962vfh8-eu-north-1b.api.ecr.eu-north-1.vpce.amazonaws.com",
                "hosted_zone_id": "Z3OWWK6JFDEDGC"
              },
              {
                "dns_name": "vpce-0e5c672d252a53aca-n962vfh8-eu-north-1a.api.ecr.eu-north-1.vpce.amazonaws.com",
                "hosted_zone_id": "Z3OWWK6JFDEDGC"
              },
              {
                "dns_name": "api.ecr.eu-north-1.amazonaws.com",
                "hosted_zone_id": "Z0630821OROF3KXS3HN3"
              },
              {
                "dns_name": "ecr.eu-north-1.api.aws",
                "hosted_zone_id": "Z06827631U9WEUE1CSW3"
              }
            ],
            "dns_options": [
              {
                "dns_record_ip_type": "ipv4",
                "private_dns_only_for_inbound_resolver_endpoint": false,
                "private_dns_preference": "",
                "private_dns_specified_domains": []
              }
            ],
            "id": "vpce-0e5c672d252a53aca",
            "ip_address_type": "ipv4",
            "network_interface_ids": [
              "eni-003cb164b4926533a",
              "eni-0c40f4d71aee5e275"
            ],
            "owner_id": "254652353999",
            "policy": "{\"Statement\":[{\"Action\":\"*\",\"Effect\":\"Allow\",\"Principal\":\"*\",\"Resource\":\"*\"}]}",
            "prefix_list_id": null,
            "private_dns_enabled": true,
            "region": "eu-north-1",
            "requester_managed": false,
            "resource_configuration_arn": "",
            "route_table_ids": [],
            "security_group_ids": [
              "sg-07baeb0d1ed4fc68a"
            ],
            "service_name": "com.amazonaws.eu-north-1.ecr.api",
            "service_network_arn": "",
            "service_region": "eu-north-1",
            "state": "available",
            "subnet_configuration": [
              {
                "ipv4": "10.1.1.186",
                "ipv6": "",
                "subnet_id": "subnet-0a239b0e23b17bcd0"
              },
              {
                "ipv4": "10.1.2.21",
                "ipv6": "",
                "subnet_id": "subnet-07de6716ab12faa1f"
              }
            ],
            "subnet_ids": [
              "subnet-07de6716ab12faa1f",
              "subnet-0a239b0e23b17bcd0"
            ],
            "tags": {
              "Name": "vpce-ecr-api-prod",
              "environment": "prod",
              "managed-by": "terraform",
              "owner": "nagham",
              "project": "devops-multicloud"
            },
            "tags_all": {
              "Name": "vpce-ecr-api-prod",
              "environment": "prod",
              "managed-by": "terraform",
              "owner": "nagham",
              "project": "devops-multicloud"
            },
            "timeouts": null,
            "vpc_endpoint_type": "Interface",
            "vpc_id": "vpc-0af2190bc77f844e3"
          },
          "sensitive_attributes": [],
          "identity_schema_version": 0,
          "identity": {
            "account_id": "254652353999",
            "id": "vpce-0e5c672d252a53aca",
            "region": "eu-north-1"
          },
          "private": "eyJlMmJmYjczMC1lY2FhLTExZTYtOGY4OC0zNDM2M2JjN2M0YzAiOnsiY3JlYXRlIjo2MDAwMDAwMDAwMDAsImRlbGV0ZSI6NjAwMDAwMDAwMDAwLCJ1cGRhdGUiOjYwMDAwMDAwMDAwMH19",
          "dependencies": [
            "module.networking.aws_security_group.eks_cluster",
            "module.networking.aws_subnet.private",
            "module.networking.aws_vpc.main",
            "module.networking.data.aws_availability_zones.available"
          ]
        }
      ]
    },
    {
      "module": "module.networking",
      "mode": "managed",
      "type": "aws_vpc_endpoint",
      "name": "ecr_dkr",
      "provider": "provider[\"registry.terraform.io/hashicorp/aws\"]",
      "instances": [
        {
          "schema_version": 0,
          "attributes": {
            "arn": "arn:aws:ec2:eu-north-1:254652353999:vpc-endpoint/vpce-07e51232cb60c708b",
            "auto_accept": null,
            "cidr_blocks": [],
            "dns_entry": [
              {
                "dns_name": "vpce-07e51232cb60c708b-fz5ubcv2.dkr.ecr.eu-north-1.vpce.amazonaws.com",
                "hosted_zone_id": "Z3OWWK6JFDEDGC"
              },
              {
                "dns_name": "vpce-07e51232cb60c708b-fz5ubcv2-eu-north-1b.dkr.ecr.eu-north-1.vpce.amazonaws.com",
                "hosted_zone_id": "Z3OWWK6JFDEDGC"
              },
              {
                "dns_name": "vpce-07e51232cb60c708b-fz5ubcv2-eu-north-1a.dkr.ecr.eu-north-1.vpce.amazonaws.com",
                "hosted_zone_id": "Z3OWWK6JFDEDGC"
              },
              {
                "dns_name": "dkr.ecr.eu-north-1.amazonaws.com",
                "hosted_zone_id": "Z035905621BO7TIBWX8W9"
              },
              {
                "dns_name": "*.dkr.ecr.eu-north-1.amazonaws.com",
                "hosted_zone_id": "Z035905621BO7TIBWX8W9"
              },
              {
                "dns_name": "dkr-ecr.eu-north-1.on.aws",
                "hosted_zone_id": "Z06828212JPQQK33F0YLF"
              },
              {
                "dns_name": "*.dkr-ecr.eu-north-1.on.aws",
                "hosted_zone_id": "Z06828212JPQQK33F0YLF"
              }
            ],
            "dns_options": [
              {
                "dns_record_ip_type": "ipv4",
                "private_dns_only_for_inbound_resolver_endpoint": false,
                "private_dns_preference": "",
                "private_dns_specified_domains": []
              }
            ],
            "id": "vpce-07e51232cb60c708b",
            "ip_address_type": "ipv4",
            "network_interface_ids": [
              "eni-0703b85e080eac68d",
              "eni-0b9ed703378071aeb"
            ],
            "owner_id": "254652353999",
            "policy": "{\"Statement\":[{\"Action\":\"*\",\"Effect\":\"Allow\",\"Principal\":\"*\",\"Resource\":\"*\"}]}",
            "prefix_list_id": null,
            "private_dns_enabled": true,
            "region": "eu-north-1",
            "requester_managed": false,
            "resource_configuration_arn": "",
            "route_table_ids": [],
            "security_group_ids": [
              "sg-07baeb0d1ed4fc68a"
            ],
            "service_name": "com.amazonaws.eu-north-1.ecr.dkr",
            "service_network_arn": "",
            "service_region": "eu-north-1",
            "state": "available",
            "subnet_configuration": [
              {
                "ipv4": "10.1.1.76",
                "ipv6": "",
                "subnet_id": "subnet-0a239b0e23b17bcd0"
              },
              {
                "ipv4": "10.1.2.230",
                "ipv6": "",
                "subnet_id": "subnet-07de6716ab12faa1f"
              }
            ],
            "subnet_ids": [
              "subnet-07de6716ab12faa1f",
              "subnet-0a239b0e23b17bcd0"
            ],
            "tags": {
              "Name": "vpce-ecr-dkr-prod",
              "environment": "prod",
              "managed-by": "terraform",
              "owner": "nagham",
              "project": "devops-multicloud"
            },
            "tags_all": {
              "Name": "vpce-ecr-dkr-prod",
              "environment": "prod",
              "managed-by": "terraform",
              "owner": "nagham",
              "project": "devops-multicloud"
            },
            "timeouts": null,
            "vpc_endpoint_type": "Interface",
            "vpc_id": "vpc-0af2190bc77f844e3"
          },
          "sensitive_attributes": [],
          "identity_schema_version": 0,
          "identity": {
            "account_id": "254652353999",
            "id": "vpce-07e51232cb60c708b",
            "region": "eu-north-1"
          },
          "private": "eyJlMmJmYjczMC1lY2FhLTExZTYtOGY4OC0zNDM2M2JjN2M0YzAiOnsiY3JlYXRlIjo2MDAwMDAwMDAwMDAsImRlbGV0ZSI6NjAwMDAwMDAwMDAwLCJ1cGRhdGUiOjYwMDAwMDAwMDAwMH19",
          "dependencies": [
            "module.networking.aws_security_group.eks_cluster",
            "module.networking.aws_subnet.private",
            "module.networking.aws_vpc.main",
            "module.networking.data.aws_availability_zones.available"
          ]
        }
      ]
    },
    {
      "module": "module.networking",
      "mode": "managed",
      "type": "aws_vpc_endpoint",
      "name": "eks",
      "provider": "provider[\"registry.terraform.io/hashicorp/aws\"]",
      "instances": [
        {
          "schema_version": 0,
          "attributes": {
            "arn": "arn:aws:ec2:eu-north-1:254652353999:vpc-endpoint/vpce-0d31a3c3f556f04a9",
            "auto_accept": null,
            "cidr_blocks": [],
            "dns_entry": [
              {
                "dns_name": "vpce-0d31a3c3f556f04a9-x7l6ygmh.eks.eu-north-1.vpce.amazonaws.com",
                "hosted_zone_id": "Z3OWWK6JFDEDGC"
              },
              {
                "dns_name": "vpce-0d31a3c3f556f04a9-x7l6ygmh-eu-north-1b.eks.eu-north-1.vpce.amazonaws.com",
                "hosted_zone_id": "Z3OWWK6JFDEDGC"
              },
              {
                "dns_name": "vpce-0d31a3c3f556f04a9-x7l6ygmh-eu-north-1a.eks.eu-north-1.vpce.amazonaws.com",
                "hosted_zone_id": "Z3OWWK6JFDEDGC"
              },
              {
                "dns_name": "eks.eu-north-1.amazonaws.com",
                "hosted_zone_id": "Z03522562GAHAQQUE3QRA"
              },
              {
                "dns_name": "eks.eu-north-1.api.aws",
                "hosted_zone_id": "Z06814262VWWAXZ67O588"
              }
            ],
            "dns_options": [
              {
                "dns_record_ip_type": "ipv4",
                "private_dns_only_for_inbound_resolver_endpoint": false,
                "private_dns_preference": "",
                "private_dns_specified_domains": []
              }
            ],
            "id": "vpce-0d31a3c3f556f04a9",
            "ip_address_type": "ipv4",
            "network_interface_ids": [
              "eni-023513e51a7bfeba2",
              "eni-0479a4bffa1c69bf4"
            ],
            "owner_id": "254652353999",
            "policy": "{\"Statement\":[{\"Action\":\"*\",\"Effect\":\"Allow\",\"Principal\":\"*\",\"Resource\":\"*\"}]}",
            "prefix_list_id": null,
            "private_dns_enabled": true,
            "region": "eu-north-1",
            "requester_managed": false,
            "resource_configuration_arn": "",
            "route_table_ids": [],
            "security_group_ids": [
              "sg-07baeb0d1ed4fc68a"
            ],
            "service_name": "com.amazonaws.eu-north-1.eks",
            "service_network_arn": "",
            "service_region": "eu-north-1",
            "state": "available",
            "subnet_configuration": [
              {
                "ipv4": "10.1.1.214",
                "ipv6": "",
                "subnet_id": "subnet-0a239b0e23b17bcd0"
              },
              {
                "ipv4": "10.1.2.13",
                "ipv6": "",
                "subnet_id": "subnet-07de6716ab12faa1f"
              }
            ],
            "subnet_ids": [
              "subnet-07de6716ab12faa1f",
              "subnet-0a239b0e23b17bcd0"
            ],
            "tags": {
              "Name": "vpce-eks-prod",
              "environment": "prod",
              "managed-by": "terraform",
              "owner": "nagham",
              "project": "devops-multicloud"
            },
            "tags_all": {
              "Name": "vpce-eks-prod",
              "environment": "prod",
              "managed-by": "terraform",
              "owner": "nagham",
              "project": "devops-multicloud"
            },
            "timeouts": null,
            "vpc_endpoint_type": "Interface",
            "vpc_id": "vpc-0af2190bc77f844e3"
          },
          "sensitive_attributes": [],
          "identity_schema_version": 0,
          "identity": {
            "account_id": "254652353999",
            "id": "vpce-0d31a3c3f556f04a9",
            "region": "eu-north-1"
          },
          "private": "eyJlMmJmYjczMC1lY2FhLTExZTYtOGY4OC0zNDM2M2JjN2M0YzAiOnsiY3JlYXRlIjo2MDAwMDAwMDAwMDAsImRlbGV0ZSI6NjAwMDAwMDAwMDAwLCJ1cGRhdGUiOjYwMDAwMDAwMDAwMH19",
          "dependencies": [
            "module.networking.aws_security_group.eks_cluster",
            "module.networking.aws_subnet.private",
            "module.networking.aws_vpc.main",
            "module.networking.data.aws_availability_zones.available"
          ]
        }
      ]
    },
    {
      "module": "module.networking",
      "mode": "managed",
      "type": "aws_vpc_endpoint",
      "name": "s3",
      "provider": "provider[\"registry.terraform.io/hashicorp/aws\"]",
      "instances": [
        {
          "schema_version": 0,
          "attributes": {
            "arn": "arn:aws:ec2:eu-north-1:254652353999:vpc-endpoint/vpce-0856e88cb9865170a",
            "auto_accept": null,
            "cidr_blocks": [
              "52.95.170.0/23",
              "3.5.216.0/22",
              "52.95.169.0/24",
              "16.12.10.0/23",
              "16.12.9.0/24"
            ],
            "dns_entry": [],
            "dns_options": [
              {
                "dns_record_ip_type": "service-defined",
                "private_dns_only_for_inbound_resolver_endpoint": false,
                "private_dns_preference": "",
                "private_dns_specified_domains": []
              }
            ],
            "id": "vpce-0856e88cb9865170a",
            "ip_address_type": "ipv4",
            "network_interface_ids": [],
            "owner_id": "254652353999",
            "policy": "{\"Statement\":[{\"Action\":\"*\",\"Effect\":\"Allow\",\"Principal\":\"*\",\"Resource\":\"*\"}],\"Version\":\"2008-10-17\"}",
            "prefix_list_id": "pl-c3aa4faa",
            "private_dns_enabled": false,
            "region": "eu-north-1",
            "requester_managed": false,
            "resource_configuration_arn": "",
            "route_table_ids": [
              "rtb-03de053086d6be9cd"
            ],
            "security_group_ids": [],
            "service_name": "com.amazonaws.eu-north-1.s3",
            "service_network_arn": "",
            "service_region": "eu-north-1",
            "state": "available",
            "subnet_configuration": [],
            "subnet_ids": [],
            "tags": {
              "Name": "vpce-s3-prod",
              "environment": "prod",
              "managed-by": "terraform",
              "owner": "nagham",
              "project": "devops-multicloud"
            },
            "tags_all": {
              "Name": "vpce-s3-prod",
              "environment": "prod",
              "managed-by": "terraform",
              "owner": "nagham",
              "project": "devops-multicloud"
            },
            "timeouts": null,
            "vpc_endpoint_type": "Gateway",
            "vpc_id": "vpc-0af2190bc77f844e3"
          },
          "sensitive_attributes": [],
          "identity_schema_version": 0,
          "identity": {
            "account_id": "254652353999",
            "id": "vpce-0856e88cb9865170a",
            "region": "eu-north-1"
          },
          "private": "eyJlMmJmYjczMC1lY2FhLTExZTYtOGY4OC0zNDM2M2JjN2M0YzAiOnsiY3JlYXRlIjo2MDAwMDAwMDAwMDAsImRlbGV0ZSI6NjAwMDAwMDAwMDAwLCJ1cGRhdGUiOjYwMDAwMDAwMDAwMH19",
          "dependencies": [
            "module.networking.aws_eip.nat",
            "module.networking.aws_internet_gateway.main",
            "module.networking.aws_nat_gateway.main",
            "module.networking.aws_route_table.private",
            "module.networking.aws_subnet.public",
            "module.networking.aws_vpc.main",
            "module.networking.data.aws_availability_zones.available"
          ]
        }
      ]
    },
    {
      "module": "module.networking",
      "mode": "managed",
      "type": "aws_vpc_endpoint",
      "name": "ssm",
      "provider": "provider[\"registry.terraform.io/hashicorp/aws\"]",
      "instances": [
        {
          "schema_version": 0,
          "attributes": {
            "arn": "arn:aws:ec2:eu-north-1:254652353999:vpc-endpoint/vpce-0f137fb73b166d12f",
            "auto_accept": null,
            "cidr_blocks": [],
            "dns_entry": [
              {
                "dns_name": "vpce-0f137fb73b166d12f-qxpn1obd.ssm.eu-north-1.vpce.amazonaws.com",
                "hosted_zone_id": "Z3OWWK6JFDEDGC"
              },
              {
                "dns_name": "vpce-0f137fb73b166d12f-qxpn1obd-eu-north-1b.ssm.eu-north-1.vpce.amazonaws.com",
                "hosted_zone_id": "Z3OWWK6JFDEDGC"
              },
              {
                "dns_name": "vpce-0f137fb73b166d12f-qxpn1obd-eu-north-1a.ssm.eu-north-1.vpce.amazonaws.com",
                "hosted_zone_id": "Z3OWWK6JFDEDGC"
              },
              {
                "dns_name": "ssm.eu-north-1.amazonaws.com",
                "hosted_zone_id": "Z03590622MYP6Q621SUV2"
              },
              {
                "dns_name": "ssm.eu-north-1.api.aws",
                "hosted_zone_id": "Z0038459KF6ON1DJ6N5T"
              }
            ],
            "dns_options": [
              {
                "dns_record_ip_type": "ipv4",
                "private_dns_only_for_inbound_resolver_endpoint": false,
                "private_dns_preference": "",
                "private_dns_specified_domains": []
              }
            ],
            "id": "vpce-0f137fb73b166d12f",
            "ip_address_type": "ipv4",
            "network_interface_ids": [
              "eni-04a48df04a9d3454a",
              "eni-0560d9692968b4088"
            ],
            "owner_id": "254652353999",
            "policy": "{\"Statement\":[{\"Action\":\"*\",\"Effect\":\"Allow\",\"Principal\":\"*\",\"Resource\":\"*\"}]}",
            "prefix_list_id": null,
            "private_dns_enabled": true,
            "region": "eu-north-1",
            "requester_managed": false,
            "resource_configuration_arn": "",
            "route_table_ids": [],
            "security_group_ids": [
              "sg-07baeb0d1ed4fc68a"
            ],
            "service_name": "com.amazonaws.eu-north-1.ssm",
            "service_network_arn": "",
            "service_region": "eu-north-1",
            "state": "available",
            "subnet_configuration": [
              {
                "ipv4": "10.1.1.230",
                "ipv6": "",
                "subnet_id": "subnet-0a239b0e23b17bcd0"
              },
              {
                "ipv4": "10.1.2.207",
                "ipv6": "",
                "subnet_id": "subnet-07de6716ab12faa1f"
              }
            ],
            "subnet_ids": [
              "subnet-07de6716ab12faa1f",
              "subnet-0a239b0e23b17bcd0"
            ],
            "tags": {
              "Name": "vpce-ssm-prod",
              "environment": "prod",
              "managed-by": "terraform",
              "owner": "nagham",
              "project": "devops-multicloud"
            },
            "tags_all": {
              "Name": "vpce-ssm-prod",
              "environment": "prod",
              "managed-by": "terraform",
              "owner": "nagham",
              "project": "devops-multicloud"
            },
            "timeouts": null,
            "vpc_endpoint_type": "Interface",
            "vpc_id": "vpc-0af2190bc77f844e3"
          },
          "sensitive_attributes": [],
          "identity_schema_version": 0,
          "identity": {
            "account_id": "254652353999",
            "id": "vpce-0f137fb73b166d12f",
            "region": "eu-north-1"
          },
          "private": "eyJlMmJmYjczMC1lY2FhLTExZTYtOGY4OC0zNDM2M2JjN2M0YzAiOnsiY3JlYXRlIjo2MDAwMDAwMDAwMDAsImRlbGV0ZSI6NjAwMDAwMDAwMDAwLCJ1cGRhdGUiOjYwMDAwMDAwMDAwMH19",
          "dependencies": [
            "module.networking.aws_security_group.eks_cluster",
            "module.networking.aws_subnet.private",
            "module.networking.aws_vpc.main",
            "module.networking.data.aws_availability_zones.available"
          ]
        }
      ]
    },
    {
      "module": "module.networking",
      "mode": "managed",
      "type": "aws_vpc_endpoint",
      "name": "ssm_messages",
      "provider": "provider[\"registry.terraform.io/hashicorp/aws\"]",
      "instances": [
        {
          "schema_version": 0,
          "attributes": {
            "arn": "arn:aws:ec2:eu-north-1:254652353999:vpc-endpoint/vpce-068bfcc39db7cb6f6",
            "auto_accept": null,
            "cidr_blocks": [],
            "dns_entry": [
              {
                "dns_name": "vpce-068bfcc39db7cb6f6-b3lc94qi.ssmmessages.eu-north-1.vpce.amazonaws.com",
                "hosted_zone_id": "Z3OWWK6JFDEDGC"
              },
              {
                "dns_name": "vpce-068bfcc39db7cb6f6-b3lc94qi-eu-north-1a.ssmmessages.eu-north-1.vpce.amazonaws.com",
                "hosted_zone_id": "Z3OWWK6JFDEDGC"
              },
              {
                "dns_name": "vpce-068bfcc39db7cb6f6-b3lc94qi-eu-north-1b.ssmmessages.eu-north-1.vpce.amazonaws.com",
                "hosted_zone_id": "Z3OWWK6JFDEDGC"
              },
              {
                "dns_name": "ssmmessages.eu-north-1.amazonaws.com",
                "hosted_zone_id": "Z06828648M3M0PFCO0ID"
              },
              {
                "dns_name": "ssmmessages.eu-north-1.api.aws",
                "hosted_zone_id": "Z03591301OJELLKMZS61Z"
              }
            ],
            "dns_options": [
              {
                "dns_record_ip_type": "ipv4",
                "private_dns_only_for_inbound_resolver_endpoint": false,
                "private_dns_preference": "",
                "private_dns_specified_domains": []
              }
            ],
            "id": "vpce-068bfcc39db7cb6f6",
            "ip_address_type": "ipv4",
            "network_interface_ids": [
              "eni-0a37b3521a7864ad2",
              "eni-0ee548a847634c073"
            ],
            "owner_id": "254652353999",
            "policy": "{\"Statement\":[{\"Action\":\"*\",\"Effect\":\"Allow\",\"Principal\":\"*\",\"Resource\":\"*\"}]}",
            "prefix_list_id": null,
            "private_dns_enabled": true,
            "region": "eu-north-1",
            "requester_managed": false,
            "resource_configuration_arn": "",
            "route_table_ids": [],
            "security_group_ids": [
              "sg-07baeb0d1ed4fc68a"
            ],
            "service_name": "com.amazonaws.eu-north-1.ssmmessages",
            "service_network_arn": "",
            "service_region": "eu-north-1",
            "state": "available",
            "subnet_configuration": [
              {
                "ipv4": "10.1.1.179",
                "ipv6": "",
                "subnet_id": "subnet-0a239b0e23b17bcd0"
              },
              {
                "ipv4": "10.1.2.225",
                "ipv6": "",
                "subnet_id": "subnet-07de6716ab12faa1f"
              }
            ],
            "subnet_ids": [
              "subnet-07de6716ab12faa1f",
              "subnet-0a239b0e23b17bcd0"
            ],
            "tags": {
              "Name": "vpce-ssmmessages-prod",
              "environment": "prod",
              "managed-by": "terraform",
              "owner": "nagham",
              "project": "devops-multicloud"
            },
            "tags_all": {
              "Name": "vpce-ssmmessages-prod",
              "environment": "prod",
              "managed-by": "terraform",
              "owner": "nagham",
              "project": "devops-multicloud"
            },
            "timeouts": null,
            "vpc_endpoint_type": "Interface",
            "vpc_id": "vpc-0af2190bc77f844e3"
          },
          "sensitive_attributes": [],
          "identity_schema_version": 0,
          "identity": {
            "account_id": "254652353999",
            "id": "vpce-068bfcc39db7cb6f6",
            "region": "eu-north-1"
          },
          "private": "eyJlMmJmYjczMC1lY2FhLTExZTYtOGY4OC0zNDM2M2JjN2M0YzAiOnsiY3JlYXRlIjo2MDAwMDAwMDAwMDAsImRlbGV0ZSI6NjAwMDAwMDAwMDAwLCJ1cGRhdGUiOjYwMDAwMDAwMDAwMH19",
          "dependencies": [
            "module.networking.aws_security_group.eks_cluster",
            "module.networking.aws_subnet.private",
            "module.networking.aws_vpc.main",
            "module.networking.data.aws_availability_zones.available"
          ]
        }
      ]
    }
  ],
  "check_results": null
}
